{
  "version": 4,
  "terraform_version": "1.4.5",
  "serial": 100,
  "lineage": "7a3c032b-1d46-0db4-4814-0a69567ec5ac",
  "outputs": {
    "jenkins-server-public-ip": {
      "value": "18.218.155.38",
      "type": "string"
    },
    "k8-server-public-ip": {
      "value": "18.191.178.68",
      "type": "string"
    },
    "sonarqube-server-public-ip": {
      "value": "18.216.3.4",
      "type": "string"
    }
  },
  "resources": [
    {
      "module": "module.jenkins-server",
      "mode": "data",
      "type": "aws_ami",
      "name": "ubuntu-linux-1404",
      "provider": "provider[\"registry.terraform.io/hashicorp/aws\"]",
      "instances": [
        {
          "schema_version": 0,
          "attributes": {
            "architecture": "x86_64",
            "arn": "arn:aws:ec2:us-east-2::image/ami-0b6968e5c7117349a",
            "block_device_mappings": [
              {
                "device_name": "/dev/sda1",
                "ebs": {
                  "delete_on_termination": "true",
                  "encrypted": "false",
                  "iops": "0",
                  "snapshot_id": "snap-06f4f7e95b296c98d",
                  "throughput": "0",
                  "volume_size": "8",
                  "volume_type": "gp2"
                },
                "no_device": "",
                "virtual_name": ""
              },
              {
                "device_name": "/dev/sdb",
                "ebs": {},
                "no_device": "",
                "virtual_name": "ephemeral0"
              },
              {
                "device_name": "/dev/sdc",
                "ebs": {},
                "no_device": "",
                "virtual_name": "ephemeral1"
              }
            ],
            "boot_mode": "legacy-bios",
            "creation_date": "2023-09-19T04:17:17.000Z",
            "deprecation_time": "2025-09-19T04:17:17.000Z",
            "description": "Canonical, Ubuntu, 20.04 LTS, amd64 focal image build on 2023-09-18",
            "ena_support": true,
            "executable_users": null,
            "filter": [
              {
                "name": "name",
                "values": [
                  "ubuntu/images/hvm-ssd/ubuntu-focal-20.04-amd64-server-*"
                ]
              },
              {
                "name": "virtualization-type",
                "values": [
                  "hvm"
                ]
              }
            ],
            "hypervisor": "xen",
            "id": "ami-0b6968e5c7117349a",
            "image_id": "ami-0b6968e5c7117349a",
            "image_location": "amazon/ubuntu/images/hvm-ssd/ubuntu-focal-20.04-amd64-server-20230918",
            "image_owner_alias": "amazon",
            "image_type": "machine",
            "imds_support": "",
            "include_deprecated": false,
            "kernel_id": "",
            "most_recent": true,
            "name": "ubuntu/images/hvm-ssd/ubuntu-focal-20.04-amd64-server-20230918",
            "name_regex": null,
            "owner_id": "099720109477",
            "owners": [
              "099720109477"
            ],
            "platform": "",
            "platform_details": "Linux/UNIX",
            "product_codes": [],
            "public": true,
            "ramdisk_id": "",
            "root_device_name": "/dev/sda1",
            "root_device_type": "ebs",
            "root_snapshot_id": "snap-06f4f7e95b296c98d",
            "sriov_net_support": "simple",
            "state": "available",
            "state_reason": {
              "code": "UNSET",
              "message": "UNSET"
            },
            "tags": {},
            "timeouts": null,
            "tpm_support": "",
            "usage_operation": "RunInstances",
            "virtualization_type": "hvm"
          },
          "sensitive_attributes": []
        }
      ]
    },
    {
      "module": "module.jenkins-server",
      "mode": "data",
      "type": "aws_availability_zones",
      "name": "available_zones",
      "provider": "provider[\"registry.terraform.io/hashicorp/aws\"]",
      "instances": [
        {
          "schema_version": 0,
          "attributes": {
            "all_availability_zones": null,
            "exclude_names": null,
            "exclude_zone_ids": null,
            "filter": null,
            "group_names": [
              "us-east-2"
            ],
            "id": "us-east-2",
            "names": [
              "us-east-2a",
              "us-east-2b",
              "us-east-2c"
            ],
            "state": null,
            "timeouts": null,
            "zone_ids": [
              "use2-az1",
              "use2-az2",
              "use2-az3"
            ]
          },
          "sensitive_attributes": []
        }
      ]
    },
    {
      "module": "module.jenkins-server",
      "mode": "data",
      "type": "template_file",
      "name": "user_data",
      "provider": "provider[\"registry.terraform.io/hashicorp/template\"]",
      "instances": [
        {
          "schema_version": 0,
          "attributes": {
            "filename": null,
            "id": "78daf0ee0dbd5fdc900116286ba6cd687e053834329bfcd1eebdd9a0326eaa26",
            "rendered": "#!/bin/bash\n#################################\n# Author: Santosh\n# Date: 5th-July-2023\n# version 1\n# This code install jenkins in the ubuntu instances\n##################################\n\nsudo apt update -y\nsudo apt install openjdk-17-jre -y\ncurl -fsSL https://pkg.jenkins.io/debian-stable/jenkins.io-2023.key | sudo tee \\\n  /usr/share/keyrings/jenkins-keyring.asc \u003e /dev/null\necho deb [signed-by=/usr/share/keyrings/jenkins-keyring.asc] \\\n  https://pkg.jenkins.io/debian-stable binary/ | sudo tee \\\n  /etc/apt/sources.list.d/jenkins.list \u003e /dev/null\nsudo apt-get update\nsudo apt-get install jenkins -y\nsudo systemctl enable jenkins\nsudo systemctl start jenkins\n\nsudo apt-add-repository ppa:ansible/ansible\nsudo apt update\nsudo apt-get install ansible -y\n\n\ncd /opt/\nsudo wget https://dlcdn.apache.org/maven/maven-3/3.9.4/binaries/apache-maven-3.9.4-bin.zip\nsudo apt-get install unzip -y\nsudo unzip apache-maven-3.9.4-bin.zip\nsudo rm -rf apache-maven-3.9.4-bin.zip\n\nexport M2_HOME=/opt/apache-maven-3.9.4\nexport PATH=$PATH:$M2_HOME/bin\nsleep 5\nsource ~/.bashrc",
            "template": "#!/bin/bash\n#################################\n# Author: Santosh\n# Date: 5th-July-2023\n# version 1\n# This code install jenkins in the ubuntu instances\n##################################\n\nsudo apt update -y\nsudo apt install openjdk-17-jre -y\ncurl -fsSL https://pkg.jenkins.io/debian-stable/jenkins.io-2023.key | sudo tee \\\n  /usr/share/keyrings/jenkins-keyring.asc \u003e /dev/null\necho deb [signed-by=/usr/share/keyrings/jenkins-keyring.asc] \\\n  https://pkg.jenkins.io/debian-stable binary/ | sudo tee \\\n  /etc/apt/sources.list.d/jenkins.list \u003e /dev/null\nsudo apt-get update\nsudo apt-get install jenkins -y\nsudo systemctl enable jenkins\nsudo systemctl start jenkins\n\nsudo apt-add-repository ppa:ansible/ansible\nsudo apt update\nsudo apt-get install ansible -y\n\n\ncd /opt/\nsudo wget https://dlcdn.apache.org/maven/maven-3/3.9.4/binaries/apache-maven-3.9.4-bin.zip\nsudo apt-get install unzip -y\nsudo unzip apache-maven-3.9.4-bin.zip\nsudo rm -rf apache-maven-3.9.4-bin.zip\n\nexport M2_HOME=/opt/apache-maven-3.9.4\nexport PATH=$PATH:$M2_HOME/bin\nsleep 5\nsource ~/.bashrc",
            "vars": null
          },
          "sensitive_attributes": []
        }
      ]
    },
    {
      "module": "module.jenkins-server",
      "mode": "managed",
      "type": "aws_instance",
      "name": "jenkins-server",
      "provider": "provider[\"registry.terraform.io/hashicorp/aws\"]",
      "instances": [
        {
          "schema_version": 1,
          "attributes": {
            "ami": "ami-0b6968e5c7117349a",
            "arn": "arn:aws:ec2:us-east-2:481792101255:instance/i-04f9f73bc946642d9",
            "associate_public_ip_address": true,
            "availability_zone": "us-east-2a",
            "capacity_reservation_specification": [
              {
                "capacity_reservation_preference": "open",
                "capacity_reservation_target": []
              }
            ],
            "cpu_core_count": 2,
            "cpu_options": [
              {
                "amd_sev_snp": "",
                "core_count": 2,
                "threads_per_core": 1
              }
            ],
            "cpu_threads_per_core": 1,
            "credit_specification": [
              {
                "cpu_credits": "standard"
              }
            ],
            "disable_api_stop": false,
            "disable_api_termination": false,
            "ebs_block_device": [],
            "ebs_optimized": false,
            "enclave_options": [
              {
                "enabled": false
              }
            ],
            "ephemeral_block_device": [],
            "get_password_data": false,
            "hibernation": false,
            "host_id": "",
            "host_resource_group_arn": null,
            "iam_instance_profile": "",
            "id": "i-04f9f73bc946642d9",
            "instance_initiated_shutdown_behavior": "stop",
            "instance_state": "running",
            "instance_type": "t2.medium",
            "ipv6_address_count": 0,
            "ipv6_addresses": [],
            "key_name": "prod-keypair",
            "launch_template": [],
            "maintenance_options": [
              {
                "auto_recovery": "default"
              }
            ],
            "metadata_options": [
              {
                "http_endpoint": "enabled",
                "http_put_response_hop_limit": 1,
                "http_tokens": "optional",
                "instance_metadata_tags": "disabled"
              }
            ],
            "monitoring": false,
            "network_interface": [],
            "outpost_arn": "",
            "password_data": "",
            "placement_group": "",
            "placement_partition_number": 0,
            "primary_network_interface_id": "eni-01ef60a844602e147",
            "private_dns": "ip-192-162-0-100.us-east-2.compute.internal",
            "private_dns_name_options": [
              {
                "enable_resource_name_dns_a_record": false,
                "enable_resource_name_dns_aaaa_record": false,
                "hostname_type": "ip-name"
              }
            ],
            "private_ip": "192.162.0.100",
            "public_dns": "ec2-18-218-155-38.us-east-2.compute.amazonaws.com",
            "public_ip": "18.218.155.38",
            "root_block_device": [
              {
                "delete_on_termination": true,
                "device_name": "/dev/sda1",
                "encrypted": false,
                "iops": 100,
                "kms_key_id": "",
                "tags": {},
                "throughput": 0,
                "volume_id": "vol-0aa42ba9952ff7a62",
                "volume_size": 8,
                "volume_type": "gp2"
              }
            ],
            "secondary_private_ips": [],
            "security_groups": [
              "sg-0476943416ca144bd",
              "sg-05b6605ec86aceb85"
            ],
            "source_dest_check": true,
            "subnet_id": "subnet-014ed5f1ce3b5bb47",
            "tags": {
              "Name": "prod-Jenkins-Server-devOps"
            },
            "tags_all": {
              "Name": "prod-Jenkins-Server-devOps"
            },
            "tenancy": "default",
            "timeouts": null,
            "user_data": "cbb79f434e2976b022aca78a1651fff847dbc7b6",
            "user_data_base64": null,
            "user_data_replace_on_change": false,
            "volume_tags": null,
            "vpc_security_group_ids": [
              "sg-0476943416ca144bd",
              "sg-05b6605ec86aceb85"
            ]
          },
          "sensitive_attributes": [],
          "private": "eyJlMmJmYjczMC1lY2FhLTExZTYtOGY4OC0zNDM2M2JjN2M0YzAiOnsiY3JlYXRlIjo2MDAwMDAwMDAwMDAsImRlbGV0ZSI6MTIwMDAwMDAwMDAwMCwidXBkYXRlIjo2MDAwMDAwMDAwMDB9LCJzY2hlbWFfdmVyc2lvbiI6IjEifQ==",
          "dependencies": [
            "module.jenkins-server.data.aws_ami.ubuntu-linux-1404",
            "module.jenkins-server.data.template_file.user_data",
            "module.security.aws_security_group.security_group_port_22",
            "module.security.aws_security_group.security_group_port_8080",
            "module.vpc.aws_subnet.public_subnet_az",
            "module.vpc.aws_vpc.vpc",
            "module.vpc.data.aws_availability_zones.available_zones"
          ]
        }
      ]
    },
    {
      "module": "module.k8-server",
      "mode": "data",
      "type": "aws_ami",
      "name": "ubuntu-linux-1404",
      "provider": "provider[\"registry.terraform.io/hashicorp/aws\"]",
      "instances": [
        {
          "schema_version": 0,
          "attributes": {
            "architecture": "x86_64",
            "arn": "arn:aws:ec2:us-east-2::image/ami-0b6968e5c7117349a",
            "block_device_mappings": [
              {
                "device_name": "/dev/sda1",
                "ebs": {
                  "delete_on_termination": "true",
                  "encrypted": "false",
                  "iops": "0",
                  "snapshot_id": "snap-06f4f7e95b296c98d",
                  "throughput": "0",
                  "volume_size": "8",
                  "volume_type": "gp2"
                },
                "no_device": "",
                "virtual_name": ""
              },
              {
                "device_name": "/dev/sdb",
                "ebs": {},
                "no_device": "",
                "virtual_name": "ephemeral0"
              },
              {
                "device_name": "/dev/sdc",
                "ebs": {},
                "no_device": "",
                "virtual_name": "ephemeral1"
              }
            ],
            "boot_mode": "legacy-bios",
            "creation_date": "2023-09-19T04:17:17.000Z",
            "deprecation_time": "2025-09-19T04:17:17.000Z",
            "description": "Canonical, Ubuntu, 20.04 LTS, amd64 focal image build on 2023-09-18",
            "ena_support": true,
            "executable_users": null,
            "filter": [
              {
                "name": "name",
                "values": [
                  "ubuntu/images/hvm-ssd/ubuntu-focal-20.04-amd64-server-*"
                ]
              },
              {
                "name": "virtualization-type",
                "values": [
                  "hvm"
                ]
              }
            ],
            "hypervisor": "xen",
            "id": "ami-0b6968e5c7117349a",
            "image_id": "ami-0b6968e5c7117349a",
            "image_location": "amazon/ubuntu/images/hvm-ssd/ubuntu-focal-20.04-amd64-server-20230918",
            "image_owner_alias": "amazon",
            "image_type": "machine",
            "imds_support": "",
            "include_deprecated": false,
            "kernel_id": "",
            "most_recent": true,
            "name": "ubuntu/images/hvm-ssd/ubuntu-focal-20.04-amd64-server-20230918",
            "name_regex": null,
            "owner_id": "099720109477",
            "owners": [
              "099720109477"
            ],
            "platform": "",
            "platform_details": "Linux/UNIX",
            "product_codes": [],
            "public": true,
            "ramdisk_id": "",
            "root_device_name": "/dev/sda1",
            "root_device_type": "ebs",
            "root_snapshot_id": "snap-06f4f7e95b296c98d",
            "sriov_net_support": "simple",
            "state": "available",
            "state_reason": {
              "code": "UNSET",
              "message": "UNSET"
            },
            "tags": {},
            "timeouts": null,
            "tpm_support": "",
            "usage_operation": "RunInstances",
            "virtualization_type": "hvm"
          },
          "sensitive_attributes": []
        }
      ]
    },
    {
      "module": "module.k8-server",
      "mode": "data",
      "type": "aws_availability_zones",
      "name": "available_zones",
      "provider": "provider[\"registry.terraform.io/hashicorp/aws\"]",
      "instances": [
        {
          "schema_version": 0,
          "attributes": {
            "all_availability_zones": null,
            "exclude_names": null,
            "exclude_zone_ids": null,
            "filter": null,
            "group_names": [
              "us-east-2"
            ],
            "id": "us-east-2",
            "names": [
              "us-east-2a",
              "us-east-2b",
              "us-east-2c"
            ],
            "state": null,
            "timeouts": null,
            "zone_ids": [
              "use2-az1",
              "use2-az2",
              "use2-az3"
            ]
          },
          "sensitive_attributes": []
        }
      ]
    },
    {
      "module": "module.k8-server",
      "mode": "data",
      "type": "template_file",
      "name": "user_data",
      "provider": "provider[\"registry.terraform.io/hashicorp/template\"]",
      "instances": [
        {
          "schema_version": 0,
          "attributes": {
            "filename": null,
            "id": "7f4d4c31da835f6cba45a2da2f62a400e63487a3429dd9669c879f5b7efe2874",
            "rendered": "#!/bin/bash\n#################################\n# Author: Santosh\n# Date: 5th-July-2023\n# version 1\n# This code install docker in the ubuntu instances\n##################################\n\n# Update the apt package index and install packages to allow apt to use a repository over HTTPS:\nsudo apt-get update -y\nsudo apt-get install ca-certificates curl gnupg -y\n#Add Docker’s official GPG key:\nsudo install -m 0755 -d /etc/apt/keyrings\ncurl -fsSL https://download.docker.com/linux/ubuntu/gpg | sudo gpg --dearmor -o /etc/apt/keyrings/docker.gpg\nsudo chmod a+r /etc/apt/keyrings/docker.gpg \n\n#Use the following command to set up the repository:\necho \\\n  \"deb [arch=\"$(dpkg --print-architecture)\" signed-by=/etc/apt/keyrings/docker.gpg] https://download.docker.com/linux/ubuntu \\\n  \"$(. /etc/os-release \u0026\u0026 echo \"$VERSION_CODENAME\")\" stable\" | \\\n  sudo tee /etc/apt/sources.list.d/docker.list \u003e /dev/null\n\n  sudo apt-get update -y\n  sudo apt-get install docker-ce docker-ce-cli containerd.io docker-buildx-plugin docker-compose-plugin -y\n  sudo service docker start\n\n",
            "template": "#!/bin/bash\n#################################\n# Author: Santosh\n# Date: 5th-July-2023\n# version 1\n# This code install docker in the ubuntu instances\n##################################\n\n# Update the apt package index and install packages to allow apt to use a repository over HTTPS:\nsudo apt-get update -y\nsudo apt-get install ca-certificates curl gnupg -y\n#Add Docker’s official GPG key:\nsudo install -m 0755 -d /etc/apt/keyrings\ncurl -fsSL https://download.docker.com/linux/ubuntu/gpg | sudo gpg --dearmor -o /etc/apt/keyrings/docker.gpg\nsudo chmod a+r /etc/apt/keyrings/docker.gpg \n\n#Use the following command to set up the repository:\necho \\\n  \"deb [arch=\"$(dpkg --print-architecture)\" signed-by=/etc/apt/keyrings/docker.gpg] https://download.docker.com/linux/ubuntu \\\n  \"$(. /etc/os-release \u0026\u0026 echo \"$VERSION_CODENAME\")\" stable\" | \\\n  sudo tee /etc/apt/sources.list.d/docker.list \u003e /dev/null\n\n  sudo apt-get update -y\n  sudo apt-get install docker-ce docker-ce-cli containerd.io docker-buildx-plugin docker-compose-plugin -y\n  sudo service docker start\n\n",
            "vars": null
          },
          "sensitive_attributes": []
        }
      ]
    },
    {
      "module": "module.k8-server",
      "mode": "managed",
      "type": "aws_instance",
      "name": "k8-server",
      "provider": "provider[\"registry.terraform.io/hashicorp/aws\"]",
      "instances": [
        {
          "schema_version": 1,
          "attributes": {
            "ami": "ami-0b6968e5c7117349a",
            "arn": "arn:aws:ec2:us-east-2:481792101255:instance/i-073dc9d33021c57db",
            "associate_public_ip_address": true,
            "availability_zone": "us-east-2a",
            "capacity_reservation_specification": [
              {
                "capacity_reservation_preference": "open",
                "capacity_reservation_target": []
              }
            ],
            "cpu_core_count": 2,
            "cpu_options": [
              {
                "amd_sev_snp": "",
                "core_count": 2,
                "threads_per_core": 1
              }
            ],
            "cpu_threads_per_core": 1,
            "credit_specification": [
              {
                "cpu_credits": "standard"
              }
            ],
            "disable_api_stop": false,
            "disable_api_termination": false,
            "ebs_block_device": [],
            "ebs_optimized": false,
            "enclave_options": [
              {
                "enabled": false
              }
            ],
            "ephemeral_block_device": [],
            "get_password_data": false,
            "hibernation": false,
            "host_id": "",
            "host_resource_group_arn": null,
            "iam_instance_profile": "",
            "id": "i-073dc9d33021c57db",
            "instance_initiated_shutdown_behavior": "stop",
            "instance_state": "running",
            "instance_type": "t2.medium",
            "ipv6_address_count": 0,
            "ipv6_addresses": [],
            "key_name": "prod-keypair",
            "launch_template": [],
            "maintenance_options": [
              {
                "auto_recovery": "default"
              }
            ],
            "metadata_options": [
              {
                "http_endpoint": "enabled",
                "http_put_response_hop_limit": 1,
                "http_tokens": "optional",
                "instance_metadata_tags": "disabled"
              }
            ],
            "monitoring": false,
            "network_interface": [],
            "outpost_arn": "",
            "password_data": "",
            "placement_group": "",
            "placement_partition_number": 0,
            "primary_network_interface_id": "eni-00c48ed281b521698",
            "private_dns": "ip-192-162-0-161.us-east-2.compute.internal",
            "private_dns_name_options": [
              {
                "enable_resource_name_dns_a_record": false,
                "enable_resource_name_dns_aaaa_record": false,
                "hostname_type": "ip-name"
              }
            ],
            "private_ip": "192.162.0.161",
            "public_dns": "ec2-18-191-178-68.us-east-2.compute.amazonaws.com",
            "public_ip": "18.191.178.68",
            "root_block_device": [
              {
                "delete_on_termination": true,
                "device_name": "/dev/sda1",
                "encrypted": false,
                "iops": 100,
                "kms_key_id": "",
                "tags": {},
                "throughput": 0,
                "volume_id": "vol-0791b146f328f9d18",
                "volume_size": 8,
                "volume_type": "gp2"
              }
            ],
            "secondary_private_ips": [],
            "security_groups": [
              "sg-05b6605ec86aceb85",
              "sg-06c48664d80e97d79"
            ],
            "source_dest_check": true,
            "subnet_id": "subnet-014ed5f1ce3b5bb47",
            "tags": {
              "Name": "prod-k8-Server-devOps"
            },
            "tags_all": {
              "Name": "prod-k8-Server-devOps"
            },
            "tenancy": "default",
            "timeouts": null,
            "user_data": "6980a9424822ff1afff0a1cfffc845a5c7f363de",
            "user_data_base64": null,
            "user_data_replace_on_change": false,
            "volume_tags": null,
            "vpc_security_group_ids": [
              "sg-05b6605ec86aceb85",
              "sg-06c48664d80e97d79"
            ]
          },
          "sensitive_attributes": [],
          "private": "eyJlMmJmYjczMC1lY2FhLTExZTYtOGY4OC0zNDM2M2JjN2M0YzAiOnsiY3JlYXRlIjo2MDAwMDAwMDAwMDAsImRlbGV0ZSI6MTIwMDAwMDAwMDAwMCwidXBkYXRlIjo2MDAwMDAwMDAwMDB9LCJzY2hlbWFfdmVyc2lvbiI6IjEifQ==",
          "dependencies": [
            "module.k8-server.data.aws_ami.ubuntu-linux-1404",
            "module.k8-server.data.template_file.user_data",
            "module.security.aws_security_group.security_group_port_22",
            "module.security.aws_security_group.security_group_port_30000",
            "module.vpc.aws_subnet.public_subnet_az",
            "module.vpc.aws_vpc.vpc",
            "module.vpc.data.aws_availability_zones.available_zones"
          ]
        }
      ]
    },
    {
      "module": "module.keypair",
      "mode": "managed",
      "type": "aws_key_pair",
      "name": "keypair",
      "provider": "provider[\"registry.terraform.io/hashicorp/aws\"]",
      "instances": [
        {
          "schema_version": 1,
          "attributes": {
            "arn": "arn:aws:ec2:us-east-2:481792101255:key-pair/prod-keypair",
            "fingerprint": "56:96:20:f1:b1:bb:65:37:51:7d:b8:35:80:77:c1:2d",
            "id": "prod-keypair",
            "key_name": "prod-keypair",
            "key_name_prefix": "",
            "key_pair_id": "key-09270a294d22ce6c3",
            "key_type": "rsa",
            "public_key": "ssh-rsa AAAAB3NzaC1yc2EAAAADAQABAAACAQCbxpZXS2t4OmfGB5M0ucYk9UpPSdipgO9J6XVnbpTkod5CQHnoViDglGsxLkL27Ub3GKGoCu8t/8UFRtnaGslfLnvUCcw5bZf0ceyhiqxuTYfbnggoSwGM0sA/d5O72nl4Ncy8OC1QXAjCWzEgSNFTSPjg3/vhU0hGng8jHTDeJgPumSlmXEdGx7HdQLa3BzyeBh1MkEDJKkSMWbRhKiRQs2Easj8oysiOvq7rF7K9/Z9q5aESX8QDwxOa6O48F0LQdi7qAPUmC7DH1M6uI7Ez6rdmo/Q9gfM3kzEYcpqA7AQo+iW5SdNkDcKL3j2ceQqKz0WvPUMHUal2H4N4CCdVqjAOhdCla/TkEUPfY2aUjQkRErg70bxq0ovR2W55MtwSgo2xx+Kbr3AaN/x8d69Rz/ybS6VCkdmWzt9jHbRhpNX8Ggqy3tAOuqH9pWsAgzjgW1C0fE1P12tmS6eC5g4KsPRES6O1uIrJ63woiSSDdLpEaJh+3XWBDBbjp1bOGftcHTQ+lvkw/vZga6R1eNrpnpLXTb/xFlEkMrgpSPCM4Q3QJba2Wt9iejDU3TNyiyAabho952QiMoo1ZINM33+vHaqGU8eJzgMWdAhCvTv7qwVG+iee4whxcLc4thCcXB4H65FR44mMB3ofi0rl6FzjcyExotAPHrbpQH0d5jiWOQ==",
            "tags": null,
            "tags_all": {}
          },
          "sensitive_attributes": [],
          "private": "eyJzY2hlbWFfdmVyc2lvbiI6IjEifQ==",
          "dependencies": [
            "module.keypair.tls_private_key.private_key"
          ]
        }
      ]
    },
    {
      "module": "module.keypair",
      "mode": "managed",
      "type": "local_file",
      "name": "save-key",
      "provider": "provider[\"registry.terraform.io/hashicorp/local\"]",
      "instances": [
        {
          "schema_version": 0,
          "attributes": {
            "content": "-----BEGIN RSA PRIVATE KEY-----\nMIIJKgIBAAKCAgEAm8aWV0treDpnxgeTNLnGJPVKT0nYqYDvSel1Z26U5KHeQkB5\n6FYg4JRrMS5C9u1G9xihqArvLf/FBUbZ2hrJXy571AnMOW2X9HHsoYqsbk2H254I\nKEsBjNLAP3eTu9p5eDXMvDgtUFwIwlsxIEjRU0j44N/74VNIRp4PIx0w3iYD7pkp\nZlxHRsex3UC2twc8ngYdTJBAySpEjFm0YSokULNhGrI/KMrIjr6u6xeyvf2fauWh\nEl/EA8MTmujuPBdC0HYu6gD1Jguwx9TOriOxM+q3ZqP0PYHzN5MxGHKagOwEKPol\nuUnTZA3Ci949nHkKis9Frz1DB1Gpdh+DeAgnVaowDoXQpWv05BFD32NmlI0JERK4\nO9G8atKL0dlueTLcEoKNscfim69wGjf8fHevUc/8m0ulQpHZls7fYx20YaTV/BoK\nst7QDrqh/aVrAIM44FtQtHxNT9drZkunguYOCrD0REujtbiKyet8KIkkg3S6RGiY\nft11gQwW46dWzhn7XB00Ppb5MP72YGukdXja6Z6S102/8RZRJDK4KUjwjOEN0CW2\ntlrfYnow1N0zcosgGm4aPedkIjKKNWSDTN9/rx2qhlPHic4DFnQIQr07+6sFRvon\nnuMIcXC3OLYQnFweB+uRUeOJjAd6H4tK5ehc43MhMaLQDx626UB9HeY4ljkCAwEA\nAQKCAgAPzT1C7auhLouIUwxjtNScuyUmld8ckq+zV7NJIraH2sOpBNFY+COtpGCb\nRI4WbktclWsQmMtaZy+dMWq37S+wMA7vm27UBIH9kfDnEiIbrlGxvX4mWDV4C4jk\n50RdMfRQdWSnUyuFk1BwJr/8/mX9hNF6Pj5WxRP31eDDNxrV7hVIBtFkSMgSLf+k\n6gOe3WUQwp4GPjvULC1370GU+allZkzbYGl3wdpGYKFtx6GiFDAvr8t/CafgmdFL\nTYWdIt7sNpDbu+0iRt1P6A5vK7+1/IFOMCN+ecgqQwwf5sA1g7uITJe3C/4dkCfD\n+G9XiA/BtPTkqdo6y9Xc3aWAb5NNvMZ42nnoG/D00nGXYCeW8prEkhJ9VRNnHH8U\ntu2N6LSW1u54d60qGFr4xYtYdIMdusZanJyfXWWH4RBdXBbT/qMb8GtJSJ1Xv+KT\nVeCyJGxtL/3k5qxlIxWwAOv/A+8/QS35uwqYttGZTiNR1A9zRz9UfU/e47XU+J8o\nlDxSUgp3s/FE/0mJgsfVquY3NmOKMu72Nl/uAO7HkcJ3g1oeM5l1RRQKAc8DyXHF\nFL9kPOVzuO3VNuhG7WKr2REApoSWlfA+IEM79c9eCp6qEVakguQGiGbylMDul4km\nBlF/9nFaAilHap1jej08wI19kZ6TtZZrGaFIPSZXVYkZz7RtgQKCAQEAwnuKRYKP\noGAHvVNh83wVc0TaM1gjcgLG6MGIg3Rxj8grE7M7aVkI7LmED8HgDipjfekR1qjy\nYzB4UcLSaGXPQsX8FK57l6pdGPK17hUTw2e33xxZDRJZ78OIMajwMr5zE+xGf5Ck\n6ufOAjisT7r8vOONxKruLNcXyKCfwd/M//01fc+QPsKtWARz+XAz7GJXici0Mb8W\nLpHiHX9AQCrOMjhM9RDaSl9JoiFFIrRCGPDiFydkuy4lnvdAEHDLfVw1OWWXi6YA\nCvZ6UcCVxcV7xoJ1LuXNJ2ZLt7ojGrhvfvMHQmu5y1PkWPhIQhRXe1/xtGYeIuYl\nqjvsSEeq5KJPjQKCAQEAzQy2vKfwmkAdMrrRKbezYwTwcqpcePU+QahaWyBZ9O0b\nDU0VtYCSPW9hdWTkgRpBRUnbSZQI8SrrGKx9vrISontqKqpl9AXzDC9PZnfPmCHO\n+hVczIX7KXjsU3K3DfK+GtPRFsRddNNYVxBZIQap4yzTuj+n9vu6V/Fxqr6HybZO\nHalXwe9SMiMyRWKxMrgCRlfNQzLmlBP0vQm6SvFuDvZxEhlrFp9N0CUuvvIPApnJ\nMP8+COFaUUdvfD3gSPvY/FfgSIpsw4mI9R8jkhU8D0+gVV2880HnKvtUeNwXnB29\nD0wKiz1uFprVNvN4lmq3qz2rEIjM3ZWd79/VP0RwXQKCAQEAvq2faP1UUlo03GQn\nUjFjWou0H8kXn42ndcdiT/hX6y/HRF5jLquzu108ZLKiOWFIAMgFzGACnkuEfC02\nXFMNfZtdxu03kgDfnDlDNHWH1fsX5PEHQnCuqwwbuQy4zBe7/lmW2TV47DNv4O+t\nydI8P/ofIiawtFgDIpqRZ+VEOewJiRt7gn0etYBQMMzYq7fTueyE940xc2Fmv6Lm\n3MLbPZPDqDbovyhjqklSXm87qvZpxWfDNF5PVmd2cWgVqwg/ytGXXrzXp+f3D7Zx\nYeF4tK1ttRhsJ2f9btpZ1rXj4yTmBjJWjErpRG3RcrA9AWKVOVkxzOe3IAv2YvuZ\nSub0dQKCAQEAj/eDPgYz2jl1xq6AOOgv3TAUmo2ei5a09Wh8uEqInnzzZ21d9qel\nBdlz9fa2sSZ7+WgXvRthA+L8WcCSMRfaGZbJPdeR6blboox9FRa9/LSQG+pv03Gm\nnMG4PAbpG7P5YeCih3ernmDdP5PM4HFLSqOorLYQ+kpX1XNCOX243RlQ02aYpSOg\n9G7d1vWqMFAd2MHA7pOIbSNtzGROFlxYx8ykKu8Jz0JeYewZXBucCllrdylepuGC\nhlq/nd3b4aJiARq58HSwVMH2FRSd5u1d0+o2SnmcNrdo1TbNYmY1dXkzys+6/3RM\nHTbsyL49Rm77MhIET4GdRV7NGyRvFxK4SQKCAQEAmEXG1lUllNh1AbAbxv+tCwnN\nnAVFO+YafPpLYp1cbyuDZuN3TCAMlQ8o8evjOCJGDya4NnRLzaHXbFL9xqf+cRd1\nTQRy+NT5yxNcCHS/1sGBlIMYzpWPgSNz4+Mlmr/ztSOuLm/mow9PhJpYfBi1joJ1\nX3FZFgnLg2tk+te2gagRnH9spJ0YqpygoWesJ5x8thTp28B0DQWUBaAriuvhSTgK\nUtD/0T3D9ea9JJ5VGC/ckIx4pDR5VmbKMhZ/ppgA3/g23YXORguAcpxveDcFw2gI\nnhN6DAf5u4TmPvaD8TgOfLeEaYWH3ZUTjEHf4jjUc56IKd+1hue+lCimzcq9wg==\n-----END RSA PRIVATE KEY-----\n",
            "content_base64": null,
            "content_base64sha256": "JdLcZbt0KD+Hp00CQnxQksOTn8CGF2wh+pFl3+dFOrk=",
            "content_base64sha512": "wBz6gzWOHMKmlYAGAEv2RYP9Eaj6iJaM+s10TtGlZYZh65gDUJepjiX/PmEu4AVe5PBDRMdXRdoa/J5hi4mCHw==",
            "content_md5": "b917cf7f9588fc42919cea630b32e4a9",
            "content_sha1": "d25377458ca9d4f1a690544e5a9de0dd599701ab",
            "content_sha256": "25d2dc65bb74283f87a74d02427c5092c3939fc086176c21fa9165dfe7453ab9",
            "content_sha512": "c01cfa83358e1cc2a6958006004bf64583fd11a8fa88968cfacd744ed1a5658661eb98035097a98e25ff3e612ee0055ee4f04344c75745da1afc9e618b89821f",
            "directory_permission": "0777",
            "file_permission": "0400",
            "filename": "../modules/keypair/prod-keypair.pem",
            "id": "d25377458ca9d4f1a690544e5a9de0dd599701ab",
            "sensitive_content": null,
            "source": null
          },
          "sensitive_attributes": [
            [
              {
                "type": "get_attr",
                "value": "content"
              }
            ]
          ],
          "dependencies": [
            "module.keypair.tls_private_key.private_key"
          ]
        }
      ]
    },
    {
      "module": "module.keypair",
      "mode": "managed",
      "type": "tls_private_key",
      "name": "private_key",
      "provider": "provider[\"registry.terraform.io/hashicorp/tls\"]",
      "instances": [
        {
          "schema_version": 1,
          "attributes": {
            "algorithm": "RSA",
            "ecdsa_curve": "P224",
            "id": "c48d3d76af85aa58246ecccdada5d0692e327fd2",
            "private_key_openssh": "-----BEGIN OPENSSH PRIVATE KEY-----\nb3BlbnNzaC1rZXktdjEAAAAABG5vbmUAAAAEbm9uZQAAAAAAAAABAAACFwAAAAdz\nc2gtcnNhAAAAAwEAAQAAAgEAm8aWV0treDpnxgeTNLnGJPVKT0nYqYDvSel1Z26U\n5KHeQkB56FYg4JRrMS5C9u1G9xihqArvLf/FBUbZ2hrJXy571AnMOW2X9HHsoYqs\nbk2H254IKEsBjNLAP3eTu9p5eDXMvDgtUFwIwlsxIEjRU0j44N/74VNIRp4PIx0w\n3iYD7pkpZlxHRsex3UC2twc8ngYdTJBAySpEjFm0YSokULNhGrI/KMrIjr6u6xey\nvf2fauWhEl/EA8MTmujuPBdC0HYu6gD1Jguwx9TOriOxM+q3ZqP0PYHzN5MxGHKa\ngOwEKPoluUnTZA3Ci949nHkKis9Frz1DB1Gpdh+DeAgnVaowDoXQpWv05BFD32Nm\nlI0JERK4O9G8atKL0dlueTLcEoKNscfim69wGjf8fHevUc/8m0ulQpHZls7fYx20\nYaTV/BoKst7QDrqh/aVrAIM44FtQtHxNT9drZkunguYOCrD0REujtbiKyet8KIkk\ng3S6RGiYft11gQwW46dWzhn7XB00Ppb5MP72YGukdXja6Z6S102/8RZRJDK4KUjw\njOEN0CW2tlrfYnow1N0zcosgGm4aPedkIjKKNWSDTN9/rx2qhlPHic4DFnQIQr07\n+6sFRvonnuMIcXC3OLYQnFweB+uRUeOJjAd6H4tK5ehc43MhMaLQDx626UB9HeY4\nljkAAAc4jOBhKYzgYSkAAAAHc3NoLXJzYQAAAgEAm8aWV0treDpnxgeTNLnGJPVK\nT0nYqYDvSel1Z26U5KHeQkB56FYg4JRrMS5C9u1G9xihqArvLf/FBUbZ2hrJXy57\n1AnMOW2X9HHsoYqsbk2H254IKEsBjNLAP3eTu9p5eDXMvDgtUFwIwlsxIEjRU0j4\n4N/74VNIRp4PIx0w3iYD7pkpZlxHRsex3UC2twc8ngYdTJBAySpEjFm0YSokULNh\nGrI/KMrIjr6u6xeyvf2fauWhEl/EA8MTmujuPBdC0HYu6gD1Jguwx9TOriOxM+q3\nZqP0PYHzN5MxGHKagOwEKPoluUnTZA3Ci949nHkKis9Frz1DB1Gpdh+DeAgnVaow\nDoXQpWv05BFD32NmlI0JERK4O9G8atKL0dlueTLcEoKNscfim69wGjf8fHevUc/8\nm0ulQpHZls7fYx20YaTV/BoKst7QDrqh/aVrAIM44FtQtHxNT9drZkunguYOCrD0\nREujtbiKyet8KIkkg3S6RGiYft11gQwW46dWzhn7XB00Ppb5MP72YGukdXja6Z6S\n102/8RZRJDK4KUjwjOEN0CW2tlrfYnow1N0zcosgGm4aPedkIjKKNWSDTN9/rx2q\nhlPHic4DFnQIQr07+6sFRvonnuMIcXC3OLYQnFweB+uRUeOJjAd6H4tK5ehc43Mh\nMaLQDx626UB9HeY4ljkAAAADAQABAAACAA/NPULtq6Eui4hTDGO01Jy7JSaV3xyS\nr7NXs0kitofaw6kE0Vj4I62kYJtEjhZuS1yVaxCYy1pnL50xarftL7AwDu+bbtQE\ngf2R8OcSIhuuUbG9fiZYNXgLiOTnRF0x9FB1ZKdTK4WTUHAmv/z+Zf2E0Xo+PlbF\nE/fV4MM3GtXuFUgG0WRIyBIt/6TqA57dZRDCngY+O9QsLXfvQZT5qWVmTNtgaXfB\n2kZgoW3HoaIUMC+vy38Jp+CZ0UtNhZ0i3uw2kNu77SJG3U/oDm8rv7X8gU4wI355\nyCpDDB/mwDWDu4hMl7cL/h2QJ8P4b1eID8G09OSp2jrL1dzdpYBvk028xnjaeegb\n8PTScZdgJ5bymsSSEn1VE2ccfxS27Y3otJbW7nh3rSoYWvjFi1h0gx26xlqcnJ9d\nZYfhEF1cFtP+oxvwa0lInVe/4pNV4LIkbG0v/eTmrGUjFbAA6/8D7z9BLfm7Cpi2\n0ZlOI1HUD3NHP1R9T97jtdT4nyiUPFJSCnez8UT/SYmCx9Wq5jc2Y4oy7vY2X+4A\n7seRwneDWh4zmXVFFAoBzwPJccUUv2Q85XO47dU26EbtYqvZEQCmhJaV8D4gQzv1\nz14KnqoRVqSC5AaIZvKUwO6XiSYGUX/2cVoCKUdqnWN6PTzAjX2RnpO1lmsZoUg9\nJldViRnPtG2BAAABAQCYRcbWVSWU2HUBsBvG/60LCc2cBUU75hp8+ktinVxvK4Nm\n43dMIAyVDyjx6+M4IkYPJrg2dEvNoddsUv3Gp/5xF3VNBHL41PnLE1wIdL/WwYGU\ngxjOlY+BI3Pj4yWav/O1I64ub+ajD0+Emlh8GLWOgnVfcVkWCcuDa2T617aBqBGc\nf2yknRiqnKChZ6wnnHy2FOnbwHQNBZQFoCuK6+FJOApS0P/RPcP15r0knlUYL9yQ\njHikNHlWZsoyFn+mmADf+Dbdhc5GC4BynG94NwXDaAieE3oMB/m7hOY+9oPxOA58\nt4RphYfdlROMQd/iONRznogp37WG576UKKbNyr3CAAABAQDCe4pFgo+gYAe9U2Hz\nfBVzRNozWCNyAsbowYiDdHGPyCsTsztpWQjsuYQPweAOKmN96RHWqPJjMHhRwtJo\nZc9CxfwUrnuXql0Y8rXuFRPDZ7ffHFkNElnvw4gxqPAyvnMT7EZ/kKTq584COKxP\nuvy8443Equ4s1xfIoJ/B38z//TV9z5A+wq1YBHP5cDPsYleJyLQxvxYukeIdf0BA\nKs4yOEz1ENpKX0miIUUitEIY8OIXJ2S7LiWe90AQcMt9XDU5ZZeLpgAK9npRwJXF\nxXvGgnUu5c0nZku3uiMauG9+8wdCa7nLU+RY+EhCFFd7X/G0Zh4i5iWqO+xIR6rk\nok+NAAABAQDNDLa8p/CaQB0yutEpt7NjBPByqlx49T5BqFpbIFn07RsNTRW1gJI9\nb2F1ZOSBGkFFSdtJlAjxKusYrH2+shKie2oqqmX0BfMML09md8+YIc76FVzMhfsp\neOxTcrcN8r4a09EWxF1001hXEFkhBqnjLNO6P6f2+7pX8XGqvofJtk4dqVfB71Iy\nIzJFYrEyuAJGV81DMuaUE/S9CbpK8W4O9nESGWsWn03QJS6+8g8Cmckw/z4I4VpR\nR298PeBI+9j8V+BIimzDiYj1HyOSFTwPT6BVXbzzQecq+1R43BecHb0PTAqLPW4W\nmtU283iWarerPasQiMzdlZ3v39U/RHBdAAAAAAEC\n-----END OPENSSH PRIVATE KEY-----\n",
            "private_key_pem": "-----BEGIN RSA PRIVATE KEY-----\nMIIJKgIBAAKCAgEAm8aWV0treDpnxgeTNLnGJPVKT0nYqYDvSel1Z26U5KHeQkB5\n6FYg4JRrMS5C9u1G9xihqArvLf/FBUbZ2hrJXy571AnMOW2X9HHsoYqsbk2H254I\nKEsBjNLAP3eTu9p5eDXMvDgtUFwIwlsxIEjRU0j44N/74VNIRp4PIx0w3iYD7pkp\nZlxHRsex3UC2twc8ngYdTJBAySpEjFm0YSokULNhGrI/KMrIjr6u6xeyvf2fauWh\nEl/EA8MTmujuPBdC0HYu6gD1Jguwx9TOriOxM+q3ZqP0PYHzN5MxGHKagOwEKPol\nuUnTZA3Ci949nHkKis9Frz1DB1Gpdh+DeAgnVaowDoXQpWv05BFD32NmlI0JERK4\nO9G8atKL0dlueTLcEoKNscfim69wGjf8fHevUc/8m0ulQpHZls7fYx20YaTV/BoK\nst7QDrqh/aVrAIM44FtQtHxNT9drZkunguYOCrD0REujtbiKyet8KIkkg3S6RGiY\nft11gQwW46dWzhn7XB00Ppb5MP72YGukdXja6Z6S102/8RZRJDK4KUjwjOEN0CW2\ntlrfYnow1N0zcosgGm4aPedkIjKKNWSDTN9/rx2qhlPHic4DFnQIQr07+6sFRvon\nnuMIcXC3OLYQnFweB+uRUeOJjAd6H4tK5ehc43MhMaLQDx626UB9HeY4ljkCAwEA\nAQKCAgAPzT1C7auhLouIUwxjtNScuyUmld8ckq+zV7NJIraH2sOpBNFY+COtpGCb\nRI4WbktclWsQmMtaZy+dMWq37S+wMA7vm27UBIH9kfDnEiIbrlGxvX4mWDV4C4jk\n50RdMfRQdWSnUyuFk1BwJr/8/mX9hNF6Pj5WxRP31eDDNxrV7hVIBtFkSMgSLf+k\n6gOe3WUQwp4GPjvULC1370GU+allZkzbYGl3wdpGYKFtx6GiFDAvr8t/CafgmdFL\nTYWdIt7sNpDbu+0iRt1P6A5vK7+1/IFOMCN+ecgqQwwf5sA1g7uITJe3C/4dkCfD\n+G9XiA/BtPTkqdo6y9Xc3aWAb5NNvMZ42nnoG/D00nGXYCeW8prEkhJ9VRNnHH8U\ntu2N6LSW1u54d60qGFr4xYtYdIMdusZanJyfXWWH4RBdXBbT/qMb8GtJSJ1Xv+KT\nVeCyJGxtL/3k5qxlIxWwAOv/A+8/QS35uwqYttGZTiNR1A9zRz9UfU/e47XU+J8o\nlDxSUgp3s/FE/0mJgsfVquY3NmOKMu72Nl/uAO7HkcJ3g1oeM5l1RRQKAc8DyXHF\nFL9kPOVzuO3VNuhG7WKr2REApoSWlfA+IEM79c9eCp6qEVakguQGiGbylMDul4km\nBlF/9nFaAilHap1jej08wI19kZ6TtZZrGaFIPSZXVYkZz7RtgQKCAQEAwnuKRYKP\noGAHvVNh83wVc0TaM1gjcgLG6MGIg3Rxj8grE7M7aVkI7LmED8HgDipjfekR1qjy\nYzB4UcLSaGXPQsX8FK57l6pdGPK17hUTw2e33xxZDRJZ78OIMajwMr5zE+xGf5Ck\n6ufOAjisT7r8vOONxKruLNcXyKCfwd/M//01fc+QPsKtWARz+XAz7GJXici0Mb8W\nLpHiHX9AQCrOMjhM9RDaSl9JoiFFIrRCGPDiFydkuy4lnvdAEHDLfVw1OWWXi6YA\nCvZ6UcCVxcV7xoJ1LuXNJ2ZLt7ojGrhvfvMHQmu5y1PkWPhIQhRXe1/xtGYeIuYl\nqjvsSEeq5KJPjQKCAQEAzQy2vKfwmkAdMrrRKbezYwTwcqpcePU+QahaWyBZ9O0b\nDU0VtYCSPW9hdWTkgRpBRUnbSZQI8SrrGKx9vrISontqKqpl9AXzDC9PZnfPmCHO\n+hVczIX7KXjsU3K3DfK+GtPRFsRddNNYVxBZIQap4yzTuj+n9vu6V/Fxqr6HybZO\nHalXwe9SMiMyRWKxMrgCRlfNQzLmlBP0vQm6SvFuDvZxEhlrFp9N0CUuvvIPApnJ\nMP8+COFaUUdvfD3gSPvY/FfgSIpsw4mI9R8jkhU8D0+gVV2880HnKvtUeNwXnB29\nD0wKiz1uFprVNvN4lmq3qz2rEIjM3ZWd79/VP0RwXQKCAQEAvq2faP1UUlo03GQn\nUjFjWou0H8kXn42ndcdiT/hX6y/HRF5jLquzu108ZLKiOWFIAMgFzGACnkuEfC02\nXFMNfZtdxu03kgDfnDlDNHWH1fsX5PEHQnCuqwwbuQy4zBe7/lmW2TV47DNv4O+t\nydI8P/ofIiawtFgDIpqRZ+VEOewJiRt7gn0etYBQMMzYq7fTueyE940xc2Fmv6Lm\n3MLbPZPDqDbovyhjqklSXm87qvZpxWfDNF5PVmd2cWgVqwg/ytGXXrzXp+f3D7Zx\nYeF4tK1ttRhsJ2f9btpZ1rXj4yTmBjJWjErpRG3RcrA9AWKVOVkxzOe3IAv2YvuZ\nSub0dQKCAQEAj/eDPgYz2jl1xq6AOOgv3TAUmo2ei5a09Wh8uEqInnzzZ21d9qel\nBdlz9fa2sSZ7+WgXvRthA+L8WcCSMRfaGZbJPdeR6blboox9FRa9/LSQG+pv03Gm\nnMG4PAbpG7P5YeCih3ernmDdP5PM4HFLSqOorLYQ+kpX1XNCOX243RlQ02aYpSOg\n9G7d1vWqMFAd2MHA7pOIbSNtzGROFlxYx8ykKu8Jz0JeYewZXBucCllrdylepuGC\nhlq/nd3b4aJiARq58HSwVMH2FRSd5u1d0+o2SnmcNrdo1TbNYmY1dXkzys+6/3RM\nHTbsyL49Rm77MhIET4GdRV7NGyRvFxK4SQKCAQEAmEXG1lUllNh1AbAbxv+tCwnN\nnAVFO+YafPpLYp1cbyuDZuN3TCAMlQ8o8evjOCJGDya4NnRLzaHXbFL9xqf+cRd1\nTQRy+NT5yxNcCHS/1sGBlIMYzpWPgSNz4+Mlmr/ztSOuLm/mow9PhJpYfBi1joJ1\nX3FZFgnLg2tk+te2gagRnH9spJ0YqpygoWesJ5x8thTp28B0DQWUBaAriuvhSTgK\nUtD/0T3D9ea9JJ5VGC/ckIx4pDR5VmbKMhZ/ppgA3/g23YXORguAcpxveDcFw2gI\nnhN6DAf5u4TmPvaD8TgOfLeEaYWH3ZUTjEHf4jjUc56IKd+1hue+lCimzcq9wg==\n-----END RSA PRIVATE KEY-----\n",
            "private_key_pem_pkcs8": "-----BEGIN PRIVATE KEY-----\nMIIJRAIBADANBgkqhkiG9w0BAQEFAASCCS4wggkqAgEAAoICAQCbxpZXS2t4OmfG\nB5M0ucYk9UpPSdipgO9J6XVnbpTkod5CQHnoViDglGsxLkL27Ub3GKGoCu8t/8UF\nRtnaGslfLnvUCcw5bZf0ceyhiqxuTYfbnggoSwGM0sA/d5O72nl4Ncy8OC1QXAjC\nWzEgSNFTSPjg3/vhU0hGng8jHTDeJgPumSlmXEdGx7HdQLa3BzyeBh1MkEDJKkSM\nWbRhKiRQs2Easj8oysiOvq7rF7K9/Z9q5aESX8QDwxOa6O48F0LQdi7qAPUmC7DH\n1M6uI7Ez6rdmo/Q9gfM3kzEYcpqA7AQo+iW5SdNkDcKL3j2ceQqKz0WvPUMHUal2\nH4N4CCdVqjAOhdCla/TkEUPfY2aUjQkRErg70bxq0ovR2W55MtwSgo2xx+Kbr3Aa\nN/x8d69Rz/ybS6VCkdmWzt9jHbRhpNX8Ggqy3tAOuqH9pWsAgzjgW1C0fE1P12tm\nS6eC5g4KsPRES6O1uIrJ63woiSSDdLpEaJh+3XWBDBbjp1bOGftcHTQ+lvkw/vZg\na6R1eNrpnpLXTb/xFlEkMrgpSPCM4Q3QJba2Wt9iejDU3TNyiyAabho952QiMoo1\nZINM33+vHaqGU8eJzgMWdAhCvTv7qwVG+iee4whxcLc4thCcXB4H65FR44mMB3of\ni0rl6FzjcyExotAPHrbpQH0d5jiWOQIDAQABAoICAA/NPULtq6Eui4hTDGO01Jy7\nJSaV3xySr7NXs0kitofaw6kE0Vj4I62kYJtEjhZuS1yVaxCYy1pnL50xarftL7Aw\nDu+bbtQEgf2R8OcSIhuuUbG9fiZYNXgLiOTnRF0x9FB1ZKdTK4WTUHAmv/z+Zf2E\n0Xo+PlbFE/fV4MM3GtXuFUgG0WRIyBIt/6TqA57dZRDCngY+O9QsLXfvQZT5qWVm\nTNtgaXfB2kZgoW3HoaIUMC+vy38Jp+CZ0UtNhZ0i3uw2kNu77SJG3U/oDm8rv7X8\ngU4wI355yCpDDB/mwDWDu4hMl7cL/h2QJ8P4b1eID8G09OSp2jrL1dzdpYBvk028\nxnjaeegb8PTScZdgJ5bymsSSEn1VE2ccfxS27Y3otJbW7nh3rSoYWvjFi1h0gx26\nxlqcnJ9dZYfhEF1cFtP+oxvwa0lInVe/4pNV4LIkbG0v/eTmrGUjFbAA6/8D7z9B\nLfm7Cpi20ZlOI1HUD3NHP1R9T97jtdT4nyiUPFJSCnez8UT/SYmCx9Wq5jc2Y4oy\n7vY2X+4A7seRwneDWh4zmXVFFAoBzwPJccUUv2Q85XO47dU26EbtYqvZEQCmhJaV\n8D4gQzv1z14KnqoRVqSC5AaIZvKUwO6XiSYGUX/2cVoCKUdqnWN6PTzAjX2RnpO1\nlmsZoUg9JldViRnPtG2BAoIBAQDCe4pFgo+gYAe9U2HzfBVzRNozWCNyAsbowYiD\ndHGPyCsTsztpWQjsuYQPweAOKmN96RHWqPJjMHhRwtJoZc9CxfwUrnuXql0Y8rXu\nFRPDZ7ffHFkNElnvw4gxqPAyvnMT7EZ/kKTq584COKxPuvy8443Equ4s1xfIoJ/B\n38z//TV9z5A+wq1YBHP5cDPsYleJyLQxvxYukeIdf0BAKs4yOEz1ENpKX0miIUUi\ntEIY8OIXJ2S7LiWe90AQcMt9XDU5ZZeLpgAK9npRwJXFxXvGgnUu5c0nZku3uiMa\nuG9+8wdCa7nLU+RY+EhCFFd7X/G0Zh4i5iWqO+xIR6rkok+NAoIBAQDNDLa8p/Ca\nQB0yutEpt7NjBPByqlx49T5BqFpbIFn07RsNTRW1gJI9b2F1ZOSBGkFFSdtJlAjx\nKusYrH2+shKie2oqqmX0BfMML09md8+YIc76FVzMhfspeOxTcrcN8r4a09EWxF10\n01hXEFkhBqnjLNO6P6f2+7pX8XGqvofJtk4dqVfB71IyIzJFYrEyuAJGV81DMuaU\nE/S9CbpK8W4O9nESGWsWn03QJS6+8g8Cmckw/z4I4VpRR298PeBI+9j8V+BIimzD\niYj1HyOSFTwPT6BVXbzzQecq+1R43BecHb0PTAqLPW4WmtU283iWarerPasQiMzd\nlZ3v39U/RHBdAoIBAQC+rZ9o/VRSWjTcZCdSMWNai7QfyRefjad1x2JP+FfrL8dE\nXmMuq7O7XTxksqI5YUgAyAXMYAKeS4R8LTZcUw19m13G7TeSAN+cOUM0dYfV+xfk\n8QdCcK6rDBu5DLjMF7v+WZbZNXjsM2/g763J0jw/+h8iJrC0WAMimpFn5UQ57AmJ\nG3uCfR61gFAwzNirt9O57IT3jTFzYWa/oubcwts9k8OoNui/KGOqSVJebzuq9mnF\nZ8M0Xk9WZ3ZxaBWrCD/K0ZdevNen5/cPtnFh4Xi0rW21GGwnZ/1u2lnWtePjJOYG\nMlaMSulEbdFysD0BYpU5WTHM57cgC/Zi+5lK5vR1AoIBAQCP94M+BjPaOXXGroA4\n6C/dMBSajZ6LlrT1aHy4SoiefPNnbV32p6UF2XP19raxJnv5aBe9G2ED4vxZwJIx\nF9oZlsk915HpuVuijH0VFr38tJAb6m/Tcaacwbg8Bukbs/lh4KKHd6ueYN0/k8zg\ncUtKo6isthD6SlfVc0I5fbjdGVDTZpilI6D0bt3W9aowUB3YwcDuk4htI23MZE4W\nXFjHzKQq7wnPQl5h7BlcG5wKWWt3KV6m4YKGWr+d3dvhomIBGrnwdLBUwfYVFJ3m\n7V3T6jZKeZw2t2jVNs1iZjV1eTPKz7r/dEwdNuzIvj1GbvsyEgRPgZ1FXs0bJG8X\nErhJAoIBAQCYRcbWVSWU2HUBsBvG/60LCc2cBUU75hp8+ktinVxvK4Nm43dMIAyV\nDyjx6+M4IkYPJrg2dEvNoddsUv3Gp/5xF3VNBHL41PnLE1wIdL/WwYGUgxjOlY+B\nI3Pj4yWav/O1I64ub+ajD0+Emlh8GLWOgnVfcVkWCcuDa2T617aBqBGcf2yknRiq\nnKChZ6wnnHy2FOnbwHQNBZQFoCuK6+FJOApS0P/RPcP15r0knlUYL9yQjHikNHlW\nZsoyFn+mmADf+Dbdhc5GC4BynG94NwXDaAieE3oMB/m7hOY+9oPxOA58t4RphYfd\nlROMQd/iONRznogp37WG576UKKbNyr3C\n-----END PRIVATE KEY-----\n",
            "public_key_fingerprint_md5": "6b:51:59:0f:36:46:65:c9:6b:18:8d:9f:b3:70:2b:d0",
            "public_key_fingerprint_sha256": "SHA256:0gOIq9Czz/v8Zt0AmXRe+zEs3RUQDgIEeev+CLM0zdw",
            "public_key_openssh": "ssh-rsa AAAAB3NzaC1yc2EAAAADAQABAAACAQCbxpZXS2t4OmfGB5M0ucYk9UpPSdipgO9J6XVnbpTkod5CQHnoViDglGsxLkL27Ub3GKGoCu8t/8UFRtnaGslfLnvUCcw5bZf0ceyhiqxuTYfbnggoSwGM0sA/d5O72nl4Ncy8OC1QXAjCWzEgSNFTSPjg3/vhU0hGng8jHTDeJgPumSlmXEdGx7HdQLa3BzyeBh1MkEDJKkSMWbRhKiRQs2Easj8oysiOvq7rF7K9/Z9q5aESX8QDwxOa6O48F0LQdi7qAPUmC7DH1M6uI7Ez6rdmo/Q9gfM3kzEYcpqA7AQo+iW5SdNkDcKL3j2ceQqKz0WvPUMHUal2H4N4CCdVqjAOhdCla/TkEUPfY2aUjQkRErg70bxq0ovR2W55MtwSgo2xx+Kbr3AaN/x8d69Rz/ybS6VCkdmWzt9jHbRhpNX8Ggqy3tAOuqH9pWsAgzjgW1C0fE1P12tmS6eC5g4KsPRES6O1uIrJ63woiSSDdLpEaJh+3XWBDBbjp1bOGftcHTQ+lvkw/vZga6R1eNrpnpLXTb/xFlEkMrgpSPCM4Q3QJba2Wt9iejDU3TNyiyAabho952QiMoo1ZINM33+vHaqGU8eJzgMWdAhCvTv7qwVG+iee4whxcLc4thCcXB4H65FR44mMB3ofi0rl6FzjcyExotAPHrbpQH0d5jiWOQ==\n",
            "public_key_pem": "-----BEGIN PUBLIC KEY-----\nMIICIjANBgkqhkiG9w0BAQEFAAOCAg8AMIICCgKCAgEAm8aWV0treDpnxgeTNLnG\nJPVKT0nYqYDvSel1Z26U5KHeQkB56FYg4JRrMS5C9u1G9xihqArvLf/FBUbZ2hrJ\nXy571AnMOW2X9HHsoYqsbk2H254IKEsBjNLAP3eTu9p5eDXMvDgtUFwIwlsxIEjR\nU0j44N/74VNIRp4PIx0w3iYD7pkpZlxHRsex3UC2twc8ngYdTJBAySpEjFm0YSok\nULNhGrI/KMrIjr6u6xeyvf2fauWhEl/EA8MTmujuPBdC0HYu6gD1Jguwx9TOriOx\nM+q3ZqP0PYHzN5MxGHKagOwEKPoluUnTZA3Ci949nHkKis9Frz1DB1Gpdh+DeAgn\nVaowDoXQpWv05BFD32NmlI0JERK4O9G8atKL0dlueTLcEoKNscfim69wGjf8fHev\nUc/8m0ulQpHZls7fYx20YaTV/BoKst7QDrqh/aVrAIM44FtQtHxNT9drZkunguYO\nCrD0REujtbiKyet8KIkkg3S6RGiYft11gQwW46dWzhn7XB00Ppb5MP72YGukdXja\n6Z6S102/8RZRJDK4KUjwjOEN0CW2tlrfYnow1N0zcosgGm4aPedkIjKKNWSDTN9/\nrx2qhlPHic4DFnQIQr07+6sFRvonnuMIcXC3OLYQnFweB+uRUeOJjAd6H4tK5ehc\n43MhMaLQDx626UB9HeY4ljkCAwEAAQ==\n-----END PUBLIC KEY-----\n",
            "rsa_bits": 4096
          },
          "sensitive_attributes": []
        }
      ]
    },
    {
      "module": "module.security",
      "mode": "managed",
      "type": "aws_security_group",
      "name": "security_group_port_22",
      "provider": "provider[\"registry.terraform.io/hashicorp/aws\"]",
      "instances": [
        {
          "schema_version": 1,
          "attributes": {
            "arn": "arn:aws:ec2:us-east-2:481792101255:security-group/sg-05b6605ec86aceb85",
            "description": "enable ssh access",
            "egress": [
              {
                "cidr_blocks": [
                  "0.0.0.0/0"
                ],
                "description": "outbound access",
                "from_port": 0,
                "ipv6_cidr_blocks": [],
                "prefix_list_ids": [],
                "protocol": "-1",
                "security_groups": [],
                "self": false,
                "to_port": 0
              }
            ],
            "id": "sg-05b6605ec86aceb85",
            "ingress": [
              {
                "cidr_blocks": [
                  "0.0.0.0/0"
                ],
                "description": "ssh access",
                "from_port": 22,
                "ipv6_cidr_blocks": [],
                "prefix_list_ids": [],
                "protocol": "tcp",
                "security_groups": [],
                "self": false,
                "to_port": 22
              }
            ],
            "name": "server security group",
            "name_prefix": "",
            "owner_id": "481792101255",
            "revoke_rules_on_delete": false,
            "tags": {
              "Name": "prod-devOps-security_group_port_22"
            },
            "tags_all": {
              "Name": "prod-devOps-security_group_port_22"
            },
            "timeouts": null,
            "vpc_id": "vpc-04dc7138486f47ae1"
          },
          "sensitive_attributes": [],
          "private": "eyJlMmJmYjczMC1lY2FhLTExZTYtOGY4OC0zNDM2M2JjN2M0YzAiOnsiY3JlYXRlIjo2MDAwMDAwMDAwMDAsImRlbGV0ZSI6OTAwMDAwMDAwMDAwfSwic2NoZW1hX3ZlcnNpb24iOiIxIn0=",
          "dependencies": [
            "module.vpc.aws_vpc.vpc"
          ]
        }
      ]
    },
    {
      "module": "module.security",
      "mode": "managed",
      "type": "aws_security_group",
      "name": "security_group_port_30000",
      "provider": "provider[\"registry.terraform.io/hashicorp/aws\"]",
      "instances": [
        {
          "schema_version": 1,
          "attributes": {
            "arn": "arn:aws:ec2:us-east-2:481792101255:security-group/sg-06c48664d80e97d79",
            "description": "enable port access 30000",
            "egress": [
              {
                "cidr_blocks": [
                  "0.0.0.0/0"
                ],
                "description": "outbound access",
                "from_port": 0,
                "ipv6_cidr_blocks": [],
                "prefix_list_ids": [],
                "protocol": "-1",
                "security_groups": [],
                "self": false,
                "to_port": 0
              }
            ],
            "id": "sg-06c48664d80e97d79",
            "ingress": [
              {
                "cidr_blocks": [
                  "0.0.0.0/0"
                ],
                "description": "port 30000 access",
                "from_port": 30000,
                "ipv6_cidr_blocks": [],
                "prefix_list_ids": [],
                "protocol": "tcp",
                "security_groups": [],
                "self": false,
                "to_port": 30000
              }
            ],
            "name": "K8 server security group",
            "name_prefix": "",
            "owner_id": "481792101255",
            "revoke_rules_on_delete": false,
            "tags": {
              "Name": "prod-devOps-security_group_port_30000"
            },
            "tags_all": {
              "Name": "prod-devOps-security_group_port_30000"
            },
            "timeouts": null,
            "vpc_id": "vpc-04dc7138486f47ae1"
          },
          "sensitive_attributes": [],
          "private": "eyJlMmJmYjczMC1lY2FhLTExZTYtOGY4OC0zNDM2M2JjN2M0YzAiOnsiY3JlYXRlIjo2MDAwMDAwMDAwMDAsImRlbGV0ZSI6OTAwMDAwMDAwMDAwfSwic2NoZW1hX3ZlcnNpb24iOiIxIn0=",
          "dependencies": [
            "module.vpc.aws_vpc.vpc"
          ]
        }
      ]
    },
    {
      "module": "module.security",
      "mode": "managed",
      "type": "aws_security_group",
      "name": "security_group_port_8080",
      "provider": "provider[\"registry.terraform.io/hashicorp/aws\"]",
      "instances": [
        {
          "schema_version": 1,
          "attributes": {
            "arn": "arn:aws:ec2:us-east-2:481792101255:security-group/sg-0476943416ca144bd",
            "description": "enable port access 8080",
            "egress": [
              {
                "cidr_blocks": [
                  "0.0.0.0/0"
                ],
                "description": "outbound access",
                "from_port": 0,
                "ipv6_cidr_blocks": [],
                "prefix_list_ids": [],
                "protocol": "-1",
                "security_groups": [],
                "self": false,
                "to_port": 0
              }
            ],
            "id": "sg-0476943416ca144bd",
            "ingress": [
              {
                "cidr_blocks": [
                  "0.0.0.0/0"
                ],
                "description": "port 8080 access",
                "from_port": 8080,
                "ipv6_cidr_blocks": [],
                "prefix_list_ids": [],
                "protocol": "tcp",
                "security_groups": [],
                "self": false,
                "to_port": 8080
              }
            ],
            "name": "Jenkins server security group with port 8080",
            "name_prefix": "",
            "owner_id": "481792101255",
            "revoke_rules_on_delete": false,
            "tags": {
              "Name": "prod-devOps-security_group_port_8080"
            },
            "tags_all": {
              "Name": "prod-devOps-security_group_port_8080"
            },
            "timeouts": null,
            "vpc_id": "vpc-04dc7138486f47ae1"
          },
          "sensitive_attributes": [],
          "private": "eyJlMmJmYjczMC1lY2FhLTExZTYtOGY4OC0zNDM2M2JjN2M0YzAiOnsiY3JlYXRlIjo2MDAwMDAwMDAwMDAsImRlbGV0ZSI6OTAwMDAwMDAwMDAwfSwic2NoZW1hX3ZlcnNpb24iOiIxIn0=",
          "dependencies": [
            "module.vpc.aws_vpc.vpc"
          ]
        }
      ]
    },
    {
      "module": "module.security",
      "mode": "managed",
      "type": "aws_security_group",
      "name": "security_group_port_9000",
      "provider": "provider[\"registry.terraform.io/hashicorp/aws\"]",
      "instances": [
        {
          "schema_version": 1,
          "attributes": {
            "arn": "arn:aws:ec2:us-east-2:481792101255:security-group/sg-0ba358bce098849f4",
            "description": "enable PORT 9000",
            "egress": [
              {
                "cidr_blocks": [
                  "0.0.0.0/0"
                ],
                "description": "outbound access",
                "from_port": 0,
                "ipv6_cidr_blocks": [],
                "prefix_list_ids": [],
                "protocol": "-1",
                "security_groups": [],
                "self": false,
                "to_port": 0
              }
            ],
            "id": "sg-0ba358bce098849f4",
            "ingress": [
              {
                "cidr_blocks": [
                  "0.0.0.0/0"
                ],
                "description": "port 9000 access",
                "from_port": 9000,
                "ipv6_cidr_blocks": [],
                "prefix_list_ids": [],
                "protocol": "tcp",
                "security_groups": [],
                "self": false,
                "to_port": 9000
              }
            ],
            "name": "sonarqube server security group",
            "name_prefix": "",
            "owner_id": "481792101255",
            "revoke_rules_on_delete": false,
            "tags": {
              "Name": "prod-devOps-security_group_port_9000"
            },
            "tags_all": {
              "Name": "prod-devOps-security_group_port_9000"
            },
            "timeouts": null,
            "vpc_id": "vpc-04dc7138486f47ae1"
          },
          "sensitive_attributes": [],
          "private": "eyJlMmJmYjczMC1lY2FhLTExZTYtOGY4OC0zNDM2M2JjN2M0YzAiOnsiY3JlYXRlIjo2MDAwMDAwMDAwMDAsImRlbGV0ZSI6OTAwMDAwMDAwMDAwfSwic2NoZW1hX3ZlcnNpb24iOiIxIn0=",
          "dependencies": [
            "module.vpc.aws_vpc.vpc"
          ]
        }
      ]
    },
    {
      "module": "module.sonarqube-server",
      "mode": "data",
      "type": "aws_ami",
      "name": "ubuntu-linux-1404",
      "provider": "provider[\"registry.terraform.io/hashicorp/aws\"]",
      "instances": [
        {
          "schema_version": 0,
          "attributes": {
            "architecture": "x86_64",
            "arn": "arn:aws:ec2:us-east-2::image/ami-0b6968e5c7117349a",
            "block_device_mappings": [
              {
                "device_name": "/dev/sda1",
                "ebs": {
                  "delete_on_termination": "true",
                  "encrypted": "false",
                  "iops": "0",
                  "snapshot_id": "snap-06f4f7e95b296c98d",
                  "throughput": "0",
                  "volume_size": "8",
                  "volume_type": "gp2"
                },
                "no_device": "",
                "virtual_name": ""
              },
              {
                "device_name": "/dev/sdb",
                "ebs": {},
                "no_device": "",
                "virtual_name": "ephemeral0"
              },
              {
                "device_name": "/dev/sdc",
                "ebs": {},
                "no_device": "",
                "virtual_name": "ephemeral1"
              }
            ],
            "boot_mode": "legacy-bios",
            "creation_date": "2023-09-19T04:17:17.000Z",
            "deprecation_time": "2025-09-19T04:17:17.000Z",
            "description": "Canonical, Ubuntu, 20.04 LTS, amd64 focal image build on 2023-09-18",
            "ena_support": true,
            "executable_users": null,
            "filter": [
              {
                "name": "name",
                "values": [
                  "ubuntu/images/hvm-ssd/ubuntu-focal-20.04-amd64-server-*"
                ]
              },
              {
                "name": "virtualization-type",
                "values": [
                  "hvm"
                ]
              }
            ],
            "hypervisor": "xen",
            "id": "ami-0b6968e5c7117349a",
            "image_id": "ami-0b6968e5c7117349a",
            "image_location": "amazon/ubuntu/images/hvm-ssd/ubuntu-focal-20.04-amd64-server-20230918",
            "image_owner_alias": "amazon",
            "image_type": "machine",
            "imds_support": "",
            "include_deprecated": false,
            "kernel_id": "",
            "most_recent": true,
            "name": "ubuntu/images/hvm-ssd/ubuntu-focal-20.04-amd64-server-20230918",
            "name_regex": null,
            "owner_id": "099720109477",
            "owners": [
              "099720109477"
            ],
            "platform": "",
            "platform_details": "Linux/UNIX",
            "product_codes": [],
            "public": true,
            "ramdisk_id": "",
            "root_device_name": "/dev/sda1",
            "root_device_type": "ebs",
            "root_snapshot_id": "snap-06f4f7e95b296c98d",
            "sriov_net_support": "simple",
            "state": "available",
            "state_reason": {
              "code": "UNSET",
              "message": "UNSET"
            },
            "tags": {},
            "timeouts": null,
            "tpm_support": "",
            "usage_operation": "RunInstances",
            "virtualization_type": "hvm"
          },
          "sensitive_attributes": []
        }
      ]
    },
    {
      "module": "module.sonarqube-server",
      "mode": "data",
      "type": "aws_availability_zones",
      "name": "available_zones",
      "provider": "provider[\"registry.terraform.io/hashicorp/aws\"]",
      "instances": [
        {
          "schema_version": 0,
          "attributes": {
            "all_availability_zones": null,
            "exclude_names": null,
            "exclude_zone_ids": null,
            "filter": null,
            "group_names": [
              "us-east-2"
            ],
            "id": "us-east-2",
            "names": [
              "us-east-2a",
              "us-east-2b",
              "us-east-2c"
            ],
            "state": null,
            "timeouts": null,
            "zone_ids": [
              "use2-az1",
              "use2-az2",
              "use2-az3"
            ]
          },
          "sensitive_attributes": []
        }
      ]
    },
    {
      "module": "module.sonarqube-server",
      "mode": "data",
      "type": "template_file",
      "name": "user_data",
      "provider": "provider[\"registry.terraform.io/hashicorp/template\"]",
      "instances": [
        {
          "schema_version": 0,
          "attributes": {
            "filename": null,
            "id": "14515ba16b18541e762b8a936a07a02d74c5037746729cfbc4826e6271aa432f",
            "rendered": "#!/bin/bash\n# Increase the vm.max_map_count for kernel and ulimit for the current session at runtime.\nsudo bash -c 'cat \u003c\u003cEOT\u003e /etc/sysctl.conf\nvm.max_map_count=524288\nfs.file-max=131072\nulimit -n 65536\nulimit -u 4096\nEOT'\nsudo sysctl -w vm.max_map_count=524288\nsysctl -w fs.file-max=131072\n\n#Increase these permanently\nsudo bash -c 'cat \u003c\u003cEOT\u003e /etc/security/limits.conf\nsonarqube   -   nofile   65536\nsonarqube   -   nproc    4096\nEOT'\n\n# Need JDK 17 or higher to run SonarQube 9.9\nsudo apt-get update -y\nsudo apt-get install openjdk-17-jdk -y\nsudo update-alternatives --config java\njava -version\n\n#Download the binaries for SonarQube \nsudo mkdir -p /sonarqube/\ncd /sonarqube/\nsudo curl -O https://binaries.sonarsource.com/Distribution/sonarqube/sonarqube-9.9.0.65466.zip\nsudo apt-get install zip -y\nsudo unzip -o sonarqube-9.9.0.65466.zip -d /opt/\nsudo mv /opt/sonarqube-9.9.0.65466/ /opt/sonarqube\nsudo rm -rf /opt/sonarqube/conf/sonar.properties\nsudo touch /opt/sonarqube/conf/sonar.properties\n\n\n# Create the group\nsudo groupadd sonar\nsudo useradd -c \"SonarQube - User\" -d /opt/sonarqube/ -g sonar sonar\nsudo chown  -R sonar:sonar /opt/sonarqube/ \n\n\n# Create a systemd service file for SonarQube to run at system startup\nsudo touch /etc/systemd/system/sonarqube.service\nsudo bash -c 'cat \u003c\u003cEOT\u003e /etc/systemd/system/sonarqube.service\n[Unit]\nDescription=SonarQube service\nAfter=syslog.target network.target\n\n[Service]\nType=forking\n\nExecStart=/opt/sonarqube/bin/linux-x86-64/sonar.sh start\nExecStop=/opt/sonarqube/bin/linux-x86-64/sonar.sh stop\n\nUser=sonar\nGroup=sonar\nRestart=always\n\nLimitNOFILE=65536\nLimitNPROC=4096\n\n\n[Install]\nWantedBy=multi-user.target\nEOT'\n\n# automatically system startup enable\nsudo systemctl daemon-reload\nsudo systemctl enable sonarqube.service\n\n# Automatically system startup enable\nsudo systemctl restart sonarqube.service",
            "template": "#!/bin/bash\n# Increase the vm.max_map_count for kernel and ulimit for the current session at runtime.\nsudo bash -c 'cat \u003c\u003cEOT\u003e /etc/sysctl.conf\nvm.max_map_count=524288\nfs.file-max=131072\nulimit -n 65536\nulimit -u 4096\nEOT'\nsudo sysctl -w vm.max_map_count=524288\nsysctl -w fs.file-max=131072\n\n#Increase these permanently\nsudo bash -c 'cat \u003c\u003cEOT\u003e /etc/security/limits.conf\nsonarqube   -   nofile   65536\nsonarqube   -   nproc    4096\nEOT'\n\n# Need JDK 17 or higher to run SonarQube 9.9\nsudo apt-get update -y\nsudo apt-get install openjdk-17-jdk -y\nsudo update-alternatives --config java\njava -version\n\n#Download the binaries for SonarQube \nsudo mkdir -p /sonarqube/\ncd /sonarqube/\nsudo curl -O https://binaries.sonarsource.com/Distribution/sonarqube/sonarqube-9.9.0.65466.zip\nsudo apt-get install zip -y\nsudo unzip -o sonarqube-9.9.0.65466.zip -d /opt/\nsudo mv /opt/sonarqube-9.9.0.65466/ /opt/sonarqube\nsudo rm -rf /opt/sonarqube/conf/sonar.properties\nsudo touch /opt/sonarqube/conf/sonar.properties\n\n\n# Create the group\nsudo groupadd sonar\nsudo useradd -c \"SonarQube - User\" -d /opt/sonarqube/ -g sonar sonar\nsudo chown  -R sonar:sonar /opt/sonarqube/ \n\n\n# Create a systemd service file for SonarQube to run at system startup\nsudo touch /etc/systemd/system/sonarqube.service\nsudo bash -c 'cat \u003c\u003cEOT\u003e /etc/systemd/system/sonarqube.service\n[Unit]\nDescription=SonarQube service\nAfter=syslog.target network.target\n\n[Service]\nType=forking\n\nExecStart=/opt/sonarqube/bin/linux-x86-64/sonar.sh start\nExecStop=/opt/sonarqube/bin/linux-x86-64/sonar.sh stop\n\nUser=sonar\nGroup=sonar\nRestart=always\n\nLimitNOFILE=65536\nLimitNPROC=4096\n\n\n[Install]\nWantedBy=multi-user.target\nEOT'\n\n# automatically system startup enable\nsudo systemctl daemon-reload\nsudo systemctl enable sonarqube.service\n\n# Automatically system startup enable\nsudo systemctl restart sonarqube.service",
            "vars": null
          },
          "sensitive_attributes": []
        }
      ]
    },
    {
      "module": "module.sonarqube-server",
      "mode": "managed",
      "type": "aws_instance",
      "name": "sonarqube-server",
      "provider": "provider[\"registry.terraform.io/hashicorp/aws\"]",
      "instances": [
        {
          "schema_version": 1,
          "attributes": {
            "ami": "ami-0b6968e5c7117349a",
            "arn": "arn:aws:ec2:us-east-2:481792101255:instance/i-0167c9ba0226ce8b1",
            "associate_public_ip_address": true,
            "availability_zone": "us-east-2a",
            "capacity_reservation_specification": [
              {
                "capacity_reservation_preference": "open",
                "capacity_reservation_target": []
              }
            ],
            "cpu_core_count": 2,
            "cpu_options": [
              {
                "amd_sev_snp": "",
                "core_count": 2,
                "threads_per_core": 1
              }
            ],
            "cpu_threads_per_core": 1,
            "credit_specification": [
              {
                "cpu_credits": "standard"
              }
            ],
            "disable_api_stop": false,
            "disable_api_termination": false,
            "ebs_block_device": [],
            "ebs_optimized": false,
            "enclave_options": [
              {
                "enabled": false
              }
            ],
            "ephemeral_block_device": [],
            "get_password_data": false,
            "hibernation": false,
            "host_id": "",
            "host_resource_group_arn": null,
            "iam_instance_profile": "",
            "id": "i-0167c9ba0226ce8b1",
            "instance_initiated_shutdown_behavior": "stop",
            "instance_state": "running",
            "instance_type": "t2.medium",
            "ipv6_address_count": 0,
            "ipv6_addresses": [],
            "key_name": "prod-keypair",
            "launch_template": [],
            "maintenance_options": [
              {
                "auto_recovery": "default"
              }
            ],
            "metadata_options": [
              {
                "http_endpoint": "enabled",
                "http_put_response_hop_limit": 1,
                "http_tokens": "optional",
                "instance_metadata_tags": "disabled"
              }
            ],
            "monitoring": false,
            "network_interface": [],
            "outpost_arn": "",
            "password_data": "",
            "placement_group": "",
            "placement_partition_number": 0,
            "primary_network_interface_id": "eni-02647dbe93d130ecb",
            "private_dns": "ip-192-162-0-216.us-east-2.compute.internal",
            "private_dns_name_options": [
              {
                "enable_resource_name_dns_a_record": false,
                "enable_resource_name_dns_aaaa_record": false,
                "hostname_type": "ip-name"
              }
            ],
            "private_ip": "192.162.0.216",
            "public_dns": "ec2-18-216-3-4.us-east-2.compute.amazonaws.com",
            "public_ip": "18.216.3.4",
            "root_block_device": [
              {
                "delete_on_termination": true,
                "device_name": "/dev/sda1",
                "encrypted": false,
                "iops": 100,
                "kms_key_id": "",
                "tags": {},
                "throughput": 0,
                "volume_id": "vol-01d1d4a2b974449f1",
                "volume_size": 8,
                "volume_type": "gp2"
              }
            ],
            "secondary_private_ips": [],
            "security_groups": [
              "sg-05b6605ec86aceb85",
              "sg-0ba358bce098849f4"
            ],
            "source_dest_check": true,
            "subnet_id": "subnet-014ed5f1ce3b5bb47",
            "tags": {
              "Name": "prod-Sonarqube-Server-devOps"
            },
            "tags_all": {
              "Name": "prod-Sonarqube-Server-devOps"
            },
            "tenancy": "default",
            "timeouts": null,
            "user_data": "25fd71084b72998406549ad2942f2bab275c72e3",
            "user_data_base64": null,
            "user_data_replace_on_change": false,
            "volume_tags": null,
            "vpc_security_group_ids": [
              "sg-05b6605ec86aceb85",
              "sg-0ba358bce098849f4"
            ]
          },
          "sensitive_attributes": [],
          "private": "eyJlMmJmYjczMC1lY2FhLTExZTYtOGY4OC0zNDM2M2JjN2M0YzAiOnsiY3JlYXRlIjo2MDAwMDAwMDAwMDAsImRlbGV0ZSI6MTIwMDAwMDAwMDAwMCwidXBkYXRlIjo2MDAwMDAwMDAwMDB9LCJzY2hlbWFfdmVyc2lvbiI6IjEifQ==",
          "dependencies": [
            "module.security.aws_security_group.security_group_port_22",
            "module.security.aws_security_group.security_group_port_9000",
            "module.sonarqube-server.data.aws_ami.ubuntu-linux-1404",
            "module.sonarqube-server.data.template_file.user_data",
            "module.vpc.aws_subnet.public_subnet_az",
            "module.vpc.aws_vpc.vpc",
            "module.vpc.data.aws_availability_zones.available_zones"
          ]
        }
      ]
    },
    {
      "module": "module.vpc",
      "mode": "data",
      "type": "aws_availability_zones",
      "name": "available_zones",
      "provider": "provider[\"registry.terraform.io/hashicorp/aws\"]",
      "instances": [
        {
          "schema_version": 0,
          "attributes": {
            "all_availability_zones": null,
            "exclude_names": null,
            "exclude_zone_ids": null,
            "filter": null,
            "group_names": [
              "us-east-2"
            ],
            "id": "us-east-2",
            "names": [
              "us-east-2a",
              "us-east-2b",
              "us-east-2c"
            ],
            "state": null,
            "timeouts": null,
            "zone_ids": [
              "use2-az1",
              "use2-az2",
              "use2-az3"
            ]
          },
          "sensitive_attributes": []
        }
      ]
    },
    {
      "module": "module.vpc",
      "mode": "managed",
      "type": "aws_internet_gateway",
      "name": "internet_gateway",
      "provider": "provider[\"registry.terraform.io/hashicorp/aws\"]",
      "instances": [
        {
          "schema_version": 0,
          "attributes": {
            "arn": "arn:aws:ec2:us-east-2:481792101255:internet-gateway/igw-04f3da8b10ba21e8d",
            "id": "igw-04f3da8b10ba21e8d",
            "owner_id": "481792101255",
            "tags": {
              "Name": "prod-devOps-igw"
            },
            "tags_all": {
              "Name": "prod-devOps-igw"
            },
            "timeouts": null,
            "vpc_id": "vpc-04dc7138486f47ae1"
          },
          "sensitive_attributes": [],
          "private": "eyJlMmJmYjczMC1lY2FhLTExZTYtOGY4OC0zNDM2M2JjN2M0YzAiOnsiY3JlYXRlIjoxMjAwMDAwMDAwMDAwLCJkZWxldGUiOjEyMDAwMDAwMDAwMDAsInVwZGF0ZSI6MTIwMDAwMDAwMDAwMH19",
          "dependencies": [
            "module.vpc.aws_vpc.vpc"
          ]
        }
      ]
    },
    {
      "module": "module.vpc",
      "mode": "managed",
      "type": "aws_route_table",
      "name": "public_route_table",
      "provider": "provider[\"registry.terraform.io/hashicorp/aws\"]",
      "instances": [
        {
          "schema_version": 0,
          "attributes": {
            "arn": "arn:aws:ec2:us-east-2:481792101255:route-table/rtb-07b27e51c9dc6a33d",
            "id": "rtb-07b27e51c9dc6a33d",
            "owner_id": "481792101255",
            "propagating_vgws": [],
            "route": [
              {
                "carrier_gateway_id": "",
                "cidr_block": "0.0.0.0/0",
                "core_network_arn": "",
                "destination_prefix_list_id": "",
                "egress_only_gateway_id": "",
                "gateway_id": "igw-04f3da8b10ba21e8d",
                "instance_id": "",
                "ipv6_cidr_block": "",
                "local_gateway_id": "",
                "nat_gateway_id": "",
                "network_interface_id": "",
                "transit_gateway_id": "",
                "vpc_endpoint_id": "",
                "vpc_peering_connection_id": ""
              }
            ],
            "tags": {
              "Name": "prod-devOps-Public Route Table"
            },
            "tags_all": {
              "Name": "prod-devOps-Public Route Table"
            },
            "timeouts": null,
            "vpc_id": "vpc-04dc7138486f47ae1"
          },
          "sensitive_attributes": [],
          "private": "eyJlMmJmYjczMC1lY2FhLTExZTYtOGY4OC0zNDM2M2JjN2M0YzAiOnsiY3JlYXRlIjozMDAwMDAwMDAwMDAsImRlbGV0ZSI6MzAwMDAwMDAwMDAwLCJ1cGRhdGUiOjEyMDAwMDAwMDAwMH19",
          "dependencies": [
            "module.vpc.aws_internet_gateway.internet_gateway",
            "module.vpc.aws_vpc.vpc"
          ]
        }
      ]
    },
    {
      "module": "module.vpc",
      "mode": "managed",
      "type": "aws_route_table_association",
      "name": "public_subnet_az_route_table_association",
      "provider": "provider[\"registry.terraform.io/hashicorp/aws\"]",
      "instances": [
        {
          "schema_version": 0,
          "attributes": {
            "gateway_id": "",
            "id": "rtbassoc-0018ba88cf863503a",
            "route_table_id": "rtb-07b27e51c9dc6a33d",
            "subnet_id": "subnet-014ed5f1ce3b5bb47",
            "timeouts": null
          },
          "sensitive_attributes": [],
          "private": "eyJlMmJmYjczMC1lY2FhLTExZTYtOGY4OC0zNDM2M2JjN2M0YzAiOnsiY3JlYXRlIjozMDAwMDAwMDAwMDAsImRlbGV0ZSI6MzAwMDAwMDAwMDAwLCJ1cGRhdGUiOjEyMDAwMDAwMDAwMH19",
          "dependencies": [
            "module.vpc.aws_internet_gateway.internet_gateway",
            "module.vpc.aws_route_table.public_route_table",
            "module.vpc.aws_subnet.public_subnet_az",
            "module.vpc.aws_vpc.vpc",
            "module.vpc.data.aws_availability_zones.available_zones"
          ]
        }
      ]
    },
    {
      "module": "module.vpc",
      "mode": "managed",
      "type": "aws_subnet",
      "name": "public_subnet_az",
      "provider": "provider[\"registry.terraform.io/hashicorp/aws\"]",
      "instances": [
        {
          "schema_version": 1,
          "attributes": {
            "arn": "arn:aws:ec2:us-east-2:481792101255:subnet/subnet-014ed5f1ce3b5bb47",
            "assign_ipv6_address_on_creation": false,
            "availability_zone": "us-east-2a",
            "availability_zone_id": "use2-az1",
            "cidr_block": "192.162.0.0/24",
            "customer_owned_ipv4_pool": "",
            "enable_dns64": false,
            "enable_lni_at_device_index": 0,
            "enable_resource_name_dns_a_record_on_launch": false,
            "enable_resource_name_dns_aaaa_record_on_launch": false,
            "id": "subnet-014ed5f1ce3b5bb47",
            "ipv6_cidr_block": "",
            "ipv6_cidr_block_association_id": "",
            "ipv6_native": false,
            "map_customer_owned_ip_on_launch": false,
            "map_public_ip_on_launch": true,
            "outpost_arn": "",
            "owner_id": "481792101255",
            "private_dns_hostname_type_on_launch": "ip-name",
            "tags": {
              "Name": "prod-devOps-Public Subnet"
            },
            "tags_all": {
              "Name": "prod-devOps-Public Subnet"
            },
            "timeouts": null,
            "vpc_id": "vpc-04dc7138486f47ae1"
          },
          "sensitive_attributes": [],
          "private": "eyJlMmJmYjczMC1lY2FhLTExZTYtOGY4OC0zNDM2M2JjN2M0YzAiOnsiY3JlYXRlIjo2MDAwMDAwMDAwMDAsImRlbGV0ZSI6MTIwMDAwMDAwMDAwMH0sInNjaGVtYV92ZXJzaW9uIjoiMSJ9",
          "dependencies": [
            "module.vpc.aws_vpc.vpc",
            "module.vpc.data.aws_availability_zones.available_zones"
          ]
        }
      ]
    },
    {
      "module": "module.vpc",
      "mode": "managed",
      "type": "aws_vpc",
      "name": "vpc",
      "provider": "provider[\"registry.terraform.io/hashicorp/aws\"]",
      "instances": [
        {
          "schema_version": 1,
          "attributes": {
            "arn": "arn:aws:ec2:us-east-2:481792101255:vpc/vpc-04dc7138486f47ae1",
            "assign_generated_ipv6_cidr_block": false,
            "cidr_block": "192.162.0.0/16",
            "default_network_acl_id": "acl-00a9d2140250803bc",
            "default_route_table_id": "rtb-0df8a6a0514e4ee88",
            "default_security_group_id": "sg-038a11e67a493d158",
            "dhcp_options_id": "dopt-0aa4d9e56ebe30e04",
            "enable_classiclink": false,
            "enable_classiclink_dns_support": false,
            "enable_dns_hostnames": true,
            "enable_dns_support": true,
            "enable_network_address_usage_metrics": false,
            "id": "vpc-04dc7138486f47ae1",
            "instance_tenancy": "default",
            "ipv4_ipam_pool_id": null,
            "ipv4_netmask_length": null,
            "ipv6_association_id": "",
            "ipv6_cidr_block": "",
            "ipv6_cidr_block_network_border_group": "",
            "ipv6_ipam_pool_id": "",
            "ipv6_netmask_length": 0,
            "main_route_table_id": "rtb-0df8a6a0514e4ee88",
            "owner_id": "481792101255",
            "tags": {
              "Name": "prod-devOps-vpc"
            },
            "tags_all": {
              "Name": "prod-devOps-vpc"
            }
          },
          "sensitive_attributes": [],
          "private": "eyJzY2hlbWFfdmVyc2lvbiI6IjEifQ=="
        }
      ]
    }
  ],
  "check_results": null
}
