{
  "version": 4,
  "terraform_version": "1.4.5",
  "serial": 184,
  "lineage": "7a3c032b-1d46-0db4-4814-0a69567ec5ac",
  "outputs": {
    "jenkins-server-public-ip": {
      "value": "18.223.107.11",
      "type": "string"
    },
    "k8-server-public-ip": {
      "value": "3.144.16.203",
      "type": "string"
    },
    "sonarqube-server-public-ip": {
      "value": "18.189.193.11",
      "type": "string"
    }
  },
  "resources": [
    {
      "module": "module.jenkins-server",
      "mode": "data",
      "type": "aws_ami",
      "name": "ubuntu-linux-1404",
      "provider": "provider[\"registry.terraform.io/hashicorp/aws\"]",
      "instances": [
        {
          "schema_version": 0,
          "attributes": {
            "architecture": "x86_64",
            "arn": "arn:aws:ec2:us-east-2::image/ami-0b6968e5c7117349a",
            "block_device_mappings": [
              {
                "device_name": "/dev/sda1",
                "ebs": {
                  "delete_on_termination": "true",
                  "encrypted": "false",
                  "iops": "0",
                  "snapshot_id": "snap-06f4f7e95b296c98d",
                  "throughput": "0",
                  "volume_size": "8",
                  "volume_type": "gp2"
                },
                "no_device": "",
                "virtual_name": ""
              },
              {
                "device_name": "/dev/sdb",
                "ebs": {},
                "no_device": "",
                "virtual_name": "ephemeral0"
              },
              {
                "device_name": "/dev/sdc",
                "ebs": {},
                "no_device": "",
                "virtual_name": "ephemeral1"
              }
            ],
            "boot_mode": "legacy-bios",
            "creation_date": "2023-09-19T04:17:17.000Z",
            "deprecation_time": "2025-09-19T04:17:17.000Z",
            "description": "Canonical, Ubuntu, 20.04 LTS, amd64 focal image build on 2023-09-18",
            "ena_support": true,
            "executable_users": null,
            "filter": [
              {
                "name": "name",
                "values": [
                  "ubuntu/images/hvm-ssd/ubuntu-focal-20.04-amd64-server-*"
                ]
              },
              {
                "name": "virtualization-type",
                "values": [
                  "hvm"
                ]
              }
            ],
            "hypervisor": "xen",
            "id": "ami-0b6968e5c7117349a",
            "image_id": "ami-0b6968e5c7117349a",
            "image_location": "amazon/ubuntu/images/hvm-ssd/ubuntu-focal-20.04-amd64-server-20230918",
            "image_owner_alias": "amazon",
            "image_type": "machine",
            "imds_support": "",
            "include_deprecated": false,
            "kernel_id": "",
            "most_recent": true,
            "name": "ubuntu/images/hvm-ssd/ubuntu-focal-20.04-amd64-server-20230918",
            "name_regex": null,
            "owner_id": "099720109477",
            "owners": [
              "099720109477"
            ],
            "platform": "",
            "platform_details": "Linux/UNIX",
            "product_codes": [],
            "public": true,
            "ramdisk_id": "",
            "root_device_name": "/dev/sda1",
            "root_device_type": "ebs",
            "root_snapshot_id": "snap-06f4f7e95b296c98d",
            "sriov_net_support": "simple",
            "state": "available",
            "state_reason": {
              "code": "UNSET",
              "message": "UNSET"
            },
            "tags": {},
            "timeouts": null,
            "tpm_support": "",
            "usage_operation": "RunInstances",
            "virtualization_type": "hvm"
          },
          "sensitive_attributes": []
        }
      ]
    },
    {
      "module": "module.jenkins-server",
      "mode": "data",
      "type": "aws_availability_zones",
      "name": "available_zones",
      "provider": "provider[\"registry.terraform.io/hashicorp/aws\"]",
      "instances": [
        {
          "schema_version": 0,
          "attributes": {
            "all_availability_zones": null,
            "exclude_names": null,
            "exclude_zone_ids": null,
            "filter": null,
            "group_names": [
              "us-east-2"
            ],
            "id": "us-east-2",
            "names": [
              "us-east-2a",
              "us-east-2b",
              "us-east-2c"
            ],
            "state": null,
            "timeouts": null,
            "zone_ids": [
              "use2-az1",
              "use2-az2",
              "use2-az3"
            ]
          },
          "sensitive_attributes": []
        }
      ]
    },
    {
      "module": "module.jenkins-server",
      "mode": "data",
      "type": "template_file",
      "name": "user_data",
      "provider": "provider[\"registry.terraform.io/hashicorp/template\"]",
      "instances": [
        {
          "schema_version": 0,
          "attributes": {
            "filename": null,
            "id": "78daf0ee0dbd5fdc900116286ba6cd687e053834329bfcd1eebdd9a0326eaa26",
            "rendered": "#!/bin/bash\n#################################\n# Author: Santosh\n# Date: 5th-July-2023\n# version 1\n# This code install jenkins in the ubuntu instances\n##################################\n\nsudo apt update -y\nsudo apt install openjdk-17-jre -y\ncurl -fsSL https://pkg.jenkins.io/debian-stable/jenkins.io-2023.key | sudo tee \\\n  /usr/share/keyrings/jenkins-keyring.asc \u003e /dev/null\necho deb [signed-by=/usr/share/keyrings/jenkins-keyring.asc] \\\n  https://pkg.jenkins.io/debian-stable binary/ | sudo tee \\\n  /etc/apt/sources.list.d/jenkins.list \u003e /dev/null\nsudo apt-get update\nsudo apt-get install jenkins -y\nsudo systemctl enable jenkins\nsudo systemctl start jenkins\n\nsudo apt-add-repository ppa:ansible/ansible\nsudo apt update\nsudo apt-get install ansible -y\n\n\ncd /opt/\nsudo wget https://dlcdn.apache.org/maven/maven-3/3.9.4/binaries/apache-maven-3.9.4-bin.zip\nsudo apt-get install unzip -y\nsudo unzip apache-maven-3.9.4-bin.zip\nsudo rm -rf apache-maven-3.9.4-bin.zip\n\nexport M2_HOME=/opt/apache-maven-3.9.4\nexport PATH=$PATH:$M2_HOME/bin\nsleep 5\nsource ~/.bashrc",
            "template": "#!/bin/bash\n#################################\n# Author: Santosh\n# Date: 5th-July-2023\n# version 1\n# This code install jenkins in the ubuntu instances\n##################################\n\nsudo apt update -y\nsudo apt install openjdk-17-jre -y\ncurl -fsSL https://pkg.jenkins.io/debian-stable/jenkins.io-2023.key | sudo tee \\\n  /usr/share/keyrings/jenkins-keyring.asc \u003e /dev/null\necho deb [signed-by=/usr/share/keyrings/jenkins-keyring.asc] \\\n  https://pkg.jenkins.io/debian-stable binary/ | sudo tee \\\n  /etc/apt/sources.list.d/jenkins.list \u003e /dev/null\nsudo apt-get update\nsudo apt-get install jenkins -y\nsudo systemctl enable jenkins\nsudo systemctl start jenkins\n\nsudo apt-add-repository ppa:ansible/ansible\nsudo apt update\nsudo apt-get install ansible -y\n\n\ncd /opt/\nsudo wget https://dlcdn.apache.org/maven/maven-3/3.9.4/binaries/apache-maven-3.9.4-bin.zip\nsudo apt-get install unzip -y\nsudo unzip apache-maven-3.9.4-bin.zip\nsudo rm -rf apache-maven-3.9.4-bin.zip\n\nexport M2_HOME=/opt/apache-maven-3.9.4\nexport PATH=$PATH:$M2_HOME/bin\nsleep 5\nsource ~/.bashrc",
            "vars": null
          },
          "sensitive_attributes": []
        }
      ]
    },
    {
      "module": "module.jenkins-server",
      "mode": "managed",
      "type": "aws_instance",
      "name": "jenkins-server",
      "provider": "provider[\"registry.terraform.io/hashicorp/aws\"]",
      "instances": [
        {
          "schema_version": 1,
          "attributes": {
            "ami": "ami-0b6968e5c7117349a",
            "arn": "arn:aws:ec2:us-east-2:481792101255:instance/i-0308e81aca1c18d40",
            "associate_public_ip_address": true,
            "availability_zone": "us-east-2a",
            "capacity_reservation_specification": [
              {
                "capacity_reservation_preference": "open",
                "capacity_reservation_target": []
              }
            ],
            "cpu_core_count": 2,
            "cpu_options": [
              {
                "amd_sev_snp": "",
                "core_count": 2,
                "threads_per_core": 1
              }
            ],
            "cpu_threads_per_core": 1,
            "credit_specification": [
              {
                "cpu_credits": "standard"
              }
            ],
            "disable_api_stop": false,
            "disable_api_termination": false,
            "ebs_block_device": [],
            "ebs_optimized": false,
            "enclave_options": [
              {
                "enabled": false
              }
            ],
            "ephemeral_block_device": [],
            "get_password_data": false,
            "hibernation": false,
            "host_id": "",
            "host_resource_group_arn": null,
            "iam_instance_profile": "",
            "id": "i-0308e81aca1c18d40",
            "instance_initiated_shutdown_behavior": "stop",
            "instance_state": "running",
            "instance_type": "t2.medium",
            "ipv6_address_count": 0,
            "ipv6_addresses": [],
            "key_name": "prod-keypair",
            "launch_template": [],
            "maintenance_options": [
              {
                "auto_recovery": "default"
              }
            ],
            "metadata_options": [
              {
                "http_endpoint": "enabled",
                "http_put_response_hop_limit": 1,
                "http_tokens": "optional",
                "instance_metadata_tags": "disabled"
              }
            ],
            "monitoring": false,
            "network_interface": [],
            "outpost_arn": "",
            "password_data": "",
            "placement_group": "",
            "placement_partition_number": 0,
            "primary_network_interface_id": "eni-0fc939f7391365178",
            "private_dns": "ip-192-162-0-70.us-east-2.compute.internal",
            "private_dns_name_options": [
              {
                "enable_resource_name_dns_a_record": false,
                "enable_resource_name_dns_aaaa_record": false,
                "hostname_type": "ip-name"
              }
            ],
            "private_ip": "192.162.0.70",
            "public_dns": "ec2-18-223-107-11.us-east-2.compute.amazonaws.com",
            "public_ip": "18.223.107.11",
            "root_block_device": [
              {
                "delete_on_termination": true,
                "device_name": "/dev/sda1",
                "encrypted": false,
                "iops": 100,
                "kms_key_id": "",
                "tags": {},
                "throughput": 0,
                "volume_id": "vol-006512f6a28c46743",
                "volume_size": 8,
                "volume_type": "gp2"
              }
            ],
            "secondary_private_ips": [],
            "security_groups": [
              "sg-05eb2d32ab9c92f2e",
              "sg-0e9cbd7a9d1ed2b33"
            ],
            "source_dest_check": true,
            "subnet_id": "subnet-0a8de598ab1efcaa8",
            "tags": {
              "Name": "prod-Jenkins-Server-devOps"
            },
            "tags_all": {
              "Name": "prod-Jenkins-Server-devOps"
            },
            "tenancy": "default",
            "timeouts": null,
            "user_data": "cbb79f434e2976b022aca78a1651fff847dbc7b6",
            "user_data_base64": null,
            "user_data_replace_on_change": false,
            "volume_tags": null,
            "vpc_security_group_ids": [
              "sg-05eb2d32ab9c92f2e",
              "sg-0e9cbd7a9d1ed2b33"
            ]
          },
          "sensitive_attributes": [],
          "private": "eyJlMmJmYjczMC1lY2FhLTExZTYtOGY4OC0zNDM2M2JjN2M0YzAiOnsiY3JlYXRlIjo2MDAwMDAwMDAwMDAsImRlbGV0ZSI6MTIwMDAwMDAwMDAwMCwidXBkYXRlIjo2MDAwMDAwMDAwMDB9LCJzY2hlbWFfdmVyc2lvbiI6IjEifQ==",
          "dependencies": [
            "module.jenkins-server.data.aws_ami.ubuntu-linux-1404",
            "module.jenkins-server.data.template_file.user_data",
            "module.security.aws_security_group.security_group_port_22",
            "module.security.aws_security_group.security_group_port_8080",
            "module.vpc.aws_subnet.public_subnet_az",
            "module.vpc.aws_vpc.vpc",
            "module.vpc.data.aws_availability_zones.available_zones"
          ]
        }
      ]
    },
    {
      "module": "module.k8-server",
      "mode": "data",
      "type": "aws_ami",
      "name": "ubuntu-linux-1404",
      "provider": "provider[\"registry.terraform.io/hashicorp/aws\"]",
      "instances": [
        {
          "schema_version": 0,
          "attributes": {
            "architecture": "x86_64",
            "arn": "arn:aws:ec2:us-east-2::image/ami-0b6968e5c7117349a",
            "block_device_mappings": [
              {
                "device_name": "/dev/sda1",
                "ebs": {
                  "delete_on_termination": "true",
                  "encrypted": "false",
                  "iops": "0",
                  "snapshot_id": "snap-06f4f7e95b296c98d",
                  "throughput": "0",
                  "volume_size": "8",
                  "volume_type": "gp2"
                },
                "no_device": "",
                "virtual_name": ""
              },
              {
                "device_name": "/dev/sdb",
                "ebs": {},
                "no_device": "",
                "virtual_name": "ephemeral0"
              },
              {
                "device_name": "/dev/sdc",
                "ebs": {},
                "no_device": "",
                "virtual_name": "ephemeral1"
              }
            ],
            "boot_mode": "legacy-bios",
            "creation_date": "2023-09-19T04:17:17.000Z",
            "deprecation_time": "2025-09-19T04:17:17.000Z",
            "description": "Canonical, Ubuntu, 20.04 LTS, amd64 focal image build on 2023-09-18",
            "ena_support": true,
            "executable_users": null,
            "filter": [
              {
                "name": "name",
                "values": [
                  "ubuntu/images/hvm-ssd/ubuntu-focal-20.04-amd64-server-*"
                ]
              },
              {
                "name": "virtualization-type",
                "values": [
                  "hvm"
                ]
              }
            ],
            "hypervisor": "xen",
            "id": "ami-0b6968e5c7117349a",
            "image_id": "ami-0b6968e5c7117349a",
            "image_location": "amazon/ubuntu/images/hvm-ssd/ubuntu-focal-20.04-amd64-server-20230918",
            "image_owner_alias": "amazon",
            "image_type": "machine",
            "imds_support": "",
            "include_deprecated": false,
            "kernel_id": "",
            "most_recent": true,
            "name": "ubuntu/images/hvm-ssd/ubuntu-focal-20.04-amd64-server-20230918",
            "name_regex": null,
            "owner_id": "099720109477",
            "owners": [
              "099720109477"
            ],
            "platform": "",
            "platform_details": "Linux/UNIX",
            "product_codes": [],
            "public": true,
            "ramdisk_id": "",
            "root_device_name": "/dev/sda1",
            "root_device_type": "ebs",
            "root_snapshot_id": "snap-06f4f7e95b296c98d",
            "sriov_net_support": "simple",
            "state": "available",
            "state_reason": {
              "code": "UNSET",
              "message": "UNSET"
            },
            "tags": {},
            "timeouts": null,
            "tpm_support": "",
            "usage_operation": "RunInstances",
            "virtualization_type": "hvm"
          },
          "sensitive_attributes": []
        }
      ]
    },
    {
      "module": "module.k8-server",
      "mode": "data",
      "type": "aws_availability_zones",
      "name": "available_zones",
      "provider": "provider[\"registry.terraform.io/hashicorp/aws\"]",
      "instances": [
        {
          "schema_version": 0,
          "attributes": {
            "all_availability_zones": null,
            "exclude_names": null,
            "exclude_zone_ids": null,
            "filter": null,
            "group_names": [
              "us-east-2"
            ],
            "id": "us-east-2",
            "names": [
              "us-east-2a",
              "us-east-2b",
              "us-east-2c"
            ],
            "state": null,
            "timeouts": null,
            "zone_ids": [
              "use2-az1",
              "use2-az2",
              "use2-az3"
            ]
          },
          "sensitive_attributes": []
        }
      ]
    },
    {
      "module": "module.k8-server",
      "mode": "data",
      "type": "template_file",
      "name": "user_data",
      "provider": "provider[\"registry.terraform.io/hashicorp/template\"]",
      "instances": [
        {
          "schema_version": 0,
          "attributes": {
            "filename": null,
            "id": "7f4d4c31da835f6cba45a2da2f62a400e63487a3429dd9669c879f5b7efe2874",
            "rendered": "#!/bin/bash\n#################################\n# Author: Santosh\n# Date: 5th-July-2023\n# version 1\n# This code install docker in the ubuntu instances\n##################################\n\n# Update the apt package index and install packages to allow apt to use a repository over HTTPS:\nsudo apt-get update -y\nsudo apt-get install ca-certificates curl gnupg -y\n#Add Docker’s official GPG key:\nsudo install -m 0755 -d /etc/apt/keyrings\ncurl -fsSL https://download.docker.com/linux/ubuntu/gpg | sudo gpg --dearmor -o /etc/apt/keyrings/docker.gpg\nsudo chmod a+r /etc/apt/keyrings/docker.gpg \n\n#Use the following command to set up the repository:\necho \\\n  \"deb [arch=\"$(dpkg --print-architecture)\" signed-by=/etc/apt/keyrings/docker.gpg] https://download.docker.com/linux/ubuntu \\\n  \"$(. /etc/os-release \u0026\u0026 echo \"$VERSION_CODENAME\")\" stable\" | \\\n  sudo tee /etc/apt/sources.list.d/docker.list \u003e /dev/null\n\n  sudo apt-get update -y\n  sudo apt-get install docker-ce docker-ce-cli containerd.io docker-buildx-plugin docker-compose-plugin -y\n  sudo service docker start\n\n",
            "template": "#!/bin/bash\n#################################\n# Author: Santosh\n# Date: 5th-July-2023\n# version 1\n# This code install docker in the ubuntu instances\n##################################\n\n# Update the apt package index and install packages to allow apt to use a repository over HTTPS:\nsudo apt-get update -y\nsudo apt-get install ca-certificates curl gnupg -y\n#Add Docker’s official GPG key:\nsudo install -m 0755 -d /etc/apt/keyrings\ncurl -fsSL https://download.docker.com/linux/ubuntu/gpg | sudo gpg --dearmor -o /etc/apt/keyrings/docker.gpg\nsudo chmod a+r /etc/apt/keyrings/docker.gpg \n\n#Use the following command to set up the repository:\necho \\\n  \"deb [arch=\"$(dpkg --print-architecture)\" signed-by=/etc/apt/keyrings/docker.gpg] https://download.docker.com/linux/ubuntu \\\n  \"$(. /etc/os-release \u0026\u0026 echo \"$VERSION_CODENAME\")\" stable\" | \\\n  sudo tee /etc/apt/sources.list.d/docker.list \u003e /dev/null\n\n  sudo apt-get update -y\n  sudo apt-get install docker-ce docker-ce-cli containerd.io docker-buildx-plugin docker-compose-plugin -y\n  sudo service docker start\n\n",
            "vars": null
          },
          "sensitive_attributes": []
        }
      ]
    },
    {
      "module": "module.k8-server",
      "mode": "managed",
      "type": "aws_instance",
      "name": "k8-server",
      "provider": "provider[\"registry.terraform.io/hashicorp/aws\"]",
      "instances": [
        {
          "schema_version": 1,
          "attributes": {
            "ami": "ami-0b6968e5c7117349a",
            "arn": "arn:aws:ec2:us-east-2:481792101255:instance/i-07f0aeff66c0df384",
            "associate_public_ip_address": true,
            "availability_zone": "us-east-2a",
            "capacity_reservation_specification": [
              {
                "capacity_reservation_preference": "open",
                "capacity_reservation_target": []
              }
            ],
            "cpu_core_count": 2,
            "cpu_options": [
              {
                "amd_sev_snp": "",
                "core_count": 2,
                "threads_per_core": 1
              }
            ],
            "cpu_threads_per_core": 1,
            "credit_specification": [
              {
                "cpu_credits": "standard"
              }
            ],
            "disable_api_stop": false,
            "disable_api_termination": false,
            "ebs_block_device": [],
            "ebs_optimized": false,
            "enclave_options": [
              {
                "enabled": false
              }
            ],
            "ephemeral_block_device": [],
            "get_password_data": false,
            "hibernation": false,
            "host_id": "",
            "host_resource_group_arn": null,
            "iam_instance_profile": "",
            "id": "i-07f0aeff66c0df384",
            "instance_initiated_shutdown_behavior": "stop",
            "instance_state": "running",
            "instance_type": "t2.medium",
            "ipv6_address_count": 0,
            "ipv6_addresses": [],
            "key_name": "prod-keypair",
            "launch_template": [],
            "maintenance_options": [
              {
                "auto_recovery": "default"
              }
            ],
            "metadata_options": [
              {
                "http_endpoint": "enabled",
                "http_put_response_hop_limit": 1,
                "http_tokens": "optional",
                "instance_metadata_tags": "disabled"
              }
            ],
            "monitoring": false,
            "network_interface": [],
            "outpost_arn": "",
            "password_data": "",
            "placement_group": "",
            "placement_partition_number": 0,
            "primary_network_interface_id": "eni-052f90e2cd10c568d",
            "private_dns": "ip-192-162-0-250.us-east-2.compute.internal",
            "private_dns_name_options": [
              {
                "enable_resource_name_dns_a_record": false,
                "enable_resource_name_dns_aaaa_record": false,
                "hostname_type": "ip-name"
              }
            ],
            "private_ip": "192.162.0.250",
            "public_dns": "ec2-3-144-16-203.us-east-2.compute.amazonaws.com",
            "public_ip": "3.144.16.203",
            "root_block_device": [
              {
                "delete_on_termination": true,
                "device_name": "/dev/sda1",
                "encrypted": false,
                "iops": 100,
                "kms_key_id": "",
                "tags": {},
                "throughput": 0,
                "volume_id": "vol-0c3307d5960fef895",
                "volume_size": 8,
                "volume_type": "gp2"
              }
            ],
            "secondary_private_ips": [],
            "security_groups": [
              "sg-05eb2d32ab9c92f2e",
              "sg-0c260a0380a192ccc"
            ],
            "source_dest_check": true,
            "subnet_id": "subnet-0a8de598ab1efcaa8",
            "tags": {
              "Name": "prod-k8-Server-devOps"
            },
            "tags_all": {
              "Name": "prod-k8-Server-devOps"
            },
            "tenancy": "default",
            "timeouts": null,
            "user_data": "6980a9424822ff1afff0a1cfffc845a5c7f363de",
            "user_data_base64": null,
            "user_data_replace_on_change": false,
            "volume_tags": null,
            "vpc_security_group_ids": [
              "sg-05eb2d32ab9c92f2e",
              "sg-0c260a0380a192ccc"
            ]
          },
          "sensitive_attributes": [],
          "private": "eyJlMmJmYjczMC1lY2FhLTExZTYtOGY4OC0zNDM2M2JjN2M0YzAiOnsiY3JlYXRlIjo2MDAwMDAwMDAwMDAsImRlbGV0ZSI6MTIwMDAwMDAwMDAwMCwidXBkYXRlIjo2MDAwMDAwMDAwMDB9LCJzY2hlbWFfdmVyc2lvbiI6IjEifQ==",
          "dependencies": [
            "module.k8-server.data.aws_ami.ubuntu-linux-1404",
            "module.k8-server.data.template_file.user_data",
            "module.security.aws_security_group.security_group_port_22",
            "module.security.aws_security_group.security_group_port_30000",
            "module.vpc.aws_subnet.public_subnet_az",
            "module.vpc.aws_vpc.vpc",
            "module.vpc.data.aws_availability_zones.available_zones"
          ]
        }
      ]
    },
    {
      "module": "module.keypair",
      "mode": "managed",
      "type": "aws_key_pair",
      "name": "keypair",
      "provider": "provider[\"registry.terraform.io/hashicorp/aws\"]",
      "instances": [
        {
          "schema_version": 1,
          "attributes": {
            "arn": "arn:aws:ec2:us-east-2:481792101255:key-pair/prod-keypair",
            "fingerprint": "24:56:a8:bf:8e:32:a7:4f:20:3a:51:31:86:1b:32:0e",
            "id": "prod-keypair",
            "key_name": "prod-keypair",
            "key_name_prefix": "",
            "key_pair_id": "key-0b19debeb1883a0db",
            "key_type": "rsa",
            "public_key": "ssh-rsa AAAAB3NzaC1yc2EAAAADAQABAAACAQDMDtB4T9t3lrORBCVzf2jdpRuVUSGLlHddrDSEOswhYwfrg01Byqt6OiJsBjImw9eYzKiZFZMI9NlZrtTfTVmqs+kirVROorKGWyHQksUw1fyM3smxhE1ShyIefsb49EjCCTbLZ0ms1eq4W4N5s3JKUS6hTHfpkSp1+ukspDtXLwmagk2h9gl1Df3Sc2fpZXFbROOgZDpmUokKwDCZXZc9rBnr89Iuo/dnpc9wIO3rABXG2BWITqCYEtjj02/daJovNPdM3SiV3Pp9SUkkuq1SnlHf1QIVsdpGjG2Zo0mR+Gz9gXryN2qkLv/5ZmaKltaYsDBfGf1b+1gEl5Kc8hNXk7lvACqQVLR86RbvPLbQOfHOgr3OL9Y/WRAsiPHAG7koDaar3cXDwavCc/hL3mWLFMDhnOmZS7enHrlkeNVPV/lQRIi3gYIlv25MrXqQ3Vg4vTAUeR7gZQJWivoQDOkD3sxBDHkSG+wROILnjXAHJdjKI1o8m3dcfecPQ5nCGRBAWlvBVoS+S78J2Tuzw/NfLVte8WiYU2Ol5LtE9MmyegFB9fudI/eGDUalc2mringCEsz0TwebXDxrICDnNfDcJz06++VSIlWMhgGx1+t6MYpc032YD9OuOTJHlf7oS7q/R3HsTrE8/Td+deJSOG3IrpuvzycwUa7jEYjzqKMFtw==",
            "tags": null,
            "tags_all": {}
          },
          "sensitive_attributes": [],
          "private": "eyJzY2hlbWFfdmVyc2lvbiI6IjEifQ==",
          "dependencies": [
            "module.keypair.tls_private_key.private_key"
          ]
        }
      ]
    },
    {
      "module": "module.keypair",
      "mode": "managed",
      "type": "local_file",
      "name": "save-key",
      "provider": "provider[\"registry.terraform.io/hashicorp/local\"]",
      "instances": [
        {
          "schema_version": 0,
          "attributes": {
            "content": "-----BEGIN RSA PRIVATE KEY-----\nMIIJKQIBAAKCAgEAzA7QeE/bd5azkQQlc39o3aUblVEhi5R3Xaw0hDrMIWMH64NN\nQcqrejoibAYyJsPXmMyomRWTCPTZWa7U301ZqrPpIq1UTqKyhlsh0JLFMNX8jN7J\nsYRNUociHn7G+PRIwgk2y2dJrNXquFuDebNySlEuoUx36ZEqdfrpLKQ7Vy8JmoJN\nofYJdQ390nNn6WVxW0TjoGQ6ZlKJCsAwmV2XPawZ6/PSLqP3Z6XPcCDt6wAVxtgV\niE6gmBLY49Nv3WiaLzT3TN0oldz6fUlJJLqtUp5R39UCFbHaRoxtmaNJkfhs/YF6\n8jdqpC7/+WZmipbWmLAwXxn9W/tYBJeSnPITV5O5bwAqkFS0fOkW7zy20DnxzoK9\nzi/WP1kQLIjxwBu5KA2mq93Fw8GrwnP4S95lixTA4ZzpmUu3px65ZHjVT1f5UESI\nt4GCJb9uTK16kN1YOL0wFHke4GUCVor6EAzpA97MQQx5EhvsETiC541wByXYyiNa\nPJt3XH3nD0OZwhkQQFpbwVaEvku/Cdk7s8PzXy1bXvFomFNjpeS7RPTJsnoBQfX7\nnSP3hg1GpXNpq4p4AhLM9E8Hm1w8ayAg5zXw3Cc9OvvlUiJVjIYBsdfrejGKXNN9\nmA/TrjkyR5X+6Eu6v0dx7E6xPP03fnXiUjhtyK6br88nMFGu4xGI86ijBbcCAwEA\nAQKCAgBj3DwZJLt6Yr2tkiHhy9A957b/85w++oEPzl5E96E+FYCiuLbuI4iXYCvI\nQZ/5aI3xsPYxNGWoVGqpgO2b+faPm0vUNI61jNlg9ugtciYeKBpXtg9uWBie8pK3\n6cLlwmZ4zpmKIRnlAyrC3cYRoMelpuTy+sEUBH6LDideOWDw4YwJmQr037rxFc/J\nVcDcb1ByIdxjeak6udlm8XbXFv4UqExnNAL/4C4LAxHpBbRo9LmzfbvL4O6mfVK2\n65oq+C28PGdprjFWZbYP6fVpjBGWBPR8XXmPtGHldIOOVGKElNaBmQPZ1VTS1E1g\nd8Rmvjp2roJ9h/J9ORtx49tUAwODUIko4vCMclnbnyigdQ8QopEmXvhhBsv3y5ZW\nQWmTmK8dut52mz67RZrZNAnp43HMlec77VDgv6mHE+HwKEQ2qdqQeJJw2RwjxqAn\ncsxqIAFQbDoRFSxL/3Dpxy0rSEDJ337nsF+NR9p6up2QNo87jABChmxHHxP3ZjpL\nyc8x3wMK1rjW50DXWMTzni+BOkc8V0WfNZ3beSSMDviYjv4MAMYPmMozl7jVetz2\nbpWKqdyXdJOJHQD/QeRkofXwjUZLGXrByGr9WZY0JZ729o4hiV+Q11AGQnaaXMcn\nArVDtmp6iDfDDHjpnHnI/DCBTP0w1hPgF1MUvgxX0fQlBEL8wQKCAQEA5raundR6\nPJVxE+ilXE1FkMQpzhmzghdo6B0rlfLkXX+FRu8h8ZYiSgxfDJWVhjqLF3pmrcVy\nch+2KS651KyNDwuY6AWeW1SaAjxiccEr+e5HQTuA5Xl4Irg7MFdfXFTBkqhagplv\nImrsJDXCiprOQcEkFm/6LnKjLy5X4lORazbHlNsoV5ZfQMfY64wDjcgYK7E/aubf\nJ++QefUlFoO4bspBqr6gUWT3u9vLk2cjEnqrQxRk7ZlvrQXD7Qu89IcjdGmAaMkJ\nRjk4YNuBYhbyLrdhlm9LZsRCH9/ZnzDhnbtcqE5SqJ+aZBSJCEr7pWKMnJeCO7Y4\nAuVajXmwB1A+DQKCAQEA4mw7FVBochu9638iPYTDSdOZNeVt49sSyfrX5D7+dn4q\nlTHgLcmp/Un1QrUKJR4JcUWSVUXiIuHlnQdYgSGNPFbOIg9xbyA5iKx4e0tUkdeE\nb+42WkKcuBCwtpjWMaoEWsHS4GerWDSPfLQ//UgllJ/uBuwRKnScvwgCgY/JgGiP\nG2xwIIWHxTM+skZk2M6yXGOCmsXJE/REAQ33c1M8JP8PX4e6deGyPVjVUBwhJ2ir\ny3uIKRecfthZXy/WQkCYU0BShwDods5g0m4uwYXsZao5MCZkhdYrIUq8jm3vV739\nIeYEQUWhJnzCzmKtP1cdApbe4SENoHNoeTx7kKgl0wKCAQEA1PB3aiTaTWCA5acs\nOGz5cAwdqaP/EmsY4GNL/zIXpFQ2Zqn/4kJ3k3Cnqa3GPAV8q0bFzk0WvE6Yipod\n2jUIXIKPtla5OgJzwuyI0AVC2YMbMRICfcoHH8R6nLuHwGhZ4UqRf0iuUk3tdd5I\nmDUZeYcSD8N6XbRg+QMFClenOBVvT+yW54BamifaBk1MWmf8JxeJONmtzeZGqsmg\nWY9pgpga08TtozJVlIXg90OSE1Q1Dcyc+s9LS56unvLei7LO/nsBkbU7Yh0d9Aek\n+yvCi2umHnrKVSd/AHxTF6K+Gh77/juL/yaQER8C+yx55sN2lHEiOoqMV9/oG/vc\nhGODYQKCAQEAsW3WrtEfx6ttnEk377VFw2iJOu7auh9GDfj/jODATuJ3RAqdfcP1\n7YIzK17q4EM1awn1rdThbCxQ3kiPVkGQh6QOTCqF3WsHKs7cauGRF+gm4/9roDdq\nz+JkV/JUhv6QAv633Rnf73Lgrfwh2LzclibtQ4dhvD89RYVlUVn3sSQ+YGMNSq7Y\nwfNyQglfpXXz1uozwk0TUQus7pafPkQPcX5d8aJOv2lpXyFppykj4dnoJcBb5reV\n7uBiyHCYGbq8oyBYi2puwArhXITzJrtnkBNgVRcA1tAJZEFImOQVFlDPN+0jkHKb\n4akKjuhMksIU/Z50cT6RixZk2/xFaAob+QKCAQBWTI5DG1vJV7j0q9oZss68JIUp\npDbA9PNfi4Om4z6LVTfkLWI1cEBa/Bhv9XGmaqm+ZmXchWX+O1OVVuF4YvEEUV9N\nF7azaPXIgouyAqy+eMLkiM/e8ejIP4482uW8E8k8f1cN4kUK6EX7MMqE/0Ocv5c0\nPszgO3gx9scfRYHSitOQOCKe0kojBxHAL4o7ciMaJRIiUVf+1YCDxgYwpb05cYue\nX0bDAO8kCLVmPEH+jFhs4VI4BOo7/jfk2ioVbMWGZZ75SUd6L2v/HzoxDm2zCejY\nxwc9MFk0i+CpMYdu+zS52bfhfnHS6Z4XfWoP+RlwjjORYxHIYxohGmSkAza4\n-----END RSA PRIVATE KEY-----\n",
            "content_base64": null,
            "content_base64sha256": "Tfu9+Mlw8tghYh1NWPOgWxknWbCHgBYVTLcE11zFKNs=",
            "content_base64sha512": "cblSxZVBfp0fbjhzr8KDZe74cBO66dFgFfwMgpbsPQS7uWhVTUFOoblFF7rJxzhigXmH9PeI7Y/ZrUOaDfFmIw==",
            "content_md5": "1362ca6986b9703e563907ec50422e70",
            "content_sha1": "a3aeaddd241e15cae62e9fb207c8241267085255",
            "content_sha256": "4dfbbdf8c970f2d821621d4d58f3a05b192759b0878016154cb704d75cc528db",
            "content_sha512": "71b952c595417e9d1f6e3873afc28365eef87013bae9d16015fc0c8296ec3d04bbb968554d414ea1b94517bac9c73862817987f4f788ed8fd9ad439a0df16623",
            "directory_permission": "0777",
            "file_permission": "0400",
            "filename": "../modules/keypair/prod-keypair.pem",
            "id": "a3aeaddd241e15cae62e9fb207c8241267085255",
            "sensitive_content": null,
            "source": null
          },
          "sensitive_attributes": [
            [
              {
                "type": "get_attr",
                "value": "content"
              }
            ]
          ],
          "dependencies": [
            "module.keypair.tls_private_key.private_key"
          ]
        }
      ]
    },
    {
      "module": "module.keypair",
      "mode": "managed",
      "type": "tls_private_key",
      "name": "private_key",
      "provider": "provider[\"registry.terraform.io/hashicorp/tls\"]",
      "instances": [
        {
          "schema_version": 1,
          "attributes": {
            "algorithm": "RSA",
            "ecdsa_curve": "P224",
            "id": "99b2e7b3cb2af3ab0c4d40f676fb63b1a31c5960",
            "private_key_openssh": "-----BEGIN OPENSSH PRIVATE KEY-----\nb3BlbnNzaC1rZXktdjEAAAAABG5vbmUAAAAEbm9uZQAAAAAAAAABAAACFwAAAAdz\nc2gtcnNhAAAAAwEAAQAAAgEAzA7QeE/bd5azkQQlc39o3aUblVEhi5R3Xaw0hDrM\nIWMH64NNQcqrejoibAYyJsPXmMyomRWTCPTZWa7U301ZqrPpIq1UTqKyhlsh0JLF\nMNX8jN7JsYRNUociHn7G+PRIwgk2y2dJrNXquFuDebNySlEuoUx36ZEqdfrpLKQ7\nVy8JmoJNofYJdQ390nNn6WVxW0TjoGQ6ZlKJCsAwmV2XPawZ6/PSLqP3Z6XPcCDt\n6wAVxtgViE6gmBLY49Nv3WiaLzT3TN0oldz6fUlJJLqtUp5R39UCFbHaRoxtmaNJ\nkfhs/YF68jdqpC7/+WZmipbWmLAwXxn9W/tYBJeSnPITV5O5bwAqkFS0fOkW7zy2\n0DnxzoK9zi/WP1kQLIjxwBu5KA2mq93Fw8GrwnP4S95lixTA4ZzpmUu3px65ZHjV\nT1f5UESIt4GCJb9uTK16kN1YOL0wFHke4GUCVor6EAzpA97MQQx5EhvsETiC541w\nByXYyiNaPJt3XH3nD0OZwhkQQFpbwVaEvku/Cdk7s8PzXy1bXvFomFNjpeS7RPTJ\nsnoBQfX7nSP3hg1GpXNpq4p4AhLM9E8Hm1w8ayAg5zXw3Cc9OvvlUiJVjIYBsdfr\nejGKXNN9mA/TrjkyR5X+6Eu6v0dx7E6xPP03fnXiUjhtyK6br88nMFGu4xGI86ij\nBbcAAAc4FjlRixY5UYsAAAAHc3NoLXJzYQAAAgEAzA7QeE/bd5azkQQlc39o3aUb\nlVEhi5R3Xaw0hDrMIWMH64NNQcqrejoibAYyJsPXmMyomRWTCPTZWa7U301ZqrPp\nIq1UTqKyhlsh0JLFMNX8jN7JsYRNUociHn7G+PRIwgk2y2dJrNXquFuDebNySlEu\noUx36ZEqdfrpLKQ7Vy8JmoJNofYJdQ390nNn6WVxW0TjoGQ6ZlKJCsAwmV2XPawZ\n6/PSLqP3Z6XPcCDt6wAVxtgViE6gmBLY49Nv3WiaLzT3TN0oldz6fUlJJLqtUp5R\n39UCFbHaRoxtmaNJkfhs/YF68jdqpC7/+WZmipbWmLAwXxn9W/tYBJeSnPITV5O5\nbwAqkFS0fOkW7zy20DnxzoK9zi/WP1kQLIjxwBu5KA2mq93Fw8GrwnP4S95lixTA\n4ZzpmUu3px65ZHjVT1f5UESIt4GCJb9uTK16kN1YOL0wFHke4GUCVor6EAzpA97M\nQQx5EhvsETiC541wByXYyiNaPJt3XH3nD0OZwhkQQFpbwVaEvku/Cdk7s8PzXy1b\nXvFomFNjpeS7RPTJsnoBQfX7nSP3hg1GpXNpq4p4AhLM9E8Hm1w8ayAg5zXw3Cc9\nOvvlUiJVjIYBsdfrejGKXNN9mA/TrjkyR5X+6Eu6v0dx7E6xPP03fnXiUjhtyK6b\nr88nMFGu4xGI86ijBbcAAAADAQABAAACAGPcPBkku3piva2SIeHL0D3ntv/znD76\ngQ/OXkT3oT4VgKK4tu4jiJdgK8hBn/lojfGw9jE0ZahUaqmA7Zv59o+bS9Q0jrWM\n2WD26C1yJh4oGle2D25YGJ7ykrfpwuXCZnjOmYohGeUDKsLdxhGgx6Wm5PL6wRQE\nfosOJ145YPDhjAmZCvTfuvEVz8lVwNxvUHIh3GN5qTq52WbxdtcW/hSoTGc0Av/g\nLgsDEekFtGj0ubN9u8vg7qZ9Urbrmir4Lbw8Z2muMVZltg/p9WmMEZYE9HxdeY+0\nYeV0g45UYoSU1oGZA9nVVNLUTWB3xGa+Onaugn2H8n05G3Hj21QDA4NQiSji8Ixy\nWdufKKB1DxCikSZe+GEGy/fLllZBaZOYrx263nabPrtFmtk0CenjccyV5zvtUOC/\nqYcT4fAoRDap2pB4knDZHCPGoCdyzGogAVBsOhEVLEv/cOnHLStIQMnffuewX41H\n2nq6nZA2jzuMAEKGbEcfE/dmOkvJzzHfAwrWuNbnQNdYxPOeL4E6RzxXRZ81ndt5\nJIwO+JiO/gwAxg+YyjOXuNV63PZulYqp3Jd0k4kdAP9B5GSh9fCNRksZesHIav1Z\nljQlnvb2jiGJX5DXUAZCdppcxycCtUO2anqIN8MMeOmcecj8MIFM/TDWE+AXUxS+\nDFfR9CUEQvzBAAABAFZMjkMbW8lXuPSr2hmyzrwkhSmkNsD081+Lg6bjPotVN+Qt\nYjVwQFr8GG/1caZqqb5mZdyFZf47U5VW4Xhi8QRRX00XtrNo9ciCi7ICrL54wuSI\nz97x6Mg/jjza5bwTyTx/Vw3iRQroRfswyoT/Q5y/lzQ+zOA7eDH2xx9FgdKK05A4\nIp7SSiMHEcAvijtyIxolEiJRV/7VgIPGBjClvTlxi55fRsMA7yQItWY8Qf6MWGzh\nUjgE6jv+N+TaKhVsxYZlnvlJR3ova/8fOjEObbMJ6NjHBz0wWTSL4Kkxh277NLnZ\nt+F+cdLpnhd9ag/5GXCOM5FjEchjGiEaZKQDNrgAAAEBAOa2rp3UejyVcRPopVxN\nRZDEKc4Zs4IXaOgdK5Xy5F1/hUbvIfGWIkoMXwyVlYY6ixd6Zq3FcnIftikuudSs\njQ8LmOgFnltUmgI8YnHBK/nuR0E7gOV5eCK4OzBXX1xUwZKoWoKZbyJq7CQ1woqa\nzkHBJBZv+i5yoy8uV+JTkWs2x5TbKFeWX0DH2OuMA43IGCuxP2rm3yfvkHn1JRaD\nuG7KQaq+oFFk97vby5NnIxJ6q0MUZO2Zb60Fw+0LvPSHI3RpgGjJCUY5OGDbgWIW\n8i63YZZvS2bEQh/f2Z8w4Z27XKhOUqifmmQUiQhK+6VijJyXgju2OALlWo15sAdQ\nPg0AAAEBAOJsOxVQaHIbvet/Ij2Ew0nTmTXlbePbEsn61+Q+/nZ+KpUx4C3Jqf1J\n9UK1CiUeCXFFklVF4iLh5Z0HWIEhjTxWziIPcW8gOYiseHtLVJHXhG/uNlpCnLgQ\nsLaY1jGqBFrB0uBnq1g0j3y0P/1IJZSf7gbsESp0nL8IAoGPyYBojxtscCCFh8Uz\nPrJGZNjOslxjgprFyRP0RAEN93NTPCT/D1+HunXhsj1Y1VAcISdoq8t7iCkXnH7Y\nWV8v1kJAmFNAUocA6HbOYNJuLsGF7GWqOTAmZIXWKyFKvI5t71e9/SHmBEFFoSZ8\nws5irT9XHQKW3uEhDaBzaHk8e5CoJdMAAAAAAQID\n-----END OPENSSH PRIVATE KEY-----\n",
            "private_key_pem": "-----BEGIN RSA PRIVATE KEY-----\nMIIJKQIBAAKCAgEAzA7QeE/bd5azkQQlc39o3aUblVEhi5R3Xaw0hDrMIWMH64NN\nQcqrejoibAYyJsPXmMyomRWTCPTZWa7U301ZqrPpIq1UTqKyhlsh0JLFMNX8jN7J\nsYRNUociHn7G+PRIwgk2y2dJrNXquFuDebNySlEuoUx36ZEqdfrpLKQ7Vy8JmoJN\nofYJdQ390nNn6WVxW0TjoGQ6ZlKJCsAwmV2XPawZ6/PSLqP3Z6XPcCDt6wAVxtgV\niE6gmBLY49Nv3WiaLzT3TN0oldz6fUlJJLqtUp5R39UCFbHaRoxtmaNJkfhs/YF6\n8jdqpC7/+WZmipbWmLAwXxn9W/tYBJeSnPITV5O5bwAqkFS0fOkW7zy20DnxzoK9\nzi/WP1kQLIjxwBu5KA2mq93Fw8GrwnP4S95lixTA4ZzpmUu3px65ZHjVT1f5UESI\nt4GCJb9uTK16kN1YOL0wFHke4GUCVor6EAzpA97MQQx5EhvsETiC541wByXYyiNa\nPJt3XH3nD0OZwhkQQFpbwVaEvku/Cdk7s8PzXy1bXvFomFNjpeS7RPTJsnoBQfX7\nnSP3hg1GpXNpq4p4AhLM9E8Hm1w8ayAg5zXw3Cc9OvvlUiJVjIYBsdfrejGKXNN9\nmA/TrjkyR5X+6Eu6v0dx7E6xPP03fnXiUjhtyK6br88nMFGu4xGI86ijBbcCAwEA\nAQKCAgBj3DwZJLt6Yr2tkiHhy9A957b/85w++oEPzl5E96E+FYCiuLbuI4iXYCvI\nQZ/5aI3xsPYxNGWoVGqpgO2b+faPm0vUNI61jNlg9ugtciYeKBpXtg9uWBie8pK3\n6cLlwmZ4zpmKIRnlAyrC3cYRoMelpuTy+sEUBH6LDideOWDw4YwJmQr037rxFc/J\nVcDcb1ByIdxjeak6udlm8XbXFv4UqExnNAL/4C4LAxHpBbRo9LmzfbvL4O6mfVK2\n65oq+C28PGdprjFWZbYP6fVpjBGWBPR8XXmPtGHldIOOVGKElNaBmQPZ1VTS1E1g\nd8Rmvjp2roJ9h/J9ORtx49tUAwODUIko4vCMclnbnyigdQ8QopEmXvhhBsv3y5ZW\nQWmTmK8dut52mz67RZrZNAnp43HMlec77VDgv6mHE+HwKEQ2qdqQeJJw2RwjxqAn\ncsxqIAFQbDoRFSxL/3Dpxy0rSEDJ337nsF+NR9p6up2QNo87jABChmxHHxP3ZjpL\nyc8x3wMK1rjW50DXWMTzni+BOkc8V0WfNZ3beSSMDviYjv4MAMYPmMozl7jVetz2\nbpWKqdyXdJOJHQD/QeRkofXwjUZLGXrByGr9WZY0JZ729o4hiV+Q11AGQnaaXMcn\nArVDtmp6iDfDDHjpnHnI/DCBTP0w1hPgF1MUvgxX0fQlBEL8wQKCAQEA5raundR6\nPJVxE+ilXE1FkMQpzhmzghdo6B0rlfLkXX+FRu8h8ZYiSgxfDJWVhjqLF3pmrcVy\nch+2KS651KyNDwuY6AWeW1SaAjxiccEr+e5HQTuA5Xl4Irg7MFdfXFTBkqhagplv\nImrsJDXCiprOQcEkFm/6LnKjLy5X4lORazbHlNsoV5ZfQMfY64wDjcgYK7E/aubf\nJ++QefUlFoO4bspBqr6gUWT3u9vLk2cjEnqrQxRk7ZlvrQXD7Qu89IcjdGmAaMkJ\nRjk4YNuBYhbyLrdhlm9LZsRCH9/ZnzDhnbtcqE5SqJ+aZBSJCEr7pWKMnJeCO7Y4\nAuVajXmwB1A+DQKCAQEA4mw7FVBochu9638iPYTDSdOZNeVt49sSyfrX5D7+dn4q\nlTHgLcmp/Un1QrUKJR4JcUWSVUXiIuHlnQdYgSGNPFbOIg9xbyA5iKx4e0tUkdeE\nb+42WkKcuBCwtpjWMaoEWsHS4GerWDSPfLQ//UgllJ/uBuwRKnScvwgCgY/JgGiP\nG2xwIIWHxTM+skZk2M6yXGOCmsXJE/REAQ33c1M8JP8PX4e6deGyPVjVUBwhJ2ir\ny3uIKRecfthZXy/WQkCYU0BShwDods5g0m4uwYXsZao5MCZkhdYrIUq8jm3vV739\nIeYEQUWhJnzCzmKtP1cdApbe4SENoHNoeTx7kKgl0wKCAQEA1PB3aiTaTWCA5acs\nOGz5cAwdqaP/EmsY4GNL/zIXpFQ2Zqn/4kJ3k3Cnqa3GPAV8q0bFzk0WvE6Yipod\n2jUIXIKPtla5OgJzwuyI0AVC2YMbMRICfcoHH8R6nLuHwGhZ4UqRf0iuUk3tdd5I\nmDUZeYcSD8N6XbRg+QMFClenOBVvT+yW54BamifaBk1MWmf8JxeJONmtzeZGqsmg\nWY9pgpga08TtozJVlIXg90OSE1Q1Dcyc+s9LS56unvLei7LO/nsBkbU7Yh0d9Aek\n+yvCi2umHnrKVSd/AHxTF6K+Gh77/juL/yaQER8C+yx55sN2lHEiOoqMV9/oG/vc\nhGODYQKCAQEAsW3WrtEfx6ttnEk377VFw2iJOu7auh9GDfj/jODATuJ3RAqdfcP1\n7YIzK17q4EM1awn1rdThbCxQ3kiPVkGQh6QOTCqF3WsHKs7cauGRF+gm4/9roDdq\nz+JkV/JUhv6QAv633Rnf73Lgrfwh2LzclibtQ4dhvD89RYVlUVn3sSQ+YGMNSq7Y\nwfNyQglfpXXz1uozwk0TUQus7pafPkQPcX5d8aJOv2lpXyFppykj4dnoJcBb5reV\n7uBiyHCYGbq8oyBYi2puwArhXITzJrtnkBNgVRcA1tAJZEFImOQVFlDPN+0jkHKb\n4akKjuhMksIU/Z50cT6RixZk2/xFaAob+QKCAQBWTI5DG1vJV7j0q9oZss68JIUp\npDbA9PNfi4Om4z6LVTfkLWI1cEBa/Bhv9XGmaqm+ZmXchWX+O1OVVuF4YvEEUV9N\nF7azaPXIgouyAqy+eMLkiM/e8ejIP4482uW8E8k8f1cN4kUK6EX7MMqE/0Ocv5c0\nPszgO3gx9scfRYHSitOQOCKe0kojBxHAL4o7ciMaJRIiUVf+1YCDxgYwpb05cYue\nX0bDAO8kCLVmPEH+jFhs4VI4BOo7/jfk2ioVbMWGZZ75SUd6L2v/HzoxDm2zCejY\nxwc9MFk0i+CpMYdu+zS52bfhfnHS6Z4XfWoP+RlwjjORYxHIYxohGmSkAza4\n-----END RSA PRIVATE KEY-----\n",
            "private_key_pem_pkcs8": "-----BEGIN PRIVATE KEY-----\nMIIJQwIBADANBgkqhkiG9w0BAQEFAASCCS0wggkpAgEAAoICAQDMDtB4T9t3lrOR\nBCVzf2jdpRuVUSGLlHddrDSEOswhYwfrg01Byqt6OiJsBjImw9eYzKiZFZMI9NlZ\nrtTfTVmqs+kirVROorKGWyHQksUw1fyM3smxhE1ShyIefsb49EjCCTbLZ0ms1eq4\nW4N5s3JKUS6hTHfpkSp1+ukspDtXLwmagk2h9gl1Df3Sc2fpZXFbROOgZDpmUokK\nwDCZXZc9rBnr89Iuo/dnpc9wIO3rABXG2BWITqCYEtjj02/daJovNPdM3SiV3Pp9\nSUkkuq1SnlHf1QIVsdpGjG2Zo0mR+Gz9gXryN2qkLv/5ZmaKltaYsDBfGf1b+1gE\nl5Kc8hNXk7lvACqQVLR86RbvPLbQOfHOgr3OL9Y/WRAsiPHAG7koDaar3cXDwavC\nc/hL3mWLFMDhnOmZS7enHrlkeNVPV/lQRIi3gYIlv25MrXqQ3Vg4vTAUeR7gZQJW\nivoQDOkD3sxBDHkSG+wROILnjXAHJdjKI1o8m3dcfecPQ5nCGRBAWlvBVoS+S78J\n2Tuzw/NfLVte8WiYU2Ol5LtE9MmyegFB9fudI/eGDUalc2mringCEsz0TwebXDxr\nICDnNfDcJz06++VSIlWMhgGx1+t6MYpc032YD9OuOTJHlf7oS7q/R3HsTrE8/Td+\ndeJSOG3IrpuvzycwUa7jEYjzqKMFtwIDAQABAoICAGPcPBkku3piva2SIeHL0D3n\ntv/znD76gQ/OXkT3oT4VgKK4tu4jiJdgK8hBn/lojfGw9jE0ZahUaqmA7Zv59o+b\nS9Q0jrWM2WD26C1yJh4oGle2D25YGJ7ykrfpwuXCZnjOmYohGeUDKsLdxhGgx6Wm\n5PL6wRQEfosOJ145YPDhjAmZCvTfuvEVz8lVwNxvUHIh3GN5qTq52WbxdtcW/hSo\nTGc0Av/gLgsDEekFtGj0ubN9u8vg7qZ9Urbrmir4Lbw8Z2muMVZltg/p9WmMEZYE\n9HxdeY+0YeV0g45UYoSU1oGZA9nVVNLUTWB3xGa+Onaugn2H8n05G3Hj21QDA4NQ\niSji8IxyWdufKKB1DxCikSZe+GEGy/fLllZBaZOYrx263nabPrtFmtk0CenjccyV\n5zvtUOC/qYcT4fAoRDap2pB4knDZHCPGoCdyzGogAVBsOhEVLEv/cOnHLStIQMnf\nfuewX41H2nq6nZA2jzuMAEKGbEcfE/dmOkvJzzHfAwrWuNbnQNdYxPOeL4E6RzxX\nRZ81ndt5JIwO+JiO/gwAxg+YyjOXuNV63PZulYqp3Jd0k4kdAP9B5GSh9fCNRksZ\nesHIav1ZljQlnvb2jiGJX5DXUAZCdppcxycCtUO2anqIN8MMeOmcecj8MIFM/TDW\nE+AXUxS+DFfR9CUEQvzBAoIBAQDmtq6d1Ho8lXET6KVcTUWQxCnOGbOCF2joHSuV\n8uRdf4VG7yHxliJKDF8MlZWGOosXematxXJyH7YpLrnUrI0PC5joBZ5bVJoCPGJx\nwSv57kdBO4DleXgiuDswV19cVMGSqFqCmW8iauwkNcKKms5BwSQWb/oucqMvLlfi\nU5FrNseU2yhXll9Ax9jrjAONyBgrsT9q5t8n75B59SUWg7huykGqvqBRZPe728uT\nZyMSeqtDFGTtmW+tBcPtC7z0hyN0aYBoyQlGOThg24FiFvIut2GWb0tmxEIf39mf\nMOGdu1yoTlKon5pkFIkISvulYoycl4I7tjgC5VqNebAHUD4NAoIBAQDibDsVUGhy\nG73rfyI9hMNJ05k15W3j2xLJ+tfkPv52fiqVMeAtyan9SfVCtQolHglxRZJVReIi\n4eWdB1iBIY08Vs4iD3FvIDmIrHh7S1SR14Rv7jZaQpy4ELC2mNYxqgRawdLgZ6tY\nNI98tD/9SCWUn+4G7BEqdJy/CAKBj8mAaI8bbHAghYfFMz6yRmTYzrJcY4KaxckT\n9EQBDfdzUzwk/w9fh7p14bI9WNVQHCEnaKvLe4gpF5x+2FlfL9ZCQJhTQFKHAOh2\nzmDSbi7BhexlqjkwJmSF1ishSryObe9Xvf0h5gRBRaEmfMLOYq0/Vx0Clt7hIQ2g\nc2h5PHuQqCXTAoIBAQDU8HdqJNpNYIDlpyw4bPlwDB2po/8SaxjgY0v/MhekVDZm\nqf/iQneTcKeprcY8BXyrRsXOTRa8TpiKmh3aNQhcgo+2Vrk6AnPC7IjQBULZgxsx\nEgJ9ygcfxHqcu4fAaFnhSpF/SK5STe113kiYNRl5hxIPw3pdtGD5AwUKV6c4FW9P\n7JbngFqaJ9oGTUxaZ/wnF4k42a3N5kaqyaBZj2mCmBrTxO2jMlWUheD3Q5ITVDUN\nzJz6z0tLnq6e8t6Lss7+ewGRtTtiHR30B6T7K8KLa6YeespVJ38AfFMXor4aHvv+\nO4v/JpARHwL7LHnmw3aUcSI6ioxX3+gb+9yEY4NhAoIBAQCxbdau0R/Hq22cSTfv\ntUXDaIk67tq6H0YN+P+M4MBO4ndECp19w/XtgjMrXurgQzVrCfWt1OFsLFDeSI9W\nQZCHpA5MKoXdawcqztxq4ZEX6Cbj/2ugN2rP4mRX8lSG/pAC/rfdGd/vcuCt/CHY\nvNyWJu1Dh2G8Pz1FhWVRWfexJD5gYw1KrtjB83JCCV+ldfPW6jPCTRNRC6zulp8+\nRA9xfl3xok6/aWlfIWmnKSPh2eglwFvmt5Xu4GLIcJgZuryjIFiLam7ACuFchPMm\nu2eQE2BVFwDW0AlkQUiY5BUWUM837SOQcpvhqQqO6EySwhT9nnRxPpGLFmTb/EVo\nChv5AoIBAFZMjkMbW8lXuPSr2hmyzrwkhSmkNsD081+Lg6bjPotVN+QtYjVwQFr8\nGG/1caZqqb5mZdyFZf47U5VW4Xhi8QRRX00XtrNo9ciCi7ICrL54wuSIz97x6Mg/\njjza5bwTyTx/Vw3iRQroRfswyoT/Q5y/lzQ+zOA7eDH2xx9FgdKK05A4Ip7SSiMH\nEcAvijtyIxolEiJRV/7VgIPGBjClvTlxi55fRsMA7yQItWY8Qf6MWGzhUjgE6jv+\nN+TaKhVsxYZlnvlJR3ova/8fOjEObbMJ6NjHBz0wWTSL4Kkxh277NLnZt+F+cdLp\nnhd9ag/5GXCOM5FjEchjGiEaZKQDNrg=\n-----END PRIVATE KEY-----\n",
            "public_key_fingerprint_md5": "ce:6e:7b:30:88:48:03:0b:aa:32:cc:79:10:78:41:4b",
            "public_key_fingerprint_sha256": "SHA256:AtL8UAP3tdu1inETO2D6DKRVTeY4EUXGTKbcUcPKW4s",
            "public_key_openssh": "ssh-rsa AAAAB3NzaC1yc2EAAAADAQABAAACAQDMDtB4T9t3lrORBCVzf2jdpRuVUSGLlHddrDSEOswhYwfrg01Byqt6OiJsBjImw9eYzKiZFZMI9NlZrtTfTVmqs+kirVROorKGWyHQksUw1fyM3smxhE1ShyIefsb49EjCCTbLZ0ms1eq4W4N5s3JKUS6hTHfpkSp1+ukspDtXLwmagk2h9gl1Df3Sc2fpZXFbROOgZDpmUokKwDCZXZc9rBnr89Iuo/dnpc9wIO3rABXG2BWITqCYEtjj02/daJovNPdM3SiV3Pp9SUkkuq1SnlHf1QIVsdpGjG2Zo0mR+Gz9gXryN2qkLv/5ZmaKltaYsDBfGf1b+1gEl5Kc8hNXk7lvACqQVLR86RbvPLbQOfHOgr3OL9Y/WRAsiPHAG7koDaar3cXDwavCc/hL3mWLFMDhnOmZS7enHrlkeNVPV/lQRIi3gYIlv25MrXqQ3Vg4vTAUeR7gZQJWivoQDOkD3sxBDHkSG+wROILnjXAHJdjKI1o8m3dcfecPQ5nCGRBAWlvBVoS+S78J2Tuzw/NfLVte8WiYU2Ol5LtE9MmyegFB9fudI/eGDUalc2mringCEsz0TwebXDxrICDnNfDcJz06++VSIlWMhgGx1+t6MYpc032YD9OuOTJHlf7oS7q/R3HsTrE8/Td+deJSOG3IrpuvzycwUa7jEYjzqKMFtw==\n",
            "public_key_pem": "-----BEGIN PUBLIC KEY-----\nMIICIjANBgkqhkiG9w0BAQEFAAOCAg8AMIICCgKCAgEAzA7QeE/bd5azkQQlc39o\n3aUblVEhi5R3Xaw0hDrMIWMH64NNQcqrejoibAYyJsPXmMyomRWTCPTZWa7U301Z\nqrPpIq1UTqKyhlsh0JLFMNX8jN7JsYRNUociHn7G+PRIwgk2y2dJrNXquFuDebNy\nSlEuoUx36ZEqdfrpLKQ7Vy8JmoJNofYJdQ390nNn6WVxW0TjoGQ6ZlKJCsAwmV2X\nPawZ6/PSLqP3Z6XPcCDt6wAVxtgViE6gmBLY49Nv3WiaLzT3TN0oldz6fUlJJLqt\nUp5R39UCFbHaRoxtmaNJkfhs/YF68jdqpC7/+WZmipbWmLAwXxn9W/tYBJeSnPIT\nV5O5bwAqkFS0fOkW7zy20DnxzoK9zi/WP1kQLIjxwBu5KA2mq93Fw8GrwnP4S95l\nixTA4ZzpmUu3px65ZHjVT1f5UESIt4GCJb9uTK16kN1YOL0wFHke4GUCVor6EAzp\nA97MQQx5EhvsETiC541wByXYyiNaPJt3XH3nD0OZwhkQQFpbwVaEvku/Cdk7s8Pz\nXy1bXvFomFNjpeS7RPTJsnoBQfX7nSP3hg1GpXNpq4p4AhLM9E8Hm1w8ayAg5zXw\n3Cc9OvvlUiJVjIYBsdfrejGKXNN9mA/TrjkyR5X+6Eu6v0dx7E6xPP03fnXiUjht\nyK6br88nMFGu4xGI86ijBbcCAwEAAQ==\n-----END PUBLIC KEY-----\n",
            "rsa_bits": 4096
          },
          "sensitive_attributes": []
        }
      ]
    },
    {
      "module": "module.security",
      "mode": "managed",
      "type": "aws_security_group",
      "name": "security_group_port_22",
      "provider": "provider[\"registry.terraform.io/hashicorp/aws\"]",
      "instances": [
        {
          "schema_version": 1,
          "attributes": {
            "arn": "arn:aws:ec2:us-east-2:481792101255:security-group/sg-05eb2d32ab9c92f2e",
            "description": "enable ssh access",
            "egress": [
              {
                "cidr_blocks": [
                  "0.0.0.0/0"
                ],
                "description": "outbound access",
                "from_port": 0,
                "ipv6_cidr_blocks": [],
                "prefix_list_ids": [],
                "protocol": "-1",
                "security_groups": [],
                "self": false,
                "to_port": 0
              }
            ],
            "id": "sg-05eb2d32ab9c92f2e",
            "ingress": [
              {
                "cidr_blocks": [
                  "0.0.0.0/0"
                ],
                "description": "ssh access",
                "from_port": 22,
                "ipv6_cidr_blocks": [],
                "prefix_list_ids": [],
                "protocol": "tcp",
                "security_groups": [],
                "self": false,
                "to_port": 22
              }
            ],
            "name": "server security group",
            "name_prefix": "",
            "owner_id": "481792101255",
            "revoke_rules_on_delete": false,
            "tags": {
              "Name": "prod-devOps-security_group_port_22"
            },
            "tags_all": {
              "Name": "prod-devOps-security_group_port_22"
            },
            "timeouts": null,
            "vpc_id": "vpc-08808186c9be7d9c8"
          },
          "sensitive_attributes": [],
          "private": "eyJlMmJmYjczMC1lY2FhLTExZTYtOGY4OC0zNDM2M2JjN2M0YzAiOnsiY3JlYXRlIjo2MDAwMDAwMDAwMDAsImRlbGV0ZSI6OTAwMDAwMDAwMDAwfSwic2NoZW1hX3ZlcnNpb24iOiIxIn0=",
          "dependencies": [
            "module.vpc.aws_vpc.vpc"
          ]
        }
      ]
    },
    {
      "module": "module.security",
      "mode": "managed",
      "type": "aws_security_group",
      "name": "security_group_port_30000",
      "provider": "provider[\"registry.terraform.io/hashicorp/aws\"]",
      "instances": [
        {
          "schema_version": 1,
          "attributes": {
            "arn": "arn:aws:ec2:us-east-2:481792101255:security-group/sg-0c260a0380a192ccc",
            "description": "enable port access 30000",
            "egress": [
              {
                "cidr_blocks": [
                  "0.0.0.0/0"
                ],
                "description": "outbound access",
                "from_port": 0,
                "ipv6_cidr_blocks": [],
                "prefix_list_ids": [],
                "protocol": "-1",
                "security_groups": [],
                "self": false,
                "to_port": 0
              }
            ],
            "id": "sg-0c260a0380a192ccc",
            "ingress": [
              {
                "cidr_blocks": [
                  "0.0.0.0/0"
                ],
                "description": "port 30000 access",
                "from_port": 30000,
                "ipv6_cidr_blocks": [],
                "prefix_list_ids": [],
                "protocol": "tcp",
                "security_groups": [],
                "self": false,
                "to_port": 30000
              }
            ],
            "name": "K8 server security group",
            "name_prefix": "",
            "owner_id": "481792101255",
            "revoke_rules_on_delete": false,
            "tags": {
              "Name": "prod-devOps-security_group_port_30000"
            },
            "tags_all": {
              "Name": "prod-devOps-security_group_port_30000"
            },
            "timeouts": null,
            "vpc_id": "vpc-08808186c9be7d9c8"
          },
          "sensitive_attributes": [],
          "private": "eyJlMmJmYjczMC1lY2FhLTExZTYtOGY4OC0zNDM2M2JjN2M0YzAiOnsiY3JlYXRlIjo2MDAwMDAwMDAwMDAsImRlbGV0ZSI6OTAwMDAwMDAwMDAwfSwic2NoZW1hX3ZlcnNpb24iOiIxIn0=",
          "dependencies": [
            "module.vpc.aws_vpc.vpc"
          ]
        }
      ]
    },
    {
      "module": "module.security",
      "mode": "managed",
      "type": "aws_security_group",
      "name": "security_group_port_8080",
      "provider": "provider[\"registry.terraform.io/hashicorp/aws\"]",
      "instances": [
        {
          "schema_version": 1,
          "attributes": {
            "arn": "arn:aws:ec2:us-east-2:481792101255:security-group/sg-0e9cbd7a9d1ed2b33",
            "description": "enable port access 8080",
            "egress": [
              {
                "cidr_blocks": [
                  "0.0.0.0/0"
                ],
                "description": "outbound access",
                "from_port": 0,
                "ipv6_cidr_blocks": [],
                "prefix_list_ids": [],
                "protocol": "-1",
                "security_groups": [],
                "self": false,
                "to_port": 0
              }
            ],
            "id": "sg-0e9cbd7a9d1ed2b33",
            "ingress": [
              {
                "cidr_blocks": [
                  "0.0.0.0/0"
                ],
                "description": "port 8080 access",
                "from_port": 8080,
                "ipv6_cidr_blocks": [],
                "prefix_list_ids": [],
                "protocol": "tcp",
                "security_groups": [],
                "self": false,
                "to_port": 8080
              }
            ],
            "name": "Jenkins server security group with port 8080",
            "name_prefix": "",
            "owner_id": "481792101255",
            "revoke_rules_on_delete": false,
            "tags": {
              "Name": "prod-devOps-security_group_port_8080"
            },
            "tags_all": {
              "Name": "prod-devOps-security_group_port_8080"
            },
            "timeouts": null,
            "vpc_id": "vpc-08808186c9be7d9c8"
          },
          "sensitive_attributes": [],
          "private": "eyJlMmJmYjczMC1lY2FhLTExZTYtOGY4OC0zNDM2M2JjN2M0YzAiOnsiY3JlYXRlIjo2MDAwMDAwMDAwMDAsImRlbGV0ZSI6OTAwMDAwMDAwMDAwfSwic2NoZW1hX3ZlcnNpb24iOiIxIn0=",
          "dependencies": [
            "module.vpc.aws_vpc.vpc"
          ]
        }
      ]
    },
    {
      "module": "module.security",
      "mode": "managed",
      "type": "aws_security_group",
      "name": "security_group_port_9000",
      "provider": "provider[\"registry.terraform.io/hashicorp/aws\"]",
      "instances": [
        {
          "schema_version": 1,
          "attributes": {
            "arn": "arn:aws:ec2:us-east-2:481792101255:security-group/sg-0214fc63e8144d45a",
            "description": "enable PORT 9000",
            "egress": [
              {
                "cidr_blocks": [
                  "0.0.0.0/0"
                ],
                "description": "outbound access",
                "from_port": 0,
                "ipv6_cidr_blocks": [],
                "prefix_list_ids": [],
                "protocol": "-1",
                "security_groups": [],
                "self": false,
                "to_port": 0
              }
            ],
            "id": "sg-0214fc63e8144d45a",
            "ingress": [
              {
                "cidr_blocks": [
                  "0.0.0.0/0"
                ],
                "description": "port 9000 access",
                "from_port": 9000,
                "ipv6_cidr_blocks": [],
                "prefix_list_ids": [],
                "protocol": "tcp",
                "security_groups": [],
                "self": false,
                "to_port": 9000
              }
            ],
            "name": "sonarqube server security group",
            "name_prefix": "",
            "owner_id": "481792101255",
            "revoke_rules_on_delete": false,
            "tags": {
              "Name": "prod-devOps-security_group_port_9000"
            },
            "tags_all": {
              "Name": "prod-devOps-security_group_port_9000"
            },
            "timeouts": null,
            "vpc_id": "vpc-08808186c9be7d9c8"
          },
          "sensitive_attributes": [],
          "private": "eyJlMmJmYjczMC1lY2FhLTExZTYtOGY4OC0zNDM2M2JjN2M0YzAiOnsiY3JlYXRlIjo2MDAwMDAwMDAwMDAsImRlbGV0ZSI6OTAwMDAwMDAwMDAwfSwic2NoZW1hX3ZlcnNpb24iOiIxIn0=",
          "dependencies": [
            "module.vpc.aws_vpc.vpc"
          ]
        }
      ]
    },
    {
      "module": "module.sonarqube-server",
      "mode": "data",
      "type": "aws_ami",
      "name": "ubuntu-linux-1404",
      "provider": "provider[\"registry.terraform.io/hashicorp/aws\"]",
      "instances": [
        {
          "schema_version": 0,
          "attributes": {
            "architecture": "x86_64",
            "arn": "arn:aws:ec2:us-east-2::image/ami-0b6968e5c7117349a",
            "block_device_mappings": [
              {
                "device_name": "/dev/sda1",
                "ebs": {
                  "delete_on_termination": "true",
                  "encrypted": "false",
                  "iops": "0",
                  "snapshot_id": "snap-06f4f7e95b296c98d",
                  "throughput": "0",
                  "volume_size": "8",
                  "volume_type": "gp2"
                },
                "no_device": "",
                "virtual_name": ""
              },
              {
                "device_name": "/dev/sdb",
                "ebs": {},
                "no_device": "",
                "virtual_name": "ephemeral0"
              },
              {
                "device_name": "/dev/sdc",
                "ebs": {},
                "no_device": "",
                "virtual_name": "ephemeral1"
              }
            ],
            "boot_mode": "legacy-bios",
            "creation_date": "2023-09-19T04:17:17.000Z",
            "deprecation_time": "2025-09-19T04:17:17.000Z",
            "description": "Canonical, Ubuntu, 20.04 LTS, amd64 focal image build on 2023-09-18",
            "ena_support": true,
            "executable_users": null,
            "filter": [
              {
                "name": "name",
                "values": [
                  "ubuntu/images/hvm-ssd/ubuntu-focal-20.04-amd64-server-*"
                ]
              },
              {
                "name": "virtualization-type",
                "values": [
                  "hvm"
                ]
              }
            ],
            "hypervisor": "xen",
            "id": "ami-0b6968e5c7117349a",
            "image_id": "ami-0b6968e5c7117349a",
            "image_location": "amazon/ubuntu/images/hvm-ssd/ubuntu-focal-20.04-amd64-server-20230918",
            "image_owner_alias": "amazon",
            "image_type": "machine",
            "imds_support": "",
            "include_deprecated": false,
            "kernel_id": "",
            "most_recent": true,
            "name": "ubuntu/images/hvm-ssd/ubuntu-focal-20.04-amd64-server-20230918",
            "name_regex": null,
            "owner_id": "099720109477",
            "owners": [
              "099720109477"
            ],
            "platform": "",
            "platform_details": "Linux/UNIX",
            "product_codes": [],
            "public": true,
            "ramdisk_id": "",
            "root_device_name": "/dev/sda1",
            "root_device_type": "ebs",
            "root_snapshot_id": "snap-06f4f7e95b296c98d",
            "sriov_net_support": "simple",
            "state": "available",
            "state_reason": {
              "code": "UNSET",
              "message": "UNSET"
            },
            "tags": {},
            "timeouts": null,
            "tpm_support": "",
            "usage_operation": "RunInstances",
            "virtualization_type": "hvm"
          },
          "sensitive_attributes": []
        }
      ]
    },
    {
      "module": "module.sonarqube-server",
      "mode": "data",
      "type": "aws_availability_zones",
      "name": "available_zones",
      "provider": "provider[\"registry.terraform.io/hashicorp/aws\"]",
      "instances": [
        {
          "schema_version": 0,
          "attributes": {
            "all_availability_zones": null,
            "exclude_names": null,
            "exclude_zone_ids": null,
            "filter": null,
            "group_names": [
              "us-east-2"
            ],
            "id": "us-east-2",
            "names": [
              "us-east-2a",
              "us-east-2b",
              "us-east-2c"
            ],
            "state": null,
            "timeouts": null,
            "zone_ids": [
              "use2-az1",
              "use2-az2",
              "use2-az3"
            ]
          },
          "sensitive_attributes": []
        }
      ]
    },
    {
      "module": "module.sonarqube-server",
      "mode": "data",
      "type": "template_file",
      "name": "user_data",
      "provider": "provider[\"registry.terraform.io/hashicorp/template\"]",
      "instances": [
        {
          "schema_version": 0,
          "attributes": {
            "filename": null,
            "id": "14515ba16b18541e762b8a936a07a02d74c5037746729cfbc4826e6271aa432f",
            "rendered": "#!/bin/bash\n# Increase the vm.max_map_count for kernel and ulimit for the current session at runtime.\nsudo bash -c 'cat \u003c\u003cEOT\u003e /etc/sysctl.conf\nvm.max_map_count=524288\nfs.file-max=131072\nulimit -n 65536\nulimit -u 4096\nEOT'\nsudo sysctl -w vm.max_map_count=524288\nsysctl -w fs.file-max=131072\n\n#Increase these permanently\nsudo bash -c 'cat \u003c\u003cEOT\u003e /etc/security/limits.conf\nsonarqube   -   nofile   65536\nsonarqube   -   nproc    4096\nEOT'\n\n# Need JDK 17 or higher to run SonarQube 9.9\nsudo apt-get update -y\nsudo apt-get install openjdk-17-jdk -y\nsudo update-alternatives --config java\njava -version\n\n#Download the binaries for SonarQube \nsudo mkdir -p /sonarqube/\ncd /sonarqube/\nsudo curl -O https://binaries.sonarsource.com/Distribution/sonarqube/sonarqube-9.9.0.65466.zip\nsudo apt-get install zip -y\nsudo unzip -o sonarqube-9.9.0.65466.zip -d /opt/\nsudo mv /opt/sonarqube-9.9.0.65466/ /opt/sonarqube\nsudo rm -rf /opt/sonarqube/conf/sonar.properties\nsudo touch /opt/sonarqube/conf/sonar.properties\n\n\n# Create the group\nsudo groupadd sonar\nsudo useradd -c \"SonarQube - User\" -d /opt/sonarqube/ -g sonar sonar\nsudo chown  -R sonar:sonar /opt/sonarqube/ \n\n\n# Create a systemd service file for SonarQube to run at system startup\nsudo touch /etc/systemd/system/sonarqube.service\nsudo bash -c 'cat \u003c\u003cEOT\u003e /etc/systemd/system/sonarqube.service\n[Unit]\nDescription=SonarQube service\nAfter=syslog.target network.target\n\n[Service]\nType=forking\n\nExecStart=/opt/sonarqube/bin/linux-x86-64/sonar.sh start\nExecStop=/opt/sonarqube/bin/linux-x86-64/sonar.sh stop\n\nUser=sonar\nGroup=sonar\nRestart=always\n\nLimitNOFILE=65536\nLimitNPROC=4096\n\n\n[Install]\nWantedBy=multi-user.target\nEOT'\n\n# automatically system startup enable\nsudo systemctl daemon-reload\nsudo systemctl enable sonarqube.service\n\n# Automatically system startup enable\nsudo systemctl restart sonarqube.service",
            "template": "#!/bin/bash\n# Increase the vm.max_map_count for kernel and ulimit for the current session at runtime.\nsudo bash -c 'cat \u003c\u003cEOT\u003e /etc/sysctl.conf\nvm.max_map_count=524288\nfs.file-max=131072\nulimit -n 65536\nulimit -u 4096\nEOT'\nsudo sysctl -w vm.max_map_count=524288\nsysctl -w fs.file-max=131072\n\n#Increase these permanently\nsudo bash -c 'cat \u003c\u003cEOT\u003e /etc/security/limits.conf\nsonarqube   -   nofile   65536\nsonarqube   -   nproc    4096\nEOT'\n\n# Need JDK 17 or higher to run SonarQube 9.9\nsudo apt-get update -y\nsudo apt-get install openjdk-17-jdk -y\nsudo update-alternatives --config java\njava -version\n\n#Download the binaries for SonarQube \nsudo mkdir -p /sonarqube/\ncd /sonarqube/\nsudo curl -O https://binaries.sonarsource.com/Distribution/sonarqube/sonarqube-9.9.0.65466.zip\nsudo apt-get install zip -y\nsudo unzip -o sonarqube-9.9.0.65466.zip -d /opt/\nsudo mv /opt/sonarqube-9.9.0.65466/ /opt/sonarqube\nsudo rm -rf /opt/sonarqube/conf/sonar.properties\nsudo touch /opt/sonarqube/conf/sonar.properties\n\n\n# Create the group\nsudo groupadd sonar\nsudo useradd -c \"SonarQube - User\" -d /opt/sonarqube/ -g sonar sonar\nsudo chown  -R sonar:sonar /opt/sonarqube/ \n\n\n# Create a systemd service file for SonarQube to run at system startup\nsudo touch /etc/systemd/system/sonarqube.service\nsudo bash -c 'cat \u003c\u003cEOT\u003e /etc/systemd/system/sonarqube.service\n[Unit]\nDescription=SonarQube service\nAfter=syslog.target network.target\n\n[Service]\nType=forking\n\nExecStart=/opt/sonarqube/bin/linux-x86-64/sonar.sh start\nExecStop=/opt/sonarqube/bin/linux-x86-64/sonar.sh stop\n\nUser=sonar\nGroup=sonar\nRestart=always\n\nLimitNOFILE=65536\nLimitNPROC=4096\n\n\n[Install]\nWantedBy=multi-user.target\nEOT'\n\n# automatically system startup enable\nsudo systemctl daemon-reload\nsudo systemctl enable sonarqube.service\n\n# Automatically system startup enable\nsudo systemctl restart sonarqube.service",
            "vars": null
          },
          "sensitive_attributes": []
        }
      ]
    },
    {
      "module": "module.sonarqube-server",
      "mode": "managed",
      "type": "aws_instance",
      "name": "sonarqube-server",
      "provider": "provider[\"registry.terraform.io/hashicorp/aws\"]",
      "instances": [
        {
          "schema_version": 1,
          "attributes": {
            "ami": "ami-0b6968e5c7117349a",
            "arn": "arn:aws:ec2:us-east-2:481792101255:instance/i-0e6771b4239c3ac92",
            "associate_public_ip_address": true,
            "availability_zone": "us-east-2a",
            "capacity_reservation_specification": [
              {
                "capacity_reservation_preference": "open",
                "capacity_reservation_target": []
              }
            ],
            "cpu_core_count": 2,
            "cpu_options": [
              {
                "amd_sev_snp": "",
                "core_count": 2,
                "threads_per_core": 1
              }
            ],
            "cpu_threads_per_core": 1,
            "credit_specification": [
              {
                "cpu_credits": "standard"
              }
            ],
            "disable_api_stop": false,
            "disable_api_termination": false,
            "ebs_block_device": [],
            "ebs_optimized": false,
            "enclave_options": [
              {
                "enabled": false
              }
            ],
            "ephemeral_block_device": [],
            "get_password_data": false,
            "hibernation": false,
            "host_id": "",
            "host_resource_group_arn": null,
            "iam_instance_profile": "",
            "id": "i-0e6771b4239c3ac92",
            "instance_initiated_shutdown_behavior": "stop",
            "instance_state": "running",
            "instance_type": "t2.medium",
            "ipv6_address_count": 0,
            "ipv6_addresses": [],
            "key_name": "prod-keypair",
            "launch_template": [],
            "maintenance_options": [
              {
                "auto_recovery": "default"
              }
            ],
            "metadata_options": [
              {
                "http_endpoint": "enabled",
                "http_put_response_hop_limit": 1,
                "http_tokens": "optional",
                "instance_metadata_tags": "disabled"
              }
            ],
            "monitoring": false,
            "network_interface": [],
            "outpost_arn": "",
            "password_data": "",
            "placement_group": "",
            "placement_partition_number": 0,
            "primary_network_interface_id": "eni-0bb0eb13932509d46",
            "private_dns": "ip-192-162-0-140.us-east-2.compute.internal",
            "private_dns_name_options": [
              {
                "enable_resource_name_dns_a_record": false,
                "enable_resource_name_dns_aaaa_record": false,
                "hostname_type": "ip-name"
              }
            ],
            "private_ip": "192.162.0.140",
            "public_dns": "ec2-18-189-193-11.us-east-2.compute.amazonaws.com",
            "public_ip": "18.189.193.11",
            "root_block_device": [
              {
                "delete_on_termination": true,
                "device_name": "/dev/sda1",
                "encrypted": false,
                "iops": 100,
                "kms_key_id": "",
                "tags": {},
                "throughput": 0,
                "volume_id": "vol-0a3773f2995f2a0d0",
                "volume_size": 8,
                "volume_type": "gp2"
              }
            ],
            "secondary_private_ips": [],
            "security_groups": [
              "sg-0214fc63e8144d45a",
              "sg-05eb2d32ab9c92f2e"
            ],
            "source_dest_check": true,
            "subnet_id": "subnet-0a8de598ab1efcaa8",
            "tags": {
              "Name": "prod-Sonarqube-Server-devOps"
            },
            "tags_all": {
              "Name": "prod-Sonarqube-Server-devOps"
            },
            "tenancy": "default",
            "timeouts": null,
            "user_data": "25fd71084b72998406549ad2942f2bab275c72e3",
            "user_data_base64": null,
            "user_data_replace_on_change": false,
            "volume_tags": null,
            "vpc_security_group_ids": [
              "sg-0214fc63e8144d45a",
              "sg-05eb2d32ab9c92f2e"
            ]
          },
          "sensitive_attributes": [],
          "private": "eyJlMmJmYjczMC1lY2FhLTExZTYtOGY4OC0zNDM2M2JjN2M0YzAiOnsiY3JlYXRlIjo2MDAwMDAwMDAwMDAsImRlbGV0ZSI6MTIwMDAwMDAwMDAwMCwidXBkYXRlIjo2MDAwMDAwMDAwMDB9LCJzY2hlbWFfdmVyc2lvbiI6IjEifQ==",
          "dependencies": [
            "module.security.aws_security_group.security_group_port_22",
            "module.security.aws_security_group.security_group_port_9000",
            "module.sonarqube-server.data.aws_ami.ubuntu-linux-1404",
            "module.sonarqube-server.data.template_file.user_data",
            "module.vpc.aws_subnet.public_subnet_az",
            "module.vpc.aws_vpc.vpc",
            "module.vpc.data.aws_availability_zones.available_zones"
          ]
        }
      ]
    },
    {
      "module": "module.vpc",
      "mode": "data",
      "type": "aws_availability_zones",
      "name": "available_zones",
      "provider": "provider[\"registry.terraform.io/hashicorp/aws\"]",
      "instances": [
        {
          "schema_version": 0,
          "attributes": {
            "all_availability_zones": null,
            "exclude_names": null,
            "exclude_zone_ids": null,
            "filter": null,
            "group_names": [
              "us-east-2"
            ],
            "id": "us-east-2",
            "names": [
              "us-east-2a",
              "us-east-2b",
              "us-east-2c"
            ],
            "state": null,
            "timeouts": null,
            "zone_ids": [
              "use2-az1",
              "use2-az2",
              "use2-az3"
            ]
          },
          "sensitive_attributes": []
        }
      ]
    },
    {
      "module": "module.vpc",
      "mode": "managed",
      "type": "aws_internet_gateway",
      "name": "internet_gateway",
      "provider": "provider[\"registry.terraform.io/hashicorp/aws\"]",
      "instances": [
        {
          "schema_version": 0,
          "attributes": {
            "arn": "arn:aws:ec2:us-east-2:481792101255:internet-gateway/igw-03afc65dbb12f7879",
            "id": "igw-03afc65dbb12f7879",
            "owner_id": "481792101255",
            "tags": {
              "Name": "prod-devOps-igw"
            },
            "tags_all": {
              "Name": "prod-devOps-igw"
            },
            "timeouts": null,
            "vpc_id": "vpc-08808186c9be7d9c8"
          },
          "sensitive_attributes": [],
          "private": "eyJlMmJmYjczMC1lY2FhLTExZTYtOGY4OC0zNDM2M2JjN2M0YzAiOnsiY3JlYXRlIjoxMjAwMDAwMDAwMDAwLCJkZWxldGUiOjEyMDAwMDAwMDAwMDAsInVwZGF0ZSI6MTIwMDAwMDAwMDAwMH19",
          "dependencies": [
            "module.vpc.aws_vpc.vpc"
          ]
        }
      ]
    },
    {
      "module": "module.vpc",
      "mode": "managed",
      "type": "aws_route_table",
      "name": "public_route_table",
      "provider": "provider[\"registry.terraform.io/hashicorp/aws\"]",
      "instances": [
        {
          "schema_version": 0,
          "attributes": {
            "arn": "arn:aws:ec2:us-east-2:481792101255:route-table/rtb-07032d4c24be04474",
            "id": "rtb-07032d4c24be04474",
            "owner_id": "481792101255",
            "propagating_vgws": [],
            "route": [
              {
                "carrier_gateway_id": "",
                "cidr_block": "0.0.0.0/0",
                "core_network_arn": "",
                "destination_prefix_list_id": "",
                "egress_only_gateway_id": "",
                "gateway_id": "igw-03afc65dbb12f7879",
                "instance_id": "",
                "ipv6_cidr_block": "",
                "local_gateway_id": "",
                "nat_gateway_id": "",
                "network_interface_id": "",
                "transit_gateway_id": "",
                "vpc_endpoint_id": "",
                "vpc_peering_connection_id": ""
              }
            ],
            "tags": {
              "Name": "prod-devOps-Public Route Table"
            },
            "tags_all": {
              "Name": "prod-devOps-Public Route Table"
            },
            "timeouts": null,
            "vpc_id": "vpc-08808186c9be7d9c8"
          },
          "sensitive_attributes": [],
          "private": "eyJlMmJmYjczMC1lY2FhLTExZTYtOGY4OC0zNDM2M2JjN2M0YzAiOnsiY3JlYXRlIjozMDAwMDAwMDAwMDAsImRlbGV0ZSI6MzAwMDAwMDAwMDAwLCJ1cGRhdGUiOjEyMDAwMDAwMDAwMH19",
          "dependencies": [
            "module.vpc.aws_internet_gateway.internet_gateway",
            "module.vpc.aws_vpc.vpc"
          ]
        }
      ]
    },
    {
      "module": "module.vpc",
      "mode": "managed",
      "type": "aws_route_table_association",
      "name": "public_subnet_az_route_table_association",
      "provider": "provider[\"registry.terraform.io/hashicorp/aws\"]",
      "instances": [
        {
          "schema_version": 0,
          "attributes": {
            "gateway_id": "",
            "id": "rtbassoc-021ec7bd40d5912a0",
            "route_table_id": "rtb-07032d4c24be04474",
            "subnet_id": "subnet-0a8de598ab1efcaa8",
            "timeouts": null
          },
          "sensitive_attributes": [],
          "private": "eyJlMmJmYjczMC1lY2FhLTExZTYtOGY4OC0zNDM2M2JjN2M0YzAiOnsiY3JlYXRlIjozMDAwMDAwMDAwMDAsImRlbGV0ZSI6MzAwMDAwMDAwMDAwLCJ1cGRhdGUiOjEyMDAwMDAwMDAwMH19",
          "dependencies": [
            "module.vpc.aws_internet_gateway.internet_gateway",
            "module.vpc.aws_route_table.public_route_table",
            "module.vpc.aws_subnet.public_subnet_az",
            "module.vpc.aws_vpc.vpc",
            "module.vpc.data.aws_availability_zones.available_zones"
          ]
        }
      ]
    },
    {
      "module": "module.vpc",
      "mode": "managed",
      "type": "aws_subnet",
      "name": "public_subnet_az",
      "provider": "provider[\"registry.terraform.io/hashicorp/aws\"]",
      "instances": [
        {
          "schema_version": 1,
          "attributes": {
            "arn": "arn:aws:ec2:us-east-2:481792101255:subnet/subnet-0a8de598ab1efcaa8",
            "assign_ipv6_address_on_creation": false,
            "availability_zone": "us-east-2a",
            "availability_zone_id": "use2-az1",
            "cidr_block": "192.162.0.0/24",
            "customer_owned_ipv4_pool": "",
            "enable_dns64": false,
            "enable_lni_at_device_index": 0,
            "enable_resource_name_dns_a_record_on_launch": false,
            "enable_resource_name_dns_aaaa_record_on_launch": false,
            "id": "subnet-0a8de598ab1efcaa8",
            "ipv6_cidr_block": "",
            "ipv6_cidr_block_association_id": "",
            "ipv6_native": false,
            "map_customer_owned_ip_on_launch": false,
            "map_public_ip_on_launch": true,
            "outpost_arn": "",
            "owner_id": "481792101255",
            "private_dns_hostname_type_on_launch": "ip-name",
            "tags": {
              "Name": "prod-devOps-Public Subnet"
            },
            "tags_all": {
              "Name": "prod-devOps-Public Subnet"
            },
            "timeouts": null,
            "vpc_id": "vpc-08808186c9be7d9c8"
          },
          "sensitive_attributes": [],
          "private": "eyJlMmJmYjczMC1lY2FhLTExZTYtOGY4OC0zNDM2M2JjN2M0YzAiOnsiY3JlYXRlIjo2MDAwMDAwMDAwMDAsImRlbGV0ZSI6MTIwMDAwMDAwMDAwMH0sInNjaGVtYV92ZXJzaW9uIjoiMSJ9",
          "dependencies": [
            "module.vpc.aws_vpc.vpc",
            "module.vpc.data.aws_availability_zones.available_zones"
          ]
        }
      ]
    },
    {
      "module": "module.vpc",
      "mode": "managed",
      "type": "aws_vpc",
      "name": "vpc",
      "provider": "provider[\"registry.terraform.io/hashicorp/aws\"]",
      "instances": [
        {
          "schema_version": 1,
          "attributes": {
            "arn": "arn:aws:ec2:us-east-2:481792101255:vpc/vpc-08808186c9be7d9c8",
            "assign_generated_ipv6_cidr_block": false,
            "cidr_block": "192.162.0.0/16",
            "default_network_acl_id": "acl-07793ded363c94f5e",
            "default_route_table_id": "rtb-0d0a2acc18fc5fae6",
            "default_security_group_id": "sg-0efbe76cc961f23e0",
            "dhcp_options_id": "dopt-02919aed93f310695",
            "enable_classiclink": false,
            "enable_classiclink_dns_support": false,
            "enable_dns_hostnames": true,
            "enable_dns_support": true,
            "enable_network_address_usage_metrics": false,
            "id": "vpc-08808186c9be7d9c8",
            "instance_tenancy": "default",
            "ipv4_ipam_pool_id": null,
            "ipv4_netmask_length": null,
            "ipv6_association_id": "",
            "ipv6_cidr_block": "",
            "ipv6_cidr_block_network_border_group": "",
            "ipv6_ipam_pool_id": "",
            "ipv6_netmask_length": 0,
            "main_route_table_id": "rtb-0d0a2acc18fc5fae6",
            "owner_id": "481792101255",
            "tags": {
              "Name": "prod-devOps-vpc"
            },
            "tags_all": {
              "Name": "prod-devOps-vpc"
            }
          },
          "sensitive_attributes": [],
          "private": "eyJzY2hlbWFfdmVyc2lvbiI6IjEifQ=="
        }
      ]
    }
  ],
  "check_results": null
}
