{
  "version": 4,
  "terraform_version": "1.4.5",
  "serial": 142,
  "lineage": "7a3c032b-1d46-0db4-4814-0a69567ec5ac",
  "outputs": {
    "jenkins-server-public-ip": {
      "value": "18.223.213.56",
      "type": "string"
    },
    "k8-server-public-ip": {
      "value": "3.12.164.84",
      "type": "string"
    },
    "sonarqube-server-public-ip": {
      "value": "3.15.240.91",
      "type": "string"
    }
  },
  "resources": [
    {
      "module": "module.jenkins-server",
      "mode": "data",
      "type": "aws_ami",
      "name": "ubuntu-linux-1404",
      "provider": "provider[\"registry.terraform.io/hashicorp/aws\"]",
      "instances": [
        {
          "schema_version": 0,
          "attributes": {
            "architecture": "x86_64",
            "arn": "arn:aws:ec2:us-east-2::image/ami-0b6968e5c7117349a",
            "block_device_mappings": [
              {
                "device_name": "/dev/sda1",
                "ebs": {
                  "delete_on_termination": "true",
                  "encrypted": "false",
                  "iops": "0",
                  "snapshot_id": "snap-06f4f7e95b296c98d",
                  "throughput": "0",
                  "volume_size": "8",
                  "volume_type": "gp2"
                },
                "no_device": "",
                "virtual_name": ""
              },
              {
                "device_name": "/dev/sdb",
                "ebs": {},
                "no_device": "",
                "virtual_name": "ephemeral0"
              },
              {
                "device_name": "/dev/sdc",
                "ebs": {},
                "no_device": "",
                "virtual_name": "ephemeral1"
              }
            ],
            "boot_mode": "legacy-bios",
            "creation_date": "2023-09-19T04:17:17.000Z",
            "deprecation_time": "2025-09-19T04:17:17.000Z",
            "description": "Canonical, Ubuntu, 20.04 LTS, amd64 focal image build on 2023-09-18",
            "ena_support": true,
            "executable_users": null,
            "filter": [
              {
                "name": "name",
                "values": [
                  "ubuntu/images/hvm-ssd/ubuntu-focal-20.04-amd64-server-*"
                ]
              },
              {
                "name": "virtualization-type",
                "values": [
                  "hvm"
                ]
              }
            ],
            "hypervisor": "xen",
            "id": "ami-0b6968e5c7117349a",
            "image_id": "ami-0b6968e5c7117349a",
            "image_location": "amazon/ubuntu/images/hvm-ssd/ubuntu-focal-20.04-amd64-server-20230918",
            "image_owner_alias": "amazon",
            "image_type": "machine",
            "imds_support": "",
            "include_deprecated": false,
            "kernel_id": "",
            "most_recent": true,
            "name": "ubuntu/images/hvm-ssd/ubuntu-focal-20.04-amd64-server-20230918",
            "name_regex": null,
            "owner_id": "099720109477",
            "owners": [
              "099720109477"
            ],
            "platform": "",
            "platform_details": "Linux/UNIX",
            "product_codes": [],
            "public": true,
            "ramdisk_id": "",
            "root_device_name": "/dev/sda1",
            "root_device_type": "ebs",
            "root_snapshot_id": "snap-06f4f7e95b296c98d",
            "sriov_net_support": "simple",
            "state": "available",
            "state_reason": {
              "code": "UNSET",
              "message": "UNSET"
            },
            "tags": {},
            "timeouts": null,
            "tpm_support": "",
            "usage_operation": "RunInstances",
            "virtualization_type": "hvm"
          },
          "sensitive_attributes": []
        }
      ]
    },
    {
      "module": "module.jenkins-server",
      "mode": "data",
      "type": "aws_availability_zones",
      "name": "available_zones",
      "provider": "provider[\"registry.terraform.io/hashicorp/aws\"]",
      "instances": [
        {
          "schema_version": 0,
          "attributes": {
            "all_availability_zones": null,
            "exclude_names": null,
            "exclude_zone_ids": null,
            "filter": null,
            "group_names": [
              "us-east-2"
            ],
            "id": "us-east-2",
            "names": [
              "us-east-2a",
              "us-east-2b",
              "us-east-2c"
            ],
            "state": null,
            "timeouts": null,
            "zone_ids": [
              "use2-az1",
              "use2-az2",
              "use2-az3"
            ]
          },
          "sensitive_attributes": []
        }
      ]
    },
    {
      "module": "module.jenkins-server",
      "mode": "data",
      "type": "template_file",
      "name": "user_data",
      "provider": "provider[\"registry.terraform.io/hashicorp/template\"]",
      "instances": [
        {
          "schema_version": 0,
          "attributes": {
            "filename": null,
            "id": "78daf0ee0dbd5fdc900116286ba6cd687e053834329bfcd1eebdd9a0326eaa26",
            "rendered": "#!/bin/bash\n#################################\n# Author: Santosh\n# Date: 5th-July-2023\n# version 1\n# This code install jenkins in the ubuntu instances\n##################################\n\nsudo apt update -y\nsudo apt install openjdk-17-jre -y\ncurl -fsSL https://pkg.jenkins.io/debian-stable/jenkins.io-2023.key | sudo tee \\\n  /usr/share/keyrings/jenkins-keyring.asc \u003e /dev/null\necho deb [signed-by=/usr/share/keyrings/jenkins-keyring.asc] \\\n  https://pkg.jenkins.io/debian-stable binary/ | sudo tee \\\n  /etc/apt/sources.list.d/jenkins.list \u003e /dev/null\nsudo apt-get update\nsudo apt-get install jenkins -y\nsudo systemctl enable jenkins\nsudo systemctl start jenkins\n\nsudo apt-add-repository ppa:ansible/ansible\nsudo apt update\nsudo apt-get install ansible -y\n\n\ncd /opt/\nsudo wget https://dlcdn.apache.org/maven/maven-3/3.9.4/binaries/apache-maven-3.9.4-bin.zip\nsudo apt-get install unzip -y\nsudo unzip apache-maven-3.9.4-bin.zip\nsudo rm -rf apache-maven-3.9.4-bin.zip\n\nexport M2_HOME=/opt/apache-maven-3.9.4\nexport PATH=$PATH:$M2_HOME/bin\nsleep 5\nsource ~/.bashrc",
            "template": "#!/bin/bash\n#################################\n# Author: Santosh\n# Date: 5th-July-2023\n# version 1\n# This code install jenkins in the ubuntu instances\n##################################\n\nsudo apt update -y\nsudo apt install openjdk-17-jre -y\ncurl -fsSL https://pkg.jenkins.io/debian-stable/jenkins.io-2023.key | sudo tee \\\n  /usr/share/keyrings/jenkins-keyring.asc \u003e /dev/null\necho deb [signed-by=/usr/share/keyrings/jenkins-keyring.asc] \\\n  https://pkg.jenkins.io/debian-stable binary/ | sudo tee \\\n  /etc/apt/sources.list.d/jenkins.list \u003e /dev/null\nsudo apt-get update\nsudo apt-get install jenkins -y\nsudo systemctl enable jenkins\nsudo systemctl start jenkins\n\nsudo apt-add-repository ppa:ansible/ansible\nsudo apt update\nsudo apt-get install ansible -y\n\n\ncd /opt/\nsudo wget https://dlcdn.apache.org/maven/maven-3/3.9.4/binaries/apache-maven-3.9.4-bin.zip\nsudo apt-get install unzip -y\nsudo unzip apache-maven-3.9.4-bin.zip\nsudo rm -rf apache-maven-3.9.4-bin.zip\n\nexport M2_HOME=/opt/apache-maven-3.9.4\nexport PATH=$PATH:$M2_HOME/bin\nsleep 5\nsource ~/.bashrc",
            "vars": null
          },
          "sensitive_attributes": []
        }
      ]
    },
    {
      "module": "module.jenkins-server",
      "mode": "managed",
      "type": "aws_instance",
      "name": "jenkins-server",
      "provider": "provider[\"registry.terraform.io/hashicorp/aws\"]",
      "instances": [
        {
          "schema_version": 1,
          "attributes": {
            "ami": "ami-0b6968e5c7117349a",
            "arn": "arn:aws:ec2:us-east-2:481792101255:instance/i-03af268adfdaa9571",
            "associate_public_ip_address": true,
            "availability_zone": "us-east-2a",
            "capacity_reservation_specification": [
              {
                "capacity_reservation_preference": "open",
                "capacity_reservation_target": []
              }
            ],
            "cpu_core_count": 2,
            "cpu_options": [
              {
                "amd_sev_snp": "",
                "core_count": 2,
                "threads_per_core": 1
              }
            ],
            "cpu_threads_per_core": 1,
            "credit_specification": [
              {
                "cpu_credits": "standard"
              }
            ],
            "disable_api_stop": false,
            "disable_api_termination": false,
            "ebs_block_device": [],
            "ebs_optimized": false,
            "enclave_options": [
              {
                "enabled": false
              }
            ],
            "ephemeral_block_device": [],
            "get_password_data": false,
            "hibernation": false,
            "host_id": "",
            "host_resource_group_arn": null,
            "iam_instance_profile": "",
            "id": "i-03af268adfdaa9571",
            "instance_initiated_shutdown_behavior": "stop",
            "instance_state": "running",
            "instance_type": "t2.medium",
            "ipv6_address_count": 0,
            "ipv6_addresses": [],
            "key_name": "prod-keypair",
            "launch_template": [],
            "maintenance_options": [
              {
                "auto_recovery": "default"
              }
            ],
            "metadata_options": [
              {
                "http_endpoint": "enabled",
                "http_put_response_hop_limit": 1,
                "http_tokens": "optional",
                "instance_metadata_tags": "disabled"
              }
            ],
            "monitoring": false,
            "network_interface": [],
            "outpost_arn": "",
            "password_data": "",
            "placement_group": "",
            "placement_partition_number": 0,
            "primary_network_interface_id": "eni-0ecd11267106d8a1f",
            "private_dns": "ip-192-162-0-34.us-east-2.compute.internal",
            "private_dns_name_options": [
              {
                "enable_resource_name_dns_a_record": false,
                "enable_resource_name_dns_aaaa_record": false,
                "hostname_type": "ip-name"
              }
            ],
            "private_ip": "192.162.0.34",
            "public_dns": "ec2-18-223-213-56.us-east-2.compute.amazonaws.com",
            "public_ip": "18.223.213.56",
            "root_block_device": [
              {
                "delete_on_termination": true,
                "device_name": "/dev/sda1",
                "encrypted": false,
                "iops": 100,
                "kms_key_id": "",
                "tags": {},
                "throughput": 0,
                "volume_id": "vol-0542e1e312da12a54",
                "volume_size": 8,
                "volume_type": "gp2"
              }
            ],
            "secondary_private_ips": [],
            "security_groups": [
              "sg-03fe3758f578562bf",
              "sg-0ddfffda001431676"
            ],
            "source_dest_check": true,
            "subnet_id": "subnet-00b6340c52a7ab77c",
            "tags": {
              "Name": "prod-Jenkins-Server-devOps"
            },
            "tags_all": {
              "Name": "prod-Jenkins-Server-devOps"
            },
            "tenancy": "default",
            "timeouts": null,
            "user_data": "cbb79f434e2976b022aca78a1651fff847dbc7b6",
            "user_data_base64": null,
            "user_data_replace_on_change": false,
            "volume_tags": null,
            "vpc_security_group_ids": [
              "sg-03fe3758f578562bf",
              "sg-0ddfffda001431676"
            ]
          },
          "sensitive_attributes": [],
          "private": "eyJlMmJmYjczMC1lY2FhLTExZTYtOGY4OC0zNDM2M2JjN2M0YzAiOnsiY3JlYXRlIjo2MDAwMDAwMDAwMDAsImRlbGV0ZSI6MTIwMDAwMDAwMDAwMCwidXBkYXRlIjo2MDAwMDAwMDAwMDB9LCJzY2hlbWFfdmVyc2lvbiI6IjEifQ==",
          "dependencies": [
            "module.jenkins-server.data.aws_ami.ubuntu-linux-1404",
            "module.jenkins-server.data.template_file.user_data",
            "module.security.aws_security_group.security_group_port_22",
            "module.security.aws_security_group.security_group_port_8080",
            "module.vpc.aws_subnet.public_subnet_az",
            "module.vpc.aws_vpc.vpc",
            "module.vpc.data.aws_availability_zones.available_zones"
          ]
        }
      ]
    },
    {
      "module": "module.k8-server",
      "mode": "data",
      "type": "aws_ami",
      "name": "ubuntu-linux-1404",
      "provider": "provider[\"registry.terraform.io/hashicorp/aws\"]",
      "instances": [
        {
          "schema_version": 0,
          "attributes": {
            "architecture": "x86_64",
            "arn": "arn:aws:ec2:us-east-2::image/ami-0b6968e5c7117349a",
            "block_device_mappings": [
              {
                "device_name": "/dev/sda1",
                "ebs": {
                  "delete_on_termination": "true",
                  "encrypted": "false",
                  "iops": "0",
                  "snapshot_id": "snap-06f4f7e95b296c98d",
                  "throughput": "0",
                  "volume_size": "8",
                  "volume_type": "gp2"
                },
                "no_device": "",
                "virtual_name": ""
              },
              {
                "device_name": "/dev/sdb",
                "ebs": {},
                "no_device": "",
                "virtual_name": "ephemeral0"
              },
              {
                "device_name": "/dev/sdc",
                "ebs": {},
                "no_device": "",
                "virtual_name": "ephemeral1"
              }
            ],
            "boot_mode": "legacy-bios",
            "creation_date": "2023-09-19T04:17:17.000Z",
            "deprecation_time": "2025-09-19T04:17:17.000Z",
            "description": "Canonical, Ubuntu, 20.04 LTS, amd64 focal image build on 2023-09-18",
            "ena_support": true,
            "executable_users": null,
            "filter": [
              {
                "name": "name",
                "values": [
                  "ubuntu/images/hvm-ssd/ubuntu-focal-20.04-amd64-server-*"
                ]
              },
              {
                "name": "virtualization-type",
                "values": [
                  "hvm"
                ]
              }
            ],
            "hypervisor": "xen",
            "id": "ami-0b6968e5c7117349a",
            "image_id": "ami-0b6968e5c7117349a",
            "image_location": "amazon/ubuntu/images/hvm-ssd/ubuntu-focal-20.04-amd64-server-20230918",
            "image_owner_alias": "amazon",
            "image_type": "machine",
            "imds_support": "",
            "include_deprecated": false,
            "kernel_id": "",
            "most_recent": true,
            "name": "ubuntu/images/hvm-ssd/ubuntu-focal-20.04-amd64-server-20230918",
            "name_regex": null,
            "owner_id": "099720109477",
            "owners": [
              "099720109477"
            ],
            "platform": "",
            "platform_details": "Linux/UNIX",
            "product_codes": [],
            "public": true,
            "ramdisk_id": "",
            "root_device_name": "/dev/sda1",
            "root_device_type": "ebs",
            "root_snapshot_id": "snap-06f4f7e95b296c98d",
            "sriov_net_support": "simple",
            "state": "available",
            "state_reason": {
              "code": "UNSET",
              "message": "UNSET"
            },
            "tags": {},
            "timeouts": null,
            "tpm_support": "",
            "usage_operation": "RunInstances",
            "virtualization_type": "hvm"
          },
          "sensitive_attributes": []
        }
      ]
    },
    {
      "module": "module.k8-server",
      "mode": "data",
      "type": "aws_availability_zones",
      "name": "available_zones",
      "provider": "provider[\"registry.terraform.io/hashicorp/aws\"]",
      "instances": [
        {
          "schema_version": 0,
          "attributes": {
            "all_availability_zones": null,
            "exclude_names": null,
            "exclude_zone_ids": null,
            "filter": null,
            "group_names": [
              "us-east-2"
            ],
            "id": "us-east-2",
            "names": [
              "us-east-2a",
              "us-east-2b",
              "us-east-2c"
            ],
            "state": null,
            "timeouts": null,
            "zone_ids": [
              "use2-az1",
              "use2-az2",
              "use2-az3"
            ]
          },
          "sensitive_attributes": []
        }
      ]
    },
    {
      "module": "module.k8-server",
      "mode": "data",
      "type": "template_file",
      "name": "user_data",
      "provider": "provider[\"registry.terraform.io/hashicorp/template\"]",
      "instances": [
        {
          "schema_version": 0,
          "attributes": {
            "filename": null,
            "id": "7f4d4c31da835f6cba45a2da2f62a400e63487a3429dd9669c879f5b7efe2874",
            "rendered": "#!/bin/bash\n#################################\n# Author: Santosh\n# Date: 5th-July-2023\n# version 1\n# This code install docker in the ubuntu instances\n##################################\n\n# Update the apt package index and install packages to allow apt to use a repository over HTTPS:\nsudo apt-get update -y\nsudo apt-get install ca-certificates curl gnupg -y\n#Add Docker’s official GPG key:\nsudo install -m 0755 -d /etc/apt/keyrings\ncurl -fsSL https://download.docker.com/linux/ubuntu/gpg | sudo gpg --dearmor -o /etc/apt/keyrings/docker.gpg\nsudo chmod a+r /etc/apt/keyrings/docker.gpg \n\n#Use the following command to set up the repository:\necho \\\n  \"deb [arch=\"$(dpkg --print-architecture)\" signed-by=/etc/apt/keyrings/docker.gpg] https://download.docker.com/linux/ubuntu \\\n  \"$(. /etc/os-release \u0026\u0026 echo \"$VERSION_CODENAME\")\" stable\" | \\\n  sudo tee /etc/apt/sources.list.d/docker.list \u003e /dev/null\n\n  sudo apt-get update -y\n  sudo apt-get install docker-ce docker-ce-cli containerd.io docker-buildx-plugin docker-compose-plugin -y\n  sudo service docker start\n\n",
            "template": "#!/bin/bash\n#################################\n# Author: Santosh\n# Date: 5th-July-2023\n# version 1\n# This code install docker in the ubuntu instances\n##################################\n\n# Update the apt package index and install packages to allow apt to use a repository over HTTPS:\nsudo apt-get update -y\nsudo apt-get install ca-certificates curl gnupg -y\n#Add Docker’s official GPG key:\nsudo install -m 0755 -d /etc/apt/keyrings\ncurl -fsSL https://download.docker.com/linux/ubuntu/gpg | sudo gpg --dearmor -o /etc/apt/keyrings/docker.gpg\nsudo chmod a+r /etc/apt/keyrings/docker.gpg \n\n#Use the following command to set up the repository:\necho \\\n  \"deb [arch=\"$(dpkg --print-architecture)\" signed-by=/etc/apt/keyrings/docker.gpg] https://download.docker.com/linux/ubuntu \\\n  \"$(. /etc/os-release \u0026\u0026 echo \"$VERSION_CODENAME\")\" stable\" | \\\n  sudo tee /etc/apt/sources.list.d/docker.list \u003e /dev/null\n\n  sudo apt-get update -y\n  sudo apt-get install docker-ce docker-ce-cli containerd.io docker-buildx-plugin docker-compose-plugin -y\n  sudo service docker start\n\n",
            "vars": null
          },
          "sensitive_attributes": []
        }
      ]
    },
    {
      "module": "module.k8-server",
      "mode": "managed",
      "type": "aws_instance",
      "name": "k8-server",
      "provider": "provider[\"registry.terraform.io/hashicorp/aws\"]",
      "instances": [
        {
          "schema_version": 1,
          "attributes": {
            "ami": "ami-0b6968e5c7117349a",
            "arn": "arn:aws:ec2:us-east-2:481792101255:instance/i-01e60e7c0d86e8279",
            "associate_public_ip_address": true,
            "availability_zone": "us-east-2a",
            "capacity_reservation_specification": [
              {
                "capacity_reservation_preference": "open",
                "capacity_reservation_target": []
              }
            ],
            "cpu_core_count": 2,
            "cpu_options": [
              {
                "amd_sev_snp": "",
                "core_count": 2,
                "threads_per_core": 1
              }
            ],
            "cpu_threads_per_core": 1,
            "credit_specification": [
              {
                "cpu_credits": "standard"
              }
            ],
            "disable_api_stop": false,
            "disable_api_termination": false,
            "ebs_block_device": [],
            "ebs_optimized": false,
            "enclave_options": [
              {
                "enabled": false
              }
            ],
            "ephemeral_block_device": [],
            "get_password_data": false,
            "hibernation": false,
            "host_id": "",
            "host_resource_group_arn": null,
            "iam_instance_profile": "",
            "id": "i-01e60e7c0d86e8279",
            "instance_initiated_shutdown_behavior": "stop",
            "instance_state": "running",
            "instance_type": "t2.medium",
            "ipv6_address_count": 0,
            "ipv6_addresses": [],
            "key_name": "prod-keypair",
            "launch_template": [],
            "maintenance_options": [
              {
                "auto_recovery": "default"
              }
            ],
            "metadata_options": [
              {
                "http_endpoint": "enabled",
                "http_put_response_hop_limit": 1,
                "http_tokens": "optional",
                "instance_metadata_tags": "disabled"
              }
            ],
            "monitoring": false,
            "network_interface": [],
            "outpost_arn": "",
            "password_data": "",
            "placement_group": "",
            "placement_partition_number": 0,
            "primary_network_interface_id": "eni-06b32412b133a270f",
            "private_dns": "ip-192-162-0-38.us-east-2.compute.internal",
            "private_dns_name_options": [
              {
                "enable_resource_name_dns_a_record": false,
                "enable_resource_name_dns_aaaa_record": false,
                "hostname_type": "ip-name"
              }
            ],
            "private_ip": "192.162.0.38",
            "public_dns": "ec2-3-12-164-84.us-east-2.compute.amazonaws.com",
            "public_ip": "3.12.164.84",
            "root_block_device": [
              {
                "delete_on_termination": true,
                "device_name": "/dev/sda1",
                "encrypted": false,
                "iops": 100,
                "kms_key_id": "",
                "tags": {},
                "throughput": 0,
                "volume_id": "vol-0561c8de4e4899a80",
                "volume_size": 8,
                "volume_type": "gp2"
              }
            ],
            "secondary_private_ips": [],
            "security_groups": [
              "sg-028675b4eaad44f4d",
              "sg-0ddfffda001431676"
            ],
            "source_dest_check": true,
            "subnet_id": "subnet-00b6340c52a7ab77c",
            "tags": {
              "Name": "prod-k8-Server-devOps"
            },
            "tags_all": {
              "Name": "prod-k8-Server-devOps"
            },
            "tenancy": "default",
            "timeouts": null,
            "user_data": "6980a9424822ff1afff0a1cfffc845a5c7f363de",
            "user_data_base64": null,
            "user_data_replace_on_change": false,
            "volume_tags": null,
            "vpc_security_group_ids": [
              "sg-028675b4eaad44f4d",
              "sg-0ddfffda001431676"
            ]
          },
          "sensitive_attributes": [],
          "private": "eyJlMmJmYjczMC1lY2FhLTExZTYtOGY4OC0zNDM2M2JjN2M0YzAiOnsiY3JlYXRlIjo2MDAwMDAwMDAwMDAsImRlbGV0ZSI6MTIwMDAwMDAwMDAwMCwidXBkYXRlIjo2MDAwMDAwMDAwMDB9LCJzY2hlbWFfdmVyc2lvbiI6IjEifQ==",
          "dependencies": [
            "module.k8-server.data.aws_ami.ubuntu-linux-1404",
            "module.k8-server.data.template_file.user_data",
            "module.security.aws_security_group.security_group_port_22",
            "module.security.aws_security_group.security_group_port_30000",
            "module.vpc.aws_subnet.public_subnet_az",
            "module.vpc.aws_vpc.vpc",
            "module.vpc.data.aws_availability_zones.available_zones"
          ]
        }
      ]
    },
    {
      "module": "module.keypair",
      "mode": "managed",
      "type": "aws_key_pair",
      "name": "keypair",
      "provider": "provider[\"registry.terraform.io/hashicorp/aws\"]",
      "instances": [
        {
          "schema_version": 1,
          "attributes": {
            "arn": "arn:aws:ec2:us-east-2:481792101255:key-pair/prod-keypair",
            "fingerprint": "9b:14:23:c5:8d:2c:18:a4:f2:6c:41:b8:5b:67:64:1a",
            "id": "prod-keypair",
            "key_name": "prod-keypair",
            "key_name_prefix": "",
            "key_pair_id": "key-07b4d2b4e6975811d",
            "key_type": "rsa",
            "public_key": "ssh-rsa AAAAB3NzaC1yc2EAAAADAQABAAACAQDCidE965N/LvlWPLWGA5QubwDIoKPNxITo6+6AN3Nncs5Z9NVu5RnMEzBxtdK0p2dlTPzMdb1uF1Wp5CsM70tyaX9Yvv6tlqSilXkoBD+LVotpOEYSk+LrVsH3daHMSEdJQK9/oI3HWc9xb75kevKcUK679JQ/MaI7/dKjfy1tNbibuG72BeH2+gQlG2nWQ98izWdEe1HsXwyhvf4WFL0Dh0U6heKsdkh7EepBaDbBrUnNrjQuKFsC7h0XaXcvW7zalQZnVqPcLkteyUmg9o0scdP1ZIfhXAghU6TEmbLdTo/8ABRZVsPrS5FBYclGfWu50SQaP7azbIknv7ERtyADaPqT7XRQiW/czDRRbG1rbpHlOIVvFmlF+pwghjamqS9g/j6Qr/IPRitlpaNpQrpUBmh8MrDxP1E5To68H5RXEFCMyZSXQQjsOrNx3pxOovkpH3JvDCIUy0tA9VLV3WkWR2ab5MICaB98GdwNuykOxeLEoFfrqHTJHc4WsojTwyNGWsWYHyWHDXblEnrpQ6QycpJWLnBIYyZ49+9uwD+P2FZDk7oAw4tiwfXAzlla1V2VXsKc0WyOiOkLlogw7eALcFH35uwgOqTdRTX83csRzk3K4qK8YdFBI0K3I13aXw+Z7pF4/VHEaUEo+buMMBa/6Gis/AKuyv/5Gxf+YLeZnw==",
            "tags": null,
            "tags_all": {}
          },
          "sensitive_attributes": [],
          "private": "eyJzY2hlbWFfdmVyc2lvbiI6IjEifQ==",
          "dependencies": [
            "module.keypair.tls_private_key.private_key"
          ]
        }
      ]
    },
    {
      "module": "module.keypair",
      "mode": "managed",
      "type": "local_file",
      "name": "save-key",
      "provider": "provider[\"registry.terraform.io/hashicorp/local\"]",
      "instances": [
        {
          "schema_version": 0,
          "attributes": {
            "content": "-----BEGIN RSA PRIVATE KEY-----\nMIIJKAIBAAKCAgEAwonRPeuTfy75Vjy1hgOULm8AyKCjzcSE6OvugDdzZ3LOWfTV\nbuUZzBMwcbXStKdnZUz8zHW9bhdVqeQrDO9Lcml/WL7+rZakopV5KAQ/i1aLaThG\nEpPi61bB93WhzEhHSUCvf6CNx1nPcW++ZHrynFCuu/SUPzGiO/3So38tbTW4m7hu\n9gXh9voEJRtp1kPfIs1nRHtR7F8Mob3+FhS9A4dFOoXirHZIexHqQWg2wa1Jza40\nLihbAu4dF2l3L1u82pUGZ1aj3C5LXslJoPaNLHHT9WSH4VwIIVOkxJmy3U6P/AAU\nWVbD60uRQWHJRn1rudEkGj+2s2yJJ7+xEbcgA2j6k+10UIlv3Mw0UWxta26R5TiF\nbxZpRfqcIIY2pqkvYP4+kK/yD0YrZaWjaUK6VAZofDKw8T9ROU6OvB+UVxBQjMmU\nl0EI7Dqzcd6cTqL5KR9ybwwiFMtLQPVS1d1pFkdmm+TCAmgffBncDbspDsXixKBX\n66h0yR3OFrKI08MjRlrFmB8lhw125RJ66UOkMnKSVi5wSGMmePfvbsA/j9hWQ5O6\nAMOLYsH1wM5ZWtVdlV7CnNFsjojpC5aIMO3gC3BR9+bsIDqk3UU1/N3LEc5NyuKi\nvGHRQSNCtyNd2l8Pme6ReP1RxGlBKPm7jDAWv+horPwCrsr/+RsX/mC3mZ8CAwEA\nAQKCAgBmzb/WkgxjFKbM7M4coP2IwD5Qx5tonOaD1FI4TZVd4KytmxXDQaytTKK4\nJJbRwvl/7fxV7A6MBCbP3fTmI/rh3mBevKgHgelExeq9u+j8sGKB2ywkmyQ6q6Fb\nLT2wn62UR2u27VifNZXLY3rgzJwzAOwmBWzmLEuImmza29Vcthv1prR0rM0p4Bua\npG78vOdJE/TzmpvDZsNdIfMJJjJwj+aEs8YCz4skBmad4/2zweiTmfCXR9o4pS6Y\ndbJ3Q2p8tG4q4/052PkZgRO4zTHzf7+8GUE5VZIyUmprPrHoA6FRUZVvVMu6Jzf+\nrjdYWeU40A3dFThufvfIGqPvMa/nUBPEjo3XiLMO8P4ExVkHaKk8w8mF2xIiLzUk\nbVMzZ2aYNiJTX7AeB6oAZawYQZMI0w65wVm+XuIhHwIFWA9Il3OqWrvdikEkrSrS\nbcKwRukyZhtEYfmEEPrkQ6W/59K0gdFqRolGfMjYTu0t3dBCPstkLQ4AnbNFZ/Se\nYM0aAmYhoIbuskqrJqNtmCmnKPfuI09XU4twFeHKWhxN0e05mmDI+P6DdipxePQh\nj6h5BsqL7arxT/h/QwPLOdgRNU6/bOoKBVoc/Lv5VOl4BDdV5StBwdUwjdUQY3aD\nXRO6cLr1Q+O5Pmlt6kl1nFkfHOYcnK3XSjrcc6/9G56PaSUrkQKCAQEAx3jku63+\nUydiRIG59JQgWUwdoKOwskWEXBLTTJVl4ZM8xZpwFiHRtOXQZJez+/0UHexB4D2C\nzIrWmpKBvpyFjn/XAkhDyCjPQ0ShAp4AM7N6tYUJUZIHjLWiRKI/7zoepugsprhO\nWGzfTr16WrhaVtRW7AI6PijMXDeNHI0ONAIIEUl/Q8mn2SGTjJYkk8uZ6iqOG6/y\nSq0tEX16CbdEk6rrINb8alWrpbvt4WDNenx7k4MPSxBDVJxZI8Fa2cB1+BrR7/Bo\n90zbTm0lfQ/4h7ZXpMIXfznQZQSMAzRaa9PmXedSywVjWD+qpwQu68PUgwCcxCGQ\nsz7TkdNSMG5eGQKCAQEA+ar8Ka1/tFxOWziz5tSnLgP5ihn0HD9GKpncqrR1fHUj\nSrmRMy6g3tVrY64XcRl3ep3xdAVPgGyEHs9310iqPmwhoRS5FDG0S+NIsNi7zn1i\nMdsMHcLmSx8J9pvRalL6SLtQCrwaqLKvimxADJCMWQRHoiZMnZMUsGySXyIA46s0\nHG9d5QKGJVS/YCCLGaiwVwv+MH2AoCiTjLBqxeZMhxx9NbVtrTBOobebNTfSJB3d\nBkAhKWriKcIsTgPglkN830h9a+2HTICjzuR60fSsLxWmm0ufZnbIJa8wtZ+d6b8g\np4FgBX/FmrRtZ5uCNf837MbGTqUdAnDQakqsrbw8dwKCAQA0Qa6ioF19SVcMHXQq\n59dlrXQhjmCPA3k+acwjRwxOwTTti50Ln0aB/qbOg5OqU02+3RMQ/OxUS5cXHYSR\n/A1dHI6mUWo4eMB7nfIUbnIdGUrvXO/pB7mkmjztgBgBwxceoLp53tTfg34o8aip\nNZytHKm84ISDnkqTahY0wZtT8qhMZxXJG342ev5dmUPx2Cf1Wbqq9DgkaiPhbh7X\nhsSXbvJ0Qv4TmWgDXi1emu6ZxRzWs0IBZzxMYT1VCaWUYEBHhDc1haTqDJ9zd1KX\n5eQ1IYbqadKgCPRYUo2flUqO7w9t0Fk3SK0TBHLfmE/2gfIdc76d/zEaVD42+MaS\nW4eZAoIBAQDtphHs4hdC6PI05p5nxFd195aaG+Y+1QPHHTnsy2VhmGaFhGlv3JyI\nP4G/GkF6CJGwB5ODqmJojeKdKUKbi7FxRaAlIgKh9EX4Tlos68Co5rSHXEgGNDTd\noKftM5h8qotOm+2uqip+Fcf97NhynUzalrZQ5D/dZdk1rcMOBuHt1FMAFgm8KVDj\nS+32ZEPDosxnryS/p1a+HKGGM48O3Q5PNZEBhLbnOao/SPPWDlJayopOntByCilJ\nMmjVwd8PaSH9r5SjHS/CZFiIYPd/znPvRZ6XB76s27fcFww4dbzseF9u0jlCQsMn\nZUMWcfHZ0Bu9p9+vkH8yiYv5ASepIBo1AoIBAHAuiQ7QDS89R7CNmLS9mloozPJL\nwnQhbZ3gsCrK5EYJ5+T5dujIt58/5my4+Ewc4ONDCBTtwxxNgkNxKchF/NFVzRbF\nRgbegwhRTym3XOciOVwJjNrYEVE4ZL0rTeFO6Bz++XNg1iceeugBoarc4xbvPPmI\n82Kd9+bdcgSMnNr3bsrDKDYZA6/pI2M9pmjPwnaN8X6N8FQxsb5fThavtg++jyVw\nVcTYr37UZuzLJIk0H1SV7gsnsUX5mzqj2tSRoOv8E9kzlPbWIPYxRQvGH9sl2bod\njIaxY7ApHwOvGpZlHZuUDN8O6ABx2QwlY3j1i33JLk4Z21Mb4GCEUBzkiQ8=\n-----END RSA PRIVATE KEY-----\n",
            "content_base64": null,
            "content_base64sha256": "b81kBl7URlSotJH5GCz4dFoA7s3u21v1u8LWlUvp1+4=",
            "content_base64sha512": "v2v/XKjSWsVnDE1ZXbQolZJkDZKcQoYV8lSiJcW7tU6/RJ7gacDJTWZKPrQHPxv43EH9wdkmsosmO+lBlm8gCA==",
            "content_md5": "9bc0d01c6a5df8b00856d4bb75698800",
            "content_sha1": "839529924b74c9a56c870f4f9cf98d98f5356d26",
            "content_sha256": "6fcd64065ed44654a8b491f9182cf8745a00eecdeedb5bf5bbc2d6954be9d7ee",
            "content_sha512": "bf6bff5ca8d25ac5670c4d595db4289592640d929c428615f254a225c5bbb54ebf449ee069c0c94d664a3eb4073f1bf8dc41fdc1d926b28b263be941966f2008",
            "directory_permission": "0777",
            "file_permission": "0400",
            "filename": "../modules/keypair/prod-keypair.pem",
            "id": "839529924b74c9a56c870f4f9cf98d98f5356d26",
            "sensitive_content": null,
            "source": null
          },
          "sensitive_attributes": [
            [
              {
                "type": "get_attr",
                "value": "content"
              }
            ]
          ],
          "dependencies": [
            "module.keypair.tls_private_key.private_key"
          ]
        }
      ]
    },
    {
      "module": "module.keypair",
      "mode": "managed",
      "type": "tls_private_key",
      "name": "private_key",
      "provider": "provider[\"registry.terraform.io/hashicorp/tls\"]",
      "instances": [
        {
          "schema_version": 1,
          "attributes": {
            "algorithm": "RSA",
            "ecdsa_curve": "P224",
            "id": "bfb05897763e2e61fd702f495a39f1aa3aa03970",
            "private_key_openssh": "-----BEGIN OPENSSH PRIVATE KEY-----\nb3BlbnNzaC1rZXktdjEAAAAABG5vbmUAAAAEbm9uZQAAAAAAAAABAAACFwAAAAdz\nc2gtcnNhAAAAAwEAAQAAAgEAwonRPeuTfy75Vjy1hgOULm8AyKCjzcSE6OvugDdz\nZ3LOWfTVbuUZzBMwcbXStKdnZUz8zHW9bhdVqeQrDO9Lcml/WL7+rZakopV5KAQ/\ni1aLaThGEpPi61bB93WhzEhHSUCvf6CNx1nPcW++ZHrynFCuu/SUPzGiO/3So38t\nbTW4m7hu9gXh9voEJRtp1kPfIs1nRHtR7F8Mob3+FhS9A4dFOoXirHZIexHqQWg2\nwa1Jza40LihbAu4dF2l3L1u82pUGZ1aj3C5LXslJoPaNLHHT9WSH4VwIIVOkxJmy\n3U6P/AAUWVbD60uRQWHJRn1rudEkGj+2s2yJJ7+xEbcgA2j6k+10UIlv3Mw0UWxt\na26R5TiFbxZpRfqcIIY2pqkvYP4+kK/yD0YrZaWjaUK6VAZofDKw8T9ROU6OvB+U\nVxBQjMmUl0EI7Dqzcd6cTqL5KR9ybwwiFMtLQPVS1d1pFkdmm+TCAmgffBncDbsp\nDsXixKBX66h0yR3OFrKI08MjRlrFmB8lhw125RJ66UOkMnKSVi5wSGMmePfvbsA/\nj9hWQ5O6AMOLYsH1wM5ZWtVdlV7CnNFsjojpC5aIMO3gC3BR9+bsIDqk3UU1/N3L\nEc5NyuKivGHRQSNCtyNd2l8Pme6ReP1RxGlBKPm7jDAWv+horPwCrsr/+RsX/mC3\nmZ8AAAc4AAThHAAE4RwAAAAHc3NoLXJzYQAAAgEAwonRPeuTfy75Vjy1hgOULm8A\nyKCjzcSE6OvugDdzZ3LOWfTVbuUZzBMwcbXStKdnZUz8zHW9bhdVqeQrDO9Lcml/\nWL7+rZakopV5KAQ/i1aLaThGEpPi61bB93WhzEhHSUCvf6CNx1nPcW++ZHrynFCu\nu/SUPzGiO/3So38tbTW4m7hu9gXh9voEJRtp1kPfIs1nRHtR7F8Mob3+FhS9A4dF\nOoXirHZIexHqQWg2wa1Jza40LihbAu4dF2l3L1u82pUGZ1aj3C5LXslJoPaNLHHT\n9WSH4VwIIVOkxJmy3U6P/AAUWVbD60uRQWHJRn1rudEkGj+2s2yJJ7+xEbcgA2j6\nk+10UIlv3Mw0UWxta26R5TiFbxZpRfqcIIY2pqkvYP4+kK/yD0YrZaWjaUK6VAZo\nfDKw8T9ROU6OvB+UVxBQjMmUl0EI7Dqzcd6cTqL5KR9ybwwiFMtLQPVS1d1pFkdm\nm+TCAmgffBncDbspDsXixKBX66h0yR3OFrKI08MjRlrFmB8lhw125RJ66UOkMnKS\nVi5wSGMmePfvbsA/j9hWQ5O6AMOLYsH1wM5ZWtVdlV7CnNFsjojpC5aIMO3gC3BR\n9+bsIDqk3UU1/N3LEc5NyuKivGHRQSNCtyNd2l8Pme6ReP1RxGlBKPm7jDAWv+ho\nrPwCrsr/+RsX/mC3mZ8AAAADAQABAAACAGbNv9aSDGMUpszszhyg/YjAPlDHm2ic\n5oPUUjhNlV3grK2bFcNBrK1MorgkltHC+X/t/FXsDowEJs/d9OYj+uHeYF68qAeB\n6UTF6r276PywYoHbLCSbJDqroVstPbCfrZRHa7btWJ81lctjeuDMnDMA7CYFbOYs\nS4iabNrb1Vy2G/WmtHSszSngG5qkbvy850kT9POam8Nmw10h8wkmMnCP5oSzxgLP\niyQGZp3j/bPB6JOZ8JdH2jilLph1sndDany0birj/TnY+RmBE7jNMfN/v7wZQTlV\nkjJSams+segDoVFRlW9Uy7onN/6uN1hZ5TjQDd0VOG5+98gao+8xr+dQE8SOjdeI\nsw7w/gTFWQdoqTzDyYXbEiIvNSRtUzNnZpg2IlNfsB4HqgBlrBhBkwjTDrnBWb5e\n4iEfAgVYD0iXc6pau92KQSStKtJtwrBG6TJmG0Rh+YQQ+uRDpb/n0rSB0WpGiUZ8\nyNhO7S3d0EI+y2QtDgCds0Vn9J5gzRoCZiGghu6ySqsmo22YKaco9+4jT1dTi3AV\n4cpaHE3R7TmaYMj4/oN2KnF49CGPqHkGyovtqvFP+H9DA8s52BE1Tr9s6goFWhz8\nu/lU6XgEN1XlK0HB1TCN1RBjdoNdE7pwuvVD47k+aW3qSXWcWR8c5hycrddKOtxz\nr/0bno9pJSuRAAABAHAuiQ7QDS89R7CNmLS9mloozPJLwnQhbZ3gsCrK5EYJ5+T5\ndujIt58/5my4+Ewc4ONDCBTtwxxNgkNxKchF/NFVzRbFRgbegwhRTym3XOciOVwJ\njNrYEVE4ZL0rTeFO6Bz++XNg1iceeugBoarc4xbvPPmI82Kd9+bdcgSMnNr3bsrD\nKDYZA6/pI2M9pmjPwnaN8X6N8FQxsb5fThavtg++jyVwVcTYr37UZuzLJIk0H1SV\n7gsnsUX5mzqj2tSRoOv8E9kzlPbWIPYxRQvGH9sl2bodjIaxY7ApHwOvGpZlHZuU\nDN8O6ABx2QwlY3j1i33JLk4Z21Mb4GCEUBzkiQ8AAAEBAMd45Lut/lMnYkSBufSU\nIFlMHaCjsLJFhFwS00yVZeGTPMWacBYh0bTl0GSXs/v9FB3sQeA9gsyK1pqSgb6c\nhY5/1wJIQ8goz0NEoQKeADOzerWFCVGSB4y1okSiP+86HqboLKa4Tlhs3069elq4\nWlbUVuwCOj4ozFw3jRyNDjQCCBFJf0PJp9khk4yWJJPLmeoqjhuv8kqtLRF9egm3\nRJOq6yDW/GpVq6W77eFgzXp8e5ODD0sQQ1ScWSPBWtnAdfga0e/waPdM205tJX0P\n+Ie2V6TCF3850GUEjAM0WmvT5l3nUssFY1g/qqcELuvD1IMAnMQhkLM+05HTUjBu\nXhkAAAEBAPmq/Cmtf7RcTls4s+bUpy4D+YoZ9Bw/RiqZ3Kq0dXx1I0q5kTMuoN7V\na2OuF3EZd3qd8XQFT4BshB7Pd9dIqj5sIaEUuRQxtEvjSLDYu859YjHbDB3C5ksf\nCfab0WpS+ki7UAq8Gqiyr4psQAyQjFkER6ImTJ2TFLBskl8iAOOrNBxvXeUChiVU\nv2AgixmosFcL/jB9gKAok4ywasXmTIccfTW1ba0wTqG3mzU30iQd3QZAISlq4inC\nLE4D4JZDfN9IfWvth0yAo87ketH0rC8VpptLn2Z2yCWvMLWfnem/IKeBYAV/xZq0\nbWebgjX/N+zGxk6lHQJw0GpKrK28PHcAAAAAAQID\n-----END OPENSSH PRIVATE KEY-----\n",
            "private_key_pem": "-----BEGIN RSA PRIVATE KEY-----\nMIIJKAIBAAKCAgEAwonRPeuTfy75Vjy1hgOULm8AyKCjzcSE6OvugDdzZ3LOWfTV\nbuUZzBMwcbXStKdnZUz8zHW9bhdVqeQrDO9Lcml/WL7+rZakopV5KAQ/i1aLaThG\nEpPi61bB93WhzEhHSUCvf6CNx1nPcW++ZHrynFCuu/SUPzGiO/3So38tbTW4m7hu\n9gXh9voEJRtp1kPfIs1nRHtR7F8Mob3+FhS9A4dFOoXirHZIexHqQWg2wa1Jza40\nLihbAu4dF2l3L1u82pUGZ1aj3C5LXslJoPaNLHHT9WSH4VwIIVOkxJmy3U6P/AAU\nWVbD60uRQWHJRn1rudEkGj+2s2yJJ7+xEbcgA2j6k+10UIlv3Mw0UWxta26R5TiF\nbxZpRfqcIIY2pqkvYP4+kK/yD0YrZaWjaUK6VAZofDKw8T9ROU6OvB+UVxBQjMmU\nl0EI7Dqzcd6cTqL5KR9ybwwiFMtLQPVS1d1pFkdmm+TCAmgffBncDbspDsXixKBX\n66h0yR3OFrKI08MjRlrFmB8lhw125RJ66UOkMnKSVi5wSGMmePfvbsA/j9hWQ5O6\nAMOLYsH1wM5ZWtVdlV7CnNFsjojpC5aIMO3gC3BR9+bsIDqk3UU1/N3LEc5NyuKi\nvGHRQSNCtyNd2l8Pme6ReP1RxGlBKPm7jDAWv+horPwCrsr/+RsX/mC3mZ8CAwEA\nAQKCAgBmzb/WkgxjFKbM7M4coP2IwD5Qx5tonOaD1FI4TZVd4KytmxXDQaytTKK4\nJJbRwvl/7fxV7A6MBCbP3fTmI/rh3mBevKgHgelExeq9u+j8sGKB2ywkmyQ6q6Fb\nLT2wn62UR2u27VifNZXLY3rgzJwzAOwmBWzmLEuImmza29Vcthv1prR0rM0p4Bua\npG78vOdJE/TzmpvDZsNdIfMJJjJwj+aEs8YCz4skBmad4/2zweiTmfCXR9o4pS6Y\ndbJ3Q2p8tG4q4/052PkZgRO4zTHzf7+8GUE5VZIyUmprPrHoA6FRUZVvVMu6Jzf+\nrjdYWeU40A3dFThufvfIGqPvMa/nUBPEjo3XiLMO8P4ExVkHaKk8w8mF2xIiLzUk\nbVMzZ2aYNiJTX7AeB6oAZawYQZMI0w65wVm+XuIhHwIFWA9Il3OqWrvdikEkrSrS\nbcKwRukyZhtEYfmEEPrkQ6W/59K0gdFqRolGfMjYTu0t3dBCPstkLQ4AnbNFZ/Se\nYM0aAmYhoIbuskqrJqNtmCmnKPfuI09XU4twFeHKWhxN0e05mmDI+P6DdipxePQh\nj6h5BsqL7arxT/h/QwPLOdgRNU6/bOoKBVoc/Lv5VOl4BDdV5StBwdUwjdUQY3aD\nXRO6cLr1Q+O5Pmlt6kl1nFkfHOYcnK3XSjrcc6/9G56PaSUrkQKCAQEAx3jku63+\nUydiRIG59JQgWUwdoKOwskWEXBLTTJVl4ZM8xZpwFiHRtOXQZJez+/0UHexB4D2C\nzIrWmpKBvpyFjn/XAkhDyCjPQ0ShAp4AM7N6tYUJUZIHjLWiRKI/7zoepugsprhO\nWGzfTr16WrhaVtRW7AI6PijMXDeNHI0ONAIIEUl/Q8mn2SGTjJYkk8uZ6iqOG6/y\nSq0tEX16CbdEk6rrINb8alWrpbvt4WDNenx7k4MPSxBDVJxZI8Fa2cB1+BrR7/Bo\n90zbTm0lfQ/4h7ZXpMIXfznQZQSMAzRaa9PmXedSywVjWD+qpwQu68PUgwCcxCGQ\nsz7TkdNSMG5eGQKCAQEA+ar8Ka1/tFxOWziz5tSnLgP5ihn0HD9GKpncqrR1fHUj\nSrmRMy6g3tVrY64XcRl3ep3xdAVPgGyEHs9310iqPmwhoRS5FDG0S+NIsNi7zn1i\nMdsMHcLmSx8J9pvRalL6SLtQCrwaqLKvimxADJCMWQRHoiZMnZMUsGySXyIA46s0\nHG9d5QKGJVS/YCCLGaiwVwv+MH2AoCiTjLBqxeZMhxx9NbVtrTBOobebNTfSJB3d\nBkAhKWriKcIsTgPglkN830h9a+2HTICjzuR60fSsLxWmm0ufZnbIJa8wtZ+d6b8g\np4FgBX/FmrRtZ5uCNf837MbGTqUdAnDQakqsrbw8dwKCAQA0Qa6ioF19SVcMHXQq\n59dlrXQhjmCPA3k+acwjRwxOwTTti50Ln0aB/qbOg5OqU02+3RMQ/OxUS5cXHYSR\n/A1dHI6mUWo4eMB7nfIUbnIdGUrvXO/pB7mkmjztgBgBwxceoLp53tTfg34o8aip\nNZytHKm84ISDnkqTahY0wZtT8qhMZxXJG342ev5dmUPx2Cf1Wbqq9DgkaiPhbh7X\nhsSXbvJ0Qv4TmWgDXi1emu6ZxRzWs0IBZzxMYT1VCaWUYEBHhDc1haTqDJ9zd1KX\n5eQ1IYbqadKgCPRYUo2flUqO7w9t0Fk3SK0TBHLfmE/2gfIdc76d/zEaVD42+MaS\nW4eZAoIBAQDtphHs4hdC6PI05p5nxFd195aaG+Y+1QPHHTnsy2VhmGaFhGlv3JyI\nP4G/GkF6CJGwB5ODqmJojeKdKUKbi7FxRaAlIgKh9EX4Tlos68Co5rSHXEgGNDTd\noKftM5h8qotOm+2uqip+Fcf97NhynUzalrZQ5D/dZdk1rcMOBuHt1FMAFgm8KVDj\nS+32ZEPDosxnryS/p1a+HKGGM48O3Q5PNZEBhLbnOao/SPPWDlJayopOntByCilJ\nMmjVwd8PaSH9r5SjHS/CZFiIYPd/znPvRZ6XB76s27fcFww4dbzseF9u0jlCQsMn\nZUMWcfHZ0Bu9p9+vkH8yiYv5ASepIBo1AoIBAHAuiQ7QDS89R7CNmLS9mloozPJL\nwnQhbZ3gsCrK5EYJ5+T5dujIt58/5my4+Ewc4ONDCBTtwxxNgkNxKchF/NFVzRbF\nRgbegwhRTym3XOciOVwJjNrYEVE4ZL0rTeFO6Bz++XNg1iceeugBoarc4xbvPPmI\n82Kd9+bdcgSMnNr3bsrDKDYZA6/pI2M9pmjPwnaN8X6N8FQxsb5fThavtg++jyVw\nVcTYr37UZuzLJIk0H1SV7gsnsUX5mzqj2tSRoOv8E9kzlPbWIPYxRQvGH9sl2bod\njIaxY7ApHwOvGpZlHZuUDN8O6ABx2QwlY3j1i33JLk4Z21Mb4GCEUBzkiQ8=\n-----END RSA PRIVATE KEY-----\n",
            "private_key_pem_pkcs8": "-----BEGIN PRIVATE KEY-----\nMIIJQgIBADANBgkqhkiG9w0BAQEFAASCCSwwggkoAgEAAoICAQDCidE965N/LvlW\nPLWGA5QubwDIoKPNxITo6+6AN3Nncs5Z9NVu5RnMEzBxtdK0p2dlTPzMdb1uF1Wp\n5CsM70tyaX9Yvv6tlqSilXkoBD+LVotpOEYSk+LrVsH3daHMSEdJQK9/oI3HWc9x\nb75kevKcUK679JQ/MaI7/dKjfy1tNbibuG72BeH2+gQlG2nWQ98izWdEe1HsXwyh\nvf4WFL0Dh0U6heKsdkh7EepBaDbBrUnNrjQuKFsC7h0XaXcvW7zalQZnVqPcLkte\nyUmg9o0scdP1ZIfhXAghU6TEmbLdTo/8ABRZVsPrS5FBYclGfWu50SQaP7azbIkn\nv7ERtyADaPqT7XRQiW/czDRRbG1rbpHlOIVvFmlF+pwghjamqS9g/j6Qr/IPRitl\npaNpQrpUBmh8MrDxP1E5To68H5RXEFCMyZSXQQjsOrNx3pxOovkpH3JvDCIUy0tA\n9VLV3WkWR2ab5MICaB98GdwNuykOxeLEoFfrqHTJHc4WsojTwyNGWsWYHyWHDXbl\nEnrpQ6QycpJWLnBIYyZ49+9uwD+P2FZDk7oAw4tiwfXAzlla1V2VXsKc0WyOiOkL\nlogw7eALcFH35uwgOqTdRTX83csRzk3K4qK8YdFBI0K3I13aXw+Z7pF4/VHEaUEo\n+buMMBa/6Gis/AKuyv/5Gxf+YLeZnwIDAQABAoICAGbNv9aSDGMUpszszhyg/YjA\nPlDHm2ic5oPUUjhNlV3grK2bFcNBrK1MorgkltHC+X/t/FXsDowEJs/d9OYj+uHe\nYF68qAeB6UTF6r276PywYoHbLCSbJDqroVstPbCfrZRHa7btWJ81lctjeuDMnDMA\n7CYFbOYsS4iabNrb1Vy2G/WmtHSszSngG5qkbvy850kT9POam8Nmw10h8wkmMnCP\n5oSzxgLPiyQGZp3j/bPB6JOZ8JdH2jilLph1sndDany0birj/TnY+RmBE7jNMfN/\nv7wZQTlVkjJSams+segDoVFRlW9Uy7onN/6uN1hZ5TjQDd0VOG5+98gao+8xr+dQ\nE8SOjdeIsw7w/gTFWQdoqTzDyYXbEiIvNSRtUzNnZpg2IlNfsB4HqgBlrBhBkwjT\nDrnBWb5e4iEfAgVYD0iXc6pau92KQSStKtJtwrBG6TJmG0Rh+YQQ+uRDpb/n0rSB\n0WpGiUZ8yNhO7S3d0EI+y2QtDgCds0Vn9J5gzRoCZiGghu6ySqsmo22YKaco9+4j\nT1dTi3AV4cpaHE3R7TmaYMj4/oN2KnF49CGPqHkGyovtqvFP+H9DA8s52BE1Tr9s\n6goFWhz8u/lU6XgEN1XlK0HB1TCN1RBjdoNdE7pwuvVD47k+aW3qSXWcWR8c5hyc\nrddKOtxzr/0bno9pJSuRAoIBAQDHeOS7rf5TJ2JEgbn0lCBZTB2go7CyRYRcEtNM\nlWXhkzzFmnAWIdG05dBkl7P7/RQd7EHgPYLMitaakoG+nIWOf9cCSEPIKM9DRKEC\nngAzs3q1hQlRkgeMtaJEoj/vOh6m6CymuE5YbN9OvXpauFpW1FbsAjo+KMxcN40c\njQ40AggRSX9DyafZIZOMliSTy5nqKo4br/JKrS0RfXoJt0STqusg1vxqVaulu+3h\nYM16fHuTgw9LEENUnFkjwVrZwHX4GtHv8Gj3TNtObSV9D/iHtlekwhd/OdBlBIwD\nNFpr0+Zd51LLBWNYP6qnBC7rw9SDAJzEIZCzPtOR01Iwbl4ZAoIBAQD5qvwprX+0\nXE5bOLPm1KcuA/mKGfQcP0YqmdyqtHV8dSNKuZEzLqDe1WtjrhdxGXd6nfF0BU+A\nbIQez3fXSKo+bCGhFLkUMbRL40iw2LvOfWIx2wwdwuZLHwn2m9FqUvpIu1AKvBqo\nsq+KbEAMkIxZBEeiJkydkxSwbJJfIgDjqzQcb13lAoYlVL9gIIsZqLBXC/4wfYCg\nKJOMsGrF5kyHHH01tW2tME6ht5s1N9IkHd0GQCEpauIpwixOA+CWQ3zfSH1r7YdM\ngKPO5HrR9KwvFaabS59mdsglrzC1n53pvyCngWAFf8WatG1nm4I1/zfsxsZOpR0C\ncNBqSqytvDx3AoIBADRBrqKgXX1JVwwddCrn12WtdCGOYI8DeT5pzCNHDE7BNO2L\nnQufRoH+ps6Dk6pTTb7dExD87FRLlxcdhJH8DV0cjqZRajh4wHud8hRuch0ZSu9c\n7+kHuaSaPO2AGAHDFx6gunne1N+DfijxqKk1nK0cqbzghIOeSpNqFjTBm1PyqExn\nFckbfjZ6/l2ZQ/HYJ/VZuqr0OCRqI+FuHteGxJdu8nRC/hOZaANeLV6a7pnFHNaz\nQgFnPExhPVUJpZRgQEeENzWFpOoMn3N3Upfl5DUhhupp0qAI9FhSjZ+VSo7vD23Q\nWTdIrRMEct+YT/aB8h1zvp3/MRpUPjb4xpJbh5kCggEBAO2mEeziF0Lo8jTmnmfE\nV3X3lpob5j7VA8cdOezLZWGYZoWEaW/cnIg/gb8aQXoIkbAHk4OqYmiN4p0pQpuL\nsXFFoCUiAqH0RfhOWizrwKjmtIdcSAY0NN2gp+0zmHyqi06b7a6qKn4Vx/3s2HKd\nTNqWtlDkP91l2TWtww4G4e3UUwAWCbwpUONL7fZkQ8OizGevJL+nVr4coYYzjw7d\nDk81kQGEtuc5qj9I89YOUlrKik6e0HIKKUkyaNXB3w9pIf2vlKMdL8JkWIhg93/O\nc+9FnpcHvqzbt9wXDDh1vOx4X27SOUJCwydlQxZx8dnQG72n36+QfzKJi/kBJ6kg\nGjUCggEAcC6JDtANLz1HsI2YtL2aWijM8kvCdCFtneCwKsrkRgnn5Pl26Mi3nz/m\nbLj4TBzg40MIFO3DHE2CQ3EpyEX80VXNFsVGBt6DCFFPKbdc5yI5XAmM2tgRUThk\nvStN4U7oHP75c2DWJx566AGhqtzjFu88+YjzYp335t1yBIyc2vduysMoNhkDr+kj\nYz2maM/Cdo3xfo3wVDGxvl9OFq+2D76PJXBVxNivftRm7MskiTQfVJXuCyexRfmb\nOqPa1JGg6/wT2TOU9tYg9jFFC8Yf2yXZuh2MhrFjsCkfA68almUdm5QM3w7oAHHZ\nDCVjePWLfckuThnbUxvgYIRQHOSJDw==\n-----END PRIVATE KEY-----\n",
            "public_key_fingerprint_md5": "ce:8d:2a:3e:7d:05:1e:04:cf:14:93:ff:a8:36:18:be",
            "public_key_fingerprint_sha256": "SHA256:CLcpjI3MVnBhYPdbMzgpvG/caYXBOZJDN7QAJXLJeY0",
            "public_key_openssh": "ssh-rsa AAAAB3NzaC1yc2EAAAADAQABAAACAQDCidE965N/LvlWPLWGA5QubwDIoKPNxITo6+6AN3Nncs5Z9NVu5RnMEzBxtdK0p2dlTPzMdb1uF1Wp5CsM70tyaX9Yvv6tlqSilXkoBD+LVotpOEYSk+LrVsH3daHMSEdJQK9/oI3HWc9xb75kevKcUK679JQ/MaI7/dKjfy1tNbibuG72BeH2+gQlG2nWQ98izWdEe1HsXwyhvf4WFL0Dh0U6heKsdkh7EepBaDbBrUnNrjQuKFsC7h0XaXcvW7zalQZnVqPcLkteyUmg9o0scdP1ZIfhXAghU6TEmbLdTo/8ABRZVsPrS5FBYclGfWu50SQaP7azbIknv7ERtyADaPqT7XRQiW/czDRRbG1rbpHlOIVvFmlF+pwghjamqS9g/j6Qr/IPRitlpaNpQrpUBmh8MrDxP1E5To68H5RXEFCMyZSXQQjsOrNx3pxOovkpH3JvDCIUy0tA9VLV3WkWR2ab5MICaB98GdwNuykOxeLEoFfrqHTJHc4WsojTwyNGWsWYHyWHDXblEnrpQ6QycpJWLnBIYyZ49+9uwD+P2FZDk7oAw4tiwfXAzlla1V2VXsKc0WyOiOkLlogw7eALcFH35uwgOqTdRTX83csRzk3K4qK8YdFBI0K3I13aXw+Z7pF4/VHEaUEo+buMMBa/6Gis/AKuyv/5Gxf+YLeZnw==\n",
            "public_key_pem": "-----BEGIN PUBLIC KEY-----\nMIICIjANBgkqhkiG9w0BAQEFAAOCAg8AMIICCgKCAgEAwonRPeuTfy75Vjy1hgOU\nLm8AyKCjzcSE6OvugDdzZ3LOWfTVbuUZzBMwcbXStKdnZUz8zHW9bhdVqeQrDO9L\ncml/WL7+rZakopV5KAQ/i1aLaThGEpPi61bB93WhzEhHSUCvf6CNx1nPcW++ZHry\nnFCuu/SUPzGiO/3So38tbTW4m7hu9gXh9voEJRtp1kPfIs1nRHtR7F8Mob3+FhS9\nA4dFOoXirHZIexHqQWg2wa1Jza40LihbAu4dF2l3L1u82pUGZ1aj3C5LXslJoPaN\nLHHT9WSH4VwIIVOkxJmy3U6P/AAUWVbD60uRQWHJRn1rudEkGj+2s2yJJ7+xEbcg\nA2j6k+10UIlv3Mw0UWxta26R5TiFbxZpRfqcIIY2pqkvYP4+kK/yD0YrZaWjaUK6\nVAZofDKw8T9ROU6OvB+UVxBQjMmUl0EI7Dqzcd6cTqL5KR9ybwwiFMtLQPVS1d1p\nFkdmm+TCAmgffBncDbspDsXixKBX66h0yR3OFrKI08MjRlrFmB8lhw125RJ66UOk\nMnKSVi5wSGMmePfvbsA/j9hWQ5O6AMOLYsH1wM5ZWtVdlV7CnNFsjojpC5aIMO3g\nC3BR9+bsIDqk3UU1/N3LEc5NyuKivGHRQSNCtyNd2l8Pme6ReP1RxGlBKPm7jDAW\nv+horPwCrsr/+RsX/mC3mZ8CAwEAAQ==\n-----END PUBLIC KEY-----\n",
            "rsa_bits": 4096
          },
          "sensitive_attributes": []
        }
      ]
    },
    {
      "module": "module.security",
      "mode": "managed",
      "type": "aws_security_group",
      "name": "security_group_port_22",
      "provider": "provider[\"registry.terraform.io/hashicorp/aws\"]",
      "instances": [
        {
          "schema_version": 1,
          "attributes": {
            "arn": "arn:aws:ec2:us-east-2:481792101255:security-group/sg-0ddfffda001431676",
            "description": "enable ssh access",
            "egress": [
              {
                "cidr_blocks": [
                  "0.0.0.0/0"
                ],
                "description": "outbound access",
                "from_port": 0,
                "ipv6_cidr_blocks": [],
                "prefix_list_ids": [],
                "protocol": "-1",
                "security_groups": [],
                "self": false,
                "to_port": 0
              }
            ],
            "id": "sg-0ddfffda001431676",
            "ingress": [
              {
                "cidr_blocks": [
                  "0.0.0.0/0"
                ],
                "description": "ssh access",
                "from_port": 22,
                "ipv6_cidr_blocks": [],
                "prefix_list_ids": [],
                "protocol": "tcp",
                "security_groups": [],
                "self": false,
                "to_port": 22
              }
            ],
            "name": "server security group",
            "name_prefix": "",
            "owner_id": "481792101255",
            "revoke_rules_on_delete": false,
            "tags": {
              "Name": "prod-devOps-security_group_port_22"
            },
            "tags_all": {
              "Name": "prod-devOps-security_group_port_22"
            },
            "timeouts": null,
            "vpc_id": "vpc-05e07e0f8ac654bff"
          },
          "sensitive_attributes": [],
          "private": "eyJlMmJmYjczMC1lY2FhLTExZTYtOGY4OC0zNDM2M2JjN2M0YzAiOnsiY3JlYXRlIjo2MDAwMDAwMDAwMDAsImRlbGV0ZSI6OTAwMDAwMDAwMDAwfSwic2NoZW1hX3ZlcnNpb24iOiIxIn0=",
          "dependencies": [
            "module.vpc.aws_vpc.vpc"
          ]
        }
      ]
    },
    {
      "module": "module.security",
      "mode": "managed",
      "type": "aws_security_group",
      "name": "security_group_port_30000",
      "provider": "provider[\"registry.terraform.io/hashicorp/aws\"]",
      "instances": [
        {
          "schema_version": 1,
          "attributes": {
            "arn": "arn:aws:ec2:us-east-2:481792101255:security-group/sg-028675b4eaad44f4d",
            "description": "enable port access 30000",
            "egress": [
              {
                "cidr_blocks": [
                  "0.0.0.0/0"
                ],
                "description": "outbound access",
                "from_port": 0,
                "ipv6_cidr_blocks": [],
                "prefix_list_ids": [],
                "protocol": "-1",
                "security_groups": [],
                "self": false,
                "to_port": 0
              }
            ],
            "id": "sg-028675b4eaad44f4d",
            "ingress": [
              {
                "cidr_blocks": [
                  "0.0.0.0/0"
                ],
                "description": "port 30000 access",
                "from_port": 30000,
                "ipv6_cidr_blocks": [],
                "prefix_list_ids": [],
                "protocol": "tcp",
                "security_groups": [],
                "self": false,
                "to_port": 30000
              }
            ],
            "name": "K8 server security group",
            "name_prefix": "",
            "owner_id": "481792101255",
            "revoke_rules_on_delete": false,
            "tags": {
              "Name": "prod-devOps-security_group_port_30000"
            },
            "tags_all": {
              "Name": "prod-devOps-security_group_port_30000"
            },
            "timeouts": null,
            "vpc_id": "vpc-05e07e0f8ac654bff"
          },
          "sensitive_attributes": [],
          "private": "eyJlMmJmYjczMC1lY2FhLTExZTYtOGY4OC0zNDM2M2JjN2M0YzAiOnsiY3JlYXRlIjo2MDAwMDAwMDAwMDAsImRlbGV0ZSI6OTAwMDAwMDAwMDAwfSwic2NoZW1hX3ZlcnNpb24iOiIxIn0=",
          "dependencies": [
            "module.vpc.aws_vpc.vpc"
          ]
        }
      ]
    },
    {
      "module": "module.security",
      "mode": "managed",
      "type": "aws_security_group",
      "name": "security_group_port_8080",
      "provider": "provider[\"registry.terraform.io/hashicorp/aws\"]",
      "instances": [
        {
          "schema_version": 1,
          "attributes": {
            "arn": "arn:aws:ec2:us-east-2:481792101255:security-group/sg-03fe3758f578562bf",
            "description": "enable port access 8080",
            "egress": [
              {
                "cidr_blocks": [
                  "0.0.0.0/0"
                ],
                "description": "outbound access",
                "from_port": 0,
                "ipv6_cidr_blocks": [],
                "prefix_list_ids": [],
                "protocol": "-1",
                "security_groups": [],
                "self": false,
                "to_port": 0
              }
            ],
            "id": "sg-03fe3758f578562bf",
            "ingress": [
              {
                "cidr_blocks": [
                  "0.0.0.0/0"
                ],
                "description": "port 8080 access",
                "from_port": 8080,
                "ipv6_cidr_blocks": [],
                "prefix_list_ids": [],
                "protocol": "tcp",
                "security_groups": [],
                "self": false,
                "to_port": 8080
              }
            ],
            "name": "Jenkins server security group with port 8080",
            "name_prefix": "",
            "owner_id": "481792101255",
            "revoke_rules_on_delete": false,
            "tags": {
              "Name": "prod-devOps-security_group_port_8080"
            },
            "tags_all": {
              "Name": "prod-devOps-security_group_port_8080"
            },
            "timeouts": null,
            "vpc_id": "vpc-05e07e0f8ac654bff"
          },
          "sensitive_attributes": [],
          "private": "eyJlMmJmYjczMC1lY2FhLTExZTYtOGY4OC0zNDM2M2JjN2M0YzAiOnsiY3JlYXRlIjo2MDAwMDAwMDAwMDAsImRlbGV0ZSI6OTAwMDAwMDAwMDAwfSwic2NoZW1hX3ZlcnNpb24iOiIxIn0=",
          "dependencies": [
            "module.vpc.aws_vpc.vpc"
          ]
        }
      ]
    },
    {
      "module": "module.security",
      "mode": "managed",
      "type": "aws_security_group",
      "name": "security_group_port_9000",
      "provider": "provider[\"registry.terraform.io/hashicorp/aws\"]",
      "instances": [
        {
          "schema_version": 1,
          "attributes": {
            "arn": "arn:aws:ec2:us-east-2:481792101255:security-group/sg-0e7ff6c575d3a3610",
            "description": "enable PORT 9000",
            "egress": [
              {
                "cidr_blocks": [
                  "0.0.0.0/0"
                ],
                "description": "outbound access",
                "from_port": 0,
                "ipv6_cidr_blocks": [],
                "prefix_list_ids": [],
                "protocol": "-1",
                "security_groups": [],
                "self": false,
                "to_port": 0
              }
            ],
            "id": "sg-0e7ff6c575d3a3610",
            "ingress": [
              {
                "cidr_blocks": [
                  "0.0.0.0/0"
                ],
                "description": "port 9000 access",
                "from_port": 9000,
                "ipv6_cidr_blocks": [],
                "prefix_list_ids": [],
                "protocol": "tcp",
                "security_groups": [],
                "self": false,
                "to_port": 9000
              }
            ],
            "name": "sonarqube server security group",
            "name_prefix": "",
            "owner_id": "481792101255",
            "revoke_rules_on_delete": false,
            "tags": {
              "Name": "prod-devOps-security_group_port_9000"
            },
            "tags_all": {
              "Name": "prod-devOps-security_group_port_9000"
            },
            "timeouts": null,
            "vpc_id": "vpc-05e07e0f8ac654bff"
          },
          "sensitive_attributes": [],
          "private": "eyJlMmJmYjczMC1lY2FhLTExZTYtOGY4OC0zNDM2M2JjN2M0YzAiOnsiY3JlYXRlIjo2MDAwMDAwMDAwMDAsImRlbGV0ZSI6OTAwMDAwMDAwMDAwfSwic2NoZW1hX3ZlcnNpb24iOiIxIn0=",
          "dependencies": [
            "module.vpc.aws_vpc.vpc"
          ]
        }
      ]
    },
    {
      "module": "module.sonarqube-server",
      "mode": "data",
      "type": "aws_ami",
      "name": "ubuntu-linux-1404",
      "provider": "provider[\"registry.terraform.io/hashicorp/aws\"]",
      "instances": [
        {
          "schema_version": 0,
          "attributes": {
            "architecture": "x86_64",
            "arn": "arn:aws:ec2:us-east-2::image/ami-0b6968e5c7117349a",
            "block_device_mappings": [
              {
                "device_name": "/dev/sda1",
                "ebs": {
                  "delete_on_termination": "true",
                  "encrypted": "false",
                  "iops": "0",
                  "snapshot_id": "snap-06f4f7e95b296c98d",
                  "throughput": "0",
                  "volume_size": "8",
                  "volume_type": "gp2"
                },
                "no_device": "",
                "virtual_name": ""
              },
              {
                "device_name": "/dev/sdb",
                "ebs": {},
                "no_device": "",
                "virtual_name": "ephemeral0"
              },
              {
                "device_name": "/dev/sdc",
                "ebs": {},
                "no_device": "",
                "virtual_name": "ephemeral1"
              }
            ],
            "boot_mode": "legacy-bios",
            "creation_date": "2023-09-19T04:17:17.000Z",
            "deprecation_time": "2025-09-19T04:17:17.000Z",
            "description": "Canonical, Ubuntu, 20.04 LTS, amd64 focal image build on 2023-09-18",
            "ena_support": true,
            "executable_users": null,
            "filter": [
              {
                "name": "name",
                "values": [
                  "ubuntu/images/hvm-ssd/ubuntu-focal-20.04-amd64-server-*"
                ]
              },
              {
                "name": "virtualization-type",
                "values": [
                  "hvm"
                ]
              }
            ],
            "hypervisor": "xen",
            "id": "ami-0b6968e5c7117349a",
            "image_id": "ami-0b6968e5c7117349a",
            "image_location": "amazon/ubuntu/images/hvm-ssd/ubuntu-focal-20.04-amd64-server-20230918",
            "image_owner_alias": "amazon",
            "image_type": "machine",
            "imds_support": "",
            "include_deprecated": false,
            "kernel_id": "",
            "most_recent": true,
            "name": "ubuntu/images/hvm-ssd/ubuntu-focal-20.04-amd64-server-20230918",
            "name_regex": null,
            "owner_id": "099720109477",
            "owners": [
              "099720109477"
            ],
            "platform": "",
            "platform_details": "Linux/UNIX",
            "product_codes": [],
            "public": true,
            "ramdisk_id": "",
            "root_device_name": "/dev/sda1",
            "root_device_type": "ebs",
            "root_snapshot_id": "snap-06f4f7e95b296c98d",
            "sriov_net_support": "simple",
            "state": "available",
            "state_reason": {
              "code": "UNSET",
              "message": "UNSET"
            },
            "tags": {},
            "timeouts": null,
            "tpm_support": "",
            "usage_operation": "RunInstances",
            "virtualization_type": "hvm"
          },
          "sensitive_attributes": []
        }
      ]
    },
    {
      "module": "module.sonarqube-server",
      "mode": "data",
      "type": "aws_availability_zones",
      "name": "available_zones",
      "provider": "provider[\"registry.terraform.io/hashicorp/aws\"]",
      "instances": [
        {
          "schema_version": 0,
          "attributes": {
            "all_availability_zones": null,
            "exclude_names": null,
            "exclude_zone_ids": null,
            "filter": null,
            "group_names": [
              "us-east-2"
            ],
            "id": "us-east-2",
            "names": [
              "us-east-2a",
              "us-east-2b",
              "us-east-2c"
            ],
            "state": null,
            "timeouts": null,
            "zone_ids": [
              "use2-az1",
              "use2-az2",
              "use2-az3"
            ]
          },
          "sensitive_attributes": []
        }
      ]
    },
    {
      "module": "module.sonarqube-server",
      "mode": "data",
      "type": "template_file",
      "name": "user_data",
      "provider": "provider[\"registry.terraform.io/hashicorp/template\"]",
      "instances": [
        {
          "schema_version": 0,
          "attributes": {
            "filename": null,
            "id": "14515ba16b18541e762b8a936a07a02d74c5037746729cfbc4826e6271aa432f",
            "rendered": "#!/bin/bash\n# Increase the vm.max_map_count for kernel and ulimit for the current session at runtime.\nsudo bash -c 'cat \u003c\u003cEOT\u003e /etc/sysctl.conf\nvm.max_map_count=524288\nfs.file-max=131072\nulimit -n 65536\nulimit -u 4096\nEOT'\nsudo sysctl -w vm.max_map_count=524288\nsysctl -w fs.file-max=131072\n\n#Increase these permanently\nsudo bash -c 'cat \u003c\u003cEOT\u003e /etc/security/limits.conf\nsonarqube   -   nofile   65536\nsonarqube   -   nproc    4096\nEOT'\n\n# Need JDK 17 or higher to run SonarQube 9.9\nsudo apt-get update -y\nsudo apt-get install openjdk-17-jdk -y\nsudo update-alternatives --config java\njava -version\n\n#Download the binaries for SonarQube \nsudo mkdir -p /sonarqube/\ncd /sonarqube/\nsudo curl -O https://binaries.sonarsource.com/Distribution/sonarqube/sonarqube-9.9.0.65466.zip\nsudo apt-get install zip -y\nsudo unzip -o sonarqube-9.9.0.65466.zip -d /opt/\nsudo mv /opt/sonarqube-9.9.0.65466/ /opt/sonarqube\nsudo rm -rf /opt/sonarqube/conf/sonar.properties\nsudo touch /opt/sonarqube/conf/sonar.properties\n\n\n# Create the group\nsudo groupadd sonar\nsudo useradd -c \"SonarQube - User\" -d /opt/sonarqube/ -g sonar sonar\nsudo chown  -R sonar:sonar /opt/sonarqube/ \n\n\n# Create a systemd service file for SonarQube to run at system startup\nsudo touch /etc/systemd/system/sonarqube.service\nsudo bash -c 'cat \u003c\u003cEOT\u003e /etc/systemd/system/sonarqube.service\n[Unit]\nDescription=SonarQube service\nAfter=syslog.target network.target\n\n[Service]\nType=forking\n\nExecStart=/opt/sonarqube/bin/linux-x86-64/sonar.sh start\nExecStop=/opt/sonarqube/bin/linux-x86-64/sonar.sh stop\n\nUser=sonar\nGroup=sonar\nRestart=always\n\nLimitNOFILE=65536\nLimitNPROC=4096\n\n\n[Install]\nWantedBy=multi-user.target\nEOT'\n\n# automatically system startup enable\nsudo systemctl daemon-reload\nsudo systemctl enable sonarqube.service\n\n# Automatically system startup enable\nsudo systemctl restart sonarqube.service",
            "template": "#!/bin/bash\n# Increase the vm.max_map_count for kernel and ulimit for the current session at runtime.\nsudo bash -c 'cat \u003c\u003cEOT\u003e /etc/sysctl.conf\nvm.max_map_count=524288\nfs.file-max=131072\nulimit -n 65536\nulimit -u 4096\nEOT'\nsudo sysctl -w vm.max_map_count=524288\nsysctl -w fs.file-max=131072\n\n#Increase these permanently\nsudo bash -c 'cat \u003c\u003cEOT\u003e /etc/security/limits.conf\nsonarqube   -   nofile   65536\nsonarqube   -   nproc    4096\nEOT'\n\n# Need JDK 17 or higher to run SonarQube 9.9\nsudo apt-get update -y\nsudo apt-get install openjdk-17-jdk -y\nsudo update-alternatives --config java\njava -version\n\n#Download the binaries for SonarQube \nsudo mkdir -p /sonarqube/\ncd /sonarqube/\nsudo curl -O https://binaries.sonarsource.com/Distribution/sonarqube/sonarqube-9.9.0.65466.zip\nsudo apt-get install zip -y\nsudo unzip -o sonarqube-9.9.0.65466.zip -d /opt/\nsudo mv /opt/sonarqube-9.9.0.65466/ /opt/sonarqube\nsudo rm -rf /opt/sonarqube/conf/sonar.properties\nsudo touch /opt/sonarqube/conf/sonar.properties\n\n\n# Create the group\nsudo groupadd sonar\nsudo useradd -c \"SonarQube - User\" -d /opt/sonarqube/ -g sonar sonar\nsudo chown  -R sonar:sonar /opt/sonarqube/ \n\n\n# Create a systemd service file for SonarQube to run at system startup\nsudo touch /etc/systemd/system/sonarqube.service\nsudo bash -c 'cat \u003c\u003cEOT\u003e /etc/systemd/system/sonarqube.service\n[Unit]\nDescription=SonarQube service\nAfter=syslog.target network.target\n\n[Service]\nType=forking\n\nExecStart=/opt/sonarqube/bin/linux-x86-64/sonar.sh start\nExecStop=/opt/sonarqube/bin/linux-x86-64/sonar.sh stop\n\nUser=sonar\nGroup=sonar\nRestart=always\n\nLimitNOFILE=65536\nLimitNPROC=4096\n\n\n[Install]\nWantedBy=multi-user.target\nEOT'\n\n# automatically system startup enable\nsudo systemctl daemon-reload\nsudo systemctl enable sonarqube.service\n\n# Automatically system startup enable\nsudo systemctl restart sonarqube.service",
            "vars": null
          },
          "sensitive_attributes": []
        }
      ]
    },
    {
      "module": "module.sonarqube-server",
      "mode": "managed",
      "type": "aws_instance",
      "name": "sonarqube-server",
      "provider": "provider[\"registry.terraform.io/hashicorp/aws\"]",
      "instances": [
        {
          "schema_version": 1,
          "attributes": {
            "ami": "ami-0b6968e5c7117349a",
            "arn": "arn:aws:ec2:us-east-2:481792101255:instance/i-097697a982320b789",
            "associate_public_ip_address": true,
            "availability_zone": "us-east-2a",
            "capacity_reservation_specification": [
              {
                "capacity_reservation_preference": "open",
                "capacity_reservation_target": []
              }
            ],
            "cpu_core_count": 2,
            "cpu_options": [
              {
                "amd_sev_snp": "",
                "core_count": 2,
                "threads_per_core": 1
              }
            ],
            "cpu_threads_per_core": 1,
            "credit_specification": [
              {
                "cpu_credits": "standard"
              }
            ],
            "disable_api_stop": false,
            "disable_api_termination": false,
            "ebs_block_device": [],
            "ebs_optimized": false,
            "enclave_options": [
              {
                "enabled": false
              }
            ],
            "ephemeral_block_device": [],
            "get_password_data": false,
            "hibernation": false,
            "host_id": "",
            "host_resource_group_arn": null,
            "iam_instance_profile": "",
            "id": "i-097697a982320b789",
            "instance_initiated_shutdown_behavior": "stop",
            "instance_state": "running",
            "instance_type": "t2.medium",
            "ipv6_address_count": 0,
            "ipv6_addresses": [],
            "key_name": "prod-keypair",
            "launch_template": [],
            "maintenance_options": [
              {
                "auto_recovery": "default"
              }
            ],
            "metadata_options": [
              {
                "http_endpoint": "enabled",
                "http_put_response_hop_limit": 1,
                "http_tokens": "optional",
                "instance_metadata_tags": "disabled"
              }
            ],
            "monitoring": false,
            "network_interface": [],
            "outpost_arn": "",
            "password_data": "",
            "placement_group": "",
            "placement_partition_number": 0,
            "primary_network_interface_id": "eni-04854f3d54be891dd",
            "private_dns": "ip-192-162-0-206.us-east-2.compute.internal",
            "private_dns_name_options": [
              {
                "enable_resource_name_dns_a_record": false,
                "enable_resource_name_dns_aaaa_record": false,
                "hostname_type": "ip-name"
              }
            ],
            "private_ip": "192.162.0.206",
            "public_dns": "ec2-3-15-240-91.us-east-2.compute.amazonaws.com",
            "public_ip": "3.15.240.91",
            "root_block_device": [
              {
                "delete_on_termination": true,
                "device_name": "/dev/sda1",
                "encrypted": false,
                "iops": 100,
                "kms_key_id": "",
                "tags": {},
                "throughput": 0,
                "volume_id": "vol-0e59be3e7fd37486e",
                "volume_size": 8,
                "volume_type": "gp2"
              }
            ],
            "secondary_private_ips": [],
            "security_groups": [
              "sg-0ddfffda001431676",
              "sg-0e7ff6c575d3a3610"
            ],
            "source_dest_check": true,
            "subnet_id": "subnet-00b6340c52a7ab77c",
            "tags": {
              "Name": "prod-Sonarqube-Server-devOps"
            },
            "tags_all": {
              "Name": "prod-Sonarqube-Server-devOps"
            },
            "tenancy": "default",
            "timeouts": null,
            "user_data": "25fd71084b72998406549ad2942f2bab275c72e3",
            "user_data_base64": null,
            "user_data_replace_on_change": false,
            "volume_tags": null,
            "vpc_security_group_ids": [
              "sg-0ddfffda001431676",
              "sg-0e7ff6c575d3a3610"
            ]
          },
          "sensitive_attributes": [],
          "private": "eyJlMmJmYjczMC1lY2FhLTExZTYtOGY4OC0zNDM2M2JjN2M0YzAiOnsiY3JlYXRlIjo2MDAwMDAwMDAwMDAsImRlbGV0ZSI6MTIwMDAwMDAwMDAwMCwidXBkYXRlIjo2MDAwMDAwMDAwMDB9LCJzY2hlbWFfdmVyc2lvbiI6IjEifQ==",
          "dependencies": [
            "module.security.aws_security_group.security_group_port_22",
            "module.security.aws_security_group.security_group_port_9000",
            "module.sonarqube-server.data.aws_ami.ubuntu-linux-1404",
            "module.sonarqube-server.data.template_file.user_data",
            "module.vpc.aws_subnet.public_subnet_az",
            "module.vpc.aws_vpc.vpc",
            "module.vpc.data.aws_availability_zones.available_zones"
          ]
        }
      ]
    },
    {
      "module": "module.vpc",
      "mode": "data",
      "type": "aws_availability_zones",
      "name": "available_zones",
      "provider": "provider[\"registry.terraform.io/hashicorp/aws\"]",
      "instances": [
        {
          "schema_version": 0,
          "attributes": {
            "all_availability_zones": null,
            "exclude_names": null,
            "exclude_zone_ids": null,
            "filter": null,
            "group_names": [
              "us-east-2"
            ],
            "id": "us-east-2",
            "names": [
              "us-east-2a",
              "us-east-2b",
              "us-east-2c"
            ],
            "state": null,
            "timeouts": null,
            "zone_ids": [
              "use2-az1",
              "use2-az2",
              "use2-az3"
            ]
          },
          "sensitive_attributes": []
        }
      ]
    },
    {
      "module": "module.vpc",
      "mode": "managed",
      "type": "aws_internet_gateway",
      "name": "internet_gateway",
      "provider": "provider[\"registry.terraform.io/hashicorp/aws\"]",
      "instances": [
        {
          "schema_version": 0,
          "attributes": {
            "arn": "arn:aws:ec2:us-east-2:481792101255:internet-gateway/igw-08bbb26f41acb53cd",
            "id": "igw-08bbb26f41acb53cd",
            "owner_id": "481792101255",
            "tags": {
              "Name": "prod-devOps-igw"
            },
            "tags_all": {
              "Name": "prod-devOps-igw"
            },
            "timeouts": null,
            "vpc_id": "vpc-05e07e0f8ac654bff"
          },
          "sensitive_attributes": [],
          "private": "eyJlMmJmYjczMC1lY2FhLTExZTYtOGY4OC0zNDM2M2JjN2M0YzAiOnsiY3JlYXRlIjoxMjAwMDAwMDAwMDAwLCJkZWxldGUiOjEyMDAwMDAwMDAwMDAsInVwZGF0ZSI6MTIwMDAwMDAwMDAwMH19",
          "dependencies": [
            "module.vpc.aws_vpc.vpc"
          ]
        }
      ]
    },
    {
      "module": "module.vpc",
      "mode": "managed",
      "type": "aws_route_table",
      "name": "public_route_table",
      "provider": "provider[\"registry.terraform.io/hashicorp/aws\"]",
      "instances": [
        {
          "schema_version": 0,
          "attributes": {
            "arn": "arn:aws:ec2:us-east-2:481792101255:route-table/rtb-03d3a15880af3c14d",
            "id": "rtb-03d3a15880af3c14d",
            "owner_id": "481792101255",
            "propagating_vgws": [],
            "route": [
              {
                "carrier_gateway_id": "",
                "cidr_block": "0.0.0.0/0",
                "core_network_arn": "",
                "destination_prefix_list_id": "",
                "egress_only_gateway_id": "",
                "gateway_id": "igw-08bbb26f41acb53cd",
                "instance_id": "",
                "ipv6_cidr_block": "",
                "local_gateway_id": "",
                "nat_gateway_id": "",
                "network_interface_id": "",
                "transit_gateway_id": "",
                "vpc_endpoint_id": "",
                "vpc_peering_connection_id": ""
              }
            ],
            "tags": {
              "Name": "prod-devOps-Public Route Table"
            },
            "tags_all": {
              "Name": "prod-devOps-Public Route Table"
            },
            "timeouts": null,
            "vpc_id": "vpc-05e07e0f8ac654bff"
          },
          "sensitive_attributes": [],
          "private": "eyJlMmJmYjczMC1lY2FhLTExZTYtOGY4OC0zNDM2M2JjN2M0YzAiOnsiY3JlYXRlIjozMDAwMDAwMDAwMDAsImRlbGV0ZSI6MzAwMDAwMDAwMDAwLCJ1cGRhdGUiOjEyMDAwMDAwMDAwMH19",
          "dependencies": [
            "module.vpc.aws_internet_gateway.internet_gateway",
            "module.vpc.aws_vpc.vpc"
          ]
        }
      ]
    },
    {
      "module": "module.vpc",
      "mode": "managed",
      "type": "aws_route_table_association",
      "name": "public_subnet_az_route_table_association",
      "provider": "provider[\"registry.terraform.io/hashicorp/aws\"]",
      "instances": [
        {
          "schema_version": 0,
          "attributes": {
            "gateway_id": "",
            "id": "rtbassoc-06998477d2a2f7f82",
            "route_table_id": "rtb-03d3a15880af3c14d",
            "subnet_id": "subnet-00b6340c52a7ab77c",
            "timeouts": null
          },
          "sensitive_attributes": [],
          "private": "eyJlMmJmYjczMC1lY2FhLTExZTYtOGY4OC0zNDM2M2JjN2M0YzAiOnsiY3JlYXRlIjozMDAwMDAwMDAwMDAsImRlbGV0ZSI6MzAwMDAwMDAwMDAwLCJ1cGRhdGUiOjEyMDAwMDAwMDAwMH19",
          "dependencies": [
            "module.vpc.aws_internet_gateway.internet_gateway",
            "module.vpc.aws_route_table.public_route_table",
            "module.vpc.aws_subnet.public_subnet_az",
            "module.vpc.aws_vpc.vpc",
            "module.vpc.data.aws_availability_zones.available_zones"
          ]
        }
      ]
    },
    {
      "module": "module.vpc",
      "mode": "managed",
      "type": "aws_subnet",
      "name": "public_subnet_az",
      "provider": "provider[\"registry.terraform.io/hashicorp/aws\"]",
      "instances": [
        {
          "schema_version": 1,
          "attributes": {
            "arn": "arn:aws:ec2:us-east-2:481792101255:subnet/subnet-00b6340c52a7ab77c",
            "assign_ipv6_address_on_creation": false,
            "availability_zone": "us-east-2a",
            "availability_zone_id": "use2-az1",
            "cidr_block": "192.162.0.0/24",
            "customer_owned_ipv4_pool": "",
            "enable_dns64": false,
            "enable_lni_at_device_index": 0,
            "enable_resource_name_dns_a_record_on_launch": false,
            "enable_resource_name_dns_aaaa_record_on_launch": false,
            "id": "subnet-00b6340c52a7ab77c",
            "ipv6_cidr_block": "",
            "ipv6_cidr_block_association_id": "",
            "ipv6_native": false,
            "map_customer_owned_ip_on_launch": false,
            "map_public_ip_on_launch": true,
            "outpost_arn": "",
            "owner_id": "481792101255",
            "private_dns_hostname_type_on_launch": "ip-name",
            "tags": {
              "Name": "prod-devOps-Public Subnet"
            },
            "tags_all": {
              "Name": "prod-devOps-Public Subnet"
            },
            "timeouts": null,
            "vpc_id": "vpc-05e07e0f8ac654bff"
          },
          "sensitive_attributes": [],
          "private": "eyJlMmJmYjczMC1lY2FhLTExZTYtOGY4OC0zNDM2M2JjN2M0YzAiOnsiY3JlYXRlIjo2MDAwMDAwMDAwMDAsImRlbGV0ZSI6MTIwMDAwMDAwMDAwMH0sInNjaGVtYV92ZXJzaW9uIjoiMSJ9",
          "dependencies": [
            "module.vpc.aws_vpc.vpc",
            "module.vpc.data.aws_availability_zones.available_zones"
          ]
        }
      ]
    },
    {
      "module": "module.vpc",
      "mode": "managed",
      "type": "aws_vpc",
      "name": "vpc",
      "provider": "provider[\"registry.terraform.io/hashicorp/aws\"]",
      "instances": [
        {
          "schema_version": 1,
          "attributes": {
            "arn": "arn:aws:ec2:us-east-2:481792101255:vpc/vpc-05e07e0f8ac654bff",
            "assign_generated_ipv6_cidr_block": false,
            "cidr_block": "192.162.0.0/16",
            "default_network_acl_id": "acl-0b16ad53b10938931",
            "default_route_table_id": "rtb-03e718c6c3dcf1d6c",
            "default_security_group_id": "sg-04039729535ffd0d8",
            "dhcp_options_id": "dopt-02919aed93f310695",
            "enable_classiclink": false,
            "enable_classiclink_dns_support": false,
            "enable_dns_hostnames": true,
            "enable_dns_support": true,
            "enable_network_address_usage_metrics": false,
            "id": "vpc-05e07e0f8ac654bff",
            "instance_tenancy": "default",
            "ipv4_ipam_pool_id": null,
            "ipv4_netmask_length": null,
            "ipv6_association_id": "",
            "ipv6_cidr_block": "",
            "ipv6_cidr_block_network_border_group": "",
            "ipv6_ipam_pool_id": "",
            "ipv6_netmask_length": 0,
            "main_route_table_id": "rtb-03e718c6c3dcf1d6c",
            "owner_id": "481792101255",
            "tags": {
              "Name": "prod-devOps-vpc"
            },
            "tags_all": {
              "Name": "prod-devOps-vpc"
            }
          },
          "sensitive_attributes": [],
          "private": "eyJzY2hlbWFfdmVyc2lvbiI6IjEifQ=="
        }
      ]
    }
  ],
  "check_results": null
}
