{
  "version": 4,
  "terraform_version": "1.4.5",
  "serial": 184,
  "lineage": "efec49db-4752-a5e2-bc56-3a66be362e90",
  "outputs": {
    "jenkins-server-public-ip": {
      "value": "44.201.103.62",
      "type": "string"
    },
    "k8-server-public-ip": {
      "value": "54.196.141.217",
      "type": "string"
    },
    "sonarqube-server-public-ip": {
      "value": "44.203.190.104",
      "type": "string"
    }
  },
  "resources": [
    {
      "module": "module.jenkins-server",
      "mode": "data",
      "type": "aws_ami",
      "name": "ubuntu-linux-1404",
      "provider": "provider[\"registry.terraform.io/hashicorp/aws\"]",
      "instances": [
        {
          "schema_version": 0,
          "attributes": {
            "architecture": "x86_64",
            "arn": "arn:aws:ec2:us-east-1::image/ami-0fe0238291c8e3f07",
            "block_device_mappings": [
              {
                "device_name": "/dev/sda1",
                "ebs": {
                  "delete_on_termination": "true",
                  "encrypted": "false",
                  "iops": "0",
                  "snapshot_id": "snap-0a7d84f0fd7eff0c2",
                  "throughput": "0",
                  "volume_size": "8",
                  "volume_type": "gp2"
                },
                "no_device": "",
                "virtual_name": ""
              },
              {
                "device_name": "/dev/sdb",
                "ebs": {},
                "no_device": "",
                "virtual_name": "ephemeral0"
              },
              {
                "device_name": "/dev/sdc",
                "ebs": {},
                "no_device": "",
                "virtual_name": "ephemeral1"
              }
            ],
            "boot_mode": "legacy-bios",
            "creation_date": "2023-09-19T04:17:15.000Z",
            "deprecation_time": "2025-09-19T04:17:15.000Z",
            "description": "Canonical, Ubuntu, 20.04 LTS, amd64 focal image build on 2023-09-18",
            "ena_support": true,
            "executable_users": null,
            "filter": [
              {
                "name": "name",
                "values": [
                  "ubuntu/images/hvm-ssd/ubuntu-focal-20.04-amd64-server-*"
                ]
              },
              {
                "name": "virtualization-type",
                "values": [
                  "hvm"
                ]
              }
            ],
            "hypervisor": "xen",
            "id": "ami-0fe0238291c8e3f07",
            "image_id": "ami-0fe0238291c8e3f07",
            "image_location": "amazon/ubuntu/images/hvm-ssd/ubuntu-focal-20.04-amd64-server-20230918",
            "image_owner_alias": "amazon",
            "image_type": "machine",
            "imds_support": "",
            "include_deprecated": false,
            "kernel_id": "",
            "most_recent": true,
            "name": "ubuntu/images/hvm-ssd/ubuntu-focal-20.04-amd64-server-20230918",
            "name_regex": null,
            "owner_id": "099720109477",
            "owners": [
              "099720109477"
            ],
            "platform": "",
            "platform_details": "Linux/UNIX",
            "product_codes": [],
            "public": true,
            "ramdisk_id": "",
            "root_device_name": "/dev/sda1",
            "root_device_type": "ebs",
            "root_snapshot_id": "snap-0a7d84f0fd7eff0c2",
            "sriov_net_support": "simple",
            "state": "available",
            "state_reason": {
              "code": "UNSET",
              "message": "UNSET"
            },
            "tags": {},
            "timeouts": null,
            "tpm_support": "",
            "usage_operation": "RunInstances",
            "virtualization_type": "hvm"
          },
          "sensitive_attributes": []
        }
      ]
    },
    {
      "module": "module.jenkins-server",
      "mode": "data",
      "type": "aws_availability_zones",
      "name": "available_zones",
      "provider": "provider[\"registry.terraform.io/hashicorp/aws\"]",
      "instances": [
        {
          "schema_version": 0,
          "attributes": {
            "all_availability_zones": null,
            "exclude_names": null,
            "exclude_zone_ids": null,
            "filter": null,
            "group_names": [
              "us-east-1"
            ],
            "id": "us-east-1",
            "names": [
              "us-east-1a",
              "us-east-1b",
              "us-east-1c",
              "us-east-1d",
              "us-east-1e",
              "us-east-1f"
            ],
            "state": null,
            "timeouts": null,
            "zone_ids": [
              "use1-az2",
              "use1-az4",
              "use1-az6",
              "use1-az1",
              "use1-az3",
              "use1-az5"
            ]
          },
          "sensitive_attributes": []
        }
      ]
    },
    {
      "module": "module.jenkins-server",
      "mode": "data",
      "type": "template_file",
      "name": "user_data",
      "provider": "provider[\"registry.terraform.io/hashicorp/template\"]",
      "instances": [
        {
          "schema_version": 0,
          "attributes": {
            "filename": null,
            "id": "78daf0ee0dbd5fdc900116286ba6cd687e053834329bfcd1eebdd9a0326eaa26",
            "rendered": "#!/bin/bash\n#################################\n# Author: Santosh\n# Date: 5th-July-2023\n# version 1\n# This code install jenkins in the ubuntu instances\n##################################\n\nsudo apt update -y\nsudo apt install openjdk-17-jre -y\ncurl -fsSL https://pkg.jenkins.io/debian-stable/jenkins.io-2023.key | sudo tee \\\n  /usr/share/keyrings/jenkins-keyring.asc \u003e /dev/null\necho deb [signed-by=/usr/share/keyrings/jenkins-keyring.asc] \\\n  https://pkg.jenkins.io/debian-stable binary/ | sudo tee \\\n  /etc/apt/sources.list.d/jenkins.list \u003e /dev/null\nsudo apt-get update\nsudo apt-get install jenkins -y\nsudo systemctl enable jenkins\nsudo systemctl start jenkins\n\nsudo apt-add-repository ppa:ansible/ansible\nsudo apt update\nsudo apt-get install ansible -y\n\n\ncd /opt/\nsudo wget https://dlcdn.apache.org/maven/maven-3/3.9.4/binaries/apache-maven-3.9.4-bin.zip\nsudo apt-get install unzip -y\nsudo unzip apache-maven-3.9.4-bin.zip\nsudo rm -rf apache-maven-3.9.4-bin.zip\n\nexport M2_HOME=/opt/apache-maven-3.9.4\nexport PATH=$PATH:$M2_HOME/bin\nsleep 5\nsource ~/.bashrc",
            "template": "#!/bin/bash\n#################################\n# Author: Santosh\n# Date: 5th-July-2023\n# version 1\n# This code install jenkins in the ubuntu instances\n##################################\n\nsudo apt update -y\nsudo apt install openjdk-17-jre -y\ncurl -fsSL https://pkg.jenkins.io/debian-stable/jenkins.io-2023.key | sudo tee \\\n  /usr/share/keyrings/jenkins-keyring.asc \u003e /dev/null\necho deb [signed-by=/usr/share/keyrings/jenkins-keyring.asc] \\\n  https://pkg.jenkins.io/debian-stable binary/ | sudo tee \\\n  /etc/apt/sources.list.d/jenkins.list \u003e /dev/null\nsudo apt-get update\nsudo apt-get install jenkins -y\nsudo systemctl enable jenkins\nsudo systemctl start jenkins\n\nsudo apt-add-repository ppa:ansible/ansible\nsudo apt update\nsudo apt-get install ansible -y\n\n\ncd /opt/\nsudo wget https://dlcdn.apache.org/maven/maven-3/3.9.4/binaries/apache-maven-3.9.4-bin.zip\nsudo apt-get install unzip -y\nsudo unzip apache-maven-3.9.4-bin.zip\nsudo rm -rf apache-maven-3.9.4-bin.zip\n\nexport M2_HOME=/opt/apache-maven-3.9.4\nexport PATH=$PATH:$M2_HOME/bin\nsleep 5\nsource ~/.bashrc",
            "vars": null
          },
          "sensitive_attributes": []
        }
      ]
    },
    {
      "module": "module.jenkins-server",
      "mode": "managed",
      "type": "aws_instance",
      "name": "jenkins-server",
      "provider": "provider[\"registry.terraform.io/hashicorp/aws\"]",
      "instances": [
        {
          "schema_version": 1,
          "attributes": {
            "ami": "ami-0fe0238291c8e3f07",
            "arn": "arn:aws:ec2:us-east-1:481792101255:instance/i-0c1fe773f971d3858",
            "associate_public_ip_address": true,
            "availability_zone": "us-east-1a",
            "capacity_reservation_specification": [
              {
                "capacity_reservation_preference": "open",
                "capacity_reservation_target": []
              }
            ],
            "cpu_core_count": 2,
            "cpu_options": [
              {
                "amd_sev_snp": "",
                "core_count": 2,
                "threads_per_core": 1
              }
            ],
            "cpu_threads_per_core": 1,
            "credit_specification": [
              {
                "cpu_credits": "standard"
              }
            ],
            "disable_api_stop": false,
            "disable_api_termination": false,
            "ebs_block_device": [],
            "ebs_optimized": false,
            "enclave_options": [
              {
                "enabled": false
              }
            ],
            "ephemeral_block_device": [],
            "get_password_data": false,
            "hibernation": false,
            "host_id": "",
            "host_resource_group_arn": null,
            "iam_instance_profile": "",
            "id": "i-0c1fe773f971d3858",
            "instance_initiated_shutdown_behavior": "stop",
            "instance_state": "running",
            "instance_type": "t2.medium",
            "ipv6_address_count": 0,
            "ipv6_addresses": [],
            "key_name": "dev-keypair",
            "launch_template": [],
            "maintenance_options": [
              {
                "auto_recovery": "default"
              }
            ],
            "metadata_options": [
              {
                "http_endpoint": "enabled",
                "http_put_response_hop_limit": 1,
                "http_tokens": "optional",
                "instance_metadata_tags": "disabled"
              }
            ],
            "monitoring": false,
            "network_interface": [],
            "outpost_arn": "",
            "password_data": "",
            "placement_group": "",
            "placement_partition_number": 0,
            "primary_network_interface_id": "eni-006d8496adb6d48fe",
            "private_dns": "ip-192-168-0-31.ec2.internal",
            "private_dns_name_options": [
              {
                "enable_resource_name_dns_a_record": false,
                "enable_resource_name_dns_aaaa_record": false,
                "hostname_type": "ip-name"
              }
            ],
            "private_ip": "192.168.0.31",
            "public_dns": "ec2-44-201-103-62.compute-1.amazonaws.com",
            "public_ip": "44.201.103.62",
            "root_block_device": [
              {
                "delete_on_termination": true,
                "device_name": "/dev/sda1",
                "encrypted": false,
                "iops": 100,
                "kms_key_id": "",
                "tags": {},
                "throughput": 0,
                "volume_id": "vol-008c8274c0ed61daf",
                "volume_size": 8,
                "volume_type": "gp2"
              }
            ],
            "secondary_private_ips": [],
            "security_groups": [
              "sg-0126ba2345742aa03",
              "sg-085da12af7d9c4209"
            ],
            "source_dest_check": true,
            "subnet_id": "subnet-09918c58d6cfd3b49",
            "tags": {
              "Name": "dev-Jenkins-Server-devOps"
            },
            "tags_all": {
              "Name": "dev-Jenkins-Server-devOps"
            },
            "tenancy": "default",
            "timeouts": null,
            "user_data": "cbb79f434e2976b022aca78a1651fff847dbc7b6",
            "user_data_base64": null,
            "user_data_replace_on_change": false,
            "volume_tags": null,
            "vpc_security_group_ids": [
              "sg-0126ba2345742aa03",
              "sg-085da12af7d9c4209"
            ]
          },
          "sensitive_attributes": [],
          "private": "eyJlMmJmYjczMC1lY2FhLTExZTYtOGY4OC0zNDM2M2JjN2M0YzAiOnsiY3JlYXRlIjo2MDAwMDAwMDAwMDAsImRlbGV0ZSI6MTIwMDAwMDAwMDAwMCwidXBkYXRlIjo2MDAwMDAwMDAwMDB9LCJzY2hlbWFfdmVyc2lvbiI6IjEifQ==",
          "dependencies": [
            "module.jenkins-server.data.aws_ami.ubuntu-linux-1404",
            "module.jenkins-server.data.template_file.user_data",
            "module.security.aws_security_group.security_group_port_22",
            "module.security.aws_security_group.security_group_port_8080",
            "module.vpc.aws_subnet.public_subnet_az",
            "module.vpc.aws_vpc.vpc",
            "module.vpc.data.aws_availability_zones.available_zones"
          ]
        }
      ]
    },
    {
      "module": "module.k8-server",
      "mode": "data",
      "type": "aws_ami",
      "name": "ubuntu-linux-1404",
      "provider": "provider[\"registry.terraform.io/hashicorp/aws\"]",
      "instances": [
        {
          "schema_version": 0,
          "attributes": {
            "architecture": "x86_64",
            "arn": "arn:aws:ec2:us-east-1::image/ami-0fe0238291c8e3f07",
            "block_device_mappings": [
              {
                "device_name": "/dev/sda1",
                "ebs": {
                  "delete_on_termination": "true",
                  "encrypted": "false",
                  "iops": "0",
                  "snapshot_id": "snap-0a7d84f0fd7eff0c2",
                  "throughput": "0",
                  "volume_size": "8",
                  "volume_type": "gp2"
                },
                "no_device": "",
                "virtual_name": ""
              },
              {
                "device_name": "/dev/sdb",
                "ebs": {},
                "no_device": "",
                "virtual_name": "ephemeral0"
              },
              {
                "device_name": "/dev/sdc",
                "ebs": {},
                "no_device": "",
                "virtual_name": "ephemeral1"
              }
            ],
            "boot_mode": "legacy-bios",
            "creation_date": "2023-09-19T04:17:15.000Z",
            "deprecation_time": "2025-09-19T04:17:15.000Z",
            "description": "Canonical, Ubuntu, 20.04 LTS, amd64 focal image build on 2023-09-18",
            "ena_support": true,
            "executable_users": null,
            "filter": [
              {
                "name": "name",
                "values": [
                  "ubuntu/images/hvm-ssd/ubuntu-focal-20.04-amd64-server-*"
                ]
              },
              {
                "name": "virtualization-type",
                "values": [
                  "hvm"
                ]
              }
            ],
            "hypervisor": "xen",
            "id": "ami-0fe0238291c8e3f07",
            "image_id": "ami-0fe0238291c8e3f07",
            "image_location": "amazon/ubuntu/images/hvm-ssd/ubuntu-focal-20.04-amd64-server-20230918",
            "image_owner_alias": "amazon",
            "image_type": "machine",
            "imds_support": "",
            "include_deprecated": false,
            "kernel_id": "",
            "most_recent": true,
            "name": "ubuntu/images/hvm-ssd/ubuntu-focal-20.04-amd64-server-20230918",
            "name_regex": null,
            "owner_id": "099720109477",
            "owners": [
              "099720109477"
            ],
            "platform": "",
            "platform_details": "Linux/UNIX",
            "product_codes": [],
            "public": true,
            "ramdisk_id": "",
            "root_device_name": "/dev/sda1",
            "root_device_type": "ebs",
            "root_snapshot_id": "snap-0a7d84f0fd7eff0c2",
            "sriov_net_support": "simple",
            "state": "available",
            "state_reason": {
              "code": "UNSET",
              "message": "UNSET"
            },
            "tags": {},
            "timeouts": null,
            "tpm_support": "",
            "usage_operation": "RunInstances",
            "virtualization_type": "hvm"
          },
          "sensitive_attributes": []
        }
      ]
    },
    {
      "module": "module.k8-server",
      "mode": "data",
      "type": "aws_availability_zones",
      "name": "available_zones",
      "provider": "provider[\"registry.terraform.io/hashicorp/aws\"]",
      "instances": [
        {
          "schema_version": 0,
          "attributes": {
            "all_availability_zones": null,
            "exclude_names": null,
            "exclude_zone_ids": null,
            "filter": null,
            "group_names": [
              "us-east-1"
            ],
            "id": "us-east-1",
            "names": [
              "us-east-1a",
              "us-east-1b",
              "us-east-1c",
              "us-east-1d",
              "us-east-1e",
              "us-east-1f"
            ],
            "state": null,
            "timeouts": null,
            "zone_ids": [
              "use1-az2",
              "use1-az4",
              "use1-az6",
              "use1-az1",
              "use1-az3",
              "use1-az5"
            ]
          },
          "sensitive_attributes": []
        }
      ]
    },
    {
      "module": "module.k8-server",
      "mode": "data",
      "type": "template_file",
      "name": "user_data",
      "provider": "provider[\"registry.terraform.io/hashicorp/template\"]",
      "instances": [
        {
          "schema_version": 0,
          "attributes": {
            "filename": null,
            "id": "7f4d4c31da835f6cba45a2da2f62a400e63487a3429dd9669c879f5b7efe2874",
            "rendered": "#!/bin/bash\n#################################\n# Author: Santosh\n# Date: 5th-July-2023\n# version 1\n# This code install docker in the ubuntu instances\n##################################\n\n# Update the apt package index and install packages to allow apt to use a repository over HTTPS:\nsudo apt-get update -y\nsudo apt-get install ca-certificates curl gnupg -y\n#Add Docker’s official GPG key:\nsudo install -m 0755 -d /etc/apt/keyrings\ncurl -fsSL https://download.docker.com/linux/ubuntu/gpg | sudo gpg --dearmor -o /etc/apt/keyrings/docker.gpg\nsudo chmod a+r /etc/apt/keyrings/docker.gpg \n\n#Use the following command to set up the repository:\necho \\\n  \"deb [arch=\"$(dpkg --print-architecture)\" signed-by=/etc/apt/keyrings/docker.gpg] https://download.docker.com/linux/ubuntu \\\n  \"$(. /etc/os-release \u0026\u0026 echo \"$VERSION_CODENAME\")\" stable\" | \\\n  sudo tee /etc/apt/sources.list.d/docker.list \u003e /dev/null\n\n  sudo apt-get update -y\n  sudo apt-get install docker-ce docker-ce-cli containerd.io docker-buildx-plugin docker-compose-plugin -y\n  sudo service docker start\n\n",
            "template": "#!/bin/bash\n#################################\n# Author: Santosh\n# Date: 5th-July-2023\n# version 1\n# This code install docker in the ubuntu instances\n##################################\n\n# Update the apt package index and install packages to allow apt to use a repository over HTTPS:\nsudo apt-get update -y\nsudo apt-get install ca-certificates curl gnupg -y\n#Add Docker’s official GPG key:\nsudo install -m 0755 -d /etc/apt/keyrings\ncurl -fsSL https://download.docker.com/linux/ubuntu/gpg | sudo gpg --dearmor -o /etc/apt/keyrings/docker.gpg\nsudo chmod a+r /etc/apt/keyrings/docker.gpg \n\n#Use the following command to set up the repository:\necho \\\n  \"deb [arch=\"$(dpkg --print-architecture)\" signed-by=/etc/apt/keyrings/docker.gpg] https://download.docker.com/linux/ubuntu \\\n  \"$(. /etc/os-release \u0026\u0026 echo \"$VERSION_CODENAME\")\" stable\" | \\\n  sudo tee /etc/apt/sources.list.d/docker.list \u003e /dev/null\n\n  sudo apt-get update -y\n  sudo apt-get install docker-ce docker-ce-cli containerd.io docker-buildx-plugin docker-compose-plugin -y\n  sudo service docker start\n\n",
            "vars": null
          },
          "sensitive_attributes": []
        }
      ]
    },
    {
      "module": "module.k8-server",
      "mode": "managed",
      "type": "aws_instance",
      "name": "k8-server",
      "provider": "provider[\"registry.terraform.io/hashicorp/aws\"]",
      "instances": [
        {
          "schema_version": 1,
          "attributes": {
            "ami": "ami-0fe0238291c8e3f07",
            "arn": "arn:aws:ec2:us-east-1:481792101255:instance/i-04f80d8b400a8670d",
            "associate_public_ip_address": true,
            "availability_zone": "us-east-1a",
            "capacity_reservation_specification": [
              {
                "capacity_reservation_preference": "open",
                "capacity_reservation_target": []
              }
            ],
            "cpu_core_count": 2,
            "cpu_options": [
              {
                "amd_sev_snp": "",
                "core_count": 2,
                "threads_per_core": 1
              }
            ],
            "cpu_threads_per_core": 1,
            "credit_specification": [
              {
                "cpu_credits": "standard"
              }
            ],
            "disable_api_stop": false,
            "disable_api_termination": false,
            "ebs_block_device": [],
            "ebs_optimized": false,
            "enclave_options": [
              {
                "enabled": false
              }
            ],
            "ephemeral_block_device": [],
            "get_password_data": false,
            "hibernation": false,
            "host_id": "",
            "host_resource_group_arn": null,
            "iam_instance_profile": "",
            "id": "i-04f80d8b400a8670d",
            "instance_initiated_shutdown_behavior": "stop",
            "instance_state": "running",
            "instance_type": "t2.medium",
            "ipv6_address_count": 0,
            "ipv6_addresses": [],
            "key_name": "dev-keypair",
            "launch_template": [],
            "maintenance_options": [
              {
                "auto_recovery": "default"
              }
            ],
            "metadata_options": [
              {
                "http_endpoint": "enabled",
                "http_put_response_hop_limit": 1,
                "http_tokens": "optional",
                "instance_metadata_tags": "disabled"
              }
            ],
            "monitoring": false,
            "network_interface": [],
            "outpost_arn": "",
            "password_data": "",
            "placement_group": "",
            "placement_partition_number": 0,
            "primary_network_interface_id": "eni-08f1c2f0481602edd",
            "private_dns": "ip-192-168-0-212.ec2.internal",
            "private_dns_name_options": [
              {
                "enable_resource_name_dns_a_record": false,
                "enable_resource_name_dns_aaaa_record": false,
                "hostname_type": "ip-name"
              }
            ],
            "private_ip": "192.168.0.212",
            "public_dns": "ec2-54-196-141-217.compute-1.amazonaws.com",
            "public_ip": "54.196.141.217",
            "root_block_device": [
              {
                "delete_on_termination": true,
                "device_name": "/dev/sda1",
                "encrypted": false,
                "iops": 100,
                "kms_key_id": "",
                "tags": {},
                "throughput": 0,
                "volume_id": "vol-0cea64951495b7b41",
                "volume_size": 8,
                "volume_type": "gp2"
              }
            ],
            "secondary_private_ips": [],
            "security_groups": [
              "sg-03f63fbececc0b279",
              "sg-085da12af7d9c4209"
            ],
            "source_dest_check": true,
            "subnet_id": "subnet-09918c58d6cfd3b49",
            "tags": {
              "Name": "dev-k8-Server-devOps"
            },
            "tags_all": {
              "Name": "dev-k8-Server-devOps"
            },
            "tenancy": "default",
            "timeouts": null,
            "user_data": "6980a9424822ff1afff0a1cfffc845a5c7f363de",
            "user_data_base64": null,
            "user_data_replace_on_change": false,
            "volume_tags": null,
            "vpc_security_group_ids": [
              "sg-03f63fbececc0b279",
              "sg-085da12af7d9c4209"
            ]
          },
          "sensitive_attributes": [],
          "private": "eyJlMmJmYjczMC1lY2FhLTExZTYtOGY4OC0zNDM2M2JjN2M0YzAiOnsiY3JlYXRlIjo2MDAwMDAwMDAwMDAsImRlbGV0ZSI6MTIwMDAwMDAwMDAwMCwidXBkYXRlIjo2MDAwMDAwMDAwMDB9LCJzY2hlbWFfdmVyc2lvbiI6IjEifQ==",
          "dependencies": [
            "module.k8-server.data.aws_ami.ubuntu-linux-1404",
            "module.k8-server.data.template_file.user_data",
            "module.security.aws_security_group.security_group_port_22",
            "module.security.aws_security_group.security_group_port_30000",
            "module.vpc.aws_subnet.public_subnet_az",
            "module.vpc.aws_vpc.vpc",
            "module.vpc.data.aws_availability_zones.available_zones"
          ]
        }
      ]
    },
    {
      "module": "module.keypair",
      "mode": "managed",
      "type": "aws_key_pair",
      "name": "keypair",
      "provider": "provider[\"registry.terraform.io/hashicorp/aws\"]",
      "instances": [
        {
          "schema_version": 1,
          "attributes": {
            "arn": "arn:aws:ec2:us-east-1:481792101255:key-pair/dev-keypair",
            "fingerprint": "1b:a0:e1:e1:0b:57:cc:b9:54:2b:5a:22:09:2a:8c:e2",
            "id": "dev-keypair",
            "key_name": "dev-keypair",
            "key_name_prefix": "",
            "key_pair_id": "key-0c35afc5263440eae",
            "key_type": "rsa",
            "public_key": "ssh-rsa AAAAB3NzaC1yc2EAAAADAQABAAACAQC96gSNMwsxuVz10OT7fOQ+0GMAZs6+XV8BPfAT45AtBKffjeD7m7Q/KPJOn1RR+YjT38JUtX/nttZvbxrxc/sOlbz/wFF3tXQJbambBUKLuVdCPOoEmL9hsxqj4lKMfAjcpcz+CZTp+xcNDSRxK6gK6p73EHeDtMqUu9FjGPx/372SfVtIC/LXZWSrLoPB+F/+K+8V+34AEU2W5KQOhRVETeXuuomnwT3s0mmyqoqn4eTEOOX6euAXZJntQ7Q8FJTgyYshWx9WkP+gVKFcYDeK+0coU21z5rA8elWnwZTzw02TwHlZPGtAZPuSHUeQkldCRRwBVioJRyaGiK75J2tEptgEQBgJfZjhIHWG6ViX7NRVn8pB3mDDQHAtCxaAn59YXGzHZamsPBZCGiqMVb8H3ZnCsOHP5WTm/7aHiGzRQqnBcslNzUCUgFM792sO+AmDxsGKXxTvZDdpyR2tfEBr+v7oPST80VehEWOxGuyGNiX+Qr9WZJBH+Xqlbd18TpGpQIQw48ngrFH0eNkcYjNGnTh40IO3ScLztO5BSYxWJx5zlvnkGZA0QTSjQ3PNH5yMGbiecaVTUJvJzZmqTzPKoHuQUvIi6BLkWJZuXdpXdjewkNPRy5NpvkC30NWDy5asGAr8mR3AjyeWAvY1hNa7bxaBMOMqN90aluxUY8yqkQ==",
            "tags": null,
            "tags_all": {}
          },
          "sensitive_attributes": [],
          "private": "eyJzY2hlbWFfdmVyc2lvbiI6IjEifQ==",
          "dependencies": [
            "module.keypair.tls_private_key.private_key"
          ]
        }
      ]
    },
    {
      "module": "module.keypair",
      "mode": "managed",
      "type": "local_file",
      "name": "save-key",
      "provider": "provider[\"registry.terraform.io/hashicorp/local\"]",
      "instances": [
        {
          "schema_version": 0,
          "attributes": {
            "content": "-----BEGIN RSA PRIVATE KEY-----\nMIIJKAIBAAKCAgEAveoEjTMLMblc9dDk+3zkPtBjAGbOvl1fAT3wE+OQLQSn343g\n+5u0PyjyTp9UUfmI09/CVLV/57bWb28a8XP7DpW8/8BRd7V0CW2pmwVCi7lXQjzq\nBJi/YbMao+JSjHwI3KXM/gmU6fsXDQ0kcSuoCuqe9xB3g7TKlLvRYxj8f9+9kn1b\nSAvy12Vkqy6Dwfhf/ivvFft+ABFNluSkDoUVRE3l7rqJp8E97NJpsqqKp+HkxDjl\n+nrgF2SZ7UO0PBSU4MmLIVsfVpD/oFShXGA3ivtHKFNtc+awPHpVp8GU88NNk8B5\nWTxrQGT7kh1HkJJXQkUcAVYqCUcmhoiu+SdrRKbYBEAYCX2Y4SB1hulYl+zUVZ/K\nQd5gw0BwLQsWgJ+fWFxsx2WprDwWQhoqjFW/B92ZwrDhz+Vk5v+2h4hs0UKpwXLJ\nTc1AlIBTO/drDvgJg8bBil8U72Q3ackdrXxAa/r+6D0k/NFXoRFjsRrshjYl/kK/\nVmSQR/l6pW3dfE6RqUCEMOPJ4KxR9HjZHGIzRp04eNCDt0nC87TuQUmMVicec5b5\n5BmQNEE0o0NzzR+cjBm4nnGlU1Cbyc2Zqk8zyqB7kFLyIugS5FiWbl3aV3Y3sJDT\n0cuTab5At9DVg8uWrBgK/JkdwI8nlgL2NYTWu28WgTDjKjfdGpbsVGPMqpECAwEA\nAQKCAgB4hGpRBIRlEKF6aQ72vQHHDszUs2kdivlAO4L/zBhxSRQTHOEaKmwO7Lgf\nxqJmxvjao5OZ1/gMHo4j9xjdAuHeFo3yqqPIWMEDPrEz6/mX240RPsCvHBPPNy5/\ns575AblJ9HmK+J+kgC/Xm3B11ON10gAA/1UoonEwQ6QTxAZwS5bswFpN9S8tG23v\n57u7OxgHnu/BPnBuMIzRZdTqVe/yAZEZlwzGBS57++cRd4I4GXToRMdE1fchQTkh\nRSa6PcFgiOWezEmt0KQ3pZ0klvaIXv+ACrlZpJpQNr3mkEUrD9RKIAmh5GKXYb33\nslb42rU/G8Yy3vAcJSfAljqbaDV8KpyjLUBBqB5sSOcoxvjvONpzwhG8eCjtlRzO\nsKARjo45fBM/3+HiIgGcAWluo5svyqZV7C7HoiI/lPiLp3IHkCN3hmvWfLiKchGW\n+GDmmEhlrcf00nt3Q0tdagG8Y2ChBT3pFHGME5XIZ5LYRXJwEKFp1mCIMfPb4ue8\nHKyctxvBN61H3KWck/h6ujY7eqIYa+892+lSnWl+M/dXWeqE320zu1Na/0IeKany\nVsiuVNmKamXonjlClM2Og0RdsUCzTf5wUmd09A2J5RL8wYOgoBO7rDFzHXKnHXvo\nJuwNhCxVt3FZVLHUqMeEz3QBh4HIBEOy3elBrxPtSOG9/MefMQKCAQEA2sIDV8FZ\nim+eyzts/EhbmoSVI8sinGSS1VUcK2W4YCXAo+amnxM0J2JjF2IlR+NK7AaGSblH\nTpfEFYUSpoethTKT2DpdhtT3QUrPCVZhWqBXDGxkUh6MImPWNjijHL7U5YtRYxq4\nuk8ItrdJaSIBo4FmYErW1M8ZEwAedLAHnAV39A9wRVO1jZoMEy4RcFE6sdBEqG5j\ngMitpFvMDCW3rx/eoky+ddeBWGeYm3n0fxEJIqDiQat6xFG4KAsryCiIJIBzJebb\n7XQQFvQhmgC8/dZJfrsskp68Qa90Gi3yPI08R8miNXAs7wfj5rPHB+RAShw2EN4O\nlRwzDlI9n5MphQKCAQEA3j7tKutyfDGfNfqiV8OhKv+fUMHqN3gYIO4Lxj7M2TDY\n1nQXwdTBlxh543xWzBtNneQEUTdFWOJWbCcmAZdwYxQQlNTfGQ3qIvtxgPOAFn7G\nRmo7y5PFvwZisnJckpP8htxC2IWheuHju1/Zsr85vxhGwblhc78zvwGCsVndfW3c\nz+c0OB+5ybknL1PusSq+C+XQSHdU3Skn+VTzVUjutjnQpGPVVm0uUM8vB893Da6r\nhiTYnmTC8rQIkYcHJPqM4ZjYliNICm5Jkd16yVN2Y3+4SVWxiLhG1kocBihLmbL1\njgpa9iiqXb+MvZ0zSBUCkIi3zvt9S+PPVNpJAReknQKCAQEA19V2YN4Gz1yj6tbe\nB+gIYWMQlvk0U+OzL8LCgVriWBLHh67plKfo3Dbpl8ehCtWKNWeWlSS14yhAMg9S\nwHW7UWD+l+e2IXL75TK/JPJSKY1rdXl4XcF/9+pTDrpAzPrHqRcVHNffjQqviT87\nsfv4a+8fKECOx/bxQVrrsauARoLqwCV/WxdlWKm14jKgyBWM+KWJKDmJ+SWGlVRw\n9Uc9fQ7PpYhcnn4bQzMrUbM49SnEvqLHuY1MGmiabv/emaTL9l+5vJqTQSwzN8J1\naLHzxeroJp7cMmllStWmkrHkf7PF1vptDZZ47vn09MlJxVKBz90XxvqgnqPtB+NC\no7AZ1QKCAQBobxFrdbAahAbYiqn2q8r0NaJbhIPXBOvxrWqDAceo17dNLshrINrH\ncYz1RNxUlQ/n/dm5gEtp9RG/SLYnUU5SgH86ML2VPGClh5pSihnKeFAbjpgClbH6\njbmbOPofNsMXbDFNJZ437CXjSqs1v34XOgUly0Lr7REX1FHhnOTjp9h3KaH0LZRU\nIlkzeDFVt0wOszMomkqaklhiZXTiwp7JqmlMlk0Ni8iT2Ie1F9xN5aJcKrxP0fF5\nsvfDyrukuMeyyuwbwQB9Rk3z6Stlp36eSsoCS+5c3JsM305D5nOACgQxdtQ/j+Re\noUA1acVLPfQyjswwyySZoLcwnFJp3P5RAoIBABt+UTdyIkgurRNRmg32NYg4vEXK\nJwbt/5rmBpY8aN6ChJ15IV0kTwdRAEZH4jm/lyaZczmIXlxRND4t35ogqu9uLuEI\nOcaENrmFrEIg+XpxGwZrJuFb0YBv0lVoTRCmPtodEj3ah5UnUFBWZr6pVOAkfShy\nvSYkawBdNMG+OXZL2TgG7XnoVREz3VxS/O8kb+3rzoWFoFPuVBw8JG3ctg4h3ldn\nhF+4KLr4x7N8+AErXfKm2wCmZc+rouukHWDgdaEWy6j4gpncfvSL3SNkrnEJiXrn\nxE0/srYOG8KDDNxTK02yK5rSb7a9mnmly/MEMXEbvB9eMUR83gDoC96TKUY=\n-----END RSA PRIVATE KEY-----\n",
            "content_base64": null,
            "content_base64sha256": "hSHBMX+1XlqeYYbLAgU2mFcidDcwOrSWNZMOc1rAGXQ=",
            "content_base64sha512": "icy7aXOcxFWqLzcasMemipvfx74gpLVyvZ3WwaBpCSzk5sRgYOu1yLAlJU1G/411ZPoLkRSV3IgveOWyXMw23A==",
            "content_md5": "5ab66de52a08bbf4f8a338e85284972e",
            "content_sha1": "a61172fff3865411427b763be988bbf4bd8962ee",
            "content_sha256": "8521c1317fb55e5a9e6186cb0205369857227437303ab49635930e735ac01974",
            "content_sha512": "89ccbb69739cc455aa2f371ab0c7a68a9bdfc7be20a4b572bd9dd6c1a069092ce4e6c46060ebb5c8b025254d46ff8d7564fa0b911495dc882f78e5b25ccc36dc",
            "directory_permission": "0777",
            "file_permission": "0400",
            "filename": "../modules/keypair/dev-keypair.pem",
            "id": "a61172fff3865411427b763be988bbf4bd8962ee",
            "sensitive_content": null,
            "source": null
          },
          "sensitive_attributes": [
            [
              {
                "type": "get_attr",
                "value": "content"
              }
            ]
          ],
          "dependencies": [
            "module.keypair.tls_private_key.private_key"
          ]
        }
      ]
    },
    {
      "module": "module.keypair",
      "mode": "managed",
      "type": "tls_private_key",
      "name": "private_key",
      "provider": "provider[\"registry.terraform.io/hashicorp/tls\"]",
      "instances": [
        {
          "schema_version": 1,
          "attributes": {
            "algorithm": "RSA",
            "ecdsa_curve": "P224",
            "id": "fb7f2462984afc2bac41d647019a93533a0cf089",
            "private_key_openssh": "-----BEGIN OPENSSH PRIVATE KEY-----\nb3BlbnNzaC1rZXktdjEAAAAABG5vbmUAAAAEbm9uZQAAAAAAAAABAAACFwAAAAdz\nc2gtcnNhAAAAAwEAAQAAAgEAveoEjTMLMblc9dDk+3zkPtBjAGbOvl1fAT3wE+OQ\nLQSn343g+5u0PyjyTp9UUfmI09/CVLV/57bWb28a8XP7DpW8/8BRd7V0CW2pmwVC\ni7lXQjzqBJi/YbMao+JSjHwI3KXM/gmU6fsXDQ0kcSuoCuqe9xB3g7TKlLvRYxj8\nf9+9kn1bSAvy12Vkqy6Dwfhf/ivvFft+ABFNluSkDoUVRE3l7rqJp8E97NJpsqqK\np+HkxDjl+nrgF2SZ7UO0PBSU4MmLIVsfVpD/oFShXGA3ivtHKFNtc+awPHpVp8GU\n88NNk8B5WTxrQGT7kh1HkJJXQkUcAVYqCUcmhoiu+SdrRKbYBEAYCX2Y4SB1hulY\nl+zUVZ/KQd5gw0BwLQsWgJ+fWFxsx2WprDwWQhoqjFW/B92ZwrDhz+Vk5v+2h4hs\n0UKpwXLJTc1AlIBTO/drDvgJg8bBil8U72Q3ackdrXxAa/r+6D0k/NFXoRFjsRrs\nhjYl/kK/VmSQR/l6pW3dfE6RqUCEMOPJ4KxR9HjZHGIzRp04eNCDt0nC87TuQUmM\nVicec5b55BmQNEE0o0NzzR+cjBm4nnGlU1Cbyc2Zqk8zyqB7kFLyIugS5FiWbl3a\nV3Y3sJDT0cuTab5At9DVg8uWrBgK/JkdwI8nlgL2NYTWu28WgTDjKjfdGpbsVGPM\nqpEAAAc4sNaDhbDWg4UAAAAHc3NoLXJzYQAAAgEAveoEjTMLMblc9dDk+3zkPtBj\nAGbOvl1fAT3wE+OQLQSn343g+5u0PyjyTp9UUfmI09/CVLV/57bWb28a8XP7DpW8\n/8BRd7V0CW2pmwVCi7lXQjzqBJi/YbMao+JSjHwI3KXM/gmU6fsXDQ0kcSuoCuqe\n9xB3g7TKlLvRYxj8f9+9kn1bSAvy12Vkqy6Dwfhf/ivvFft+ABFNluSkDoUVRE3l\n7rqJp8E97NJpsqqKp+HkxDjl+nrgF2SZ7UO0PBSU4MmLIVsfVpD/oFShXGA3ivtH\nKFNtc+awPHpVp8GU88NNk8B5WTxrQGT7kh1HkJJXQkUcAVYqCUcmhoiu+SdrRKbY\nBEAYCX2Y4SB1hulYl+zUVZ/KQd5gw0BwLQsWgJ+fWFxsx2WprDwWQhoqjFW/B92Z\nwrDhz+Vk5v+2h4hs0UKpwXLJTc1AlIBTO/drDvgJg8bBil8U72Q3ackdrXxAa/r+\n6D0k/NFXoRFjsRrshjYl/kK/VmSQR/l6pW3dfE6RqUCEMOPJ4KxR9HjZHGIzRp04\neNCDt0nC87TuQUmMVicec5b55BmQNEE0o0NzzR+cjBm4nnGlU1Cbyc2Zqk8zyqB7\nkFLyIugS5FiWbl3aV3Y3sJDT0cuTab5At9DVg8uWrBgK/JkdwI8nlgL2NYTWu28W\ngTDjKjfdGpbsVGPMqpEAAAADAQABAAACAHiEalEEhGUQoXppDva9AccOzNSzaR2K\n+UA7gv/MGHFJFBMc4RoqbA7suB/GombG+Nqjk5nX+AwejiP3GN0C4d4WjfKqo8hY\nwQM+sTPr+ZfbjRE+wK8cE883Ln+znvkBuUn0eYr4n6SAL9ebcHXU43XSAAD/VSii\ncTBDpBPEBnBLluzAWk31Ly0bbe/nu7s7GAee78E+cG4wjNFl1OpV7/IBkRmXDMYF\nLnv75xF3gjgZdOhEx0TV9yFBOSFFJro9wWCI5Z7MSa3QpDelnSSW9ohe/4AKuVmk\nmlA2veaQRSsP1EogCaHkYpdhvfeyVvjatT8bxjLe8BwlJ8CWOptoNXwqnKMtQEGo\nHmxI5yjG+O842nPCEbx4KO2VHM6woBGOjjl8Ez/f4eIiAZwBaW6jmy/KplXsLsei\nIj+U+IuncgeQI3eGa9Z8uIpyEZb4YOaYSGWtx/TSe3dDS11qAbxjYKEFPekUcYwT\nlchnkthFcnAQoWnWYIgx89vi57wcrJy3G8E3rUfcpZyT+Hq6Njt6ohhr7z3b6VKd\naX4z91dZ6oTfbTO7U1r/Qh4pqfJWyK5U2YpqZeieOUKUzY6DRF2xQLNN/nBSZ3T0\nDYnlEvzBg6CgE7usMXMdcqcde+gm7A2ELFW3cVlUsdSox4TPdAGHgcgEQ7Ld6UGv\nE+1I4b38x58xAAABABt+UTdyIkgurRNRmg32NYg4vEXKJwbt/5rmBpY8aN6ChJ15\nIV0kTwdRAEZH4jm/lyaZczmIXlxRND4t35ogqu9uLuEIOcaENrmFrEIg+XpxGwZr\nJuFb0YBv0lVoTRCmPtodEj3ah5UnUFBWZr6pVOAkfShyvSYkawBdNMG+OXZL2TgG\n7XnoVREz3VxS/O8kb+3rzoWFoFPuVBw8JG3ctg4h3ldnhF+4KLr4x7N8+AErXfKm\n2wCmZc+rouukHWDgdaEWy6j4gpncfvSL3SNkrnEJiXrnxE0/srYOG8KDDNxTK02y\nK5rSb7a9mnmly/MEMXEbvB9eMUR83gDoC96TKUYAAAEBANrCA1fBWYpvnss7bPxI\nW5qElSPLIpxkktVVHCtluGAlwKPmpp8TNCdiYxdiJUfjSuwGhkm5R06XxBWFEqaH\nrYUyk9g6XYbU90FKzwlWYVqgVwxsZFIejCJj1jY4oxy+1OWLUWMauLpPCLa3SWki\nAaOBZmBK1tTPGRMAHnSwB5wFd/QPcEVTtY2aDBMuEXBROrHQRKhuY4DIraRbzAwl\nt68f3qJMvnXXgVhnmJt59H8RCSKg4kGresRRuCgLK8goiCSAcyXm2+10EBb0IZoA\nvP3WSX67LJKevEGvdBot8jyNPEfJojVwLO8H4+azxwfkQEocNhDeDpUcMw5SPZ+T\nKYUAAAEBAN4+7SrrcnwxnzX6olfDoSr/n1DB6jd4GCDuC8Y+zNkw2NZ0F8HUwZcY\neeN8VswbTZ3kBFE3RVjiVmwnJgGXcGMUEJTU3xkN6iL7cYDzgBZ+xkZqO8uTxb8G\nYrJyXJKT/IbcQtiFoXrh47tf2bK/Ob8YRsG5YXO/M78BgrFZ3X1t3M/nNDgfucm5\nJy9T7rEqvgvl0Eh3VN0pJ/lU81VI7rY50KRj1VZtLlDPLwfPdw2uq4Yk2J5kwvK0\nCJGHByT6jOGY2JYjSApuSZHdeslTdmN/uElVsYi4RtZKHAYoS5my9Y4KWvYoql2/\njL2dM0gVApCIt877fUvjz1TaSQEXpJ0AAAAAAQID\n-----END OPENSSH PRIVATE KEY-----\n",
            "private_key_pem": "-----BEGIN RSA PRIVATE KEY-----\nMIIJKAIBAAKCAgEAveoEjTMLMblc9dDk+3zkPtBjAGbOvl1fAT3wE+OQLQSn343g\n+5u0PyjyTp9UUfmI09/CVLV/57bWb28a8XP7DpW8/8BRd7V0CW2pmwVCi7lXQjzq\nBJi/YbMao+JSjHwI3KXM/gmU6fsXDQ0kcSuoCuqe9xB3g7TKlLvRYxj8f9+9kn1b\nSAvy12Vkqy6Dwfhf/ivvFft+ABFNluSkDoUVRE3l7rqJp8E97NJpsqqKp+HkxDjl\n+nrgF2SZ7UO0PBSU4MmLIVsfVpD/oFShXGA3ivtHKFNtc+awPHpVp8GU88NNk8B5\nWTxrQGT7kh1HkJJXQkUcAVYqCUcmhoiu+SdrRKbYBEAYCX2Y4SB1hulYl+zUVZ/K\nQd5gw0BwLQsWgJ+fWFxsx2WprDwWQhoqjFW/B92ZwrDhz+Vk5v+2h4hs0UKpwXLJ\nTc1AlIBTO/drDvgJg8bBil8U72Q3ackdrXxAa/r+6D0k/NFXoRFjsRrshjYl/kK/\nVmSQR/l6pW3dfE6RqUCEMOPJ4KxR9HjZHGIzRp04eNCDt0nC87TuQUmMVicec5b5\n5BmQNEE0o0NzzR+cjBm4nnGlU1Cbyc2Zqk8zyqB7kFLyIugS5FiWbl3aV3Y3sJDT\n0cuTab5At9DVg8uWrBgK/JkdwI8nlgL2NYTWu28WgTDjKjfdGpbsVGPMqpECAwEA\nAQKCAgB4hGpRBIRlEKF6aQ72vQHHDszUs2kdivlAO4L/zBhxSRQTHOEaKmwO7Lgf\nxqJmxvjao5OZ1/gMHo4j9xjdAuHeFo3yqqPIWMEDPrEz6/mX240RPsCvHBPPNy5/\ns575AblJ9HmK+J+kgC/Xm3B11ON10gAA/1UoonEwQ6QTxAZwS5bswFpN9S8tG23v\n57u7OxgHnu/BPnBuMIzRZdTqVe/yAZEZlwzGBS57++cRd4I4GXToRMdE1fchQTkh\nRSa6PcFgiOWezEmt0KQ3pZ0klvaIXv+ACrlZpJpQNr3mkEUrD9RKIAmh5GKXYb33\nslb42rU/G8Yy3vAcJSfAljqbaDV8KpyjLUBBqB5sSOcoxvjvONpzwhG8eCjtlRzO\nsKARjo45fBM/3+HiIgGcAWluo5svyqZV7C7HoiI/lPiLp3IHkCN3hmvWfLiKchGW\n+GDmmEhlrcf00nt3Q0tdagG8Y2ChBT3pFHGME5XIZ5LYRXJwEKFp1mCIMfPb4ue8\nHKyctxvBN61H3KWck/h6ujY7eqIYa+892+lSnWl+M/dXWeqE320zu1Na/0IeKany\nVsiuVNmKamXonjlClM2Og0RdsUCzTf5wUmd09A2J5RL8wYOgoBO7rDFzHXKnHXvo\nJuwNhCxVt3FZVLHUqMeEz3QBh4HIBEOy3elBrxPtSOG9/MefMQKCAQEA2sIDV8FZ\nim+eyzts/EhbmoSVI8sinGSS1VUcK2W4YCXAo+amnxM0J2JjF2IlR+NK7AaGSblH\nTpfEFYUSpoethTKT2DpdhtT3QUrPCVZhWqBXDGxkUh6MImPWNjijHL7U5YtRYxq4\nuk8ItrdJaSIBo4FmYErW1M8ZEwAedLAHnAV39A9wRVO1jZoMEy4RcFE6sdBEqG5j\ngMitpFvMDCW3rx/eoky+ddeBWGeYm3n0fxEJIqDiQat6xFG4KAsryCiIJIBzJebb\n7XQQFvQhmgC8/dZJfrsskp68Qa90Gi3yPI08R8miNXAs7wfj5rPHB+RAShw2EN4O\nlRwzDlI9n5MphQKCAQEA3j7tKutyfDGfNfqiV8OhKv+fUMHqN3gYIO4Lxj7M2TDY\n1nQXwdTBlxh543xWzBtNneQEUTdFWOJWbCcmAZdwYxQQlNTfGQ3qIvtxgPOAFn7G\nRmo7y5PFvwZisnJckpP8htxC2IWheuHju1/Zsr85vxhGwblhc78zvwGCsVndfW3c\nz+c0OB+5ybknL1PusSq+C+XQSHdU3Skn+VTzVUjutjnQpGPVVm0uUM8vB893Da6r\nhiTYnmTC8rQIkYcHJPqM4ZjYliNICm5Jkd16yVN2Y3+4SVWxiLhG1kocBihLmbL1\njgpa9iiqXb+MvZ0zSBUCkIi3zvt9S+PPVNpJAReknQKCAQEA19V2YN4Gz1yj6tbe\nB+gIYWMQlvk0U+OzL8LCgVriWBLHh67plKfo3Dbpl8ehCtWKNWeWlSS14yhAMg9S\nwHW7UWD+l+e2IXL75TK/JPJSKY1rdXl4XcF/9+pTDrpAzPrHqRcVHNffjQqviT87\nsfv4a+8fKECOx/bxQVrrsauARoLqwCV/WxdlWKm14jKgyBWM+KWJKDmJ+SWGlVRw\n9Uc9fQ7PpYhcnn4bQzMrUbM49SnEvqLHuY1MGmiabv/emaTL9l+5vJqTQSwzN8J1\naLHzxeroJp7cMmllStWmkrHkf7PF1vptDZZ47vn09MlJxVKBz90XxvqgnqPtB+NC\no7AZ1QKCAQBobxFrdbAahAbYiqn2q8r0NaJbhIPXBOvxrWqDAceo17dNLshrINrH\ncYz1RNxUlQ/n/dm5gEtp9RG/SLYnUU5SgH86ML2VPGClh5pSihnKeFAbjpgClbH6\njbmbOPofNsMXbDFNJZ437CXjSqs1v34XOgUly0Lr7REX1FHhnOTjp9h3KaH0LZRU\nIlkzeDFVt0wOszMomkqaklhiZXTiwp7JqmlMlk0Ni8iT2Ie1F9xN5aJcKrxP0fF5\nsvfDyrukuMeyyuwbwQB9Rk3z6Stlp36eSsoCS+5c3JsM305D5nOACgQxdtQ/j+Re\noUA1acVLPfQyjswwyySZoLcwnFJp3P5RAoIBABt+UTdyIkgurRNRmg32NYg4vEXK\nJwbt/5rmBpY8aN6ChJ15IV0kTwdRAEZH4jm/lyaZczmIXlxRND4t35ogqu9uLuEI\nOcaENrmFrEIg+XpxGwZrJuFb0YBv0lVoTRCmPtodEj3ah5UnUFBWZr6pVOAkfShy\nvSYkawBdNMG+OXZL2TgG7XnoVREz3VxS/O8kb+3rzoWFoFPuVBw8JG3ctg4h3ldn\nhF+4KLr4x7N8+AErXfKm2wCmZc+rouukHWDgdaEWy6j4gpncfvSL3SNkrnEJiXrn\nxE0/srYOG8KDDNxTK02yK5rSb7a9mnmly/MEMXEbvB9eMUR83gDoC96TKUY=\n-----END RSA PRIVATE KEY-----\n",
            "private_key_pem_pkcs8": "-----BEGIN PRIVATE KEY-----\nMIIJQgIBADANBgkqhkiG9w0BAQEFAASCCSwwggkoAgEAAoICAQC96gSNMwsxuVz1\n0OT7fOQ+0GMAZs6+XV8BPfAT45AtBKffjeD7m7Q/KPJOn1RR+YjT38JUtX/nttZv\nbxrxc/sOlbz/wFF3tXQJbambBUKLuVdCPOoEmL9hsxqj4lKMfAjcpcz+CZTp+xcN\nDSRxK6gK6p73EHeDtMqUu9FjGPx/372SfVtIC/LXZWSrLoPB+F/+K+8V+34AEU2W\n5KQOhRVETeXuuomnwT3s0mmyqoqn4eTEOOX6euAXZJntQ7Q8FJTgyYshWx9WkP+g\nVKFcYDeK+0coU21z5rA8elWnwZTzw02TwHlZPGtAZPuSHUeQkldCRRwBVioJRyaG\niK75J2tEptgEQBgJfZjhIHWG6ViX7NRVn8pB3mDDQHAtCxaAn59YXGzHZamsPBZC\nGiqMVb8H3ZnCsOHP5WTm/7aHiGzRQqnBcslNzUCUgFM792sO+AmDxsGKXxTvZDdp\nyR2tfEBr+v7oPST80VehEWOxGuyGNiX+Qr9WZJBH+Xqlbd18TpGpQIQw48ngrFH0\neNkcYjNGnTh40IO3ScLztO5BSYxWJx5zlvnkGZA0QTSjQ3PNH5yMGbiecaVTUJvJ\nzZmqTzPKoHuQUvIi6BLkWJZuXdpXdjewkNPRy5NpvkC30NWDy5asGAr8mR3AjyeW\nAvY1hNa7bxaBMOMqN90aluxUY8yqkQIDAQABAoICAHiEalEEhGUQoXppDva9AccO\nzNSzaR2K+UA7gv/MGHFJFBMc4RoqbA7suB/GombG+Nqjk5nX+AwejiP3GN0C4d4W\njfKqo8hYwQM+sTPr+ZfbjRE+wK8cE883Ln+znvkBuUn0eYr4n6SAL9ebcHXU43XS\nAAD/VSiicTBDpBPEBnBLluzAWk31Ly0bbe/nu7s7GAee78E+cG4wjNFl1OpV7/IB\nkRmXDMYFLnv75xF3gjgZdOhEx0TV9yFBOSFFJro9wWCI5Z7MSa3QpDelnSSW9ohe\n/4AKuVmkmlA2veaQRSsP1EogCaHkYpdhvfeyVvjatT8bxjLe8BwlJ8CWOptoNXwq\nnKMtQEGoHmxI5yjG+O842nPCEbx4KO2VHM6woBGOjjl8Ez/f4eIiAZwBaW6jmy/K\nplXsLseiIj+U+IuncgeQI3eGa9Z8uIpyEZb4YOaYSGWtx/TSe3dDS11qAbxjYKEF\nPekUcYwTlchnkthFcnAQoWnWYIgx89vi57wcrJy3G8E3rUfcpZyT+Hq6Njt6ohhr\n7z3b6VKdaX4z91dZ6oTfbTO7U1r/Qh4pqfJWyK5U2YpqZeieOUKUzY6DRF2xQLNN\n/nBSZ3T0DYnlEvzBg6CgE7usMXMdcqcde+gm7A2ELFW3cVlUsdSox4TPdAGHgcgE\nQ7Ld6UGvE+1I4b38x58xAoIBAQDawgNXwVmKb57LO2z8SFuahJUjyyKcZJLVVRwr\nZbhgJcCj5qafEzQnYmMXYiVH40rsBoZJuUdOl8QVhRKmh62FMpPYOl2G1PdBSs8J\nVmFaoFcMbGRSHowiY9Y2OKMcvtTli1FjGri6Twi2t0lpIgGjgWZgStbUzxkTAB50\nsAecBXf0D3BFU7WNmgwTLhFwUTqx0ESobmOAyK2kW8wMJbevH96iTL5114FYZ5ib\nefR/EQkioOJBq3rEUbgoCyvIKIgkgHMl5tvtdBAW9CGaALz91kl+uyySnrxBr3Qa\nLfI8jTxHyaI1cCzvB+Pms8cH5EBKHDYQ3g6VHDMOUj2fkymFAoIBAQDePu0q63J8\nMZ81+qJXw6Eq/59Qweo3eBgg7gvGPszZMNjWdBfB1MGXGHnjfFbMG02d5ARRN0VY\n4lZsJyYBl3BjFBCU1N8ZDeoi+3GA84AWfsZGajvLk8W/BmKyclySk/yG3ELYhaF6\n4eO7X9myvzm/GEbBuWFzvzO/AYKxWd19bdzP5zQ4H7nJuScvU+6xKr4L5dBId1Td\nKSf5VPNVSO62OdCkY9VWbS5Qzy8Hz3cNrquGJNieZMLytAiRhwck+ozhmNiWI0gK\nbkmR3XrJU3Zjf7hJVbGIuEbWShwGKEuZsvWOClr2KKpdv4y9nTNIFQKQiLfO+31L\n489U2kkBF6SdAoIBAQDX1XZg3gbPXKPq1t4H6AhhYxCW+TRT47MvwsKBWuJYEseH\nrumUp+jcNumXx6EK1Yo1Z5aVJLXjKEAyD1LAdbtRYP6X57YhcvvlMr8k8lIpjWt1\neXhdwX/36lMOukDM+sepFxUc19+NCq+JPzux+/hr7x8oQI7H9vFBWuuxq4BGgurA\nJX9bF2VYqbXiMqDIFYz4pYkoOYn5JYaVVHD1Rz19Ds+liFyefhtDMytRszj1KcS+\nose5jUwaaJpu/96ZpMv2X7m8mpNBLDM3wnVosfPF6ugmntwyaWVK1aaSseR/s8XW\n+m0Nlnju+fT0yUnFUoHP3RfG+qCeo+0H40KjsBnVAoIBAGhvEWt1sBqEBtiKqfar\nyvQ1oluEg9cE6/GtaoMBx6jXt00uyGsg2sdxjPVE3FSVD+f92bmAS2n1Eb9ItidR\nTlKAfzowvZU8YKWHmlKKGcp4UBuOmAKVsfqNuZs4+h82wxdsMU0lnjfsJeNKqzW/\nfhc6BSXLQuvtERfUUeGc5OOn2HcpofQtlFQiWTN4MVW3TA6zMyiaSpqSWGJldOLC\nnsmqaUyWTQ2LyJPYh7UX3E3lolwqvE/R8Xmy98PKu6S4x7LK7BvBAH1GTfPpK2Wn\nfp5KygJL7lzcmwzfTkPmc4AKBDF21D+P5F6hQDVpxUs99DKOzDDLJJmgtzCcUmnc\n/lECggEAG35RN3IiSC6tE1GaDfY1iDi8RconBu3/muYGljxo3oKEnXkhXSRPB1EA\nRkfiOb+XJplzOYheXFE0Pi3fmiCq724u4Qg5xoQ2uYWsQiD5enEbBmsm4VvRgG/S\nVWhNEKY+2h0SPdqHlSdQUFZmvqlU4CR9KHK9JiRrAF00wb45dkvZOAbteehVETPd\nXFL87yRv7evOhYWgU+5UHDwkbdy2DiHeV2eEX7gouvjHs3z4AStd8qbbAKZlz6ui\n66QdYOB1oRbLqPiCmdx+9IvdI2SucQmJeufETT+ytg4bwoMM3FMrTbIrmtJvtr2a\neaXL8wQxcRu8H14xRHzeAOgL3pMpRg==\n-----END PRIVATE KEY-----\n",
            "public_key_fingerprint_md5": "ea:42:e3:18:00:d9:a9:ec:7a:c8:40:25:9f:22:ee:ca",
            "public_key_fingerprint_sha256": "SHA256:t3tlsB52H7HXCOTw3jZWrzIpju4ByhpLvWIoUY8ps1Y",
            "public_key_openssh": "ssh-rsa AAAAB3NzaC1yc2EAAAADAQABAAACAQC96gSNMwsxuVz10OT7fOQ+0GMAZs6+XV8BPfAT45AtBKffjeD7m7Q/KPJOn1RR+YjT38JUtX/nttZvbxrxc/sOlbz/wFF3tXQJbambBUKLuVdCPOoEmL9hsxqj4lKMfAjcpcz+CZTp+xcNDSRxK6gK6p73EHeDtMqUu9FjGPx/372SfVtIC/LXZWSrLoPB+F/+K+8V+34AEU2W5KQOhRVETeXuuomnwT3s0mmyqoqn4eTEOOX6euAXZJntQ7Q8FJTgyYshWx9WkP+gVKFcYDeK+0coU21z5rA8elWnwZTzw02TwHlZPGtAZPuSHUeQkldCRRwBVioJRyaGiK75J2tEptgEQBgJfZjhIHWG6ViX7NRVn8pB3mDDQHAtCxaAn59YXGzHZamsPBZCGiqMVb8H3ZnCsOHP5WTm/7aHiGzRQqnBcslNzUCUgFM792sO+AmDxsGKXxTvZDdpyR2tfEBr+v7oPST80VehEWOxGuyGNiX+Qr9WZJBH+Xqlbd18TpGpQIQw48ngrFH0eNkcYjNGnTh40IO3ScLztO5BSYxWJx5zlvnkGZA0QTSjQ3PNH5yMGbiecaVTUJvJzZmqTzPKoHuQUvIi6BLkWJZuXdpXdjewkNPRy5NpvkC30NWDy5asGAr8mR3AjyeWAvY1hNa7bxaBMOMqN90aluxUY8yqkQ==\n",
            "public_key_pem": "-----BEGIN PUBLIC KEY-----\nMIICIjANBgkqhkiG9w0BAQEFAAOCAg8AMIICCgKCAgEAveoEjTMLMblc9dDk+3zk\nPtBjAGbOvl1fAT3wE+OQLQSn343g+5u0PyjyTp9UUfmI09/CVLV/57bWb28a8XP7\nDpW8/8BRd7V0CW2pmwVCi7lXQjzqBJi/YbMao+JSjHwI3KXM/gmU6fsXDQ0kcSuo\nCuqe9xB3g7TKlLvRYxj8f9+9kn1bSAvy12Vkqy6Dwfhf/ivvFft+ABFNluSkDoUV\nRE3l7rqJp8E97NJpsqqKp+HkxDjl+nrgF2SZ7UO0PBSU4MmLIVsfVpD/oFShXGA3\nivtHKFNtc+awPHpVp8GU88NNk8B5WTxrQGT7kh1HkJJXQkUcAVYqCUcmhoiu+Sdr\nRKbYBEAYCX2Y4SB1hulYl+zUVZ/KQd5gw0BwLQsWgJ+fWFxsx2WprDwWQhoqjFW/\nB92ZwrDhz+Vk5v+2h4hs0UKpwXLJTc1AlIBTO/drDvgJg8bBil8U72Q3ackdrXxA\na/r+6D0k/NFXoRFjsRrshjYl/kK/VmSQR/l6pW3dfE6RqUCEMOPJ4KxR9HjZHGIz\nRp04eNCDt0nC87TuQUmMVicec5b55BmQNEE0o0NzzR+cjBm4nnGlU1Cbyc2Zqk8z\nyqB7kFLyIugS5FiWbl3aV3Y3sJDT0cuTab5At9DVg8uWrBgK/JkdwI8nlgL2NYTW\nu28WgTDjKjfdGpbsVGPMqpECAwEAAQ==\n-----END PUBLIC KEY-----\n",
            "rsa_bits": 4096
          },
          "sensitive_attributes": []
        }
      ]
    },
    {
      "module": "module.security",
      "mode": "managed",
      "type": "aws_security_group",
      "name": "security_group_port_22",
      "provider": "provider[\"registry.terraform.io/hashicorp/aws\"]",
      "instances": [
        {
          "schema_version": 1,
          "attributes": {
            "arn": "arn:aws:ec2:us-east-1:481792101255:security-group/sg-085da12af7d9c4209",
            "description": "enable ssh access",
            "egress": [
              {
                "cidr_blocks": [
                  "0.0.0.0/0"
                ],
                "description": "outbound access",
                "from_port": 0,
                "ipv6_cidr_blocks": [],
                "prefix_list_ids": [],
                "protocol": "-1",
                "security_groups": [],
                "self": false,
                "to_port": 0
              }
            ],
            "id": "sg-085da12af7d9c4209",
            "ingress": [
              {
                "cidr_blocks": [
                  "0.0.0.0/0"
                ],
                "description": "ssh access",
                "from_port": 22,
                "ipv6_cidr_blocks": [],
                "prefix_list_ids": [],
                "protocol": "tcp",
                "security_groups": [],
                "self": false,
                "to_port": 22
              }
            ],
            "name": "server security group",
            "name_prefix": "",
            "owner_id": "481792101255",
            "revoke_rules_on_delete": false,
            "tags": {
              "Name": "dev-devOps-security_group_port_22"
            },
            "tags_all": {
              "Name": "dev-devOps-security_group_port_22"
            },
            "timeouts": null,
            "vpc_id": "vpc-0eb0b5cb23ecf2353"
          },
          "sensitive_attributes": [],
          "private": "eyJlMmJmYjczMC1lY2FhLTExZTYtOGY4OC0zNDM2M2JjN2M0YzAiOnsiY3JlYXRlIjo2MDAwMDAwMDAwMDAsImRlbGV0ZSI6OTAwMDAwMDAwMDAwfSwic2NoZW1hX3ZlcnNpb24iOiIxIn0=",
          "dependencies": [
            "module.vpc.aws_vpc.vpc"
          ]
        }
      ]
    },
    {
      "module": "module.security",
      "mode": "managed",
      "type": "aws_security_group",
      "name": "security_group_port_30000",
      "provider": "provider[\"registry.terraform.io/hashicorp/aws\"]",
      "instances": [
        {
          "schema_version": 1,
          "attributes": {
            "arn": "arn:aws:ec2:us-east-1:481792101255:security-group/sg-03f63fbececc0b279",
            "description": "enable port access 30000",
            "egress": [
              {
                "cidr_blocks": [
                  "0.0.0.0/0"
                ],
                "description": "outbound access",
                "from_port": 0,
                "ipv6_cidr_blocks": [],
                "prefix_list_ids": [],
                "protocol": "-1",
                "security_groups": [],
                "self": false,
                "to_port": 0
              }
            ],
            "id": "sg-03f63fbececc0b279",
            "ingress": [
              {
                "cidr_blocks": [
                  "0.0.0.0/0"
                ],
                "description": "port 30000 access",
                "from_port": 30000,
                "ipv6_cidr_blocks": [],
                "prefix_list_ids": [],
                "protocol": "tcp",
                "security_groups": [],
                "self": false,
                "to_port": 30000
              }
            ],
            "name": "K8 server security group",
            "name_prefix": "",
            "owner_id": "481792101255",
            "revoke_rules_on_delete": false,
            "tags": {
              "Name": "dev-devOps-security_group_port_30000"
            },
            "tags_all": {
              "Name": "dev-devOps-security_group_port_30000"
            },
            "timeouts": null,
            "vpc_id": "vpc-0eb0b5cb23ecf2353"
          },
          "sensitive_attributes": [],
          "private": "eyJlMmJmYjczMC1lY2FhLTExZTYtOGY4OC0zNDM2M2JjN2M0YzAiOnsiY3JlYXRlIjo2MDAwMDAwMDAwMDAsImRlbGV0ZSI6OTAwMDAwMDAwMDAwfSwic2NoZW1hX3ZlcnNpb24iOiIxIn0=",
          "dependencies": [
            "module.vpc.aws_vpc.vpc"
          ]
        }
      ]
    },
    {
      "module": "module.security",
      "mode": "managed",
      "type": "aws_security_group",
      "name": "security_group_port_8080",
      "provider": "provider[\"registry.terraform.io/hashicorp/aws\"]",
      "instances": [
        {
          "schema_version": 1,
          "attributes": {
            "arn": "arn:aws:ec2:us-east-1:481792101255:security-group/sg-0126ba2345742aa03",
            "description": "enable port access 8080",
            "egress": [
              {
                "cidr_blocks": [
                  "0.0.0.0/0"
                ],
                "description": "outbound access",
                "from_port": 0,
                "ipv6_cidr_blocks": [],
                "prefix_list_ids": [],
                "protocol": "-1",
                "security_groups": [],
                "self": false,
                "to_port": 0
              }
            ],
            "id": "sg-0126ba2345742aa03",
            "ingress": [
              {
                "cidr_blocks": [
                  "0.0.0.0/0"
                ],
                "description": "port 8080 access",
                "from_port": 8080,
                "ipv6_cidr_blocks": [],
                "prefix_list_ids": [],
                "protocol": "tcp",
                "security_groups": [],
                "self": false,
                "to_port": 8080
              }
            ],
            "name": "Jenkins server security group with port 8080",
            "name_prefix": "",
            "owner_id": "481792101255",
            "revoke_rules_on_delete": false,
            "tags": {
              "Name": "dev-devOps-security_group_port_8080"
            },
            "tags_all": {
              "Name": "dev-devOps-security_group_port_8080"
            },
            "timeouts": null,
            "vpc_id": "vpc-0eb0b5cb23ecf2353"
          },
          "sensitive_attributes": [],
          "private": "eyJlMmJmYjczMC1lY2FhLTExZTYtOGY4OC0zNDM2M2JjN2M0YzAiOnsiY3JlYXRlIjo2MDAwMDAwMDAwMDAsImRlbGV0ZSI6OTAwMDAwMDAwMDAwfSwic2NoZW1hX3ZlcnNpb24iOiIxIn0=",
          "dependencies": [
            "module.vpc.aws_vpc.vpc"
          ]
        }
      ]
    },
    {
      "module": "module.security",
      "mode": "managed",
      "type": "aws_security_group",
      "name": "security_group_port_9000",
      "provider": "provider[\"registry.terraform.io/hashicorp/aws\"]",
      "instances": [
        {
          "schema_version": 1,
          "attributes": {
            "arn": "arn:aws:ec2:us-east-1:481792101255:security-group/sg-05cdda25d887899b0",
            "description": "enable PORT 9000",
            "egress": [
              {
                "cidr_blocks": [
                  "0.0.0.0/0"
                ],
                "description": "outbound access",
                "from_port": 0,
                "ipv6_cidr_blocks": [],
                "prefix_list_ids": [],
                "protocol": "-1",
                "security_groups": [],
                "self": false,
                "to_port": 0
              }
            ],
            "id": "sg-05cdda25d887899b0",
            "ingress": [
              {
                "cidr_blocks": [
                  "0.0.0.0/0"
                ],
                "description": "port 9000 access",
                "from_port": 9000,
                "ipv6_cidr_blocks": [],
                "prefix_list_ids": [],
                "protocol": "tcp",
                "security_groups": [],
                "self": false,
                "to_port": 9000
              }
            ],
            "name": "sonarqube server security group",
            "name_prefix": "",
            "owner_id": "481792101255",
            "revoke_rules_on_delete": false,
            "tags": {
              "Name": "dev-devOps-security_group_port_9000"
            },
            "tags_all": {
              "Name": "dev-devOps-security_group_port_9000"
            },
            "timeouts": null,
            "vpc_id": "vpc-0eb0b5cb23ecf2353"
          },
          "sensitive_attributes": [],
          "private": "eyJlMmJmYjczMC1lY2FhLTExZTYtOGY4OC0zNDM2M2JjN2M0YzAiOnsiY3JlYXRlIjo2MDAwMDAwMDAwMDAsImRlbGV0ZSI6OTAwMDAwMDAwMDAwfSwic2NoZW1hX3ZlcnNpb24iOiIxIn0=",
          "dependencies": [
            "module.vpc.aws_vpc.vpc"
          ]
        }
      ]
    },
    {
      "module": "module.sonarqube-server",
      "mode": "data",
      "type": "aws_ami",
      "name": "ubuntu-linux-1404",
      "provider": "provider[\"registry.terraform.io/hashicorp/aws\"]",
      "instances": [
        {
          "schema_version": 0,
          "attributes": {
            "architecture": "x86_64",
            "arn": "arn:aws:ec2:us-east-1::image/ami-0fe0238291c8e3f07",
            "block_device_mappings": [
              {
                "device_name": "/dev/sda1",
                "ebs": {
                  "delete_on_termination": "true",
                  "encrypted": "false",
                  "iops": "0",
                  "snapshot_id": "snap-0a7d84f0fd7eff0c2",
                  "throughput": "0",
                  "volume_size": "8",
                  "volume_type": "gp2"
                },
                "no_device": "",
                "virtual_name": ""
              },
              {
                "device_name": "/dev/sdb",
                "ebs": {},
                "no_device": "",
                "virtual_name": "ephemeral0"
              },
              {
                "device_name": "/dev/sdc",
                "ebs": {},
                "no_device": "",
                "virtual_name": "ephemeral1"
              }
            ],
            "boot_mode": "legacy-bios",
            "creation_date": "2023-09-19T04:17:15.000Z",
            "deprecation_time": "2025-09-19T04:17:15.000Z",
            "description": "Canonical, Ubuntu, 20.04 LTS, amd64 focal image build on 2023-09-18",
            "ena_support": true,
            "executable_users": null,
            "filter": [
              {
                "name": "name",
                "values": [
                  "ubuntu/images/hvm-ssd/ubuntu-focal-20.04-amd64-server-*"
                ]
              },
              {
                "name": "virtualization-type",
                "values": [
                  "hvm"
                ]
              }
            ],
            "hypervisor": "xen",
            "id": "ami-0fe0238291c8e3f07",
            "image_id": "ami-0fe0238291c8e3f07",
            "image_location": "amazon/ubuntu/images/hvm-ssd/ubuntu-focal-20.04-amd64-server-20230918",
            "image_owner_alias": "amazon",
            "image_type": "machine",
            "imds_support": "",
            "include_deprecated": false,
            "kernel_id": "",
            "most_recent": true,
            "name": "ubuntu/images/hvm-ssd/ubuntu-focal-20.04-amd64-server-20230918",
            "name_regex": null,
            "owner_id": "099720109477",
            "owners": [
              "099720109477"
            ],
            "platform": "",
            "platform_details": "Linux/UNIX",
            "product_codes": [],
            "public": true,
            "ramdisk_id": "",
            "root_device_name": "/dev/sda1",
            "root_device_type": "ebs",
            "root_snapshot_id": "snap-0a7d84f0fd7eff0c2",
            "sriov_net_support": "simple",
            "state": "available",
            "state_reason": {
              "code": "UNSET",
              "message": "UNSET"
            },
            "tags": {},
            "timeouts": null,
            "tpm_support": "",
            "usage_operation": "RunInstances",
            "virtualization_type": "hvm"
          },
          "sensitive_attributes": []
        }
      ]
    },
    {
      "module": "module.sonarqube-server",
      "mode": "data",
      "type": "aws_availability_zones",
      "name": "available_zones",
      "provider": "provider[\"registry.terraform.io/hashicorp/aws\"]",
      "instances": [
        {
          "schema_version": 0,
          "attributes": {
            "all_availability_zones": null,
            "exclude_names": null,
            "exclude_zone_ids": null,
            "filter": null,
            "group_names": [
              "us-east-1"
            ],
            "id": "us-east-1",
            "names": [
              "us-east-1a",
              "us-east-1b",
              "us-east-1c",
              "us-east-1d",
              "us-east-1e",
              "us-east-1f"
            ],
            "state": null,
            "timeouts": null,
            "zone_ids": [
              "use1-az2",
              "use1-az4",
              "use1-az6",
              "use1-az1",
              "use1-az3",
              "use1-az5"
            ]
          },
          "sensitive_attributes": []
        }
      ]
    },
    {
      "module": "module.sonarqube-server",
      "mode": "data",
      "type": "template_file",
      "name": "user_data",
      "provider": "provider[\"registry.terraform.io/hashicorp/template\"]",
      "instances": [
        {
          "schema_version": 0,
          "attributes": {
            "filename": null,
            "id": "14515ba16b18541e762b8a936a07a02d74c5037746729cfbc4826e6271aa432f",
            "rendered": "#!/bin/bash\n# Increase the vm.max_map_count for kernel and ulimit for the current session at runtime.\nsudo bash -c 'cat \u003c\u003cEOT\u003e /etc/sysctl.conf\nvm.max_map_count=524288\nfs.file-max=131072\nulimit -n 65536\nulimit -u 4096\nEOT'\nsudo sysctl -w vm.max_map_count=524288\nsysctl -w fs.file-max=131072\n\n#Increase these permanently\nsudo bash -c 'cat \u003c\u003cEOT\u003e /etc/security/limits.conf\nsonarqube   -   nofile   65536\nsonarqube   -   nproc    4096\nEOT'\n\n# Need JDK 17 or higher to run SonarQube 9.9\nsudo apt-get update -y\nsudo apt-get install openjdk-17-jdk -y\nsudo update-alternatives --config java\njava -version\n\n#Download the binaries for SonarQube \nsudo mkdir -p /sonarqube/\ncd /sonarqube/\nsudo curl -O https://binaries.sonarsource.com/Distribution/sonarqube/sonarqube-9.9.0.65466.zip\nsudo apt-get install zip -y\nsudo unzip -o sonarqube-9.9.0.65466.zip -d /opt/\nsudo mv /opt/sonarqube-9.9.0.65466/ /opt/sonarqube\nsudo rm -rf /opt/sonarqube/conf/sonar.properties\nsudo touch /opt/sonarqube/conf/sonar.properties\n\n\n# Create the group\nsudo groupadd sonar\nsudo useradd -c \"SonarQube - User\" -d /opt/sonarqube/ -g sonar sonar\nsudo chown  -R sonar:sonar /opt/sonarqube/ \n\n\n# Create a systemd service file for SonarQube to run at system startup\nsudo touch /etc/systemd/system/sonarqube.service\nsudo bash -c 'cat \u003c\u003cEOT\u003e /etc/systemd/system/sonarqube.service\n[Unit]\nDescription=SonarQube service\nAfter=syslog.target network.target\n\n[Service]\nType=forking\n\nExecStart=/opt/sonarqube/bin/linux-x86-64/sonar.sh start\nExecStop=/opt/sonarqube/bin/linux-x86-64/sonar.sh stop\n\nUser=sonar\nGroup=sonar\nRestart=always\n\nLimitNOFILE=65536\nLimitNPROC=4096\n\n\n[Install]\nWantedBy=multi-user.target\nEOT'\n\n# automatically system startup enable\nsudo systemctl daemon-reload\nsudo systemctl enable sonarqube.service\n\n# Automatically system startup enable\nsudo systemctl restart sonarqube.service",
            "template": "#!/bin/bash\n# Increase the vm.max_map_count for kernel and ulimit for the current session at runtime.\nsudo bash -c 'cat \u003c\u003cEOT\u003e /etc/sysctl.conf\nvm.max_map_count=524288\nfs.file-max=131072\nulimit -n 65536\nulimit -u 4096\nEOT'\nsudo sysctl -w vm.max_map_count=524288\nsysctl -w fs.file-max=131072\n\n#Increase these permanently\nsudo bash -c 'cat \u003c\u003cEOT\u003e /etc/security/limits.conf\nsonarqube   -   nofile   65536\nsonarqube   -   nproc    4096\nEOT'\n\n# Need JDK 17 or higher to run SonarQube 9.9\nsudo apt-get update -y\nsudo apt-get install openjdk-17-jdk -y\nsudo update-alternatives --config java\njava -version\n\n#Download the binaries for SonarQube \nsudo mkdir -p /sonarqube/\ncd /sonarqube/\nsudo curl -O https://binaries.sonarsource.com/Distribution/sonarqube/sonarqube-9.9.0.65466.zip\nsudo apt-get install zip -y\nsudo unzip -o sonarqube-9.9.0.65466.zip -d /opt/\nsudo mv /opt/sonarqube-9.9.0.65466/ /opt/sonarqube\nsudo rm -rf /opt/sonarqube/conf/sonar.properties\nsudo touch /opt/sonarqube/conf/sonar.properties\n\n\n# Create the group\nsudo groupadd sonar\nsudo useradd -c \"SonarQube - User\" -d /opt/sonarqube/ -g sonar sonar\nsudo chown  -R sonar:sonar /opt/sonarqube/ \n\n\n# Create a systemd service file for SonarQube to run at system startup\nsudo touch /etc/systemd/system/sonarqube.service\nsudo bash -c 'cat \u003c\u003cEOT\u003e /etc/systemd/system/sonarqube.service\n[Unit]\nDescription=SonarQube service\nAfter=syslog.target network.target\n\n[Service]\nType=forking\n\nExecStart=/opt/sonarqube/bin/linux-x86-64/sonar.sh start\nExecStop=/opt/sonarqube/bin/linux-x86-64/sonar.sh stop\n\nUser=sonar\nGroup=sonar\nRestart=always\n\nLimitNOFILE=65536\nLimitNPROC=4096\n\n\n[Install]\nWantedBy=multi-user.target\nEOT'\n\n# automatically system startup enable\nsudo systemctl daemon-reload\nsudo systemctl enable sonarqube.service\n\n# Automatically system startup enable\nsudo systemctl restart sonarqube.service",
            "vars": null
          },
          "sensitive_attributes": []
        }
      ]
    },
    {
      "module": "module.sonarqube-server",
      "mode": "managed",
      "type": "aws_instance",
      "name": "sonarqube-server",
      "provider": "provider[\"registry.terraform.io/hashicorp/aws\"]",
      "instances": [
        {
          "schema_version": 1,
          "attributes": {
            "ami": "ami-0fe0238291c8e3f07",
            "arn": "arn:aws:ec2:us-east-1:481792101255:instance/i-0494405661733b5bf",
            "associate_public_ip_address": true,
            "availability_zone": "us-east-1a",
            "capacity_reservation_specification": [
              {
                "capacity_reservation_preference": "open",
                "capacity_reservation_target": []
              }
            ],
            "cpu_core_count": 2,
            "cpu_options": [
              {
                "amd_sev_snp": "",
                "core_count": 2,
                "threads_per_core": 1
              }
            ],
            "cpu_threads_per_core": 1,
            "credit_specification": [
              {
                "cpu_credits": "standard"
              }
            ],
            "disable_api_stop": false,
            "disable_api_termination": false,
            "ebs_block_device": [],
            "ebs_optimized": false,
            "enclave_options": [
              {
                "enabled": false
              }
            ],
            "ephemeral_block_device": [],
            "get_password_data": false,
            "hibernation": false,
            "host_id": "",
            "host_resource_group_arn": null,
            "iam_instance_profile": "",
            "id": "i-0494405661733b5bf",
            "instance_initiated_shutdown_behavior": "stop",
            "instance_state": "running",
            "instance_type": "t2.medium",
            "ipv6_address_count": 0,
            "ipv6_addresses": [],
            "key_name": "dev-keypair",
            "launch_template": [],
            "maintenance_options": [
              {
                "auto_recovery": "default"
              }
            ],
            "metadata_options": [
              {
                "http_endpoint": "enabled",
                "http_put_response_hop_limit": 1,
                "http_tokens": "optional",
                "instance_metadata_tags": "disabled"
              }
            ],
            "monitoring": false,
            "network_interface": [],
            "outpost_arn": "",
            "password_data": "",
            "placement_group": "",
            "placement_partition_number": 0,
            "primary_network_interface_id": "eni-0fa6e881c2c6a1064",
            "private_dns": "ip-192-168-0-216.ec2.internal",
            "private_dns_name_options": [
              {
                "enable_resource_name_dns_a_record": false,
                "enable_resource_name_dns_aaaa_record": false,
                "hostname_type": "ip-name"
              }
            ],
            "private_ip": "192.168.0.216",
            "public_dns": "ec2-44-203-190-104.compute-1.amazonaws.com",
            "public_ip": "44.203.190.104",
            "root_block_device": [
              {
                "delete_on_termination": true,
                "device_name": "/dev/sda1",
                "encrypted": false,
                "iops": 100,
                "kms_key_id": "",
                "tags": {},
                "throughput": 0,
                "volume_id": "vol-00e29d0e0610b7712",
                "volume_size": 8,
                "volume_type": "gp2"
              }
            ],
            "secondary_private_ips": [],
            "security_groups": [
              "sg-05cdda25d887899b0",
              "sg-085da12af7d9c4209"
            ],
            "source_dest_check": true,
            "subnet_id": "subnet-09918c58d6cfd3b49",
            "tags": {
              "Name": "dev-Sonarqube-Server-devOps"
            },
            "tags_all": {
              "Name": "dev-Sonarqube-Server-devOps"
            },
            "tenancy": "default",
            "timeouts": null,
            "user_data": "25fd71084b72998406549ad2942f2bab275c72e3",
            "user_data_base64": null,
            "user_data_replace_on_change": false,
            "volume_tags": null,
            "vpc_security_group_ids": [
              "sg-05cdda25d887899b0",
              "sg-085da12af7d9c4209"
            ]
          },
          "sensitive_attributes": [],
          "private": "eyJlMmJmYjczMC1lY2FhLTExZTYtOGY4OC0zNDM2M2JjN2M0YzAiOnsiY3JlYXRlIjo2MDAwMDAwMDAwMDAsImRlbGV0ZSI6MTIwMDAwMDAwMDAwMCwidXBkYXRlIjo2MDAwMDAwMDAwMDB9LCJzY2hlbWFfdmVyc2lvbiI6IjEifQ==",
          "dependencies": [
            "module.security.aws_security_group.security_group_port_22",
            "module.security.aws_security_group.security_group_port_9000",
            "module.sonarqube-server.data.aws_ami.ubuntu-linux-1404",
            "module.sonarqube-server.data.template_file.user_data",
            "module.vpc.aws_subnet.public_subnet_az",
            "module.vpc.aws_vpc.vpc",
            "module.vpc.data.aws_availability_zones.available_zones"
          ]
        }
      ]
    },
    {
      "module": "module.vpc",
      "mode": "data",
      "type": "aws_availability_zones",
      "name": "available_zones",
      "provider": "provider[\"registry.terraform.io/hashicorp/aws\"]",
      "instances": [
        {
          "schema_version": 0,
          "attributes": {
            "all_availability_zones": null,
            "exclude_names": null,
            "exclude_zone_ids": null,
            "filter": null,
            "group_names": [
              "us-east-1"
            ],
            "id": "us-east-1",
            "names": [
              "us-east-1a",
              "us-east-1b",
              "us-east-1c",
              "us-east-1d",
              "us-east-1e",
              "us-east-1f"
            ],
            "state": null,
            "timeouts": null,
            "zone_ids": [
              "use1-az2",
              "use1-az4",
              "use1-az6",
              "use1-az1",
              "use1-az3",
              "use1-az5"
            ]
          },
          "sensitive_attributes": []
        }
      ]
    },
    {
      "module": "module.vpc",
      "mode": "managed",
      "type": "aws_internet_gateway",
      "name": "internet_gateway",
      "provider": "provider[\"registry.terraform.io/hashicorp/aws\"]",
      "instances": [
        {
          "schema_version": 0,
          "attributes": {
            "arn": "arn:aws:ec2:us-east-1:481792101255:internet-gateway/igw-0fd12e4248f74de7c",
            "id": "igw-0fd12e4248f74de7c",
            "owner_id": "481792101255",
            "tags": {
              "Name": "dev-devOps-igw"
            },
            "tags_all": {
              "Name": "dev-devOps-igw"
            },
            "timeouts": null,
            "vpc_id": "vpc-0eb0b5cb23ecf2353"
          },
          "sensitive_attributes": [],
          "private": "eyJlMmJmYjczMC1lY2FhLTExZTYtOGY4OC0zNDM2M2JjN2M0YzAiOnsiY3JlYXRlIjoxMjAwMDAwMDAwMDAwLCJkZWxldGUiOjEyMDAwMDAwMDAwMDAsInVwZGF0ZSI6MTIwMDAwMDAwMDAwMH19",
          "dependencies": [
            "module.vpc.aws_vpc.vpc"
          ]
        }
      ]
    },
    {
      "module": "module.vpc",
      "mode": "managed",
      "type": "aws_route_table",
      "name": "public_route_table",
      "provider": "provider[\"registry.terraform.io/hashicorp/aws\"]",
      "instances": [
        {
          "schema_version": 0,
          "attributes": {
            "arn": "arn:aws:ec2:us-east-1:481792101255:route-table/rtb-0422bf3f4ccf7ff71",
            "id": "rtb-0422bf3f4ccf7ff71",
            "owner_id": "481792101255",
            "propagating_vgws": [],
            "route": [
              {
                "carrier_gateway_id": "",
                "cidr_block": "0.0.0.0/0",
                "core_network_arn": "",
                "destination_prefix_list_id": "",
                "egress_only_gateway_id": "",
                "gateway_id": "igw-0fd12e4248f74de7c",
                "instance_id": "",
                "ipv6_cidr_block": "",
                "local_gateway_id": "",
                "nat_gateway_id": "",
                "network_interface_id": "",
                "transit_gateway_id": "",
                "vpc_endpoint_id": "",
                "vpc_peering_connection_id": ""
              }
            ],
            "tags": {
              "Name": "dev-devOps-Public Route Table"
            },
            "tags_all": {
              "Name": "dev-devOps-Public Route Table"
            },
            "timeouts": null,
            "vpc_id": "vpc-0eb0b5cb23ecf2353"
          },
          "sensitive_attributes": [],
          "private": "eyJlMmJmYjczMC1lY2FhLTExZTYtOGY4OC0zNDM2M2JjN2M0YzAiOnsiY3JlYXRlIjozMDAwMDAwMDAwMDAsImRlbGV0ZSI6MzAwMDAwMDAwMDAwLCJ1cGRhdGUiOjEyMDAwMDAwMDAwMH19",
          "dependencies": [
            "module.vpc.aws_internet_gateway.internet_gateway",
            "module.vpc.aws_vpc.vpc"
          ]
        }
      ]
    },
    {
      "module": "module.vpc",
      "mode": "managed",
      "type": "aws_route_table_association",
      "name": "public_subnet_az_route_table_association",
      "provider": "provider[\"registry.terraform.io/hashicorp/aws\"]",
      "instances": [
        {
          "schema_version": 0,
          "attributes": {
            "gateway_id": "",
            "id": "rtbassoc-0cbbb566edd2e1719",
            "route_table_id": "rtb-0422bf3f4ccf7ff71",
            "subnet_id": "subnet-09918c58d6cfd3b49",
            "timeouts": null
          },
          "sensitive_attributes": [],
          "private": "eyJlMmJmYjczMC1lY2FhLTExZTYtOGY4OC0zNDM2M2JjN2M0YzAiOnsiY3JlYXRlIjozMDAwMDAwMDAwMDAsImRlbGV0ZSI6MzAwMDAwMDAwMDAwLCJ1cGRhdGUiOjEyMDAwMDAwMDAwMH19",
          "dependencies": [
            "module.vpc.aws_internet_gateway.internet_gateway",
            "module.vpc.aws_route_table.public_route_table",
            "module.vpc.aws_subnet.public_subnet_az",
            "module.vpc.aws_vpc.vpc",
            "module.vpc.data.aws_availability_zones.available_zones"
          ]
        }
      ]
    },
    {
      "module": "module.vpc",
      "mode": "managed",
      "type": "aws_subnet",
      "name": "public_subnet_az",
      "provider": "provider[\"registry.terraform.io/hashicorp/aws\"]",
      "instances": [
        {
          "schema_version": 1,
          "attributes": {
            "arn": "arn:aws:ec2:us-east-1:481792101255:subnet/subnet-09918c58d6cfd3b49",
            "assign_ipv6_address_on_creation": false,
            "availability_zone": "us-east-1a",
            "availability_zone_id": "use1-az2",
            "cidr_block": "192.168.0.0/24",
            "customer_owned_ipv4_pool": "",
            "enable_dns64": false,
            "enable_lni_at_device_index": 0,
            "enable_resource_name_dns_a_record_on_launch": false,
            "enable_resource_name_dns_aaaa_record_on_launch": false,
            "id": "subnet-09918c58d6cfd3b49",
            "ipv6_cidr_block": "",
            "ipv6_cidr_block_association_id": "",
            "ipv6_native": false,
            "map_customer_owned_ip_on_launch": false,
            "map_public_ip_on_launch": true,
            "outpost_arn": "",
            "owner_id": "481792101255",
            "private_dns_hostname_type_on_launch": "ip-name",
            "tags": {
              "Name": "dev-devOps-Public Subnet"
            },
            "tags_all": {
              "Name": "dev-devOps-Public Subnet"
            },
            "timeouts": null,
            "vpc_id": "vpc-0eb0b5cb23ecf2353"
          },
          "sensitive_attributes": [],
          "private": "eyJlMmJmYjczMC1lY2FhLTExZTYtOGY4OC0zNDM2M2JjN2M0YzAiOnsiY3JlYXRlIjo2MDAwMDAwMDAwMDAsImRlbGV0ZSI6MTIwMDAwMDAwMDAwMH0sInNjaGVtYV92ZXJzaW9uIjoiMSJ9",
          "dependencies": [
            "module.vpc.aws_vpc.vpc",
            "module.vpc.data.aws_availability_zones.available_zones"
          ]
        }
      ]
    },
    {
      "module": "module.vpc",
      "mode": "managed",
      "type": "aws_vpc",
      "name": "vpc",
      "provider": "provider[\"registry.terraform.io/hashicorp/aws\"]",
      "instances": [
        {
          "schema_version": 1,
          "attributes": {
            "arn": "arn:aws:ec2:us-east-1:481792101255:vpc/vpc-0eb0b5cb23ecf2353",
            "assign_generated_ipv6_cidr_block": false,
            "cidr_block": "192.168.0.0/16",
            "default_network_acl_id": "acl-00265fb404de9bae2",
            "default_route_table_id": "rtb-040c4c80628c35bf1",
            "default_security_group_id": "sg-0c3ea94ba30dc0146",
            "dhcp_options_id": "dopt-05b0956f602ec80a2",
            "enable_classiclink": false,
            "enable_classiclink_dns_support": false,
            "enable_dns_hostnames": true,
            "enable_dns_support": true,
            "enable_network_address_usage_metrics": false,
            "id": "vpc-0eb0b5cb23ecf2353",
            "instance_tenancy": "default",
            "ipv4_ipam_pool_id": null,
            "ipv4_netmask_length": null,
            "ipv6_association_id": "",
            "ipv6_cidr_block": "",
            "ipv6_cidr_block_network_border_group": "",
            "ipv6_ipam_pool_id": "",
            "ipv6_netmask_length": 0,
            "main_route_table_id": "rtb-040c4c80628c35bf1",
            "owner_id": "481792101255",
            "tags": {
              "Name": "dev-devOps-vpc"
            },
            "tags_all": {
              "Name": "dev-devOps-vpc"
            }
          },
          "sensitive_attributes": [],
          "private": "eyJzY2hlbWFfdmVyc2lvbiI6IjEifQ=="
        }
      ]
    }
  ],
  "check_results": null
}
