{
  "version": 4,
  "terraform_version": "1.4.5",
  "serial": 142,
  "lineage": "efec49db-4752-a5e2-bc56-3a66be362e90",
  "outputs": {
    "jenkins-server-public-ip": {
      "value": "44.204.61.143",
      "type": "string"
    },
    "k8-server-public-ip": {
      "value": "54.174.158.170",
      "type": "string"
    },
    "sonarqube-server-public-ip": {
      "value": "52.90.177.166",
      "type": "string"
    }
  },
  "resources": [
    {
      "module": "module.jenkins-server",
      "mode": "data",
      "type": "aws_ami",
      "name": "ubuntu-linux-1404",
      "provider": "provider[\"registry.terraform.io/hashicorp/aws\"]",
      "instances": [
        {
          "schema_version": 0,
          "attributes": {
            "architecture": "x86_64",
            "arn": "arn:aws:ec2:us-east-1::image/ami-0fe0238291c8e3f07",
            "block_device_mappings": [
              {
                "device_name": "/dev/sda1",
                "ebs": {
                  "delete_on_termination": "true",
                  "encrypted": "false",
                  "iops": "0",
                  "snapshot_id": "snap-0a7d84f0fd7eff0c2",
                  "throughput": "0",
                  "volume_size": "8",
                  "volume_type": "gp2"
                },
                "no_device": "",
                "virtual_name": ""
              },
              {
                "device_name": "/dev/sdb",
                "ebs": {},
                "no_device": "",
                "virtual_name": "ephemeral0"
              },
              {
                "device_name": "/dev/sdc",
                "ebs": {},
                "no_device": "",
                "virtual_name": "ephemeral1"
              }
            ],
            "boot_mode": "legacy-bios",
            "creation_date": "2023-09-19T04:17:15.000Z",
            "deprecation_time": "2025-09-19T04:17:15.000Z",
            "description": "Canonical, Ubuntu, 20.04 LTS, amd64 focal image build on 2023-09-18",
            "ena_support": true,
            "executable_users": null,
            "filter": [
              {
                "name": "name",
                "values": [
                  "ubuntu/images/hvm-ssd/ubuntu-focal-20.04-amd64-server-*"
                ]
              },
              {
                "name": "virtualization-type",
                "values": [
                  "hvm"
                ]
              }
            ],
            "hypervisor": "xen",
            "id": "ami-0fe0238291c8e3f07",
            "image_id": "ami-0fe0238291c8e3f07",
            "image_location": "amazon/ubuntu/images/hvm-ssd/ubuntu-focal-20.04-amd64-server-20230918",
            "image_owner_alias": "amazon",
            "image_type": "machine",
            "imds_support": "",
            "include_deprecated": false,
            "kernel_id": "",
            "most_recent": true,
            "name": "ubuntu/images/hvm-ssd/ubuntu-focal-20.04-amd64-server-20230918",
            "name_regex": null,
            "owner_id": "099720109477",
            "owners": [
              "099720109477"
            ],
            "platform": "",
            "platform_details": "Linux/UNIX",
            "product_codes": [],
            "public": true,
            "ramdisk_id": "",
            "root_device_name": "/dev/sda1",
            "root_device_type": "ebs",
            "root_snapshot_id": "snap-0a7d84f0fd7eff0c2",
            "sriov_net_support": "simple",
            "state": "available",
            "state_reason": {
              "code": "UNSET",
              "message": "UNSET"
            },
            "tags": {},
            "timeouts": null,
            "tpm_support": "",
            "usage_operation": "RunInstances",
            "virtualization_type": "hvm"
          },
          "sensitive_attributes": []
        }
      ]
    },
    {
      "module": "module.jenkins-server",
      "mode": "data",
      "type": "aws_availability_zones",
      "name": "available_zones",
      "provider": "provider[\"registry.terraform.io/hashicorp/aws\"]",
      "instances": [
        {
          "schema_version": 0,
          "attributes": {
            "all_availability_zones": null,
            "exclude_names": null,
            "exclude_zone_ids": null,
            "filter": null,
            "group_names": [
              "us-east-1"
            ],
            "id": "us-east-1",
            "names": [
              "us-east-1a",
              "us-east-1b",
              "us-east-1c",
              "us-east-1d",
              "us-east-1e",
              "us-east-1f"
            ],
            "state": null,
            "timeouts": null,
            "zone_ids": [
              "use1-az2",
              "use1-az4",
              "use1-az6",
              "use1-az1",
              "use1-az3",
              "use1-az5"
            ]
          },
          "sensitive_attributes": []
        }
      ]
    },
    {
      "module": "module.jenkins-server",
      "mode": "data",
      "type": "template_file",
      "name": "user_data",
      "provider": "provider[\"registry.terraform.io/hashicorp/template\"]",
      "instances": [
        {
          "schema_version": 0,
          "attributes": {
            "filename": null,
            "id": "78daf0ee0dbd5fdc900116286ba6cd687e053834329bfcd1eebdd9a0326eaa26",
            "rendered": "#!/bin/bash\n#################################\n# Author: Santosh\n# Date: 5th-July-2023\n# version 1\n# This code install jenkins in the ubuntu instances\n##################################\n\nsudo apt update -y\nsudo apt install openjdk-17-jre -y\ncurl -fsSL https://pkg.jenkins.io/debian-stable/jenkins.io-2023.key | sudo tee \\\n  /usr/share/keyrings/jenkins-keyring.asc \u003e /dev/null\necho deb [signed-by=/usr/share/keyrings/jenkins-keyring.asc] \\\n  https://pkg.jenkins.io/debian-stable binary/ | sudo tee \\\n  /etc/apt/sources.list.d/jenkins.list \u003e /dev/null\nsudo apt-get update\nsudo apt-get install jenkins -y\nsudo systemctl enable jenkins\nsudo systemctl start jenkins\n\nsudo apt-add-repository ppa:ansible/ansible\nsudo apt update\nsudo apt-get install ansible -y\n\n\ncd /opt/\nsudo wget https://dlcdn.apache.org/maven/maven-3/3.9.4/binaries/apache-maven-3.9.4-bin.zip\nsudo apt-get install unzip -y\nsudo unzip apache-maven-3.9.4-bin.zip\nsudo rm -rf apache-maven-3.9.4-bin.zip\n\nexport M2_HOME=/opt/apache-maven-3.9.4\nexport PATH=$PATH:$M2_HOME/bin\nsleep 5\nsource ~/.bashrc",
            "template": "#!/bin/bash\n#################################\n# Author: Santosh\n# Date: 5th-July-2023\n# version 1\n# This code install jenkins in the ubuntu instances\n##################################\n\nsudo apt update -y\nsudo apt install openjdk-17-jre -y\ncurl -fsSL https://pkg.jenkins.io/debian-stable/jenkins.io-2023.key | sudo tee \\\n  /usr/share/keyrings/jenkins-keyring.asc \u003e /dev/null\necho deb [signed-by=/usr/share/keyrings/jenkins-keyring.asc] \\\n  https://pkg.jenkins.io/debian-stable binary/ | sudo tee \\\n  /etc/apt/sources.list.d/jenkins.list \u003e /dev/null\nsudo apt-get update\nsudo apt-get install jenkins -y\nsudo systemctl enable jenkins\nsudo systemctl start jenkins\n\nsudo apt-add-repository ppa:ansible/ansible\nsudo apt update\nsudo apt-get install ansible -y\n\n\ncd /opt/\nsudo wget https://dlcdn.apache.org/maven/maven-3/3.9.4/binaries/apache-maven-3.9.4-bin.zip\nsudo apt-get install unzip -y\nsudo unzip apache-maven-3.9.4-bin.zip\nsudo rm -rf apache-maven-3.9.4-bin.zip\n\nexport M2_HOME=/opt/apache-maven-3.9.4\nexport PATH=$PATH:$M2_HOME/bin\nsleep 5\nsource ~/.bashrc",
            "vars": null
          },
          "sensitive_attributes": []
        }
      ]
    },
    {
      "module": "module.jenkins-server",
      "mode": "managed",
      "type": "aws_instance",
      "name": "jenkins-server",
      "provider": "provider[\"registry.terraform.io/hashicorp/aws\"]",
      "instances": [
        {
          "schema_version": 1,
          "attributes": {
            "ami": "ami-0fe0238291c8e3f07",
            "arn": "arn:aws:ec2:us-east-1:481792101255:instance/i-07df52e2de1e6808b",
            "associate_public_ip_address": true,
            "availability_zone": "us-east-1a",
            "capacity_reservation_specification": [
              {
                "capacity_reservation_preference": "open",
                "capacity_reservation_target": []
              }
            ],
            "cpu_core_count": 2,
            "cpu_options": [
              {
                "amd_sev_snp": "",
                "core_count": 2,
                "threads_per_core": 1
              }
            ],
            "cpu_threads_per_core": 1,
            "credit_specification": [
              {
                "cpu_credits": "standard"
              }
            ],
            "disable_api_stop": false,
            "disable_api_termination": false,
            "ebs_block_device": [],
            "ebs_optimized": false,
            "enclave_options": [
              {
                "enabled": false
              }
            ],
            "ephemeral_block_device": [],
            "get_password_data": false,
            "hibernation": false,
            "host_id": "",
            "host_resource_group_arn": null,
            "iam_instance_profile": "",
            "id": "i-07df52e2de1e6808b",
            "instance_initiated_shutdown_behavior": "stop",
            "instance_state": "running",
            "instance_type": "t2.medium",
            "ipv6_address_count": 0,
            "ipv6_addresses": [],
            "key_name": "dev-keypair",
            "launch_template": [],
            "maintenance_options": [
              {
                "auto_recovery": "default"
              }
            ],
            "metadata_options": [
              {
                "http_endpoint": "enabled",
                "http_put_response_hop_limit": 1,
                "http_tokens": "optional",
                "instance_metadata_tags": "disabled"
              }
            ],
            "monitoring": false,
            "network_interface": [],
            "outpost_arn": "",
            "password_data": "",
            "placement_group": "",
            "placement_partition_number": 0,
            "primary_network_interface_id": "eni-008b72405c14b42c4",
            "private_dns": "ip-192-168-0-41.ec2.internal",
            "private_dns_name_options": [
              {
                "enable_resource_name_dns_a_record": false,
                "enable_resource_name_dns_aaaa_record": false,
                "hostname_type": "ip-name"
              }
            ],
            "private_ip": "192.168.0.41",
            "public_dns": "ec2-44-204-61-143.compute-1.amazonaws.com",
            "public_ip": "44.204.61.143",
            "root_block_device": [
              {
                "delete_on_termination": true,
                "device_name": "/dev/sda1",
                "encrypted": false,
                "iops": 100,
                "kms_key_id": "",
                "tags": {},
                "throughput": 0,
                "volume_id": "vol-0dc685373c7d6643f",
                "volume_size": 8,
                "volume_type": "gp2"
              }
            ],
            "secondary_private_ips": [],
            "security_groups": [
              "sg-05258a7853e88be2a",
              "sg-0659d62427ad852a6"
            ],
            "source_dest_check": true,
            "subnet_id": "subnet-0b06b741577a23302",
            "tags": {
              "Name": "dev-Jenkins-Server-devOps"
            },
            "tags_all": {
              "Name": "dev-Jenkins-Server-devOps"
            },
            "tenancy": "default",
            "timeouts": null,
            "user_data": "cbb79f434e2976b022aca78a1651fff847dbc7b6",
            "user_data_base64": null,
            "user_data_replace_on_change": false,
            "volume_tags": null,
            "vpc_security_group_ids": [
              "sg-05258a7853e88be2a",
              "sg-0659d62427ad852a6"
            ]
          },
          "sensitive_attributes": [],
          "private": "eyJlMmJmYjczMC1lY2FhLTExZTYtOGY4OC0zNDM2M2JjN2M0YzAiOnsiY3JlYXRlIjo2MDAwMDAwMDAwMDAsImRlbGV0ZSI6MTIwMDAwMDAwMDAwMCwidXBkYXRlIjo2MDAwMDAwMDAwMDB9LCJzY2hlbWFfdmVyc2lvbiI6IjEifQ==",
          "dependencies": [
            "module.jenkins-server.data.aws_ami.ubuntu-linux-1404",
            "module.jenkins-server.data.template_file.user_data",
            "module.security.aws_security_group.security_group_port_22",
            "module.security.aws_security_group.security_group_port_8080",
            "module.vpc.aws_subnet.public_subnet_az",
            "module.vpc.aws_vpc.vpc",
            "module.vpc.data.aws_availability_zones.available_zones"
          ]
        }
      ]
    },
    {
      "module": "module.k8-server",
      "mode": "data",
      "type": "aws_ami",
      "name": "ubuntu-linux-1404",
      "provider": "provider[\"registry.terraform.io/hashicorp/aws\"]",
      "instances": [
        {
          "schema_version": 0,
          "attributes": {
            "architecture": "x86_64",
            "arn": "arn:aws:ec2:us-east-1::image/ami-0fe0238291c8e3f07",
            "block_device_mappings": [
              {
                "device_name": "/dev/sda1",
                "ebs": {
                  "delete_on_termination": "true",
                  "encrypted": "false",
                  "iops": "0",
                  "snapshot_id": "snap-0a7d84f0fd7eff0c2",
                  "throughput": "0",
                  "volume_size": "8",
                  "volume_type": "gp2"
                },
                "no_device": "",
                "virtual_name": ""
              },
              {
                "device_name": "/dev/sdb",
                "ebs": {},
                "no_device": "",
                "virtual_name": "ephemeral0"
              },
              {
                "device_name": "/dev/sdc",
                "ebs": {},
                "no_device": "",
                "virtual_name": "ephemeral1"
              }
            ],
            "boot_mode": "legacy-bios",
            "creation_date": "2023-09-19T04:17:15.000Z",
            "deprecation_time": "2025-09-19T04:17:15.000Z",
            "description": "Canonical, Ubuntu, 20.04 LTS, amd64 focal image build on 2023-09-18",
            "ena_support": true,
            "executable_users": null,
            "filter": [
              {
                "name": "name",
                "values": [
                  "ubuntu/images/hvm-ssd/ubuntu-focal-20.04-amd64-server-*"
                ]
              },
              {
                "name": "virtualization-type",
                "values": [
                  "hvm"
                ]
              }
            ],
            "hypervisor": "xen",
            "id": "ami-0fe0238291c8e3f07",
            "image_id": "ami-0fe0238291c8e3f07",
            "image_location": "amazon/ubuntu/images/hvm-ssd/ubuntu-focal-20.04-amd64-server-20230918",
            "image_owner_alias": "amazon",
            "image_type": "machine",
            "imds_support": "",
            "include_deprecated": false,
            "kernel_id": "",
            "most_recent": true,
            "name": "ubuntu/images/hvm-ssd/ubuntu-focal-20.04-amd64-server-20230918",
            "name_regex": null,
            "owner_id": "099720109477",
            "owners": [
              "099720109477"
            ],
            "platform": "",
            "platform_details": "Linux/UNIX",
            "product_codes": [],
            "public": true,
            "ramdisk_id": "",
            "root_device_name": "/dev/sda1",
            "root_device_type": "ebs",
            "root_snapshot_id": "snap-0a7d84f0fd7eff0c2",
            "sriov_net_support": "simple",
            "state": "available",
            "state_reason": {
              "code": "UNSET",
              "message": "UNSET"
            },
            "tags": {},
            "timeouts": null,
            "tpm_support": "",
            "usage_operation": "RunInstances",
            "virtualization_type": "hvm"
          },
          "sensitive_attributes": []
        }
      ]
    },
    {
      "module": "module.k8-server",
      "mode": "data",
      "type": "aws_availability_zones",
      "name": "available_zones",
      "provider": "provider[\"registry.terraform.io/hashicorp/aws\"]",
      "instances": [
        {
          "schema_version": 0,
          "attributes": {
            "all_availability_zones": null,
            "exclude_names": null,
            "exclude_zone_ids": null,
            "filter": null,
            "group_names": [
              "us-east-1"
            ],
            "id": "us-east-1",
            "names": [
              "us-east-1a",
              "us-east-1b",
              "us-east-1c",
              "us-east-1d",
              "us-east-1e",
              "us-east-1f"
            ],
            "state": null,
            "timeouts": null,
            "zone_ids": [
              "use1-az2",
              "use1-az4",
              "use1-az6",
              "use1-az1",
              "use1-az3",
              "use1-az5"
            ]
          },
          "sensitive_attributes": []
        }
      ]
    },
    {
      "module": "module.k8-server",
      "mode": "data",
      "type": "template_file",
      "name": "user_data",
      "provider": "provider[\"registry.terraform.io/hashicorp/template\"]",
      "instances": [
        {
          "schema_version": 0,
          "attributes": {
            "filename": null,
            "id": "7f4d4c31da835f6cba45a2da2f62a400e63487a3429dd9669c879f5b7efe2874",
            "rendered": "#!/bin/bash\n#################################\n# Author: Santosh\n# Date: 5th-July-2023\n# version 1\n# This code install docker in the ubuntu instances\n##################################\n\n# Update the apt package index and install packages to allow apt to use a repository over HTTPS:\nsudo apt-get update -y\nsudo apt-get install ca-certificates curl gnupg -y\n#Add Docker’s official GPG key:\nsudo install -m 0755 -d /etc/apt/keyrings\ncurl -fsSL https://download.docker.com/linux/ubuntu/gpg | sudo gpg --dearmor -o /etc/apt/keyrings/docker.gpg\nsudo chmod a+r /etc/apt/keyrings/docker.gpg \n\n#Use the following command to set up the repository:\necho \\\n  \"deb [arch=\"$(dpkg --print-architecture)\" signed-by=/etc/apt/keyrings/docker.gpg] https://download.docker.com/linux/ubuntu \\\n  \"$(. /etc/os-release \u0026\u0026 echo \"$VERSION_CODENAME\")\" stable\" | \\\n  sudo tee /etc/apt/sources.list.d/docker.list \u003e /dev/null\n\n  sudo apt-get update -y\n  sudo apt-get install docker-ce docker-ce-cli containerd.io docker-buildx-plugin docker-compose-plugin -y\n  sudo service docker start\n\n",
            "template": "#!/bin/bash\n#################################\n# Author: Santosh\n# Date: 5th-July-2023\n# version 1\n# This code install docker in the ubuntu instances\n##################################\n\n# Update the apt package index and install packages to allow apt to use a repository over HTTPS:\nsudo apt-get update -y\nsudo apt-get install ca-certificates curl gnupg -y\n#Add Docker’s official GPG key:\nsudo install -m 0755 -d /etc/apt/keyrings\ncurl -fsSL https://download.docker.com/linux/ubuntu/gpg | sudo gpg --dearmor -o /etc/apt/keyrings/docker.gpg\nsudo chmod a+r /etc/apt/keyrings/docker.gpg \n\n#Use the following command to set up the repository:\necho \\\n  \"deb [arch=\"$(dpkg --print-architecture)\" signed-by=/etc/apt/keyrings/docker.gpg] https://download.docker.com/linux/ubuntu \\\n  \"$(. /etc/os-release \u0026\u0026 echo \"$VERSION_CODENAME\")\" stable\" | \\\n  sudo tee /etc/apt/sources.list.d/docker.list \u003e /dev/null\n\n  sudo apt-get update -y\n  sudo apt-get install docker-ce docker-ce-cli containerd.io docker-buildx-plugin docker-compose-plugin -y\n  sudo service docker start\n\n",
            "vars": null
          },
          "sensitive_attributes": []
        }
      ]
    },
    {
      "module": "module.k8-server",
      "mode": "managed",
      "type": "aws_instance",
      "name": "k8-server",
      "provider": "provider[\"registry.terraform.io/hashicorp/aws\"]",
      "instances": [
        {
          "schema_version": 1,
          "attributes": {
            "ami": "ami-0fe0238291c8e3f07",
            "arn": "arn:aws:ec2:us-east-1:481792101255:instance/i-05983798aa1147ce8",
            "associate_public_ip_address": true,
            "availability_zone": "us-east-1a",
            "capacity_reservation_specification": [
              {
                "capacity_reservation_preference": "open",
                "capacity_reservation_target": []
              }
            ],
            "cpu_core_count": 2,
            "cpu_options": [
              {
                "amd_sev_snp": "",
                "core_count": 2,
                "threads_per_core": 1
              }
            ],
            "cpu_threads_per_core": 1,
            "credit_specification": [
              {
                "cpu_credits": "standard"
              }
            ],
            "disable_api_stop": false,
            "disable_api_termination": false,
            "ebs_block_device": [],
            "ebs_optimized": false,
            "enclave_options": [
              {
                "enabled": false
              }
            ],
            "ephemeral_block_device": [],
            "get_password_data": false,
            "hibernation": false,
            "host_id": "",
            "host_resource_group_arn": null,
            "iam_instance_profile": "",
            "id": "i-05983798aa1147ce8",
            "instance_initiated_shutdown_behavior": "stop",
            "instance_state": "running",
            "instance_type": "t2.medium",
            "ipv6_address_count": 0,
            "ipv6_addresses": [],
            "key_name": "dev-keypair",
            "launch_template": [],
            "maintenance_options": [
              {
                "auto_recovery": "default"
              }
            ],
            "metadata_options": [
              {
                "http_endpoint": "enabled",
                "http_put_response_hop_limit": 1,
                "http_tokens": "optional",
                "instance_metadata_tags": "disabled"
              }
            ],
            "monitoring": false,
            "network_interface": [],
            "outpost_arn": "",
            "password_data": "",
            "placement_group": "",
            "placement_partition_number": 0,
            "primary_network_interface_id": "eni-00a3af7a4d1a1215e",
            "private_dns": "ip-192-168-0-9.ec2.internal",
            "private_dns_name_options": [
              {
                "enable_resource_name_dns_a_record": false,
                "enable_resource_name_dns_aaaa_record": false,
                "hostname_type": "ip-name"
              }
            ],
            "private_ip": "192.168.0.9",
            "public_dns": "ec2-54-174-158-170.compute-1.amazonaws.com",
            "public_ip": "54.174.158.170",
            "root_block_device": [
              {
                "delete_on_termination": true,
                "device_name": "/dev/sda1",
                "encrypted": false,
                "iops": 100,
                "kms_key_id": "",
                "tags": {},
                "throughput": 0,
                "volume_id": "vol-0df051062e589b5a5",
                "volume_size": 8,
                "volume_type": "gp2"
              }
            ],
            "secondary_private_ips": [],
            "security_groups": [
              "sg-0463baabaa08fee47",
              "sg-05258a7853e88be2a"
            ],
            "source_dest_check": true,
            "subnet_id": "subnet-0b06b741577a23302",
            "tags": {
              "Name": "dev-k8-Server-devOps"
            },
            "tags_all": {
              "Name": "dev-k8-Server-devOps"
            },
            "tenancy": "default",
            "timeouts": null,
            "user_data": "6980a9424822ff1afff0a1cfffc845a5c7f363de",
            "user_data_base64": null,
            "user_data_replace_on_change": false,
            "volume_tags": null,
            "vpc_security_group_ids": [
              "sg-0463baabaa08fee47",
              "sg-05258a7853e88be2a"
            ]
          },
          "sensitive_attributes": [],
          "private": "eyJlMmJmYjczMC1lY2FhLTExZTYtOGY4OC0zNDM2M2JjN2M0YzAiOnsiY3JlYXRlIjo2MDAwMDAwMDAwMDAsImRlbGV0ZSI6MTIwMDAwMDAwMDAwMCwidXBkYXRlIjo2MDAwMDAwMDAwMDB9LCJzY2hlbWFfdmVyc2lvbiI6IjEifQ==",
          "dependencies": [
            "module.k8-server.data.aws_ami.ubuntu-linux-1404",
            "module.k8-server.data.template_file.user_data",
            "module.security.aws_security_group.security_group_port_22",
            "module.security.aws_security_group.security_group_port_30000",
            "module.vpc.aws_subnet.public_subnet_az",
            "module.vpc.aws_vpc.vpc",
            "module.vpc.data.aws_availability_zones.available_zones"
          ]
        }
      ]
    },
    {
      "module": "module.keypair",
      "mode": "managed",
      "type": "aws_key_pair",
      "name": "keypair",
      "provider": "provider[\"registry.terraform.io/hashicorp/aws\"]",
      "instances": [
        {
          "schema_version": 1,
          "attributes": {
            "arn": "arn:aws:ec2:us-east-1:481792101255:key-pair/dev-keypair",
            "fingerprint": "8b:9b:11:25:10:3f:f3:8e:08:af:c3:77:e8:b9:b5:97",
            "id": "dev-keypair",
            "key_name": "dev-keypair",
            "key_name_prefix": "",
            "key_pair_id": "key-0030c9488a8579dde",
            "key_type": "rsa",
            "public_key": "ssh-rsa AAAAB3NzaC1yc2EAAAADAQABAAACAQDEmUXK6UegRX1nOo4UPXooQiO1rs9lfJuT9eARtLlWT4mOvCShdASugDE4x3aZ8Jt7gM25nWPkRe8rW7eWpTk04h19c+BdIgTJDc6zwPJSKvluw3fErdoduuFOJoJDsb5tpw6rlU5SVroFzOuFa/hJm2o56q1ML+CkzrhTECMVu0ODUj3TQX1+XpEEoDuJ0NzSyWoThudAdpNMfiIvwcmVUiCGeFlhdcql2THV9znVyLvkuRp8TOImSnxbh4G14y43IH8AKhegRnn3g3ZLYAfSFbJEQq3rCk+TFuHh3zvPWw2TyLIeoXkNCZzhTknvOuTNvsLsyvBjHfS0wRLkPJNz8POCaPj37bOdts/ZyNiAVsLrGSy+X/Vmh3SQIbGVwScYzX4HWBHIXyYxeJ/Bu2x+m6/YguH3e6AyfzB0u5M0O0rDc/dYuj2QQC9MlYH72UMHG8O0XaIVsDiJqr4LVMuJqfB1MI2fdWVIdQ/24iew0rHu1GUtK3m5sWQBk/O67Bf7t5etKC6qB0n4pUrLQamQzG5VWvclhYhsyWf2FllQwJvCeQpj0LPPTAu6i0ytDOz4b48aP3a7ab+l5iH0+BIUb0RBQDUqqG0ZJojugbpJyeANWLpLztL6+rGhPA6OnsVARDxc5BGo/3WxJjV3Av85uSoq2QQ8TKDphUh5UXrCxw==",
            "tags": null,
            "tags_all": {}
          },
          "sensitive_attributes": [],
          "private": "eyJzY2hlbWFfdmVyc2lvbiI6IjEifQ==",
          "dependencies": [
            "module.keypair.tls_private_key.private_key"
          ]
        }
      ]
    },
    {
      "module": "module.keypair",
      "mode": "managed",
      "type": "local_file",
      "name": "save-key",
      "provider": "provider[\"registry.terraform.io/hashicorp/local\"]",
      "instances": [
        {
          "schema_version": 0,
          "attributes": {
            "content": "-----BEGIN RSA PRIVATE KEY-----\nMIIJKAIBAAKCAgEAxJlFyulHoEV9ZzqOFD16KEIjta7PZXybk/XgEbS5Vk+Jjrwk\noXQEroAxOMd2mfCbe4DNuZ1j5EXvK1u3lqU5NOIdfXPgXSIEyQ3Os8DyUir5bsN3\nxK3aHbrhTiaCQ7G+bacOq5VOUla6BczrhWv4SZtqOeqtTC/gpM64UxAjFbtDg1I9\n00F9fl6RBKA7idDc0slqE4bnQHaTTH4iL8HJlVIghnhZYXXKpdkx1fc51ci75Lka\nfEziJkp8W4eBteMuNyB/ACoXoEZ594N2S2AH0hWyREKt6wpPkxbh4d87z1sNk8iy\nHqF5DQmc4U5J7zrkzb7C7MrwYx30tMES5DyTc/Dzgmj49+2znbbP2cjYgFbC6xks\nvl/1Zod0kCGxlcEnGM1+B1gRyF8mMXifwbtsfpuv2ILh93ugMn8wdLuTNDtKw3P3\nWLo9kEAvTJWB+9lDBxvDtF2iFbA4iaq+C1TLianwdTCNn3VlSHUP9uInsNKx7tRl\nLSt5ubFkAZPzuuwX+7eXrSguqgdJ+KVKy0GpkMxuVVr3JYWIbMln9hZZUMCbwnkK\nY9Czz0wLuotMrQzs+G+PGj92u2m/peYh9PgSFG9EQUA1KqhtGSaI7oG6ScngDVi6\nS87S+vqxoTwOjp7FQEQ8XOQRqP91sSY1dwL/ObkqKtkEPEyg6YVIeVF6wscCAwEA\nAQKCAgA+AlYoJSJJZAGk0KxFqApirlHTGVsjGIV9yrys+QLIPXgWxDMNlalwXNCp\npwg6j9CKyNqapBEAzCoe0+P5KQ39JyDEFAt9dKBrxeYffkkwL4vTKuYY6/jzDaHI\n446MyYBV165h4kr834v3DmZvA9ohZVrA/8s/T46cjPNIh7t5PEKUJhmIC40Ikc1N\n1zhQRMeR2KOTmyZPh9b39oTT6Vyqs2e84jLW8a9EVlhIs5zTWGgjQVsgP6PJDg9h\nU0FPXGOUUbSdGamwDOqlbhqetaBh3CQJMbrneq4Up9ABTUbxJTgIF/JOhQHIYfLQ\ngcACK+JFHtkelPfzW1x2srtBr/WVuvqKCy+88eyLxK+wyHWZ6DgkXqocuojwis0d\ny63ExsXzNZ7bURMjxAWSGkagY7fTy54T52yA1YM0W/Uoks3brMMGiU3Y5jDzIzEj\nKuWm5UwyAynEXkS04ZiMaPodk5/hyNNkPljrXq+3S2wvuuNYcNS1l/uODbzABpqW\nl5e9lXlP0ge0vo4mR+bWOH0QDwQjlqQAZliwC6RaWzPaFUMrUzJcMdFEq+j2CriN\nR+iA+XVATU5gKxxvq4emR1KSbPPHumXYGKnLLZxiuq8uxGJ8rBxW2mFyi1dswshR\njqQss3yoN9SOY5pjFwL4CPuVfHIPABgH1AdBnU+2NJdVdIgNuQKCAQEAyuPgp2Dq\njwSlR6WZns4vmaLXkuYeDBjWOfMpC9eO1SC1gPfbsF7e3tlNVBNEgDndHKeHW86N\nQAk17AE1y0AV/DmgDWUgQRHH5WpoEmyCGS3QbSrWsPYG+ulZJAKtORvYWU3O9Zxy\nBRqve495TMDi8BmyP1bssuxg5LQXzdHBxsXOiJW234pyxVRZAb+cZv/IHTbUTCIK\nBGCNhfNgqxIDCuHeOrxSZCasg1gGoE+P6unq+nIKXB2/UEeuWM8SJlUSFpzbMvmG\nPcOojp/KZhs0kikfnsowqFRpsdLsyWZGLswlRmcMtb4z8c9ODPGgohpN0NPbETFl\nJvEWaseFT7JkFQKCAQEA+A/K5qOBmkJcuJZJhmlZeNlUJjQOmoHCc2gBzrVGzpDM\nGhTKjI8Mb5O9yjUL3yQfSt7cEDitPr9TFCNQIQC31/g94xSHHUrTlebVhsB+5yR3\nq+M9mrndQ/xf1B27GB0nd3u8g2CEhNk+EhdxftLeCEdip/CwiN1tkGEiCNTdeeVj\nLQHadwXR86nHhnlH2FhJUzFS4lvPDQijcIH0lIQK0RAIhxuSBcCLZllrdoC2g+7x\nb9RPRBNP8WabNqvY1LVCq1A30GbUNz8wYP+5i2zv9Sj9hSBuafpZbZBxaTxvOtbR\nACCPB8NxEq1lakoC8APgkuiS1FsMsNXDqy9mkLS2awKCAQBgmTymFJO5Ako7IZJR\ntPOe35RqAZw+wDiHIMnjNH9x4//m5pu3joPocGfL5tyPfH1VHkJpKJ/B5GDC/BSD\nsACHtVwJ5KMFuBSHmzDvzK/okxKQV3wehxTts9pYNdoJvcM1ScGG2TTET19LohTr\nwU6LaICgfZ921OqRGVnYCc2L+TQLfdSy+/UHFNDH71XlCFVb63YKxY4lZV8cbrMQ\n4COIs9+d8Xn86xjp9Cg7fYYVH8hb854RG6yx6V8OM5D9pTVWhNosm/cZQyXmuheg\no8VU7bV7YeLm0kH8g2NvxH0X3OTGb1vy0BtlPwF3Ujfb1lBEZAoCVpVFhDXbIyHK\nvzG9AoIBAQDiUvZaq/+JUNbsCyKWIfRiEFd4a7KPQai6RsCvajFqMi4l9aY/zBwa\niP92SCPGuVxboS3DFxLp1wHjs7xeABu8Tl+YmZgVH7ogYHWc9nBST7FoAHKqgr3g\nU5jTHTUgcSkbGKgMbbk6xEKfmwgQIDA3+XmHpFBM70oRmq3ExQI1PxbXb4N1aLf/\nyn2isXDdcN+lqbDnmcA1MhZ8hfUys65yxGAjdQIrgVsuTJOBkTn08cMStvCDOeOM\naoNexDeXCrIDP7NMzyT8Kwjm1yrgjMn6MiXsmoRi6OlCz7DJxTvuwSP7K7mT6bt2\nwQFwkopPlhoFr3CXk2LmzIIz45F+oYJ1AoIBAA4KKX5L7N3hmNCxvPEiAmme8pGB\nuTSNszwsStBA7vkMbMpKtrFfQS+n8O9vYHGR+FrM8oTfvIbOidJa2LaFWHlnqe6K\ncXoRm8tPg124k1WMEwy6wE+qldeTtBgtoS5a6cYoHGGJWosrYk36SuYBZrBA+hNU\nOE/KePVnmL7uBQ9v2rBelM0TSMRTh+zKl8IqSHzqb5F0+SiWNWUTrouTxzYkUXM/\necwlB3ydAA/0Mi6OfiyHnw89hwohusx6jMuS2h4r3U8LL2SNoFup4ZPPlhUzdTMm\n3b7JmXZ5TOpJtLBTMpDf53IKgy4X3NjWHfcYd+DB7yAFt/ylkhk90kOkYIQ=\n-----END RSA PRIVATE KEY-----\n",
            "content_base64": null,
            "content_base64sha256": "Mh5uyJ49NiOrgL3HqXsRXmw4FOkoMkh+MVKQI7qm/BQ=",
            "content_base64sha512": "XKGZpfcuTUu9P3nUQAJJoWhT55MZlYJSUM8HBe8uJxT9QVth/B9bvS/BOledajizUZIKGCw1hJ0avO/Wre+SLg==",
            "content_md5": "8a86df8205f0ed137de71eaf9fcffa26",
            "content_sha1": "e2e9a41a65bcfd337b353c823b0ef0aa9d836a44",
            "content_sha256": "321e6ec89e3d3623ab80bdc7a97b115e6c3814e92832487e31529023baa6fc14",
            "content_sha512": "5ca199a5f72e4d4bbd3f79d4400249a16853e7931995825250cf0705ef2e2714fd415b61fc1f5bbd2fc13a579d6a38b351920a182c35849d1abcefd6adef922e",
            "directory_permission": "0777",
            "file_permission": "0400",
            "filename": "../modules/keypair/dev-keypair.pem",
            "id": "e2e9a41a65bcfd337b353c823b0ef0aa9d836a44",
            "sensitive_content": null,
            "source": null
          },
          "sensitive_attributes": [
            [
              {
                "type": "get_attr",
                "value": "content"
              }
            ]
          ],
          "dependencies": [
            "module.keypair.tls_private_key.private_key"
          ]
        }
      ]
    },
    {
      "module": "module.keypair",
      "mode": "managed",
      "type": "tls_private_key",
      "name": "private_key",
      "provider": "provider[\"registry.terraform.io/hashicorp/tls\"]",
      "instances": [
        {
          "schema_version": 1,
          "attributes": {
            "algorithm": "RSA",
            "ecdsa_curve": "P224",
            "id": "bae1d92146d3402873db1d581af03718a9294e47",
            "private_key_openssh": "-----BEGIN OPENSSH PRIVATE KEY-----\nb3BlbnNzaC1rZXktdjEAAAAABG5vbmUAAAAEbm9uZQAAAAAAAAABAAACFwAAAAdz\nc2gtcnNhAAAAAwEAAQAAAgEAxJlFyulHoEV9ZzqOFD16KEIjta7PZXybk/XgEbS5\nVk+JjrwkoXQEroAxOMd2mfCbe4DNuZ1j5EXvK1u3lqU5NOIdfXPgXSIEyQ3Os8Dy\nUir5bsN3xK3aHbrhTiaCQ7G+bacOq5VOUla6BczrhWv4SZtqOeqtTC/gpM64UxAj\nFbtDg1I900F9fl6RBKA7idDc0slqE4bnQHaTTH4iL8HJlVIghnhZYXXKpdkx1fc5\n1ci75LkafEziJkp8W4eBteMuNyB/ACoXoEZ594N2S2AH0hWyREKt6wpPkxbh4d87\nz1sNk8iyHqF5DQmc4U5J7zrkzb7C7MrwYx30tMES5DyTc/Dzgmj49+2znbbP2cjY\ngFbC6xksvl/1Zod0kCGxlcEnGM1+B1gRyF8mMXifwbtsfpuv2ILh93ugMn8wdLuT\nNDtKw3P3WLo9kEAvTJWB+9lDBxvDtF2iFbA4iaq+C1TLianwdTCNn3VlSHUP9uIn\nsNKx7tRlLSt5ubFkAZPzuuwX+7eXrSguqgdJ+KVKy0GpkMxuVVr3JYWIbMln9hZZ\nUMCbwnkKY9Czz0wLuotMrQzs+G+PGj92u2m/peYh9PgSFG9EQUA1KqhtGSaI7oG6\nScngDVi6S87S+vqxoTwOjp7FQEQ8XOQRqP91sSY1dwL/ObkqKtkEPEyg6YVIeVF6\nwscAAAc4L4IjBi+CIwYAAAAHc3NoLXJzYQAAAgEAxJlFyulHoEV9ZzqOFD16KEIj\nta7PZXybk/XgEbS5Vk+JjrwkoXQEroAxOMd2mfCbe4DNuZ1j5EXvK1u3lqU5NOId\nfXPgXSIEyQ3Os8DyUir5bsN3xK3aHbrhTiaCQ7G+bacOq5VOUla6BczrhWv4SZtq\nOeqtTC/gpM64UxAjFbtDg1I900F9fl6RBKA7idDc0slqE4bnQHaTTH4iL8HJlVIg\nhnhZYXXKpdkx1fc51ci75LkafEziJkp8W4eBteMuNyB/ACoXoEZ594N2S2AH0hWy\nREKt6wpPkxbh4d87z1sNk8iyHqF5DQmc4U5J7zrkzb7C7MrwYx30tMES5DyTc/Dz\ngmj49+2znbbP2cjYgFbC6xksvl/1Zod0kCGxlcEnGM1+B1gRyF8mMXifwbtsfpuv\n2ILh93ugMn8wdLuTNDtKw3P3WLo9kEAvTJWB+9lDBxvDtF2iFbA4iaq+C1TLianw\ndTCNn3VlSHUP9uInsNKx7tRlLSt5ubFkAZPzuuwX+7eXrSguqgdJ+KVKy0GpkMxu\nVVr3JYWIbMln9hZZUMCbwnkKY9Czz0wLuotMrQzs+G+PGj92u2m/peYh9PgSFG9E\nQUA1KqhtGSaI7oG6ScngDVi6S87S+vqxoTwOjp7FQEQ8XOQRqP91sSY1dwL/Obkq\nKtkEPEyg6YVIeVF6wscAAAADAQABAAACAD4CViglIklkAaTQrEWoCmKuUdMZWyMY\nhX3KvKz5Asg9eBbEMw2VqXBc0KmnCDqP0IrI2pqkEQDMKh7T4/kpDf0nIMQUC310\noGvF5h9+STAvi9Mq5hjr+PMNocjjjozJgFXXrmHiSvzfi/cOZm8D2iFlWsD/yz9P\njpyM80iHu3k8QpQmGYgLjQiRzU3XOFBEx5HYo5ObJk+H1vf2hNPpXKqzZ7ziMtbx\nr0RWWEiznNNYaCNBWyA/o8kOD2FTQU9cY5RRtJ0ZqbAM6qVuGp61oGHcJAkxuud6\nrhSn0AFNRvElOAgX8k6FAchh8tCBwAIr4kUe2R6U9/NbXHayu0Gv9ZW6+ooLL7zx\n7IvEr7DIdZnoOCReqhy6iPCKzR3LrcTGxfM1nttREyPEBZIaRqBjt9PLnhPnbIDV\ngzRb9SiSzduswwaJTdjmMPMjMSMq5ablTDIDKcReRLThmIxo+h2Tn+HI02Q+WOte\nr7dLbC+641hw1LWX+44NvMAGmpaXl72VeU/SB7S+jiZH5tY4fRAPBCOWpABmWLAL\npFpbM9oVQytTMlwx0USr6PYKuI1H6ID5dUBNTmArHG+rh6ZHUpJs88e6ZdgYqcst\nnGK6ry7EYnysHFbaYXKLV2zCyFGOpCyzfKg31I5jmmMXAvgI+5V8cg8AGAfUB0Gd\nT7Y0l1V0iA25AAABAA4KKX5L7N3hmNCxvPEiAmme8pGBuTSNszwsStBA7vkMbMpK\ntrFfQS+n8O9vYHGR+FrM8oTfvIbOidJa2LaFWHlnqe6KcXoRm8tPg124k1WMEwy6\nwE+qldeTtBgtoS5a6cYoHGGJWosrYk36SuYBZrBA+hNUOE/KePVnmL7uBQ9v2rBe\nlM0TSMRTh+zKl8IqSHzqb5F0+SiWNWUTrouTxzYkUXM/ecwlB3ydAA/0Mi6OfiyH\nnw89hwohusx6jMuS2h4r3U8LL2SNoFup4ZPPlhUzdTMm3b7JmXZ5TOpJtLBTMpDf\n53IKgy4X3NjWHfcYd+DB7yAFt/ylkhk90kOkYIQAAAEBAMrj4Kdg6o8EpUelmZ7O\nL5mi15LmHgwY1jnzKQvXjtUgtYD327Be3t7ZTVQTRIA53Rynh1vOjUAJNewBNctA\nFfw5oA1lIEERx+VqaBJsghkt0G0q1rD2BvrpWSQCrTkb2FlNzvWccgUar3uPeUzA\n4vAZsj9W7LLsYOS0F83RwcbFzoiVtt+KcsVUWQG/nGb/yB021EwiCgRgjYXzYKsS\nAwrh3jq8UmQmrINYBqBPj+rp6vpyClwdv1BHrljPEiZVEhac2zL5hj3DqI6fymYb\nNJIpH57KMKhUabHS7MlmRi7MJUZnDLW+M/HPTgzxoKIaTdDT2xExZSbxFmrHhU+y\nZBUAAAEBAPgPyuajgZpCXLiWSYZpWXjZVCY0DpqBwnNoAc61Rs6QzBoUyoyPDG+T\nvco1C98kH0re3BA4rT6/UxQjUCEAt9f4PeMUhx1K05Xm1YbAfuckd6vjPZq53UP8\nX9QduxgdJ3d7vINghITZPhIXcX7S3ghHYqfwsIjdbZBhIgjU3XnlYy0B2ncF0fOp\nx4Z5R9hYSVMxUuJbzw0Io3CB9JSECtEQCIcbkgXAi2ZZa3aAtoPu8W/UT0QTT/Fm\nmzar2NS1QqtQN9Bm1Dc/MGD/uYts7/Uo/YUgbmn6WW2QcWk8bzrW0QAgjwfDcRKt\nZWpKAvAD4JLoktRbDLDVw6svZpC0tmsAAAAAAQID\n-----END OPENSSH PRIVATE KEY-----\n",
            "private_key_pem": "-----BEGIN RSA PRIVATE KEY-----\nMIIJKAIBAAKCAgEAxJlFyulHoEV9ZzqOFD16KEIjta7PZXybk/XgEbS5Vk+Jjrwk\noXQEroAxOMd2mfCbe4DNuZ1j5EXvK1u3lqU5NOIdfXPgXSIEyQ3Os8DyUir5bsN3\nxK3aHbrhTiaCQ7G+bacOq5VOUla6BczrhWv4SZtqOeqtTC/gpM64UxAjFbtDg1I9\n00F9fl6RBKA7idDc0slqE4bnQHaTTH4iL8HJlVIghnhZYXXKpdkx1fc51ci75Lka\nfEziJkp8W4eBteMuNyB/ACoXoEZ594N2S2AH0hWyREKt6wpPkxbh4d87z1sNk8iy\nHqF5DQmc4U5J7zrkzb7C7MrwYx30tMES5DyTc/Dzgmj49+2znbbP2cjYgFbC6xks\nvl/1Zod0kCGxlcEnGM1+B1gRyF8mMXifwbtsfpuv2ILh93ugMn8wdLuTNDtKw3P3\nWLo9kEAvTJWB+9lDBxvDtF2iFbA4iaq+C1TLianwdTCNn3VlSHUP9uInsNKx7tRl\nLSt5ubFkAZPzuuwX+7eXrSguqgdJ+KVKy0GpkMxuVVr3JYWIbMln9hZZUMCbwnkK\nY9Czz0wLuotMrQzs+G+PGj92u2m/peYh9PgSFG9EQUA1KqhtGSaI7oG6ScngDVi6\nS87S+vqxoTwOjp7FQEQ8XOQRqP91sSY1dwL/ObkqKtkEPEyg6YVIeVF6wscCAwEA\nAQKCAgA+AlYoJSJJZAGk0KxFqApirlHTGVsjGIV9yrys+QLIPXgWxDMNlalwXNCp\npwg6j9CKyNqapBEAzCoe0+P5KQ39JyDEFAt9dKBrxeYffkkwL4vTKuYY6/jzDaHI\n446MyYBV165h4kr834v3DmZvA9ohZVrA/8s/T46cjPNIh7t5PEKUJhmIC40Ikc1N\n1zhQRMeR2KOTmyZPh9b39oTT6Vyqs2e84jLW8a9EVlhIs5zTWGgjQVsgP6PJDg9h\nU0FPXGOUUbSdGamwDOqlbhqetaBh3CQJMbrneq4Up9ABTUbxJTgIF/JOhQHIYfLQ\ngcACK+JFHtkelPfzW1x2srtBr/WVuvqKCy+88eyLxK+wyHWZ6DgkXqocuojwis0d\ny63ExsXzNZ7bURMjxAWSGkagY7fTy54T52yA1YM0W/Uoks3brMMGiU3Y5jDzIzEj\nKuWm5UwyAynEXkS04ZiMaPodk5/hyNNkPljrXq+3S2wvuuNYcNS1l/uODbzABpqW\nl5e9lXlP0ge0vo4mR+bWOH0QDwQjlqQAZliwC6RaWzPaFUMrUzJcMdFEq+j2CriN\nR+iA+XVATU5gKxxvq4emR1KSbPPHumXYGKnLLZxiuq8uxGJ8rBxW2mFyi1dswshR\njqQss3yoN9SOY5pjFwL4CPuVfHIPABgH1AdBnU+2NJdVdIgNuQKCAQEAyuPgp2Dq\njwSlR6WZns4vmaLXkuYeDBjWOfMpC9eO1SC1gPfbsF7e3tlNVBNEgDndHKeHW86N\nQAk17AE1y0AV/DmgDWUgQRHH5WpoEmyCGS3QbSrWsPYG+ulZJAKtORvYWU3O9Zxy\nBRqve495TMDi8BmyP1bssuxg5LQXzdHBxsXOiJW234pyxVRZAb+cZv/IHTbUTCIK\nBGCNhfNgqxIDCuHeOrxSZCasg1gGoE+P6unq+nIKXB2/UEeuWM8SJlUSFpzbMvmG\nPcOojp/KZhs0kikfnsowqFRpsdLsyWZGLswlRmcMtb4z8c9ODPGgohpN0NPbETFl\nJvEWaseFT7JkFQKCAQEA+A/K5qOBmkJcuJZJhmlZeNlUJjQOmoHCc2gBzrVGzpDM\nGhTKjI8Mb5O9yjUL3yQfSt7cEDitPr9TFCNQIQC31/g94xSHHUrTlebVhsB+5yR3\nq+M9mrndQ/xf1B27GB0nd3u8g2CEhNk+EhdxftLeCEdip/CwiN1tkGEiCNTdeeVj\nLQHadwXR86nHhnlH2FhJUzFS4lvPDQijcIH0lIQK0RAIhxuSBcCLZllrdoC2g+7x\nb9RPRBNP8WabNqvY1LVCq1A30GbUNz8wYP+5i2zv9Sj9hSBuafpZbZBxaTxvOtbR\nACCPB8NxEq1lakoC8APgkuiS1FsMsNXDqy9mkLS2awKCAQBgmTymFJO5Ako7IZJR\ntPOe35RqAZw+wDiHIMnjNH9x4//m5pu3joPocGfL5tyPfH1VHkJpKJ/B5GDC/BSD\nsACHtVwJ5KMFuBSHmzDvzK/okxKQV3wehxTts9pYNdoJvcM1ScGG2TTET19LohTr\nwU6LaICgfZ921OqRGVnYCc2L+TQLfdSy+/UHFNDH71XlCFVb63YKxY4lZV8cbrMQ\n4COIs9+d8Xn86xjp9Cg7fYYVH8hb854RG6yx6V8OM5D9pTVWhNosm/cZQyXmuheg\no8VU7bV7YeLm0kH8g2NvxH0X3OTGb1vy0BtlPwF3Ujfb1lBEZAoCVpVFhDXbIyHK\nvzG9AoIBAQDiUvZaq/+JUNbsCyKWIfRiEFd4a7KPQai6RsCvajFqMi4l9aY/zBwa\niP92SCPGuVxboS3DFxLp1wHjs7xeABu8Tl+YmZgVH7ogYHWc9nBST7FoAHKqgr3g\nU5jTHTUgcSkbGKgMbbk6xEKfmwgQIDA3+XmHpFBM70oRmq3ExQI1PxbXb4N1aLf/\nyn2isXDdcN+lqbDnmcA1MhZ8hfUys65yxGAjdQIrgVsuTJOBkTn08cMStvCDOeOM\naoNexDeXCrIDP7NMzyT8Kwjm1yrgjMn6MiXsmoRi6OlCz7DJxTvuwSP7K7mT6bt2\nwQFwkopPlhoFr3CXk2LmzIIz45F+oYJ1AoIBAA4KKX5L7N3hmNCxvPEiAmme8pGB\nuTSNszwsStBA7vkMbMpKtrFfQS+n8O9vYHGR+FrM8oTfvIbOidJa2LaFWHlnqe6K\ncXoRm8tPg124k1WMEwy6wE+qldeTtBgtoS5a6cYoHGGJWosrYk36SuYBZrBA+hNU\nOE/KePVnmL7uBQ9v2rBelM0TSMRTh+zKl8IqSHzqb5F0+SiWNWUTrouTxzYkUXM/\necwlB3ydAA/0Mi6OfiyHnw89hwohusx6jMuS2h4r3U8LL2SNoFup4ZPPlhUzdTMm\n3b7JmXZ5TOpJtLBTMpDf53IKgy4X3NjWHfcYd+DB7yAFt/ylkhk90kOkYIQ=\n-----END RSA PRIVATE KEY-----\n",
            "private_key_pem_pkcs8": "-----BEGIN PRIVATE KEY-----\nMIIJQgIBADANBgkqhkiG9w0BAQEFAASCCSwwggkoAgEAAoICAQDEmUXK6UegRX1n\nOo4UPXooQiO1rs9lfJuT9eARtLlWT4mOvCShdASugDE4x3aZ8Jt7gM25nWPkRe8r\nW7eWpTk04h19c+BdIgTJDc6zwPJSKvluw3fErdoduuFOJoJDsb5tpw6rlU5SVroF\nzOuFa/hJm2o56q1ML+CkzrhTECMVu0ODUj3TQX1+XpEEoDuJ0NzSyWoThudAdpNM\nfiIvwcmVUiCGeFlhdcql2THV9znVyLvkuRp8TOImSnxbh4G14y43IH8AKhegRnn3\ng3ZLYAfSFbJEQq3rCk+TFuHh3zvPWw2TyLIeoXkNCZzhTknvOuTNvsLsyvBjHfS0\nwRLkPJNz8POCaPj37bOdts/ZyNiAVsLrGSy+X/Vmh3SQIbGVwScYzX4HWBHIXyYx\neJ/Bu2x+m6/YguH3e6AyfzB0u5M0O0rDc/dYuj2QQC9MlYH72UMHG8O0XaIVsDiJ\nqr4LVMuJqfB1MI2fdWVIdQ/24iew0rHu1GUtK3m5sWQBk/O67Bf7t5etKC6qB0n4\npUrLQamQzG5VWvclhYhsyWf2FllQwJvCeQpj0LPPTAu6i0ytDOz4b48aP3a7ab+l\n5iH0+BIUb0RBQDUqqG0ZJojugbpJyeANWLpLztL6+rGhPA6OnsVARDxc5BGo/3Wx\nJjV3Av85uSoq2QQ8TKDphUh5UXrCxwIDAQABAoICAD4CViglIklkAaTQrEWoCmKu\nUdMZWyMYhX3KvKz5Asg9eBbEMw2VqXBc0KmnCDqP0IrI2pqkEQDMKh7T4/kpDf0n\nIMQUC310oGvF5h9+STAvi9Mq5hjr+PMNocjjjozJgFXXrmHiSvzfi/cOZm8D2iFl\nWsD/yz9PjpyM80iHu3k8QpQmGYgLjQiRzU3XOFBEx5HYo5ObJk+H1vf2hNPpXKqz\nZ7ziMtbxr0RWWEiznNNYaCNBWyA/o8kOD2FTQU9cY5RRtJ0ZqbAM6qVuGp61oGHc\nJAkxuud6rhSn0AFNRvElOAgX8k6FAchh8tCBwAIr4kUe2R6U9/NbXHayu0Gv9ZW6\n+ooLL7zx7IvEr7DIdZnoOCReqhy6iPCKzR3LrcTGxfM1nttREyPEBZIaRqBjt9PL\nnhPnbIDVgzRb9SiSzduswwaJTdjmMPMjMSMq5ablTDIDKcReRLThmIxo+h2Tn+HI\n02Q+WOter7dLbC+641hw1LWX+44NvMAGmpaXl72VeU/SB7S+jiZH5tY4fRAPBCOW\npABmWLALpFpbM9oVQytTMlwx0USr6PYKuI1H6ID5dUBNTmArHG+rh6ZHUpJs88e6\nZdgYqcstnGK6ry7EYnysHFbaYXKLV2zCyFGOpCyzfKg31I5jmmMXAvgI+5V8cg8A\nGAfUB0GdT7Y0l1V0iA25AoIBAQDK4+CnYOqPBKVHpZmezi+ZoteS5h4MGNY58ykL\n147VILWA99uwXt7e2U1UE0SAOd0cp4dbzo1ACTXsATXLQBX8OaANZSBBEcflamgS\nbIIZLdBtKtaw9gb66VkkAq05G9hZTc71nHIFGq97j3lMwOLwGbI/Vuyy7GDktBfN\n0cHGxc6IlbbfinLFVFkBv5xm/8gdNtRMIgoEYI2F82CrEgMK4d46vFJkJqyDWAag\nT4/q6er6cgpcHb9QR65YzxImVRIWnNsy+YY9w6iOn8pmGzSSKR+eyjCoVGmx0uzJ\nZkYuzCVGZwy1vjPxz04M8aCiGk3Q09sRMWUm8RZqx4VPsmQVAoIBAQD4D8rmo4Ga\nQly4lkmGaVl42VQmNA6agcJzaAHOtUbOkMwaFMqMjwxvk73KNQvfJB9K3twQOK0+\nv1MUI1AhALfX+D3jFIcdStOV5tWGwH7nJHer4z2aud1D/F/UHbsYHSd3e7yDYISE\n2T4SF3F+0t4IR2Kn8LCI3W2QYSII1N155WMtAdp3BdHzqceGeUfYWElTMVLiW88N\nCKNwgfSUhArREAiHG5IFwItmWWt2gLaD7vFv1E9EE0/xZps2q9jUtUKrUDfQZtQ3\nPzBg/7mLbO/1KP2FIG5p+lltkHFpPG861tEAII8Hw3ESrWVqSgLwA+CS6JLUWwyw\n1cOrL2aQtLZrAoIBAGCZPKYUk7kCSjshklG0857flGoBnD7AOIcgyeM0f3Hj/+bm\nm7eOg+hwZ8vm3I98fVUeQmkon8HkYML8FIOwAIe1XAnkowW4FIebMO/Mr+iTEpBX\nfB6HFO2z2lg12gm9wzVJwYbZNMRPX0uiFOvBTotogKB9n3bU6pEZWdgJzYv5NAt9\n1LL79QcU0MfvVeUIVVvrdgrFjiVlXxxusxDgI4iz353xefzrGOn0KDt9hhUfyFvz\nnhEbrLHpXw4zkP2lNVaE2iyb9xlDJea6F6CjxVTttXth4ubSQfyDY2/EfRfc5MZv\nW/LQG2U/AXdSN9vWUERkCgJWlUWENdsjIcq/Mb0CggEBAOJS9lqr/4lQ1uwLIpYh\n9GIQV3hrso9BqLpGwK9qMWoyLiX1pj/MHBqI/3ZII8a5XFuhLcMXEunXAeOzvF4A\nG7xOX5iZmBUfuiBgdZz2cFJPsWgAcqqCveBTmNMdNSBxKRsYqAxtuTrEQp+bCBAg\nMDf5eYekUEzvShGarcTFAjU/Ftdvg3Vot//KfaKxcN1w36WpsOeZwDUyFnyF9TKz\nrnLEYCN1AiuBWy5Mk4GROfTxwxK28IM544xqg17EN5cKsgM/s0zPJPwrCObXKuCM\nyfoyJeyahGLo6ULPsMnFO+7BI/sruZPpu3bBAXCSik+WGgWvcJeTYubMgjPjkX6h\ngnUCggEADgopfkvs3eGY0LG88SICaZ7ykYG5NI2zPCxK0EDu+Qxsykq2sV9BL6fw\n729gcZH4WszyhN+8hs6J0lrYtoVYeWep7opxehGby0+DXbiTVYwTDLrAT6qV15O0\nGC2hLlrpxigcYYlaiytiTfpK5gFmsED6E1Q4T8p49WeYvu4FD2/asF6UzRNIxFOH\n7MqXwipIfOpvkXT5KJY1ZROui5PHNiRRcz95zCUHfJ0AD/QyLo5+LIefDz2HCiG6\nzHqMy5LaHivdTwsvZI2gW6nhk8+WFTN1MybdvsmZdnlM6km0sFMykN/ncgqDLhfc\n2NYd9xh34MHvIAW3/KWSGT3SQ6RghA==\n-----END PRIVATE KEY-----\n",
            "public_key_fingerprint_md5": "1a:0b:b1:07:0b:d2:39:19:23:ea:f4:69:f6:af:14:14",
            "public_key_fingerprint_sha256": "SHA256:UZjiZDQf1jJsA0kjwKPy28ixdwLi9hTay77Vm640THM",
            "public_key_openssh": "ssh-rsa AAAAB3NzaC1yc2EAAAADAQABAAACAQDEmUXK6UegRX1nOo4UPXooQiO1rs9lfJuT9eARtLlWT4mOvCShdASugDE4x3aZ8Jt7gM25nWPkRe8rW7eWpTk04h19c+BdIgTJDc6zwPJSKvluw3fErdoduuFOJoJDsb5tpw6rlU5SVroFzOuFa/hJm2o56q1ML+CkzrhTECMVu0ODUj3TQX1+XpEEoDuJ0NzSyWoThudAdpNMfiIvwcmVUiCGeFlhdcql2THV9znVyLvkuRp8TOImSnxbh4G14y43IH8AKhegRnn3g3ZLYAfSFbJEQq3rCk+TFuHh3zvPWw2TyLIeoXkNCZzhTknvOuTNvsLsyvBjHfS0wRLkPJNz8POCaPj37bOdts/ZyNiAVsLrGSy+X/Vmh3SQIbGVwScYzX4HWBHIXyYxeJ/Bu2x+m6/YguH3e6AyfzB0u5M0O0rDc/dYuj2QQC9MlYH72UMHG8O0XaIVsDiJqr4LVMuJqfB1MI2fdWVIdQ/24iew0rHu1GUtK3m5sWQBk/O67Bf7t5etKC6qB0n4pUrLQamQzG5VWvclhYhsyWf2FllQwJvCeQpj0LPPTAu6i0ytDOz4b48aP3a7ab+l5iH0+BIUb0RBQDUqqG0ZJojugbpJyeANWLpLztL6+rGhPA6OnsVARDxc5BGo/3WxJjV3Av85uSoq2QQ8TKDphUh5UXrCxw==\n",
            "public_key_pem": "-----BEGIN PUBLIC KEY-----\nMIICIjANBgkqhkiG9w0BAQEFAAOCAg8AMIICCgKCAgEAxJlFyulHoEV9ZzqOFD16\nKEIjta7PZXybk/XgEbS5Vk+JjrwkoXQEroAxOMd2mfCbe4DNuZ1j5EXvK1u3lqU5\nNOIdfXPgXSIEyQ3Os8DyUir5bsN3xK3aHbrhTiaCQ7G+bacOq5VOUla6BczrhWv4\nSZtqOeqtTC/gpM64UxAjFbtDg1I900F9fl6RBKA7idDc0slqE4bnQHaTTH4iL8HJ\nlVIghnhZYXXKpdkx1fc51ci75LkafEziJkp8W4eBteMuNyB/ACoXoEZ594N2S2AH\n0hWyREKt6wpPkxbh4d87z1sNk8iyHqF5DQmc4U5J7zrkzb7C7MrwYx30tMES5DyT\nc/Dzgmj49+2znbbP2cjYgFbC6xksvl/1Zod0kCGxlcEnGM1+B1gRyF8mMXifwbts\nfpuv2ILh93ugMn8wdLuTNDtKw3P3WLo9kEAvTJWB+9lDBxvDtF2iFbA4iaq+C1TL\nianwdTCNn3VlSHUP9uInsNKx7tRlLSt5ubFkAZPzuuwX+7eXrSguqgdJ+KVKy0Gp\nkMxuVVr3JYWIbMln9hZZUMCbwnkKY9Czz0wLuotMrQzs+G+PGj92u2m/peYh9PgS\nFG9EQUA1KqhtGSaI7oG6ScngDVi6S87S+vqxoTwOjp7FQEQ8XOQRqP91sSY1dwL/\nObkqKtkEPEyg6YVIeVF6wscCAwEAAQ==\n-----END PUBLIC KEY-----\n",
            "rsa_bits": 4096
          },
          "sensitive_attributes": []
        }
      ]
    },
    {
      "module": "module.security",
      "mode": "managed",
      "type": "aws_security_group",
      "name": "security_group_port_22",
      "provider": "provider[\"registry.terraform.io/hashicorp/aws\"]",
      "instances": [
        {
          "schema_version": 1,
          "attributes": {
            "arn": "arn:aws:ec2:us-east-1:481792101255:security-group/sg-05258a7853e88be2a",
            "description": "enable ssh access",
            "egress": [
              {
                "cidr_blocks": [
                  "0.0.0.0/0"
                ],
                "description": "outbound access",
                "from_port": 0,
                "ipv6_cidr_blocks": [],
                "prefix_list_ids": [],
                "protocol": "-1",
                "security_groups": [],
                "self": false,
                "to_port": 0
              }
            ],
            "id": "sg-05258a7853e88be2a",
            "ingress": [
              {
                "cidr_blocks": [
                  "0.0.0.0/0"
                ],
                "description": "ssh access",
                "from_port": 22,
                "ipv6_cidr_blocks": [],
                "prefix_list_ids": [],
                "protocol": "tcp",
                "security_groups": [],
                "self": false,
                "to_port": 22
              }
            ],
            "name": "server security group",
            "name_prefix": "",
            "owner_id": "481792101255",
            "revoke_rules_on_delete": false,
            "tags": {
              "Name": "dev-devOps-security_group_port_22"
            },
            "tags_all": {
              "Name": "dev-devOps-security_group_port_22"
            },
            "timeouts": null,
            "vpc_id": "vpc-0b044fafb8a2830ad"
          },
          "sensitive_attributes": [],
          "private": "eyJlMmJmYjczMC1lY2FhLTExZTYtOGY4OC0zNDM2M2JjN2M0YzAiOnsiY3JlYXRlIjo2MDAwMDAwMDAwMDAsImRlbGV0ZSI6OTAwMDAwMDAwMDAwfSwic2NoZW1hX3ZlcnNpb24iOiIxIn0=",
          "dependencies": [
            "module.vpc.aws_vpc.vpc"
          ]
        }
      ]
    },
    {
      "module": "module.security",
      "mode": "managed",
      "type": "aws_security_group",
      "name": "security_group_port_30000",
      "provider": "provider[\"registry.terraform.io/hashicorp/aws\"]",
      "instances": [
        {
          "schema_version": 1,
          "attributes": {
            "arn": "arn:aws:ec2:us-east-1:481792101255:security-group/sg-0463baabaa08fee47",
            "description": "enable port access 30000",
            "egress": [
              {
                "cidr_blocks": [
                  "0.0.0.0/0"
                ],
                "description": "outbound access",
                "from_port": 0,
                "ipv6_cidr_blocks": [],
                "prefix_list_ids": [],
                "protocol": "-1",
                "security_groups": [],
                "self": false,
                "to_port": 0
              }
            ],
            "id": "sg-0463baabaa08fee47",
            "ingress": [
              {
                "cidr_blocks": [
                  "0.0.0.0/0"
                ],
                "description": "port 30000 access",
                "from_port": 30000,
                "ipv6_cidr_blocks": [],
                "prefix_list_ids": [],
                "protocol": "tcp",
                "security_groups": [],
                "self": false,
                "to_port": 30000
              }
            ],
            "name": "K8 server security group",
            "name_prefix": "",
            "owner_id": "481792101255",
            "revoke_rules_on_delete": false,
            "tags": {
              "Name": "dev-devOps-security_group_port_30000"
            },
            "tags_all": {
              "Name": "dev-devOps-security_group_port_30000"
            },
            "timeouts": null,
            "vpc_id": "vpc-0b044fafb8a2830ad"
          },
          "sensitive_attributes": [],
          "private": "eyJlMmJmYjczMC1lY2FhLTExZTYtOGY4OC0zNDM2M2JjN2M0YzAiOnsiY3JlYXRlIjo2MDAwMDAwMDAwMDAsImRlbGV0ZSI6OTAwMDAwMDAwMDAwfSwic2NoZW1hX3ZlcnNpb24iOiIxIn0=",
          "dependencies": [
            "module.vpc.aws_vpc.vpc"
          ]
        }
      ]
    },
    {
      "module": "module.security",
      "mode": "managed",
      "type": "aws_security_group",
      "name": "security_group_port_8080",
      "provider": "provider[\"registry.terraform.io/hashicorp/aws\"]",
      "instances": [
        {
          "schema_version": 1,
          "attributes": {
            "arn": "arn:aws:ec2:us-east-1:481792101255:security-group/sg-0659d62427ad852a6",
            "description": "enable port access 8080",
            "egress": [
              {
                "cidr_blocks": [
                  "0.0.0.0/0"
                ],
                "description": "outbound access",
                "from_port": 0,
                "ipv6_cidr_blocks": [],
                "prefix_list_ids": [],
                "protocol": "-1",
                "security_groups": [],
                "self": false,
                "to_port": 0
              }
            ],
            "id": "sg-0659d62427ad852a6",
            "ingress": [
              {
                "cidr_blocks": [
                  "0.0.0.0/0"
                ],
                "description": "port 8080 access",
                "from_port": 8080,
                "ipv6_cidr_blocks": [],
                "prefix_list_ids": [],
                "protocol": "tcp",
                "security_groups": [],
                "self": false,
                "to_port": 8080
              }
            ],
            "name": "Jenkins server security group with port 8080",
            "name_prefix": "",
            "owner_id": "481792101255",
            "revoke_rules_on_delete": false,
            "tags": {
              "Name": "dev-devOps-security_group_port_8080"
            },
            "tags_all": {
              "Name": "dev-devOps-security_group_port_8080"
            },
            "timeouts": null,
            "vpc_id": "vpc-0b044fafb8a2830ad"
          },
          "sensitive_attributes": [],
          "private": "eyJlMmJmYjczMC1lY2FhLTExZTYtOGY4OC0zNDM2M2JjN2M0YzAiOnsiY3JlYXRlIjo2MDAwMDAwMDAwMDAsImRlbGV0ZSI6OTAwMDAwMDAwMDAwfSwic2NoZW1hX3ZlcnNpb24iOiIxIn0=",
          "dependencies": [
            "module.vpc.aws_vpc.vpc"
          ]
        }
      ]
    },
    {
      "module": "module.security",
      "mode": "managed",
      "type": "aws_security_group",
      "name": "security_group_port_9000",
      "provider": "provider[\"registry.terraform.io/hashicorp/aws\"]",
      "instances": [
        {
          "schema_version": 1,
          "attributes": {
            "arn": "arn:aws:ec2:us-east-1:481792101255:security-group/sg-05dc60230015e6889",
            "description": "enable PORT 9000",
            "egress": [
              {
                "cidr_blocks": [
                  "0.0.0.0/0"
                ],
                "description": "outbound access",
                "from_port": 0,
                "ipv6_cidr_blocks": [],
                "prefix_list_ids": [],
                "protocol": "-1",
                "security_groups": [],
                "self": false,
                "to_port": 0
              }
            ],
            "id": "sg-05dc60230015e6889",
            "ingress": [
              {
                "cidr_blocks": [
                  "0.0.0.0/0"
                ],
                "description": "port 9000 access",
                "from_port": 9000,
                "ipv6_cidr_blocks": [],
                "prefix_list_ids": [],
                "protocol": "tcp",
                "security_groups": [],
                "self": false,
                "to_port": 9000
              }
            ],
            "name": "sonarqube server security group",
            "name_prefix": "",
            "owner_id": "481792101255",
            "revoke_rules_on_delete": false,
            "tags": {
              "Name": "dev-devOps-security_group_port_9000"
            },
            "tags_all": {
              "Name": "dev-devOps-security_group_port_9000"
            },
            "timeouts": null,
            "vpc_id": "vpc-0b044fafb8a2830ad"
          },
          "sensitive_attributes": [],
          "private": "eyJlMmJmYjczMC1lY2FhLTExZTYtOGY4OC0zNDM2M2JjN2M0YzAiOnsiY3JlYXRlIjo2MDAwMDAwMDAwMDAsImRlbGV0ZSI6OTAwMDAwMDAwMDAwfSwic2NoZW1hX3ZlcnNpb24iOiIxIn0=",
          "dependencies": [
            "module.vpc.aws_vpc.vpc"
          ]
        }
      ]
    },
    {
      "module": "module.sonarqube-server",
      "mode": "data",
      "type": "aws_ami",
      "name": "ubuntu-linux-1404",
      "provider": "provider[\"registry.terraform.io/hashicorp/aws\"]",
      "instances": [
        {
          "schema_version": 0,
          "attributes": {
            "architecture": "x86_64",
            "arn": "arn:aws:ec2:us-east-1::image/ami-0fe0238291c8e3f07",
            "block_device_mappings": [
              {
                "device_name": "/dev/sda1",
                "ebs": {
                  "delete_on_termination": "true",
                  "encrypted": "false",
                  "iops": "0",
                  "snapshot_id": "snap-0a7d84f0fd7eff0c2",
                  "throughput": "0",
                  "volume_size": "8",
                  "volume_type": "gp2"
                },
                "no_device": "",
                "virtual_name": ""
              },
              {
                "device_name": "/dev/sdb",
                "ebs": {},
                "no_device": "",
                "virtual_name": "ephemeral0"
              },
              {
                "device_name": "/dev/sdc",
                "ebs": {},
                "no_device": "",
                "virtual_name": "ephemeral1"
              }
            ],
            "boot_mode": "legacy-bios",
            "creation_date": "2023-09-19T04:17:15.000Z",
            "deprecation_time": "2025-09-19T04:17:15.000Z",
            "description": "Canonical, Ubuntu, 20.04 LTS, amd64 focal image build on 2023-09-18",
            "ena_support": true,
            "executable_users": null,
            "filter": [
              {
                "name": "name",
                "values": [
                  "ubuntu/images/hvm-ssd/ubuntu-focal-20.04-amd64-server-*"
                ]
              },
              {
                "name": "virtualization-type",
                "values": [
                  "hvm"
                ]
              }
            ],
            "hypervisor": "xen",
            "id": "ami-0fe0238291c8e3f07",
            "image_id": "ami-0fe0238291c8e3f07",
            "image_location": "amazon/ubuntu/images/hvm-ssd/ubuntu-focal-20.04-amd64-server-20230918",
            "image_owner_alias": "amazon",
            "image_type": "machine",
            "imds_support": "",
            "include_deprecated": false,
            "kernel_id": "",
            "most_recent": true,
            "name": "ubuntu/images/hvm-ssd/ubuntu-focal-20.04-amd64-server-20230918",
            "name_regex": null,
            "owner_id": "099720109477",
            "owners": [
              "099720109477"
            ],
            "platform": "",
            "platform_details": "Linux/UNIX",
            "product_codes": [],
            "public": true,
            "ramdisk_id": "",
            "root_device_name": "/dev/sda1",
            "root_device_type": "ebs",
            "root_snapshot_id": "snap-0a7d84f0fd7eff0c2",
            "sriov_net_support": "simple",
            "state": "available",
            "state_reason": {
              "code": "UNSET",
              "message": "UNSET"
            },
            "tags": {},
            "timeouts": null,
            "tpm_support": "",
            "usage_operation": "RunInstances",
            "virtualization_type": "hvm"
          },
          "sensitive_attributes": []
        }
      ]
    },
    {
      "module": "module.sonarqube-server",
      "mode": "data",
      "type": "aws_availability_zones",
      "name": "available_zones",
      "provider": "provider[\"registry.terraform.io/hashicorp/aws\"]",
      "instances": [
        {
          "schema_version": 0,
          "attributes": {
            "all_availability_zones": null,
            "exclude_names": null,
            "exclude_zone_ids": null,
            "filter": null,
            "group_names": [
              "us-east-1"
            ],
            "id": "us-east-1",
            "names": [
              "us-east-1a",
              "us-east-1b",
              "us-east-1c",
              "us-east-1d",
              "us-east-1e",
              "us-east-1f"
            ],
            "state": null,
            "timeouts": null,
            "zone_ids": [
              "use1-az2",
              "use1-az4",
              "use1-az6",
              "use1-az1",
              "use1-az3",
              "use1-az5"
            ]
          },
          "sensitive_attributes": []
        }
      ]
    },
    {
      "module": "module.sonarqube-server",
      "mode": "data",
      "type": "template_file",
      "name": "user_data",
      "provider": "provider[\"registry.terraform.io/hashicorp/template\"]",
      "instances": [
        {
          "schema_version": 0,
          "attributes": {
            "filename": null,
            "id": "14515ba16b18541e762b8a936a07a02d74c5037746729cfbc4826e6271aa432f",
            "rendered": "#!/bin/bash\n# Increase the vm.max_map_count for kernel and ulimit for the current session at runtime.\nsudo bash -c 'cat \u003c\u003cEOT\u003e /etc/sysctl.conf\nvm.max_map_count=524288\nfs.file-max=131072\nulimit -n 65536\nulimit -u 4096\nEOT'\nsudo sysctl -w vm.max_map_count=524288\nsysctl -w fs.file-max=131072\n\n#Increase these permanently\nsudo bash -c 'cat \u003c\u003cEOT\u003e /etc/security/limits.conf\nsonarqube   -   nofile   65536\nsonarqube   -   nproc    4096\nEOT'\n\n# Need JDK 17 or higher to run SonarQube 9.9\nsudo apt-get update -y\nsudo apt-get install openjdk-17-jdk -y\nsudo update-alternatives --config java\njava -version\n\n#Download the binaries for SonarQube \nsudo mkdir -p /sonarqube/\ncd /sonarqube/\nsudo curl -O https://binaries.sonarsource.com/Distribution/sonarqube/sonarqube-9.9.0.65466.zip\nsudo apt-get install zip -y\nsudo unzip -o sonarqube-9.9.0.65466.zip -d /opt/\nsudo mv /opt/sonarqube-9.9.0.65466/ /opt/sonarqube\nsudo rm -rf /opt/sonarqube/conf/sonar.properties\nsudo touch /opt/sonarqube/conf/sonar.properties\n\n\n# Create the group\nsudo groupadd sonar\nsudo useradd -c \"SonarQube - User\" -d /opt/sonarqube/ -g sonar sonar\nsudo chown  -R sonar:sonar /opt/sonarqube/ \n\n\n# Create a systemd service file for SonarQube to run at system startup\nsudo touch /etc/systemd/system/sonarqube.service\nsudo bash -c 'cat \u003c\u003cEOT\u003e /etc/systemd/system/sonarqube.service\n[Unit]\nDescription=SonarQube service\nAfter=syslog.target network.target\n\n[Service]\nType=forking\n\nExecStart=/opt/sonarqube/bin/linux-x86-64/sonar.sh start\nExecStop=/opt/sonarqube/bin/linux-x86-64/sonar.sh stop\n\nUser=sonar\nGroup=sonar\nRestart=always\n\nLimitNOFILE=65536\nLimitNPROC=4096\n\n\n[Install]\nWantedBy=multi-user.target\nEOT'\n\n# automatically system startup enable\nsudo systemctl daemon-reload\nsudo systemctl enable sonarqube.service\n\n# Automatically system startup enable\nsudo systemctl restart sonarqube.service",
            "template": "#!/bin/bash\n# Increase the vm.max_map_count for kernel and ulimit for the current session at runtime.\nsudo bash -c 'cat \u003c\u003cEOT\u003e /etc/sysctl.conf\nvm.max_map_count=524288\nfs.file-max=131072\nulimit -n 65536\nulimit -u 4096\nEOT'\nsudo sysctl -w vm.max_map_count=524288\nsysctl -w fs.file-max=131072\n\n#Increase these permanently\nsudo bash -c 'cat \u003c\u003cEOT\u003e /etc/security/limits.conf\nsonarqube   -   nofile   65536\nsonarqube   -   nproc    4096\nEOT'\n\n# Need JDK 17 or higher to run SonarQube 9.9\nsudo apt-get update -y\nsudo apt-get install openjdk-17-jdk -y\nsudo update-alternatives --config java\njava -version\n\n#Download the binaries for SonarQube \nsudo mkdir -p /sonarqube/\ncd /sonarqube/\nsudo curl -O https://binaries.sonarsource.com/Distribution/sonarqube/sonarqube-9.9.0.65466.zip\nsudo apt-get install zip -y\nsudo unzip -o sonarqube-9.9.0.65466.zip -d /opt/\nsudo mv /opt/sonarqube-9.9.0.65466/ /opt/sonarqube\nsudo rm -rf /opt/sonarqube/conf/sonar.properties\nsudo touch /opt/sonarqube/conf/sonar.properties\n\n\n# Create the group\nsudo groupadd sonar\nsudo useradd -c \"SonarQube - User\" -d /opt/sonarqube/ -g sonar sonar\nsudo chown  -R sonar:sonar /opt/sonarqube/ \n\n\n# Create a systemd service file for SonarQube to run at system startup\nsudo touch /etc/systemd/system/sonarqube.service\nsudo bash -c 'cat \u003c\u003cEOT\u003e /etc/systemd/system/sonarqube.service\n[Unit]\nDescription=SonarQube service\nAfter=syslog.target network.target\n\n[Service]\nType=forking\n\nExecStart=/opt/sonarqube/bin/linux-x86-64/sonar.sh start\nExecStop=/opt/sonarqube/bin/linux-x86-64/sonar.sh stop\n\nUser=sonar\nGroup=sonar\nRestart=always\n\nLimitNOFILE=65536\nLimitNPROC=4096\n\n\n[Install]\nWantedBy=multi-user.target\nEOT'\n\n# automatically system startup enable\nsudo systemctl daemon-reload\nsudo systemctl enable sonarqube.service\n\n# Automatically system startup enable\nsudo systemctl restart sonarqube.service",
            "vars": null
          },
          "sensitive_attributes": []
        }
      ]
    },
    {
      "module": "module.sonarqube-server",
      "mode": "managed",
      "type": "aws_instance",
      "name": "sonarqube-server",
      "provider": "provider[\"registry.terraform.io/hashicorp/aws\"]",
      "instances": [
        {
          "schema_version": 1,
          "attributes": {
            "ami": "ami-0fe0238291c8e3f07",
            "arn": "arn:aws:ec2:us-east-1:481792101255:instance/i-0af08808e3df53a35",
            "associate_public_ip_address": true,
            "availability_zone": "us-east-1a",
            "capacity_reservation_specification": [
              {
                "capacity_reservation_preference": "open",
                "capacity_reservation_target": []
              }
            ],
            "cpu_core_count": 2,
            "cpu_options": [
              {
                "amd_sev_snp": "",
                "core_count": 2,
                "threads_per_core": 1
              }
            ],
            "cpu_threads_per_core": 1,
            "credit_specification": [
              {
                "cpu_credits": "standard"
              }
            ],
            "disable_api_stop": false,
            "disable_api_termination": false,
            "ebs_block_device": [],
            "ebs_optimized": false,
            "enclave_options": [
              {
                "enabled": false
              }
            ],
            "ephemeral_block_device": [],
            "get_password_data": false,
            "hibernation": false,
            "host_id": "",
            "host_resource_group_arn": null,
            "iam_instance_profile": "",
            "id": "i-0af08808e3df53a35",
            "instance_initiated_shutdown_behavior": "stop",
            "instance_state": "running",
            "instance_type": "t2.medium",
            "ipv6_address_count": 0,
            "ipv6_addresses": [],
            "key_name": "dev-keypair",
            "launch_template": [],
            "maintenance_options": [
              {
                "auto_recovery": "default"
              }
            ],
            "metadata_options": [
              {
                "http_endpoint": "enabled",
                "http_put_response_hop_limit": 1,
                "http_tokens": "optional",
                "instance_metadata_tags": "disabled"
              }
            ],
            "monitoring": false,
            "network_interface": [],
            "outpost_arn": "",
            "password_data": "",
            "placement_group": "",
            "placement_partition_number": 0,
            "primary_network_interface_id": "eni-015347b3a27fe6c72",
            "private_dns": "ip-192-168-0-166.ec2.internal",
            "private_dns_name_options": [
              {
                "enable_resource_name_dns_a_record": false,
                "enable_resource_name_dns_aaaa_record": false,
                "hostname_type": "ip-name"
              }
            ],
            "private_ip": "192.168.0.166",
            "public_dns": "ec2-52-90-177-166.compute-1.amazonaws.com",
            "public_ip": "52.90.177.166",
            "root_block_device": [
              {
                "delete_on_termination": true,
                "device_name": "/dev/sda1",
                "encrypted": false,
                "iops": 100,
                "kms_key_id": "",
                "tags": {},
                "throughput": 0,
                "volume_id": "vol-0297f767dfb9861e6",
                "volume_size": 8,
                "volume_type": "gp2"
              }
            ],
            "secondary_private_ips": [],
            "security_groups": [
              "sg-05258a7853e88be2a",
              "sg-05dc60230015e6889"
            ],
            "source_dest_check": true,
            "subnet_id": "subnet-0b06b741577a23302",
            "tags": {
              "Name": "dev-Sonarqube-Server-devOps"
            },
            "tags_all": {
              "Name": "dev-Sonarqube-Server-devOps"
            },
            "tenancy": "default",
            "timeouts": null,
            "user_data": "25fd71084b72998406549ad2942f2bab275c72e3",
            "user_data_base64": null,
            "user_data_replace_on_change": false,
            "volume_tags": null,
            "vpc_security_group_ids": [
              "sg-05258a7853e88be2a",
              "sg-05dc60230015e6889"
            ]
          },
          "sensitive_attributes": [],
          "private": "eyJlMmJmYjczMC1lY2FhLTExZTYtOGY4OC0zNDM2M2JjN2M0YzAiOnsiY3JlYXRlIjo2MDAwMDAwMDAwMDAsImRlbGV0ZSI6MTIwMDAwMDAwMDAwMCwidXBkYXRlIjo2MDAwMDAwMDAwMDB9LCJzY2hlbWFfdmVyc2lvbiI6IjEifQ==",
          "dependencies": [
            "module.security.aws_security_group.security_group_port_22",
            "module.security.aws_security_group.security_group_port_9000",
            "module.sonarqube-server.data.aws_ami.ubuntu-linux-1404",
            "module.sonarqube-server.data.template_file.user_data",
            "module.vpc.aws_subnet.public_subnet_az",
            "module.vpc.aws_vpc.vpc",
            "module.vpc.data.aws_availability_zones.available_zones"
          ]
        }
      ]
    },
    {
      "module": "module.vpc",
      "mode": "data",
      "type": "aws_availability_zones",
      "name": "available_zones",
      "provider": "provider[\"registry.terraform.io/hashicorp/aws\"]",
      "instances": [
        {
          "schema_version": 0,
          "attributes": {
            "all_availability_zones": null,
            "exclude_names": null,
            "exclude_zone_ids": null,
            "filter": null,
            "group_names": [
              "us-east-1"
            ],
            "id": "us-east-1",
            "names": [
              "us-east-1a",
              "us-east-1b",
              "us-east-1c",
              "us-east-1d",
              "us-east-1e",
              "us-east-1f"
            ],
            "state": null,
            "timeouts": null,
            "zone_ids": [
              "use1-az2",
              "use1-az4",
              "use1-az6",
              "use1-az1",
              "use1-az3",
              "use1-az5"
            ]
          },
          "sensitive_attributes": []
        }
      ]
    },
    {
      "module": "module.vpc",
      "mode": "managed",
      "type": "aws_internet_gateway",
      "name": "internet_gateway",
      "provider": "provider[\"registry.terraform.io/hashicorp/aws\"]",
      "instances": [
        {
          "schema_version": 0,
          "attributes": {
            "arn": "arn:aws:ec2:us-east-1:481792101255:internet-gateway/igw-037a40808a774784f",
            "id": "igw-037a40808a774784f",
            "owner_id": "481792101255",
            "tags": {
              "Name": "dev-devOps-igw"
            },
            "tags_all": {
              "Name": "dev-devOps-igw"
            },
            "timeouts": null,
            "vpc_id": "vpc-0b044fafb8a2830ad"
          },
          "sensitive_attributes": [],
          "private": "eyJlMmJmYjczMC1lY2FhLTExZTYtOGY4OC0zNDM2M2JjN2M0YzAiOnsiY3JlYXRlIjoxMjAwMDAwMDAwMDAwLCJkZWxldGUiOjEyMDAwMDAwMDAwMDAsInVwZGF0ZSI6MTIwMDAwMDAwMDAwMH19",
          "dependencies": [
            "module.vpc.aws_vpc.vpc"
          ]
        }
      ]
    },
    {
      "module": "module.vpc",
      "mode": "managed",
      "type": "aws_route_table",
      "name": "public_route_table",
      "provider": "provider[\"registry.terraform.io/hashicorp/aws\"]",
      "instances": [
        {
          "schema_version": 0,
          "attributes": {
            "arn": "arn:aws:ec2:us-east-1:481792101255:route-table/rtb-03a944df1a6a638f7",
            "id": "rtb-03a944df1a6a638f7",
            "owner_id": "481792101255",
            "propagating_vgws": [],
            "route": [
              {
                "carrier_gateway_id": "",
                "cidr_block": "0.0.0.0/0",
                "core_network_arn": "",
                "destination_prefix_list_id": "",
                "egress_only_gateway_id": "",
                "gateway_id": "igw-037a40808a774784f",
                "instance_id": "",
                "ipv6_cidr_block": "",
                "local_gateway_id": "",
                "nat_gateway_id": "",
                "network_interface_id": "",
                "transit_gateway_id": "",
                "vpc_endpoint_id": "",
                "vpc_peering_connection_id": ""
              }
            ],
            "tags": {
              "Name": "dev-devOps-Public Route Table"
            },
            "tags_all": {
              "Name": "dev-devOps-Public Route Table"
            },
            "timeouts": null,
            "vpc_id": "vpc-0b044fafb8a2830ad"
          },
          "sensitive_attributes": [],
          "private": "eyJlMmJmYjczMC1lY2FhLTExZTYtOGY4OC0zNDM2M2JjN2M0YzAiOnsiY3JlYXRlIjozMDAwMDAwMDAwMDAsImRlbGV0ZSI6MzAwMDAwMDAwMDAwLCJ1cGRhdGUiOjEyMDAwMDAwMDAwMH19",
          "dependencies": [
            "module.vpc.aws_internet_gateway.internet_gateway",
            "module.vpc.aws_vpc.vpc"
          ]
        }
      ]
    },
    {
      "module": "module.vpc",
      "mode": "managed",
      "type": "aws_route_table_association",
      "name": "public_subnet_az_route_table_association",
      "provider": "provider[\"registry.terraform.io/hashicorp/aws\"]",
      "instances": [
        {
          "schema_version": 0,
          "attributes": {
            "gateway_id": "",
            "id": "rtbassoc-03c11ca9d9862d59e",
            "route_table_id": "rtb-03a944df1a6a638f7",
            "subnet_id": "subnet-0b06b741577a23302",
            "timeouts": null
          },
          "sensitive_attributes": [],
          "private": "eyJlMmJmYjczMC1lY2FhLTExZTYtOGY4OC0zNDM2M2JjN2M0YzAiOnsiY3JlYXRlIjozMDAwMDAwMDAwMDAsImRlbGV0ZSI6MzAwMDAwMDAwMDAwLCJ1cGRhdGUiOjEyMDAwMDAwMDAwMH19",
          "dependencies": [
            "module.vpc.aws_internet_gateway.internet_gateway",
            "module.vpc.aws_route_table.public_route_table",
            "module.vpc.aws_subnet.public_subnet_az",
            "module.vpc.aws_vpc.vpc",
            "module.vpc.data.aws_availability_zones.available_zones"
          ]
        }
      ]
    },
    {
      "module": "module.vpc",
      "mode": "managed",
      "type": "aws_subnet",
      "name": "public_subnet_az",
      "provider": "provider[\"registry.terraform.io/hashicorp/aws\"]",
      "instances": [
        {
          "schema_version": 1,
          "attributes": {
            "arn": "arn:aws:ec2:us-east-1:481792101255:subnet/subnet-0b06b741577a23302",
            "assign_ipv6_address_on_creation": false,
            "availability_zone": "us-east-1a",
            "availability_zone_id": "use1-az2",
            "cidr_block": "192.168.0.0/24",
            "customer_owned_ipv4_pool": "",
            "enable_dns64": false,
            "enable_lni_at_device_index": 0,
            "enable_resource_name_dns_a_record_on_launch": false,
            "enable_resource_name_dns_aaaa_record_on_launch": false,
            "id": "subnet-0b06b741577a23302",
            "ipv6_cidr_block": "",
            "ipv6_cidr_block_association_id": "",
            "ipv6_native": false,
            "map_customer_owned_ip_on_launch": false,
            "map_public_ip_on_launch": true,
            "outpost_arn": "",
            "owner_id": "481792101255",
            "private_dns_hostname_type_on_launch": "ip-name",
            "tags": {
              "Name": "dev-devOps-Public Subnet"
            },
            "tags_all": {
              "Name": "dev-devOps-Public Subnet"
            },
            "timeouts": null,
            "vpc_id": "vpc-0b044fafb8a2830ad"
          },
          "sensitive_attributes": [],
          "private": "eyJlMmJmYjczMC1lY2FhLTExZTYtOGY4OC0zNDM2M2JjN2M0YzAiOnsiY3JlYXRlIjo2MDAwMDAwMDAwMDAsImRlbGV0ZSI6MTIwMDAwMDAwMDAwMH0sInNjaGVtYV92ZXJzaW9uIjoiMSJ9",
          "dependencies": [
            "module.vpc.aws_vpc.vpc",
            "module.vpc.data.aws_availability_zones.available_zones"
          ]
        }
      ]
    },
    {
      "module": "module.vpc",
      "mode": "managed",
      "type": "aws_vpc",
      "name": "vpc",
      "provider": "provider[\"registry.terraform.io/hashicorp/aws\"]",
      "instances": [
        {
          "schema_version": 1,
          "attributes": {
            "arn": "arn:aws:ec2:us-east-1:481792101255:vpc/vpc-0b044fafb8a2830ad",
            "assign_generated_ipv6_cidr_block": false,
            "cidr_block": "192.168.0.0/16",
            "default_network_acl_id": "acl-0d8f2873152369156",
            "default_route_table_id": "rtb-0d224167cf1fef753",
            "default_security_group_id": "sg-0a20bcd73a84ced86",
            "dhcp_options_id": "dopt-027656401ad818d78",
            "enable_classiclink": false,
            "enable_classiclink_dns_support": false,
            "enable_dns_hostnames": true,
            "enable_dns_support": true,
            "enable_network_address_usage_metrics": false,
            "id": "vpc-0b044fafb8a2830ad",
            "instance_tenancy": "default",
            "ipv4_ipam_pool_id": null,
            "ipv4_netmask_length": null,
            "ipv6_association_id": "",
            "ipv6_cidr_block": "",
            "ipv6_cidr_block_network_border_group": "",
            "ipv6_ipam_pool_id": "",
            "ipv6_netmask_length": 0,
            "main_route_table_id": "rtb-0d224167cf1fef753",
            "owner_id": "481792101255",
            "tags": {
              "Name": "dev-devOps-vpc"
            },
            "tags_all": {
              "Name": "dev-devOps-vpc"
            }
          },
          "sensitive_attributes": [],
          "private": "eyJzY2hlbWFfdmVyc2lvbiI6IjEifQ=="
        }
      ]
    }
  ],
  "check_results": null
}
