{
  "version": 4,
  "terraform_version": "1.4.5",
  "serial": 100,
  "lineage": "5c270dd2-d033-c3bf-1d9e-aaf1d336c4c9",
  "outputs": {
    "jenkins-server-public-ip": {
      "value": "52.53.254.57",
      "type": "string"
    },
    "k8-server-public-ip": {
      "value": "54.177.62.116",
      "type": "string"
    },
    "sonarqube-server-public-ip": {
      "value": "54.153.14.239",
      "type": "string"
    }
  },
  "resources": [
    {
      "module": "module.jenkins-server",
      "mode": "data",
      "type": "aws_ami",
      "name": "ubuntu-linux-1404",
      "provider": "provider[\"registry.terraform.io/hashicorp/aws\"]",
      "instances": [
        {
          "schema_version": 0,
          "attributes": {
            "architecture": "x86_64",
            "arn": "arn:aws:ec2:us-west-1::image/ami-092efbcc9a2d2be8a",
            "block_device_mappings": [
              {
                "device_name": "/dev/sda1",
                "ebs": {
                  "delete_on_termination": "true",
                  "encrypted": "false",
                  "iops": "0",
                  "snapshot_id": "snap-04369e8f05218cc71",
                  "throughput": "0",
                  "volume_size": "8",
                  "volume_type": "gp2"
                },
                "no_device": "",
                "virtual_name": ""
              },
              {
                "device_name": "/dev/sdb",
                "ebs": {},
                "no_device": "",
                "virtual_name": "ephemeral0"
              },
              {
                "device_name": "/dev/sdc",
                "ebs": {},
                "no_device": "",
                "virtual_name": "ephemeral1"
              }
            ],
            "boot_mode": "legacy-bios",
            "creation_date": "2023-09-19T04:17:20.000Z",
            "deprecation_time": "2025-09-19T04:17:20.000Z",
            "description": "Canonical, Ubuntu, 20.04 LTS, amd64 focal image build on 2023-09-18",
            "ena_support": true,
            "executable_users": null,
            "filter": [
              {
                "name": "name",
                "values": [
                  "ubuntu/images/hvm-ssd/ubuntu-focal-20.04-amd64-server-*"
                ]
              },
              {
                "name": "virtualization-type",
                "values": [
                  "hvm"
                ]
              }
            ],
            "hypervisor": "xen",
            "id": "ami-092efbcc9a2d2be8a",
            "image_id": "ami-092efbcc9a2d2be8a",
            "image_location": "amazon/ubuntu/images/hvm-ssd/ubuntu-focal-20.04-amd64-server-20230918",
            "image_owner_alias": "amazon",
            "image_type": "machine",
            "imds_support": "",
            "include_deprecated": false,
            "kernel_id": "",
            "most_recent": true,
            "name": "ubuntu/images/hvm-ssd/ubuntu-focal-20.04-amd64-server-20230918",
            "name_regex": null,
            "owner_id": "099720109477",
            "owners": [
              "099720109477"
            ],
            "platform": "",
            "platform_details": "Linux/UNIX",
            "product_codes": [],
            "public": true,
            "ramdisk_id": "",
            "root_device_name": "/dev/sda1",
            "root_device_type": "ebs",
            "root_snapshot_id": "snap-04369e8f05218cc71",
            "sriov_net_support": "simple",
            "state": "available",
            "state_reason": {
              "code": "UNSET",
              "message": "UNSET"
            },
            "tags": {},
            "timeouts": null,
            "tpm_support": "",
            "usage_operation": "RunInstances",
            "virtualization_type": "hvm"
          },
          "sensitive_attributes": []
        }
      ]
    },
    {
      "module": "module.jenkins-server",
      "mode": "data",
      "type": "aws_availability_zones",
      "name": "available_zones",
      "provider": "provider[\"registry.terraform.io/hashicorp/aws\"]",
      "instances": [
        {
          "schema_version": 0,
          "attributes": {
            "all_availability_zones": null,
            "exclude_names": null,
            "exclude_zone_ids": null,
            "filter": null,
            "group_names": [
              "us-west-1"
            ],
            "id": "us-west-1",
            "names": [
              "us-west-1a",
              "us-west-1b"
            ],
            "state": null,
            "timeouts": null,
            "zone_ids": [
              "usw1-az3",
              "usw1-az1"
            ]
          },
          "sensitive_attributes": []
        }
      ]
    },
    {
      "module": "module.jenkins-server",
      "mode": "data",
      "type": "template_file",
      "name": "user_data",
      "provider": "provider[\"registry.terraform.io/hashicorp/template\"]",
      "instances": [
        {
          "schema_version": 0,
          "attributes": {
            "filename": null,
            "id": "78daf0ee0dbd5fdc900116286ba6cd687e053834329bfcd1eebdd9a0326eaa26",
            "rendered": "#!/bin/bash\n#################################\n# Author: Santosh\n# Date: 5th-July-2023\n# version 1\n# This code install jenkins in the ubuntu instances\n##################################\n\nsudo apt update -y\nsudo apt install openjdk-17-jre -y\ncurl -fsSL https://pkg.jenkins.io/debian-stable/jenkins.io-2023.key | sudo tee \\\n  /usr/share/keyrings/jenkins-keyring.asc \u003e /dev/null\necho deb [signed-by=/usr/share/keyrings/jenkins-keyring.asc] \\\n  https://pkg.jenkins.io/debian-stable binary/ | sudo tee \\\n  /etc/apt/sources.list.d/jenkins.list \u003e /dev/null\nsudo apt-get update\nsudo apt-get install jenkins -y\nsudo systemctl enable jenkins\nsudo systemctl start jenkins\n\nsudo apt-add-repository ppa:ansible/ansible\nsudo apt update\nsudo apt-get install ansible -y\n\n\ncd /opt/\nsudo wget https://dlcdn.apache.org/maven/maven-3/3.9.4/binaries/apache-maven-3.9.4-bin.zip\nsudo apt-get install unzip -y\nsudo unzip apache-maven-3.9.4-bin.zip\nsudo rm -rf apache-maven-3.9.4-bin.zip\n\nexport M2_HOME=/opt/apache-maven-3.9.4\nexport PATH=$PATH:$M2_HOME/bin\nsleep 5\nsource ~/.bashrc",
            "template": "#!/bin/bash\n#################################\n# Author: Santosh\n# Date: 5th-July-2023\n# version 1\n# This code install jenkins in the ubuntu instances\n##################################\n\nsudo apt update -y\nsudo apt install openjdk-17-jre -y\ncurl -fsSL https://pkg.jenkins.io/debian-stable/jenkins.io-2023.key | sudo tee \\\n  /usr/share/keyrings/jenkins-keyring.asc \u003e /dev/null\necho deb [signed-by=/usr/share/keyrings/jenkins-keyring.asc] \\\n  https://pkg.jenkins.io/debian-stable binary/ | sudo tee \\\n  /etc/apt/sources.list.d/jenkins.list \u003e /dev/null\nsudo apt-get update\nsudo apt-get install jenkins -y\nsudo systemctl enable jenkins\nsudo systemctl start jenkins\n\nsudo apt-add-repository ppa:ansible/ansible\nsudo apt update\nsudo apt-get install ansible -y\n\n\ncd /opt/\nsudo wget https://dlcdn.apache.org/maven/maven-3/3.9.4/binaries/apache-maven-3.9.4-bin.zip\nsudo apt-get install unzip -y\nsudo unzip apache-maven-3.9.4-bin.zip\nsudo rm -rf apache-maven-3.9.4-bin.zip\n\nexport M2_HOME=/opt/apache-maven-3.9.4\nexport PATH=$PATH:$M2_HOME/bin\nsleep 5\nsource ~/.bashrc",
            "vars": null
          },
          "sensitive_attributes": []
        }
      ]
    },
    {
      "module": "module.jenkins-server",
      "mode": "managed",
      "type": "aws_instance",
      "name": "jenkins-server",
      "provider": "provider[\"registry.terraform.io/hashicorp/aws\"]",
      "instances": [
        {
          "schema_version": 1,
          "attributes": {
            "ami": "ami-092efbcc9a2d2be8a",
            "arn": "arn:aws:ec2:us-west-1:481792101255:instance/i-02134b22e03b6ed38",
            "associate_public_ip_address": true,
            "availability_zone": "us-west-1a",
            "capacity_reservation_specification": [
              {
                "capacity_reservation_preference": "open",
                "capacity_reservation_target": []
              }
            ],
            "cpu_core_count": 2,
            "cpu_options": [
              {
                "amd_sev_snp": "",
                "core_count": 2,
                "threads_per_core": 1
              }
            ],
            "cpu_threads_per_core": 1,
            "credit_specification": [
              {
                "cpu_credits": "standard"
              }
            ],
            "disable_api_stop": false,
            "disable_api_termination": false,
            "ebs_block_device": [],
            "ebs_optimized": false,
            "enclave_options": [
              {
                "enabled": false
              }
            ],
            "ephemeral_block_device": [],
            "get_password_data": false,
            "hibernation": false,
            "host_id": "",
            "host_resource_group_arn": null,
            "iam_instance_profile": "",
            "id": "i-02134b22e03b6ed38",
            "instance_initiated_shutdown_behavior": "stop",
            "instance_state": "running",
            "instance_type": "t2.medium",
            "ipv6_address_count": 0,
            "ipv6_addresses": [],
            "key_name": "stage-keypair",
            "launch_template": [],
            "maintenance_options": [
              {
                "auto_recovery": "default"
              }
            ],
            "metadata_options": [
              {
                "http_endpoint": "enabled",
                "http_put_response_hop_limit": 1,
                "http_tokens": "optional",
                "instance_metadata_tags": "disabled"
              }
            ],
            "monitoring": false,
            "network_interface": [],
            "outpost_arn": "",
            "password_data": "",
            "placement_group": "",
            "placement_partition_number": 0,
            "primary_network_interface_id": "eni-03aa1ccbbe2076dc8",
            "private_dns": "ip-192-100-0-233.us-west-1.compute.internal",
            "private_dns_name_options": [
              {
                "enable_resource_name_dns_a_record": false,
                "enable_resource_name_dns_aaaa_record": false,
                "hostname_type": "ip-name"
              }
            ],
            "private_ip": "192.100.0.233",
            "public_dns": "ec2-52-53-254-57.us-west-1.compute.amazonaws.com",
            "public_ip": "52.53.254.57",
            "root_block_device": [
              {
                "delete_on_termination": true,
                "device_name": "/dev/sda1",
                "encrypted": false,
                "iops": 100,
                "kms_key_id": "",
                "tags": {},
                "throughput": 0,
                "volume_id": "vol-0417d609b84b57eff",
                "volume_size": 8,
                "volume_type": "gp2"
              }
            ],
            "secondary_private_ips": [],
            "security_groups": [
              "sg-01e0ee51d644af8af",
              "sg-0bd263099e1a30c0b"
            ],
            "source_dest_check": true,
            "subnet_id": "subnet-0869144b29b3b4868",
            "tags": {
              "Name": "stage-Jenkins-Server-devOps"
            },
            "tags_all": {
              "Name": "stage-Jenkins-Server-devOps"
            },
            "tenancy": "default",
            "timeouts": null,
            "user_data": "cbb79f434e2976b022aca78a1651fff847dbc7b6",
            "user_data_base64": null,
            "user_data_replace_on_change": false,
            "volume_tags": null,
            "vpc_security_group_ids": [
              "sg-01e0ee51d644af8af",
              "sg-0bd263099e1a30c0b"
            ]
          },
          "sensitive_attributes": [],
          "private": "eyJlMmJmYjczMC1lY2FhLTExZTYtOGY4OC0zNDM2M2JjN2M0YzAiOnsiY3JlYXRlIjo2MDAwMDAwMDAwMDAsImRlbGV0ZSI6MTIwMDAwMDAwMDAwMCwidXBkYXRlIjo2MDAwMDAwMDAwMDB9LCJzY2hlbWFfdmVyc2lvbiI6IjEifQ==",
          "dependencies": [
            "module.jenkins-server.data.aws_ami.ubuntu-linux-1404",
            "module.jenkins-server.data.template_file.user_data",
            "module.security.aws_security_group.security_group_port_22",
            "module.security.aws_security_group.security_group_port_8080",
            "module.vpc.aws_subnet.public_subnet_az",
            "module.vpc.aws_vpc.vpc",
            "module.vpc.data.aws_availability_zones.available_zones"
          ]
        }
      ]
    },
    {
      "module": "module.k8-server",
      "mode": "data",
      "type": "aws_ami",
      "name": "ubuntu-linux-1404",
      "provider": "provider[\"registry.terraform.io/hashicorp/aws\"]",
      "instances": [
        {
          "schema_version": 0,
          "attributes": {
            "architecture": "x86_64",
            "arn": "arn:aws:ec2:us-west-1::image/ami-092efbcc9a2d2be8a",
            "block_device_mappings": [
              {
                "device_name": "/dev/sda1",
                "ebs": {
                  "delete_on_termination": "true",
                  "encrypted": "false",
                  "iops": "0",
                  "snapshot_id": "snap-04369e8f05218cc71",
                  "throughput": "0",
                  "volume_size": "8",
                  "volume_type": "gp2"
                },
                "no_device": "",
                "virtual_name": ""
              },
              {
                "device_name": "/dev/sdb",
                "ebs": {},
                "no_device": "",
                "virtual_name": "ephemeral0"
              },
              {
                "device_name": "/dev/sdc",
                "ebs": {},
                "no_device": "",
                "virtual_name": "ephemeral1"
              }
            ],
            "boot_mode": "legacy-bios",
            "creation_date": "2023-09-19T04:17:20.000Z",
            "deprecation_time": "2025-09-19T04:17:20.000Z",
            "description": "Canonical, Ubuntu, 20.04 LTS, amd64 focal image build on 2023-09-18",
            "ena_support": true,
            "executable_users": null,
            "filter": [
              {
                "name": "name",
                "values": [
                  "ubuntu/images/hvm-ssd/ubuntu-focal-20.04-amd64-server-*"
                ]
              },
              {
                "name": "virtualization-type",
                "values": [
                  "hvm"
                ]
              }
            ],
            "hypervisor": "xen",
            "id": "ami-092efbcc9a2d2be8a",
            "image_id": "ami-092efbcc9a2d2be8a",
            "image_location": "amazon/ubuntu/images/hvm-ssd/ubuntu-focal-20.04-amd64-server-20230918",
            "image_owner_alias": "amazon",
            "image_type": "machine",
            "imds_support": "",
            "include_deprecated": false,
            "kernel_id": "",
            "most_recent": true,
            "name": "ubuntu/images/hvm-ssd/ubuntu-focal-20.04-amd64-server-20230918",
            "name_regex": null,
            "owner_id": "099720109477",
            "owners": [
              "099720109477"
            ],
            "platform": "",
            "platform_details": "Linux/UNIX",
            "product_codes": [],
            "public": true,
            "ramdisk_id": "",
            "root_device_name": "/dev/sda1",
            "root_device_type": "ebs",
            "root_snapshot_id": "snap-04369e8f05218cc71",
            "sriov_net_support": "simple",
            "state": "available",
            "state_reason": {
              "code": "UNSET",
              "message": "UNSET"
            },
            "tags": {},
            "timeouts": null,
            "tpm_support": "",
            "usage_operation": "RunInstances",
            "virtualization_type": "hvm"
          },
          "sensitive_attributes": []
        }
      ]
    },
    {
      "module": "module.k8-server",
      "mode": "data",
      "type": "aws_availability_zones",
      "name": "available_zones",
      "provider": "provider[\"registry.terraform.io/hashicorp/aws\"]",
      "instances": [
        {
          "schema_version": 0,
          "attributes": {
            "all_availability_zones": null,
            "exclude_names": null,
            "exclude_zone_ids": null,
            "filter": null,
            "group_names": [
              "us-west-1"
            ],
            "id": "us-west-1",
            "names": [
              "us-west-1a",
              "us-west-1b"
            ],
            "state": null,
            "timeouts": null,
            "zone_ids": [
              "usw1-az3",
              "usw1-az1"
            ]
          },
          "sensitive_attributes": []
        }
      ]
    },
    {
      "module": "module.k8-server",
      "mode": "data",
      "type": "template_file",
      "name": "user_data",
      "provider": "provider[\"registry.terraform.io/hashicorp/template\"]",
      "instances": [
        {
          "schema_version": 0,
          "attributes": {
            "filename": null,
            "id": "7f4d4c31da835f6cba45a2da2f62a400e63487a3429dd9669c879f5b7efe2874",
            "rendered": "#!/bin/bash\n#################################\n# Author: Santosh\n# Date: 5th-July-2023\n# version 1\n# This code install docker in the ubuntu instances\n##################################\n\n# Update the apt package index and install packages to allow apt to use a repository over HTTPS:\nsudo apt-get update -y\nsudo apt-get install ca-certificates curl gnupg -y\n#Add Docker’s official GPG key:\nsudo install -m 0755 -d /etc/apt/keyrings\ncurl -fsSL https://download.docker.com/linux/ubuntu/gpg | sudo gpg --dearmor -o /etc/apt/keyrings/docker.gpg\nsudo chmod a+r /etc/apt/keyrings/docker.gpg \n\n#Use the following command to set up the repository:\necho \\\n  \"deb [arch=\"$(dpkg --print-architecture)\" signed-by=/etc/apt/keyrings/docker.gpg] https://download.docker.com/linux/ubuntu \\\n  \"$(. /etc/os-release \u0026\u0026 echo \"$VERSION_CODENAME\")\" stable\" | \\\n  sudo tee /etc/apt/sources.list.d/docker.list \u003e /dev/null\n\n  sudo apt-get update -y\n  sudo apt-get install docker-ce docker-ce-cli containerd.io docker-buildx-plugin docker-compose-plugin -y\n  sudo service docker start\n\n",
            "template": "#!/bin/bash\n#################################\n# Author: Santosh\n# Date: 5th-July-2023\n# version 1\n# This code install docker in the ubuntu instances\n##################################\n\n# Update the apt package index and install packages to allow apt to use a repository over HTTPS:\nsudo apt-get update -y\nsudo apt-get install ca-certificates curl gnupg -y\n#Add Docker’s official GPG key:\nsudo install -m 0755 -d /etc/apt/keyrings\ncurl -fsSL https://download.docker.com/linux/ubuntu/gpg | sudo gpg --dearmor -o /etc/apt/keyrings/docker.gpg\nsudo chmod a+r /etc/apt/keyrings/docker.gpg \n\n#Use the following command to set up the repository:\necho \\\n  \"deb [arch=\"$(dpkg --print-architecture)\" signed-by=/etc/apt/keyrings/docker.gpg] https://download.docker.com/linux/ubuntu \\\n  \"$(. /etc/os-release \u0026\u0026 echo \"$VERSION_CODENAME\")\" stable\" | \\\n  sudo tee /etc/apt/sources.list.d/docker.list \u003e /dev/null\n\n  sudo apt-get update -y\n  sudo apt-get install docker-ce docker-ce-cli containerd.io docker-buildx-plugin docker-compose-plugin -y\n  sudo service docker start\n\n",
            "vars": null
          },
          "sensitive_attributes": []
        }
      ]
    },
    {
      "module": "module.k8-server",
      "mode": "managed",
      "type": "aws_instance",
      "name": "k8-server",
      "provider": "provider[\"registry.terraform.io/hashicorp/aws\"]",
      "instances": [
        {
          "schema_version": 1,
          "attributes": {
            "ami": "ami-092efbcc9a2d2be8a",
            "arn": "arn:aws:ec2:us-west-1:481792101255:instance/i-048903921b9ae11e3",
            "associate_public_ip_address": true,
            "availability_zone": "us-west-1a",
            "capacity_reservation_specification": [
              {
                "capacity_reservation_preference": "open",
                "capacity_reservation_target": []
              }
            ],
            "cpu_core_count": 2,
            "cpu_options": [
              {
                "amd_sev_snp": "",
                "core_count": 2,
                "threads_per_core": 1
              }
            ],
            "cpu_threads_per_core": 1,
            "credit_specification": [
              {
                "cpu_credits": "standard"
              }
            ],
            "disable_api_stop": false,
            "disable_api_termination": false,
            "ebs_block_device": [],
            "ebs_optimized": false,
            "enclave_options": [
              {
                "enabled": false
              }
            ],
            "ephemeral_block_device": [],
            "get_password_data": false,
            "hibernation": false,
            "host_id": "",
            "host_resource_group_arn": null,
            "iam_instance_profile": "",
            "id": "i-048903921b9ae11e3",
            "instance_initiated_shutdown_behavior": "stop",
            "instance_state": "running",
            "instance_type": "t2.medium",
            "ipv6_address_count": 0,
            "ipv6_addresses": [],
            "key_name": "stage-keypair",
            "launch_template": [],
            "maintenance_options": [
              {
                "auto_recovery": "default"
              }
            ],
            "metadata_options": [
              {
                "http_endpoint": "enabled",
                "http_put_response_hop_limit": 1,
                "http_tokens": "optional",
                "instance_metadata_tags": "disabled"
              }
            ],
            "monitoring": false,
            "network_interface": [],
            "outpost_arn": "",
            "password_data": "",
            "placement_group": "",
            "placement_partition_number": 0,
            "primary_network_interface_id": "eni-078457b1d54d3ecf3",
            "private_dns": "ip-192-100-0-129.us-west-1.compute.internal",
            "private_dns_name_options": [
              {
                "enable_resource_name_dns_a_record": false,
                "enable_resource_name_dns_aaaa_record": false,
                "hostname_type": "ip-name"
              }
            ],
            "private_ip": "192.100.0.129",
            "public_dns": "ec2-54-177-62-116.us-west-1.compute.amazonaws.com",
            "public_ip": "54.177.62.116",
            "root_block_device": [
              {
                "delete_on_termination": true,
                "device_name": "/dev/sda1",
                "encrypted": false,
                "iops": 100,
                "kms_key_id": "",
                "tags": {},
                "throughput": 0,
                "volume_id": "vol-0967f7febf670ff98",
                "volume_size": 8,
                "volume_type": "gp2"
              }
            ],
            "secondary_private_ips": [],
            "security_groups": [
              "sg-06ed5f7f45a32808d",
              "sg-0bd263099e1a30c0b"
            ],
            "source_dest_check": true,
            "subnet_id": "subnet-0869144b29b3b4868",
            "tags": {
              "Name": "stage-k8-Server-devOps"
            },
            "tags_all": {
              "Name": "stage-k8-Server-devOps"
            },
            "tenancy": "default",
            "timeouts": null,
            "user_data": "6980a9424822ff1afff0a1cfffc845a5c7f363de",
            "user_data_base64": null,
            "user_data_replace_on_change": false,
            "volume_tags": null,
            "vpc_security_group_ids": [
              "sg-06ed5f7f45a32808d",
              "sg-0bd263099e1a30c0b"
            ]
          },
          "sensitive_attributes": [],
          "private": "eyJlMmJmYjczMC1lY2FhLTExZTYtOGY4OC0zNDM2M2JjN2M0YzAiOnsiY3JlYXRlIjo2MDAwMDAwMDAwMDAsImRlbGV0ZSI6MTIwMDAwMDAwMDAwMCwidXBkYXRlIjo2MDAwMDAwMDAwMDB9LCJzY2hlbWFfdmVyc2lvbiI6IjEifQ==",
          "dependencies": [
            "module.k8-server.data.aws_ami.ubuntu-linux-1404",
            "module.k8-server.data.template_file.user_data",
            "module.security.aws_security_group.security_group_port_22",
            "module.security.aws_security_group.security_group_port_30000",
            "module.vpc.aws_subnet.public_subnet_az",
            "module.vpc.aws_vpc.vpc",
            "module.vpc.data.aws_availability_zones.available_zones"
          ]
        }
      ]
    },
    {
      "module": "module.keypair",
      "mode": "managed",
      "type": "aws_key_pair",
      "name": "keypair",
      "provider": "provider[\"registry.terraform.io/hashicorp/aws\"]",
      "instances": [
        {
          "schema_version": 1,
          "attributes": {
            "arn": "arn:aws:ec2:us-west-1:481792101255:key-pair/stage-keypair",
            "fingerprint": "97:65:7d:70:d0:c3:45:cd:4f:9c:a8:31:aa:cf:19:b3",
            "id": "stage-keypair",
            "key_name": "stage-keypair",
            "key_name_prefix": "",
            "key_pair_id": "key-051341d7db6406cb1",
            "key_type": "rsa",
            "public_key": "ssh-rsa AAAAB3NzaC1yc2EAAAADAQABAAACAQCq8fxgsnvuC+M9IiKKSncs8OOHSewUCojtyDmm+urSgdnD6Na5qsIq2THkhBQKTd6XQTJ+kevCUOznzRmXHRpGg+8+AGFJN5PmTbSc2eU53LtnOtAAlK/K9KHOO63Ix4zaglJjyqyYZvpIEXwUFvOJ2O5eVK0llJBfAkOT9ZCbc8TqXgvBUwinyd54el/DHVcqP9jWXYECaaKwyioLAODkzQ7fj2mNJUx1dc/lWyfbspVt4CGHQOEUhfSY1zgZmCcafNEaDJFjZGTT0KIKHWVU0ViMyC9280CsGg76JS/LU/PcGrAqS0a4AlW1X6OqfgzGhL/2TtLwqx/oc4nNrreVXJpFRwNAvUKMNNgTPYnsrEaU2KgO/NKDXUYiKCPRSGQVyyXylN14ZoPEsOaRxO0eGHuvvaJLa/ODAqJj6tzKFAeHek35yg9kF3abvPpKFlnylaVvCnmONtd3b0OZotxOUQuF9kTh5075YlBVS39W4AR2MTCevsxSd8PQcftwmzxuQwOF5xv0fx4p04cuMFEjjLD9VJJajwUPl/EZI9zJlUGIuqUTPl/EIoUeiGqy9xu5sVdRbw4iAuwTqdKhX5mR5eTLx8vajP24wD+rUS0RW6+cxFFaoEVCdz1S9Z6zcFvlkuqGJpwMGVV2lvXa8m7v4upzF2rnFFV0Y17GmmBfzQ==",
            "tags": null,
            "tags_all": {}
          },
          "sensitive_attributes": [],
          "private": "eyJzY2hlbWFfdmVyc2lvbiI6IjEifQ==",
          "dependencies": [
            "module.keypair.tls_private_key.private_key"
          ]
        }
      ]
    },
    {
      "module": "module.keypair",
      "mode": "managed",
      "type": "local_file",
      "name": "save-key",
      "provider": "provider[\"registry.terraform.io/hashicorp/local\"]",
      "instances": [
        {
          "schema_version": 0,
          "attributes": {
            "content": "-----BEGIN RSA PRIVATE KEY-----\nMIIJKQIBAAKCAgEAqvH8YLJ77gvjPSIiikp3LPDjh0nsFAqI7cg5pvrq0oHZw+jW\nuarCKtkx5IQUCk3el0EyfpHrwlDs580Zlx0aRoPvPgBhSTeT5k20nNnlOdy7ZzrQ\nAJSvyvShzjutyMeM2oJSY8qsmGb6SBF8FBbzidjuXlStJZSQXwJDk/WQm3PE6l4L\nwVMIp8neeHpfwx1XKj/Y1l2BAmmisMoqCwDg5M0O349pjSVMdXXP5Vsn27KVbeAh\nh0DhFIX0mNc4GZgnGnzRGgyRY2Rk09CiCh1lVNFYjMgvdvNArBoO+iUvy1Pz3Bqw\nKktGuAJVtV+jqn4MxoS/9k7S8Ksf6HOJza63lVyaRUcDQL1CjDTYEz2J7KxGlNio\nDvzSg11GIigj0UhkFcsl8pTdeGaDxLDmkcTtHhh7r72iS2vzgwKiY+rcyhQHh3pN\n+coPZBd2m7z6ShZZ8pWlbwp5jjbXd29DmaLcTlELhfZE4edO+WJQVUt/VuAEdjEw\nnr7MUnfD0HH7cJs8bkMDhecb9H8eKdOHLjBRI4yw/VSSWo8FD5fxGSPcyZVBiLql\nEz5fxCKFHohqsvcbubFXUW8OIgLsE6nSoV+ZkeXky8fL2oz9uMA/q1EtEVuvnMRR\nWqBFQnc9UvWes3Bb5ZLqhiacDBlVdpb12vJu7+Lqcxdq5xRVdGNexppgX80CAwEA\nAQKCAgAOjq7sWSa+ndqLITYJys+dTyJBKiVli4Qfo7ZtJt8KcC5oRZLLmuQQHBDo\noerG+dyjytSO/MQz9wpFryyntr2/FYsxH30pbAc3TJS96rxfkhGPd+2wrvjNcsm4\ns1JYT84J6aE0iFTsYZCcxIhpeY7hxUx/Ufywv5cP0DSLDBV1d4VkY//iRbzt9P3y\nCpHPHteGbIt9rdbHqtFE9uJfr4J3WZMTrLXTZEK/mfnLUVjyl6GsCrMwPnEsez/a\nKDHJ1DA4TDrOWhWjfjAr7Y9vBxPTBkThMEcCfTKbtVhjKvmH+i1BKDCqWWC7WM+N\ns4hPg4549WMXiZzjC9+avwQUNPXDKc4+x1P8giJHReMLxpG/YDThAHfj0GaJsoO7\nL27jLMaq/VstpXSNFYi99uuY+i/6L5z9s58Lhwuxd4DDAnlzPWxHgzz+7peVn28E\n3Y5DUkKkqEIxBjWzVlVS5yenjyLUgWZMiTw/VN4NB0BsN+3IlugcfhVkHGcXHxMS\n+Sss7fBuKlKZ0M/XcLAmvTJJrukDI2CI5RnZbhhpuvNUtvMSIY1qi0Mqa7mV9Cek\nRRk2+pi3cefGIp3ahHoGgzlwPWfud2cCvz5N9AX6Nnps1A0Y8SO54LnPeQm3qWbI\ny99dHEP6JY67Ev2jyrTNQ8LNcuwXIV3JNoXA4wv0rJD6i3UZYQKCAQEAzckNvMKy\ndLtPDquQ3fEIas9NjLE228e4OoAcsX2WIMJDHMJh77qdcobqdN4qt/qrW7sTINIz\nqKxPI1EajD462OVwUijf2YfWxG/Bxn4ze6TUQapG+xsHNs0VEccuOBB3qQKj0GbM\nfg1x2rRvOMHfHJrLdLNdi6SXbg73Na9pxLtdjmVvSwitpdQD2INNy73AewiFBjSL\nBmlspkMHdeusw+IapXYMdvM5ARRjj8Bo3uEG53jaecH6mb471OrAfVi7lLgZTZFJ\nXQEGo24KkwMIpHMGEehtpXejlza1eLf3xWFjAbmoZBYH4lYGxpIH8w81D1jzXEGo\nOrUVXdUEGRLrlQKCAQEA1KiMpffnxR7peYz9Ow+PQsjTXhZ7Rmj1vx/ZMQP2FxSN\n680Q0onO+iRqU9BDMK6LKK0aRJ3bwsNw0w9NWXX6TBTKh8KoG/2Qw4QngKOWgvLR\nOaifn99CVNLe7QiE+fA602QHpR7fMAnk3HKYH8Re0wWytW4/DauVJE1RZ1DuJ5Xu\nZ/rI+pVCsjoqgXVo/AGcNH0Exsllqxv9D9BNqhk+u6a1GqfRBkP2naD3TV1crjzl\n82rHZWdwveA7T+Kgw8msSPEmsz4izzRqt9R1MMAqpgz5klxwoiDAK9QOtekHANfQ\nPwsh1/U3EZYqqYj4HnLyZlsd1J7WUl0ARrw2K0RVWQKCAQA3Xg39KKFdOPxnZQ/g\nNzbdjhM+dHvfHFhcHRYbRz/6ZmoqNb6mAp7ULqqscQ4rXB1429eksAnIKzxLs0mi\nTCgHLYxP/sFjxOGrDqqjXlc5wDp/xHG+pCIHw5wUoXO1D/EyHwy2SMJic/mbL4rx\nSXBfQOLW7l+P7+Pyb8JhxmV90i+03WPZW2dlQ6sZORLYa6B7OeqYpdB2FC1wen5q\nYtOkDJTAygdGheBjgvnatplAxmjWJLUbp25mqUFt4w+RaitmMzZToXCMvnbrx/K+\nZUWRAYWzkcbWi18Pk1+2MEFQ8QfzceF1tFvAsQa3rJjI8+GB1Jv9yYia6xfpnCOz\nH10VAoIBAQDGrfZBtVw/aUL+Qf/wpvfUkGYRmHVx8evutWWoiqfnJlf1vvABk6jh\nQRZp2cB8ggYXaaqKAuXnj8sgFULR2wyO+jnCHtYK2JrgX968K5oaG5vn/6eqqN6C\n+0Q1NmluTcfX6bPOzAn/Cq9cWl/QBhoFk2REZ4zXS8AaW3Y7TXxDVauYT9BndP4M\nH5XIv5XnI+X5j/ffdRfchlim5pk42z8l+HlpPvJlpSeKW3HRQPGvA8xe4BsMnVjS\nvOUNHJHQeeHRgCQFAH9rEPDHcOJQOqld2+9rk5vTjT+dcxCPWfgmDHtN+yuSZVIe\nxypynDob0I6xnF1BYWihKKxyabM+Nyh5AoIBAQDANMLEDjEU0uADMxmV6vbqt2lS\nHRslWr6DSN2SG88gtSCFwxFD1sKgEtkv1HIXiMkcg82s7h4BlhsJEiNo/+D7OG+1\ns0aLKdxvBrDmhO64y/K8Cp3edCx8gaYcqwQKIDxncOIuEk4H5bmCYwnW0IhTePrM\noTyhsEBXjVT6sy0lY/a7N/5Mdqd14ky97zLT+aIQVsOLm1IPBzKEtoekiiR6lr/9\nrWzeW9ZP6i2nWO6ykv3pI0V+8ZTzxAaKMW8JLY+W6BfoV5OF5QOvpHwUqw0kf5LV\nB26bSt5a0TDsbAXHQwkjDgI9oSPamCbT9bRc6rVyvH4PaNZVWAHv/m64D46v\n-----END RSA PRIVATE KEY-----\n",
            "content_base64": null,
            "content_base64sha256": "Iku22jMxutjJ5/ylLZwbpO7mRu8NeB4Iakfem8acZ6U=",
            "content_base64sha512": "X5OXuEyoINhRXwTdkmXfg+DAr74XNa5tY71y3kCDvRksKhtOsO5Lw24DaMNv9s1HCrbgv/sHebYIVaa1ubPiUQ==",
            "content_md5": "c1246cd18d277be5db6829f9d21ec2b5",
            "content_sha1": "248e576c98c0a046e5f00d10204b169c5db89580",
            "content_sha256": "224bb6da3331bad8c9e7fca52d9c1ba4eee646ef0d781e086a47de9bc69c67a5",
            "content_sha512": "5f9397b84ca820d8515f04dd9265df83e0c0afbe1735ae6d63bd72de4083bd192c2a1b4eb0ee4bc36e0368c36ff6cd470ab6e0bffb0779b60855a6b5b9b3e251",
            "directory_permission": "0777",
            "file_permission": "0400",
            "filename": "../modules/keypair/stage-keypair.pem",
            "id": "248e576c98c0a046e5f00d10204b169c5db89580",
            "sensitive_content": null,
            "source": null
          },
          "sensitive_attributes": [
            [
              {
                "type": "get_attr",
                "value": "content"
              }
            ]
          ],
          "dependencies": [
            "module.keypair.tls_private_key.private_key"
          ]
        }
      ]
    },
    {
      "module": "module.keypair",
      "mode": "managed",
      "type": "tls_private_key",
      "name": "private_key",
      "provider": "provider[\"registry.terraform.io/hashicorp/tls\"]",
      "instances": [
        {
          "schema_version": 1,
          "attributes": {
            "algorithm": "RSA",
            "ecdsa_curve": "P224",
            "id": "f12e1def9fe38a9690749baf7061f49e1eaa4f80",
            "private_key_openssh": "-----BEGIN OPENSSH PRIVATE KEY-----\nb3BlbnNzaC1rZXktdjEAAAAABG5vbmUAAAAEbm9uZQAAAAAAAAABAAACFwAAAAdz\nc2gtcnNhAAAAAwEAAQAAAgEAqvH8YLJ77gvjPSIiikp3LPDjh0nsFAqI7cg5pvrq\n0oHZw+jWuarCKtkx5IQUCk3el0EyfpHrwlDs580Zlx0aRoPvPgBhSTeT5k20nNnl\nOdy7ZzrQAJSvyvShzjutyMeM2oJSY8qsmGb6SBF8FBbzidjuXlStJZSQXwJDk/WQ\nm3PE6l4LwVMIp8neeHpfwx1XKj/Y1l2BAmmisMoqCwDg5M0O349pjSVMdXXP5Vsn\n27KVbeAhh0DhFIX0mNc4GZgnGnzRGgyRY2Rk09CiCh1lVNFYjMgvdvNArBoO+iUv\ny1Pz3BqwKktGuAJVtV+jqn4MxoS/9k7S8Ksf6HOJza63lVyaRUcDQL1CjDTYEz2J\n7KxGlNioDvzSg11GIigj0UhkFcsl8pTdeGaDxLDmkcTtHhh7r72iS2vzgwKiY+rc\nyhQHh3pN+coPZBd2m7z6ShZZ8pWlbwp5jjbXd29DmaLcTlELhfZE4edO+WJQVUt/\nVuAEdjEwnr7MUnfD0HH7cJs8bkMDhecb9H8eKdOHLjBRI4yw/VSSWo8FD5fxGSPc\nyZVBiLqlEz5fxCKFHohqsvcbubFXUW8OIgLsE6nSoV+ZkeXky8fL2oz9uMA/q1Et\nEVuvnMRRWqBFQnc9UvWes3Bb5ZLqhiacDBlVdpb12vJu7+Lqcxdq5xRVdGNexppg\nX80AAAc4ahD7UWoQ+1EAAAAHc3NoLXJzYQAAAgEAqvH8YLJ77gvjPSIiikp3LPDj\nh0nsFAqI7cg5pvrq0oHZw+jWuarCKtkx5IQUCk3el0EyfpHrwlDs580Zlx0aRoPv\nPgBhSTeT5k20nNnlOdy7ZzrQAJSvyvShzjutyMeM2oJSY8qsmGb6SBF8FBbzidju\nXlStJZSQXwJDk/WQm3PE6l4LwVMIp8neeHpfwx1XKj/Y1l2BAmmisMoqCwDg5M0O\n349pjSVMdXXP5Vsn27KVbeAhh0DhFIX0mNc4GZgnGnzRGgyRY2Rk09CiCh1lVNFY\njMgvdvNArBoO+iUvy1Pz3BqwKktGuAJVtV+jqn4MxoS/9k7S8Ksf6HOJza63lVya\nRUcDQL1CjDTYEz2J7KxGlNioDvzSg11GIigj0UhkFcsl8pTdeGaDxLDmkcTtHhh7\nr72iS2vzgwKiY+rcyhQHh3pN+coPZBd2m7z6ShZZ8pWlbwp5jjbXd29DmaLcTlEL\nhfZE4edO+WJQVUt/VuAEdjEwnr7MUnfD0HH7cJs8bkMDhecb9H8eKdOHLjBRI4yw\n/VSSWo8FD5fxGSPcyZVBiLqlEz5fxCKFHohqsvcbubFXUW8OIgLsE6nSoV+ZkeXk\ny8fL2oz9uMA/q1EtEVuvnMRRWqBFQnc9UvWes3Bb5ZLqhiacDBlVdpb12vJu7+Lq\ncxdq5xRVdGNexppgX80AAAADAQABAAACAA6OruxZJr6d2oshNgnKz51PIkEqJWWL\nhB+jtm0m3wpwLmhFksua5BAcEOih6sb53KPK1I78xDP3CkWvLKe2vb8VizEffSls\nBzdMlL3qvF+SEY937bCu+M1yybizUlhPzgnpoTSIVOxhkJzEiGl5juHFTH9R/LC/\nlw/QNIsMFXV3hWRj/+JFvO30/fIKkc8e14Zsi32t1seq0UT24l+vgndZkxOstdNk\nQr+Z+ctRWPKXoawKszA+cSx7P9ooMcnUMDhMOs5aFaN+MCvtj28HE9MGROEwRwJ9\nMpu1WGMq+Yf6LUEoMKpZYLtYz42ziE+Djnj1YxeJnOML35q/BBQ09cMpzj7HU/yC\nIkdF4wvGkb9gNOEAd+PQZomyg7svbuMsxqr9Wy2ldI0ViL3265j6L/ovnP2znwuH\nC7F3gMMCeXM9bEeDPP7ul5WfbwTdjkNSQqSoQjEGNbNWVVLnJ6ePItSBZkyJPD9U\n3g0HQGw37ciW6Bx+FWQcZxcfExL5Kyzt8G4qUpnQz9dwsCa9Mkmu6QMjYIjlGdlu\nGGm681S28xIhjWqLQypruZX0J6RFGTb6mLdx58YindqEegaDOXA9Z+53ZwK/Pk30\nBfo2emzUDRjxI7nguc95CbepZsjL310cQ/oljrsS/aPKtM1Dws1y7BchXck2hcDj\nC/SskPqLdRlhAAABAQDANMLEDjEU0uADMxmV6vbqt2lSHRslWr6DSN2SG88gtSCF\nwxFD1sKgEtkv1HIXiMkcg82s7h4BlhsJEiNo/+D7OG+1s0aLKdxvBrDmhO64y/K8\nCp3edCx8gaYcqwQKIDxncOIuEk4H5bmCYwnW0IhTePrMoTyhsEBXjVT6sy0lY/a7\nN/5Mdqd14ky97zLT+aIQVsOLm1IPBzKEtoekiiR6lr/9rWzeW9ZP6i2nWO6ykv3p\nI0V+8ZTzxAaKMW8JLY+W6BfoV5OF5QOvpHwUqw0kf5LVB26bSt5a0TDsbAXHQwkj\nDgI9oSPamCbT9bRc6rVyvH4PaNZVWAHv/m64D46vAAABAQDNyQ28wrJ0u08Oq5Dd\n8Qhqz02MsTbbx7g6gByxfZYgwkMcwmHvup1yhup03iq3+qtbuxMg0jOorE8jURqM\nPjrY5XBSKN/Zh9bEb8HGfjN7pNRBqkb7Gwc2zRURxy44EHepAqPQZsx+DXHatG84\nwd8cmst0s12LpJduDvc1r2nEu12OZW9LCK2l1APYg03LvcB7CIUGNIsGaWymQwd1\n66zD4hqldgx28zkBFGOPwGje4QbneNp5wfqZvjvU6sB9WLuUuBlNkUldAQajbgqT\nAwikcwYR6G2ld6OXNrV4t/fFYWMBuahkFgfiVgbGkgfzDzUPWPNcQag6tRVd1QQZ\nEuuVAAABAQDUqIyl9+fFHul5jP07D49CyNNeFntGaPW/H9kxA/YXFI3rzRDSic76\nJGpT0EMwrosorRpEndvCw3DTD01ZdfpMFMqHwqgb/ZDDhCeAo5aC8tE5qJ+f30JU\n0t7tCIT58DrTZAelHt8wCeTccpgfxF7TBbK1bj8Nq5UkTVFnUO4nle5n+sj6lUKy\nOiqBdWj8AZw0fQTGyWWrG/0P0E2qGT67prUap9EGQ/adoPdNXVyuPOXzasdlZ3C9\n4DtP4qDDyaxI8SazPiLPNGq31HUwwCqmDPmSXHCiIMAr1A616QcA19A/CyHX9TcR\nliqpiPgecvJmWx3UntZSXQBGvDYrRFVZAAAAAAEC\n-----END OPENSSH PRIVATE KEY-----\n",
            "private_key_pem": "-----BEGIN RSA PRIVATE KEY-----\nMIIJKQIBAAKCAgEAqvH8YLJ77gvjPSIiikp3LPDjh0nsFAqI7cg5pvrq0oHZw+jW\nuarCKtkx5IQUCk3el0EyfpHrwlDs580Zlx0aRoPvPgBhSTeT5k20nNnlOdy7ZzrQ\nAJSvyvShzjutyMeM2oJSY8qsmGb6SBF8FBbzidjuXlStJZSQXwJDk/WQm3PE6l4L\nwVMIp8neeHpfwx1XKj/Y1l2BAmmisMoqCwDg5M0O349pjSVMdXXP5Vsn27KVbeAh\nh0DhFIX0mNc4GZgnGnzRGgyRY2Rk09CiCh1lVNFYjMgvdvNArBoO+iUvy1Pz3Bqw\nKktGuAJVtV+jqn4MxoS/9k7S8Ksf6HOJza63lVyaRUcDQL1CjDTYEz2J7KxGlNio\nDvzSg11GIigj0UhkFcsl8pTdeGaDxLDmkcTtHhh7r72iS2vzgwKiY+rcyhQHh3pN\n+coPZBd2m7z6ShZZ8pWlbwp5jjbXd29DmaLcTlELhfZE4edO+WJQVUt/VuAEdjEw\nnr7MUnfD0HH7cJs8bkMDhecb9H8eKdOHLjBRI4yw/VSSWo8FD5fxGSPcyZVBiLql\nEz5fxCKFHohqsvcbubFXUW8OIgLsE6nSoV+ZkeXky8fL2oz9uMA/q1EtEVuvnMRR\nWqBFQnc9UvWes3Bb5ZLqhiacDBlVdpb12vJu7+Lqcxdq5xRVdGNexppgX80CAwEA\nAQKCAgAOjq7sWSa+ndqLITYJys+dTyJBKiVli4Qfo7ZtJt8KcC5oRZLLmuQQHBDo\noerG+dyjytSO/MQz9wpFryyntr2/FYsxH30pbAc3TJS96rxfkhGPd+2wrvjNcsm4\ns1JYT84J6aE0iFTsYZCcxIhpeY7hxUx/Ufywv5cP0DSLDBV1d4VkY//iRbzt9P3y\nCpHPHteGbIt9rdbHqtFE9uJfr4J3WZMTrLXTZEK/mfnLUVjyl6GsCrMwPnEsez/a\nKDHJ1DA4TDrOWhWjfjAr7Y9vBxPTBkThMEcCfTKbtVhjKvmH+i1BKDCqWWC7WM+N\ns4hPg4549WMXiZzjC9+avwQUNPXDKc4+x1P8giJHReMLxpG/YDThAHfj0GaJsoO7\nL27jLMaq/VstpXSNFYi99uuY+i/6L5z9s58Lhwuxd4DDAnlzPWxHgzz+7peVn28E\n3Y5DUkKkqEIxBjWzVlVS5yenjyLUgWZMiTw/VN4NB0BsN+3IlugcfhVkHGcXHxMS\n+Sss7fBuKlKZ0M/XcLAmvTJJrukDI2CI5RnZbhhpuvNUtvMSIY1qi0Mqa7mV9Cek\nRRk2+pi3cefGIp3ahHoGgzlwPWfud2cCvz5N9AX6Nnps1A0Y8SO54LnPeQm3qWbI\ny99dHEP6JY67Ev2jyrTNQ8LNcuwXIV3JNoXA4wv0rJD6i3UZYQKCAQEAzckNvMKy\ndLtPDquQ3fEIas9NjLE228e4OoAcsX2WIMJDHMJh77qdcobqdN4qt/qrW7sTINIz\nqKxPI1EajD462OVwUijf2YfWxG/Bxn4ze6TUQapG+xsHNs0VEccuOBB3qQKj0GbM\nfg1x2rRvOMHfHJrLdLNdi6SXbg73Na9pxLtdjmVvSwitpdQD2INNy73AewiFBjSL\nBmlspkMHdeusw+IapXYMdvM5ARRjj8Bo3uEG53jaecH6mb471OrAfVi7lLgZTZFJ\nXQEGo24KkwMIpHMGEehtpXejlza1eLf3xWFjAbmoZBYH4lYGxpIH8w81D1jzXEGo\nOrUVXdUEGRLrlQKCAQEA1KiMpffnxR7peYz9Ow+PQsjTXhZ7Rmj1vx/ZMQP2FxSN\n680Q0onO+iRqU9BDMK6LKK0aRJ3bwsNw0w9NWXX6TBTKh8KoG/2Qw4QngKOWgvLR\nOaifn99CVNLe7QiE+fA602QHpR7fMAnk3HKYH8Re0wWytW4/DauVJE1RZ1DuJ5Xu\nZ/rI+pVCsjoqgXVo/AGcNH0Exsllqxv9D9BNqhk+u6a1GqfRBkP2naD3TV1crjzl\n82rHZWdwveA7T+Kgw8msSPEmsz4izzRqt9R1MMAqpgz5klxwoiDAK9QOtekHANfQ\nPwsh1/U3EZYqqYj4HnLyZlsd1J7WUl0ARrw2K0RVWQKCAQA3Xg39KKFdOPxnZQ/g\nNzbdjhM+dHvfHFhcHRYbRz/6ZmoqNb6mAp7ULqqscQ4rXB1429eksAnIKzxLs0mi\nTCgHLYxP/sFjxOGrDqqjXlc5wDp/xHG+pCIHw5wUoXO1D/EyHwy2SMJic/mbL4rx\nSXBfQOLW7l+P7+Pyb8JhxmV90i+03WPZW2dlQ6sZORLYa6B7OeqYpdB2FC1wen5q\nYtOkDJTAygdGheBjgvnatplAxmjWJLUbp25mqUFt4w+RaitmMzZToXCMvnbrx/K+\nZUWRAYWzkcbWi18Pk1+2MEFQ8QfzceF1tFvAsQa3rJjI8+GB1Jv9yYia6xfpnCOz\nH10VAoIBAQDGrfZBtVw/aUL+Qf/wpvfUkGYRmHVx8evutWWoiqfnJlf1vvABk6jh\nQRZp2cB8ggYXaaqKAuXnj8sgFULR2wyO+jnCHtYK2JrgX968K5oaG5vn/6eqqN6C\n+0Q1NmluTcfX6bPOzAn/Cq9cWl/QBhoFk2REZ4zXS8AaW3Y7TXxDVauYT9BndP4M\nH5XIv5XnI+X5j/ffdRfchlim5pk42z8l+HlpPvJlpSeKW3HRQPGvA8xe4BsMnVjS\nvOUNHJHQeeHRgCQFAH9rEPDHcOJQOqld2+9rk5vTjT+dcxCPWfgmDHtN+yuSZVIe\nxypynDob0I6xnF1BYWihKKxyabM+Nyh5AoIBAQDANMLEDjEU0uADMxmV6vbqt2lS\nHRslWr6DSN2SG88gtSCFwxFD1sKgEtkv1HIXiMkcg82s7h4BlhsJEiNo/+D7OG+1\ns0aLKdxvBrDmhO64y/K8Cp3edCx8gaYcqwQKIDxncOIuEk4H5bmCYwnW0IhTePrM\noTyhsEBXjVT6sy0lY/a7N/5Mdqd14ky97zLT+aIQVsOLm1IPBzKEtoekiiR6lr/9\nrWzeW9ZP6i2nWO6ykv3pI0V+8ZTzxAaKMW8JLY+W6BfoV5OF5QOvpHwUqw0kf5LV\nB26bSt5a0TDsbAXHQwkjDgI9oSPamCbT9bRc6rVyvH4PaNZVWAHv/m64D46v\n-----END RSA PRIVATE KEY-----\n",
            "private_key_pem_pkcs8": "-----BEGIN PRIVATE KEY-----\nMIIJQwIBADANBgkqhkiG9w0BAQEFAASCCS0wggkpAgEAAoICAQCq8fxgsnvuC+M9\nIiKKSncs8OOHSewUCojtyDmm+urSgdnD6Na5qsIq2THkhBQKTd6XQTJ+kevCUOzn\nzRmXHRpGg+8+AGFJN5PmTbSc2eU53LtnOtAAlK/K9KHOO63Ix4zaglJjyqyYZvpI\nEXwUFvOJ2O5eVK0llJBfAkOT9ZCbc8TqXgvBUwinyd54el/DHVcqP9jWXYECaaKw\nyioLAODkzQ7fj2mNJUx1dc/lWyfbspVt4CGHQOEUhfSY1zgZmCcafNEaDJFjZGTT\n0KIKHWVU0ViMyC9280CsGg76JS/LU/PcGrAqS0a4AlW1X6OqfgzGhL/2TtLwqx/o\nc4nNrreVXJpFRwNAvUKMNNgTPYnsrEaU2KgO/NKDXUYiKCPRSGQVyyXylN14ZoPE\nsOaRxO0eGHuvvaJLa/ODAqJj6tzKFAeHek35yg9kF3abvPpKFlnylaVvCnmONtd3\nb0OZotxOUQuF9kTh5075YlBVS39W4AR2MTCevsxSd8PQcftwmzxuQwOF5xv0fx4p\n04cuMFEjjLD9VJJajwUPl/EZI9zJlUGIuqUTPl/EIoUeiGqy9xu5sVdRbw4iAuwT\nqdKhX5mR5eTLx8vajP24wD+rUS0RW6+cxFFaoEVCdz1S9Z6zcFvlkuqGJpwMGVV2\nlvXa8m7v4upzF2rnFFV0Y17GmmBfzQIDAQABAoICAA6OruxZJr6d2oshNgnKz51P\nIkEqJWWLhB+jtm0m3wpwLmhFksua5BAcEOih6sb53KPK1I78xDP3CkWvLKe2vb8V\nizEffSlsBzdMlL3qvF+SEY937bCu+M1yybizUlhPzgnpoTSIVOxhkJzEiGl5juHF\nTH9R/LC/lw/QNIsMFXV3hWRj/+JFvO30/fIKkc8e14Zsi32t1seq0UT24l+vgndZ\nkxOstdNkQr+Z+ctRWPKXoawKszA+cSx7P9ooMcnUMDhMOs5aFaN+MCvtj28HE9MG\nROEwRwJ9Mpu1WGMq+Yf6LUEoMKpZYLtYz42ziE+Djnj1YxeJnOML35q/BBQ09cMp\nzj7HU/yCIkdF4wvGkb9gNOEAd+PQZomyg7svbuMsxqr9Wy2ldI0ViL3265j6L/ov\nnP2znwuHC7F3gMMCeXM9bEeDPP7ul5WfbwTdjkNSQqSoQjEGNbNWVVLnJ6ePItSB\nZkyJPD9U3g0HQGw37ciW6Bx+FWQcZxcfExL5Kyzt8G4qUpnQz9dwsCa9Mkmu6QMj\nYIjlGdluGGm681S28xIhjWqLQypruZX0J6RFGTb6mLdx58YindqEegaDOXA9Z+53\nZwK/Pk30Bfo2emzUDRjxI7nguc95CbepZsjL310cQ/oljrsS/aPKtM1Dws1y7Bch\nXck2hcDjC/SskPqLdRlhAoIBAQDNyQ28wrJ0u08Oq5Dd8Qhqz02MsTbbx7g6gByx\nfZYgwkMcwmHvup1yhup03iq3+qtbuxMg0jOorE8jURqMPjrY5XBSKN/Zh9bEb8HG\nfjN7pNRBqkb7Gwc2zRURxy44EHepAqPQZsx+DXHatG84wd8cmst0s12LpJduDvc1\nr2nEu12OZW9LCK2l1APYg03LvcB7CIUGNIsGaWymQwd166zD4hqldgx28zkBFGOP\nwGje4QbneNp5wfqZvjvU6sB9WLuUuBlNkUldAQajbgqTAwikcwYR6G2ld6OXNrV4\nt/fFYWMBuahkFgfiVgbGkgfzDzUPWPNcQag6tRVd1QQZEuuVAoIBAQDUqIyl9+fF\nHul5jP07D49CyNNeFntGaPW/H9kxA/YXFI3rzRDSic76JGpT0EMwrosorRpEndvC\nw3DTD01ZdfpMFMqHwqgb/ZDDhCeAo5aC8tE5qJ+f30JU0t7tCIT58DrTZAelHt8w\nCeTccpgfxF7TBbK1bj8Nq5UkTVFnUO4nle5n+sj6lUKyOiqBdWj8AZw0fQTGyWWr\nG/0P0E2qGT67prUap9EGQ/adoPdNXVyuPOXzasdlZ3C94DtP4qDDyaxI8SazPiLP\nNGq31HUwwCqmDPmSXHCiIMAr1A616QcA19A/CyHX9TcRliqpiPgecvJmWx3UntZS\nXQBGvDYrRFVZAoIBADdeDf0ooV04/GdlD+A3Nt2OEz50e98cWFwdFhtHP/pmaio1\nvqYCntQuqqxxDitcHXjb16SwCcgrPEuzSaJMKActjE/+wWPE4asOqqNeVznAOn/E\ncb6kIgfDnBShc7UP8TIfDLZIwmJz+ZsvivFJcF9A4tbuX4/v4/JvwmHGZX3SL7Td\nY9lbZ2VDqxk5EthroHs56pil0HYULXB6fmpi06QMlMDKB0aF4GOC+dq2mUDGaNYk\ntRunbmapQW3jD5FqK2YzNlOhcIy+duvH8r5lRZEBhbORxtaLXw+TX7YwQVDxB/Nx\n4XW0W8CxBresmMjz4YHUm/3JiJrrF+mcI7MfXRUCggEBAMat9kG1XD9pQv5B//Cm\n99SQZhGYdXHx6+61ZaiKp+cmV/W+8AGTqOFBFmnZwHyCBhdpqooC5eePyyAVQtHb\nDI76OcIe1grYmuBf3rwrmhobm+f/p6qo3oL7RDU2aW5Nx9fps87MCf8Kr1xaX9AG\nGgWTZERnjNdLwBpbdjtNfENVq5hP0Gd0/gwflci/lecj5fmP9991F9yGWKbmmTjb\nPyX4eWk+8mWlJ4pbcdFA8a8DzF7gGwydWNK85Q0ckdB54dGAJAUAf2sQ8Mdw4lA6\nqV3b72uTm9ONP51zEI9Z+CYMe037K5JlUh7HKnKcOhvQjrGcXUFhaKEorHJpsz43\nKHkCggEBAMA0wsQOMRTS4AMzGZXq9uq3aVIdGyVavoNI3ZIbzyC1IIXDEUPWwqAS\n2S/UcheIyRyDzazuHgGWGwkSI2j/4Ps4b7WzRosp3G8GsOaE7rjL8rwKnd50LHyB\nphyrBAogPGdw4i4STgfluYJjCdbQiFN4+syhPKGwQFeNVPqzLSVj9rs3/kx2p3Xi\nTL3vMtP5ohBWw4ubUg8HMoS2h6SKJHqWv/2tbN5b1k/qLadY7rKS/ekjRX7xlPPE\nBooxbwktj5boF+hXk4XlA6+kfBSrDSR/ktUHbptK3lrRMOxsBcdDCSMOAj2hI9qY\nJtP1tFzqtXK8fg9o1lVYAe/+brgPjq8=\n-----END PRIVATE KEY-----\n",
            "public_key_fingerprint_md5": "8a:7e:c9:39:56:a1:05:d6:fc:98:0c:b2:a2:c7:ed:bf",
            "public_key_fingerprint_sha256": "SHA256:VxhsFbiZgReyR3u2IzHqWMD48sanB6YkA8ePSNog8QE",
            "public_key_openssh": "ssh-rsa AAAAB3NzaC1yc2EAAAADAQABAAACAQCq8fxgsnvuC+M9IiKKSncs8OOHSewUCojtyDmm+urSgdnD6Na5qsIq2THkhBQKTd6XQTJ+kevCUOznzRmXHRpGg+8+AGFJN5PmTbSc2eU53LtnOtAAlK/K9KHOO63Ix4zaglJjyqyYZvpIEXwUFvOJ2O5eVK0llJBfAkOT9ZCbc8TqXgvBUwinyd54el/DHVcqP9jWXYECaaKwyioLAODkzQ7fj2mNJUx1dc/lWyfbspVt4CGHQOEUhfSY1zgZmCcafNEaDJFjZGTT0KIKHWVU0ViMyC9280CsGg76JS/LU/PcGrAqS0a4AlW1X6OqfgzGhL/2TtLwqx/oc4nNrreVXJpFRwNAvUKMNNgTPYnsrEaU2KgO/NKDXUYiKCPRSGQVyyXylN14ZoPEsOaRxO0eGHuvvaJLa/ODAqJj6tzKFAeHek35yg9kF3abvPpKFlnylaVvCnmONtd3b0OZotxOUQuF9kTh5075YlBVS39W4AR2MTCevsxSd8PQcftwmzxuQwOF5xv0fx4p04cuMFEjjLD9VJJajwUPl/EZI9zJlUGIuqUTPl/EIoUeiGqy9xu5sVdRbw4iAuwTqdKhX5mR5eTLx8vajP24wD+rUS0RW6+cxFFaoEVCdz1S9Z6zcFvlkuqGJpwMGVV2lvXa8m7v4upzF2rnFFV0Y17GmmBfzQ==\n",
            "public_key_pem": "-----BEGIN PUBLIC KEY-----\nMIICIjANBgkqhkiG9w0BAQEFAAOCAg8AMIICCgKCAgEAqvH8YLJ77gvjPSIiikp3\nLPDjh0nsFAqI7cg5pvrq0oHZw+jWuarCKtkx5IQUCk3el0EyfpHrwlDs580Zlx0a\nRoPvPgBhSTeT5k20nNnlOdy7ZzrQAJSvyvShzjutyMeM2oJSY8qsmGb6SBF8FBbz\nidjuXlStJZSQXwJDk/WQm3PE6l4LwVMIp8neeHpfwx1XKj/Y1l2BAmmisMoqCwDg\n5M0O349pjSVMdXXP5Vsn27KVbeAhh0DhFIX0mNc4GZgnGnzRGgyRY2Rk09CiCh1l\nVNFYjMgvdvNArBoO+iUvy1Pz3BqwKktGuAJVtV+jqn4MxoS/9k7S8Ksf6HOJza63\nlVyaRUcDQL1CjDTYEz2J7KxGlNioDvzSg11GIigj0UhkFcsl8pTdeGaDxLDmkcTt\nHhh7r72iS2vzgwKiY+rcyhQHh3pN+coPZBd2m7z6ShZZ8pWlbwp5jjbXd29DmaLc\nTlELhfZE4edO+WJQVUt/VuAEdjEwnr7MUnfD0HH7cJs8bkMDhecb9H8eKdOHLjBR\nI4yw/VSSWo8FD5fxGSPcyZVBiLqlEz5fxCKFHohqsvcbubFXUW8OIgLsE6nSoV+Z\nkeXky8fL2oz9uMA/q1EtEVuvnMRRWqBFQnc9UvWes3Bb5ZLqhiacDBlVdpb12vJu\n7+Lqcxdq5xRVdGNexppgX80CAwEAAQ==\n-----END PUBLIC KEY-----\n",
            "rsa_bits": 4096
          },
          "sensitive_attributes": []
        }
      ]
    },
    {
      "module": "module.security",
      "mode": "managed",
      "type": "aws_security_group",
      "name": "security_group_port_22",
      "provider": "provider[\"registry.terraform.io/hashicorp/aws\"]",
      "instances": [
        {
          "schema_version": 1,
          "attributes": {
            "arn": "arn:aws:ec2:us-west-1:481792101255:security-group/sg-0bd263099e1a30c0b",
            "description": "enable ssh access",
            "egress": [
              {
                "cidr_blocks": [
                  "0.0.0.0/0"
                ],
                "description": "outbound access",
                "from_port": 0,
                "ipv6_cidr_blocks": [],
                "prefix_list_ids": [],
                "protocol": "-1",
                "security_groups": [],
                "self": false,
                "to_port": 0
              }
            ],
            "id": "sg-0bd263099e1a30c0b",
            "ingress": [
              {
                "cidr_blocks": [
                  "0.0.0.0/0"
                ],
                "description": "ssh access",
                "from_port": 22,
                "ipv6_cidr_blocks": [],
                "prefix_list_ids": [],
                "protocol": "tcp",
                "security_groups": [],
                "self": false,
                "to_port": 22
              }
            ],
            "name": "server security group",
            "name_prefix": "",
            "owner_id": "481792101255",
            "revoke_rules_on_delete": false,
            "tags": {
              "Name": "stage-devOps-security_group_port_22"
            },
            "tags_all": {
              "Name": "stage-devOps-security_group_port_22"
            },
            "timeouts": null,
            "vpc_id": "vpc-0e402e2aa2d5beb19"
          },
          "sensitive_attributes": [],
          "private": "eyJlMmJmYjczMC1lY2FhLTExZTYtOGY4OC0zNDM2M2JjN2M0YzAiOnsiY3JlYXRlIjo2MDAwMDAwMDAwMDAsImRlbGV0ZSI6OTAwMDAwMDAwMDAwfSwic2NoZW1hX3ZlcnNpb24iOiIxIn0=",
          "dependencies": [
            "module.vpc.aws_vpc.vpc"
          ]
        }
      ]
    },
    {
      "module": "module.security",
      "mode": "managed",
      "type": "aws_security_group",
      "name": "security_group_port_30000",
      "provider": "provider[\"registry.terraform.io/hashicorp/aws\"]",
      "instances": [
        {
          "schema_version": 1,
          "attributes": {
            "arn": "arn:aws:ec2:us-west-1:481792101255:security-group/sg-06ed5f7f45a32808d",
            "description": "enable port access 30000",
            "egress": [
              {
                "cidr_blocks": [
                  "0.0.0.0/0"
                ],
                "description": "outbound access",
                "from_port": 0,
                "ipv6_cidr_blocks": [],
                "prefix_list_ids": [],
                "protocol": "-1",
                "security_groups": [],
                "self": false,
                "to_port": 0
              }
            ],
            "id": "sg-06ed5f7f45a32808d",
            "ingress": [
              {
                "cidr_blocks": [
                  "0.0.0.0/0"
                ],
                "description": "port 30000 access",
                "from_port": 30000,
                "ipv6_cidr_blocks": [],
                "prefix_list_ids": [],
                "protocol": "tcp",
                "security_groups": [],
                "self": false,
                "to_port": 30000
              }
            ],
            "name": "K8 server security group",
            "name_prefix": "",
            "owner_id": "481792101255",
            "revoke_rules_on_delete": false,
            "tags": {
              "Name": "stage-devOps-security_group_port_30000"
            },
            "tags_all": {
              "Name": "stage-devOps-security_group_port_30000"
            },
            "timeouts": null,
            "vpc_id": "vpc-0e402e2aa2d5beb19"
          },
          "sensitive_attributes": [],
          "private": "eyJlMmJmYjczMC1lY2FhLTExZTYtOGY4OC0zNDM2M2JjN2M0YzAiOnsiY3JlYXRlIjo2MDAwMDAwMDAwMDAsImRlbGV0ZSI6OTAwMDAwMDAwMDAwfSwic2NoZW1hX3ZlcnNpb24iOiIxIn0=",
          "dependencies": [
            "module.vpc.aws_vpc.vpc"
          ]
        }
      ]
    },
    {
      "module": "module.security",
      "mode": "managed",
      "type": "aws_security_group",
      "name": "security_group_port_8080",
      "provider": "provider[\"registry.terraform.io/hashicorp/aws\"]",
      "instances": [
        {
          "schema_version": 1,
          "attributes": {
            "arn": "arn:aws:ec2:us-west-1:481792101255:security-group/sg-01e0ee51d644af8af",
            "description": "enable port access 8080",
            "egress": [
              {
                "cidr_blocks": [
                  "0.0.0.0/0"
                ],
                "description": "outbound access",
                "from_port": 0,
                "ipv6_cidr_blocks": [],
                "prefix_list_ids": [],
                "protocol": "-1",
                "security_groups": [],
                "self": false,
                "to_port": 0
              }
            ],
            "id": "sg-01e0ee51d644af8af",
            "ingress": [
              {
                "cidr_blocks": [
                  "0.0.0.0/0"
                ],
                "description": "port 8080 access",
                "from_port": 8080,
                "ipv6_cidr_blocks": [],
                "prefix_list_ids": [],
                "protocol": "tcp",
                "security_groups": [],
                "self": false,
                "to_port": 8080
              }
            ],
            "name": "Jenkins server security group with port 8080",
            "name_prefix": "",
            "owner_id": "481792101255",
            "revoke_rules_on_delete": false,
            "tags": {
              "Name": "stage-devOps-security_group_port_8080"
            },
            "tags_all": {
              "Name": "stage-devOps-security_group_port_8080"
            },
            "timeouts": null,
            "vpc_id": "vpc-0e402e2aa2d5beb19"
          },
          "sensitive_attributes": [],
          "private": "eyJlMmJmYjczMC1lY2FhLTExZTYtOGY4OC0zNDM2M2JjN2M0YzAiOnsiY3JlYXRlIjo2MDAwMDAwMDAwMDAsImRlbGV0ZSI6OTAwMDAwMDAwMDAwfSwic2NoZW1hX3ZlcnNpb24iOiIxIn0=",
          "dependencies": [
            "module.vpc.aws_vpc.vpc"
          ]
        }
      ]
    },
    {
      "module": "module.security",
      "mode": "managed",
      "type": "aws_security_group",
      "name": "security_group_port_9000",
      "provider": "provider[\"registry.terraform.io/hashicorp/aws\"]",
      "instances": [
        {
          "schema_version": 1,
          "attributes": {
            "arn": "arn:aws:ec2:us-west-1:481792101255:security-group/sg-0093f5466e4f055f9",
            "description": "enable PORT 9000",
            "egress": [
              {
                "cidr_blocks": [
                  "0.0.0.0/0"
                ],
                "description": "outbound access",
                "from_port": 0,
                "ipv6_cidr_blocks": [],
                "prefix_list_ids": [],
                "protocol": "-1",
                "security_groups": [],
                "self": false,
                "to_port": 0
              }
            ],
            "id": "sg-0093f5466e4f055f9",
            "ingress": [
              {
                "cidr_blocks": [
                  "0.0.0.0/0"
                ],
                "description": "port 9000 access",
                "from_port": 9000,
                "ipv6_cidr_blocks": [],
                "prefix_list_ids": [],
                "protocol": "tcp",
                "security_groups": [],
                "self": false,
                "to_port": 9000
              }
            ],
            "name": "sonarqube server security group",
            "name_prefix": "",
            "owner_id": "481792101255",
            "revoke_rules_on_delete": false,
            "tags": {
              "Name": "stage-devOps-security_group_port_9000"
            },
            "tags_all": {
              "Name": "stage-devOps-security_group_port_9000"
            },
            "timeouts": null,
            "vpc_id": "vpc-0e402e2aa2d5beb19"
          },
          "sensitive_attributes": [],
          "private": "eyJlMmJmYjczMC1lY2FhLTExZTYtOGY4OC0zNDM2M2JjN2M0YzAiOnsiY3JlYXRlIjo2MDAwMDAwMDAwMDAsImRlbGV0ZSI6OTAwMDAwMDAwMDAwfSwic2NoZW1hX3ZlcnNpb24iOiIxIn0=",
          "dependencies": [
            "module.vpc.aws_vpc.vpc"
          ]
        }
      ]
    },
    {
      "module": "module.sonarqube-server",
      "mode": "data",
      "type": "aws_ami",
      "name": "ubuntu-linux-1404",
      "provider": "provider[\"registry.terraform.io/hashicorp/aws\"]",
      "instances": [
        {
          "schema_version": 0,
          "attributes": {
            "architecture": "x86_64",
            "arn": "arn:aws:ec2:us-west-1::image/ami-092efbcc9a2d2be8a",
            "block_device_mappings": [
              {
                "device_name": "/dev/sda1",
                "ebs": {
                  "delete_on_termination": "true",
                  "encrypted": "false",
                  "iops": "0",
                  "snapshot_id": "snap-04369e8f05218cc71",
                  "throughput": "0",
                  "volume_size": "8",
                  "volume_type": "gp2"
                },
                "no_device": "",
                "virtual_name": ""
              },
              {
                "device_name": "/dev/sdb",
                "ebs": {},
                "no_device": "",
                "virtual_name": "ephemeral0"
              },
              {
                "device_name": "/dev/sdc",
                "ebs": {},
                "no_device": "",
                "virtual_name": "ephemeral1"
              }
            ],
            "boot_mode": "legacy-bios",
            "creation_date": "2023-09-19T04:17:20.000Z",
            "deprecation_time": "2025-09-19T04:17:20.000Z",
            "description": "Canonical, Ubuntu, 20.04 LTS, amd64 focal image build on 2023-09-18",
            "ena_support": true,
            "executable_users": null,
            "filter": [
              {
                "name": "name",
                "values": [
                  "ubuntu/images/hvm-ssd/ubuntu-focal-20.04-amd64-server-*"
                ]
              },
              {
                "name": "virtualization-type",
                "values": [
                  "hvm"
                ]
              }
            ],
            "hypervisor": "xen",
            "id": "ami-092efbcc9a2d2be8a",
            "image_id": "ami-092efbcc9a2d2be8a",
            "image_location": "amazon/ubuntu/images/hvm-ssd/ubuntu-focal-20.04-amd64-server-20230918",
            "image_owner_alias": "amazon",
            "image_type": "machine",
            "imds_support": "",
            "include_deprecated": false,
            "kernel_id": "",
            "most_recent": true,
            "name": "ubuntu/images/hvm-ssd/ubuntu-focal-20.04-amd64-server-20230918",
            "name_regex": null,
            "owner_id": "099720109477",
            "owners": [
              "099720109477"
            ],
            "platform": "",
            "platform_details": "Linux/UNIX",
            "product_codes": [],
            "public": true,
            "ramdisk_id": "",
            "root_device_name": "/dev/sda1",
            "root_device_type": "ebs",
            "root_snapshot_id": "snap-04369e8f05218cc71",
            "sriov_net_support": "simple",
            "state": "available",
            "state_reason": {
              "code": "UNSET",
              "message": "UNSET"
            },
            "tags": {},
            "timeouts": null,
            "tpm_support": "",
            "usage_operation": "RunInstances",
            "virtualization_type": "hvm"
          },
          "sensitive_attributes": []
        }
      ]
    },
    {
      "module": "module.sonarqube-server",
      "mode": "data",
      "type": "aws_availability_zones",
      "name": "available_zones",
      "provider": "provider[\"registry.terraform.io/hashicorp/aws\"]",
      "instances": [
        {
          "schema_version": 0,
          "attributes": {
            "all_availability_zones": null,
            "exclude_names": null,
            "exclude_zone_ids": null,
            "filter": null,
            "group_names": [
              "us-west-1"
            ],
            "id": "us-west-1",
            "names": [
              "us-west-1a",
              "us-west-1b"
            ],
            "state": null,
            "timeouts": null,
            "zone_ids": [
              "usw1-az3",
              "usw1-az1"
            ]
          },
          "sensitive_attributes": []
        }
      ]
    },
    {
      "module": "module.sonarqube-server",
      "mode": "data",
      "type": "template_file",
      "name": "user_data",
      "provider": "provider[\"registry.terraform.io/hashicorp/template\"]",
      "instances": [
        {
          "schema_version": 0,
          "attributes": {
            "filename": null,
            "id": "14515ba16b18541e762b8a936a07a02d74c5037746729cfbc4826e6271aa432f",
            "rendered": "#!/bin/bash\n# Increase the vm.max_map_count for kernel and ulimit for the current session at runtime.\nsudo bash -c 'cat \u003c\u003cEOT\u003e /etc/sysctl.conf\nvm.max_map_count=524288\nfs.file-max=131072\nulimit -n 65536\nulimit -u 4096\nEOT'\nsudo sysctl -w vm.max_map_count=524288\nsysctl -w fs.file-max=131072\n\n#Increase these permanently\nsudo bash -c 'cat \u003c\u003cEOT\u003e /etc/security/limits.conf\nsonarqube   -   nofile   65536\nsonarqube   -   nproc    4096\nEOT'\n\n# Need JDK 17 or higher to run SonarQube 9.9\nsudo apt-get update -y\nsudo apt-get install openjdk-17-jdk -y\nsudo update-alternatives --config java\njava -version\n\n#Download the binaries for SonarQube \nsudo mkdir -p /sonarqube/\ncd /sonarqube/\nsudo curl -O https://binaries.sonarsource.com/Distribution/sonarqube/sonarqube-9.9.0.65466.zip\nsudo apt-get install zip -y\nsudo unzip -o sonarqube-9.9.0.65466.zip -d /opt/\nsudo mv /opt/sonarqube-9.9.0.65466/ /opt/sonarqube\nsudo rm -rf /opt/sonarqube/conf/sonar.properties\nsudo touch /opt/sonarqube/conf/sonar.properties\n\n\n# Create the group\nsudo groupadd sonar\nsudo useradd -c \"SonarQube - User\" -d /opt/sonarqube/ -g sonar sonar\nsudo chown  -R sonar:sonar /opt/sonarqube/ \n\n\n# Create a systemd service file for SonarQube to run at system startup\nsudo touch /etc/systemd/system/sonarqube.service\nsudo bash -c 'cat \u003c\u003cEOT\u003e /etc/systemd/system/sonarqube.service\n[Unit]\nDescription=SonarQube service\nAfter=syslog.target network.target\n\n[Service]\nType=forking\n\nExecStart=/opt/sonarqube/bin/linux-x86-64/sonar.sh start\nExecStop=/opt/sonarqube/bin/linux-x86-64/sonar.sh stop\n\nUser=sonar\nGroup=sonar\nRestart=always\n\nLimitNOFILE=65536\nLimitNPROC=4096\n\n\n[Install]\nWantedBy=multi-user.target\nEOT'\n\n# automatically system startup enable\nsudo systemctl daemon-reload\nsudo systemctl enable sonarqube.service\n\n# Automatically system startup enable\nsudo systemctl restart sonarqube.service",
            "template": "#!/bin/bash\n# Increase the vm.max_map_count for kernel and ulimit for the current session at runtime.\nsudo bash -c 'cat \u003c\u003cEOT\u003e /etc/sysctl.conf\nvm.max_map_count=524288\nfs.file-max=131072\nulimit -n 65536\nulimit -u 4096\nEOT'\nsudo sysctl -w vm.max_map_count=524288\nsysctl -w fs.file-max=131072\n\n#Increase these permanently\nsudo bash -c 'cat \u003c\u003cEOT\u003e /etc/security/limits.conf\nsonarqube   -   nofile   65536\nsonarqube   -   nproc    4096\nEOT'\n\n# Need JDK 17 or higher to run SonarQube 9.9\nsudo apt-get update -y\nsudo apt-get install openjdk-17-jdk -y\nsudo update-alternatives --config java\njava -version\n\n#Download the binaries for SonarQube \nsudo mkdir -p /sonarqube/\ncd /sonarqube/\nsudo curl -O https://binaries.sonarsource.com/Distribution/sonarqube/sonarqube-9.9.0.65466.zip\nsudo apt-get install zip -y\nsudo unzip -o sonarqube-9.9.0.65466.zip -d /opt/\nsudo mv /opt/sonarqube-9.9.0.65466/ /opt/sonarqube\nsudo rm -rf /opt/sonarqube/conf/sonar.properties\nsudo touch /opt/sonarqube/conf/sonar.properties\n\n\n# Create the group\nsudo groupadd sonar\nsudo useradd -c \"SonarQube - User\" -d /opt/sonarqube/ -g sonar sonar\nsudo chown  -R sonar:sonar /opt/sonarqube/ \n\n\n# Create a systemd service file for SonarQube to run at system startup\nsudo touch /etc/systemd/system/sonarqube.service\nsudo bash -c 'cat \u003c\u003cEOT\u003e /etc/systemd/system/sonarqube.service\n[Unit]\nDescription=SonarQube service\nAfter=syslog.target network.target\n\n[Service]\nType=forking\n\nExecStart=/opt/sonarqube/bin/linux-x86-64/sonar.sh start\nExecStop=/opt/sonarqube/bin/linux-x86-64/sonar.sh stop\n\nUser=sonar\nGroup=sonar\nRestart=always\n\nLimitNOFILE=65536\nLimitNPROC=4096\n\n\n[Install]\nWantedBy=multi-user.target\nEOT'\n\n# automatically system startup enable\nsudo systemctl daemon-reload\nsudo systemctl enable sonarqube.service\n\n# Automatically system startup enable\nsudo systemctl restart sonarqube.service",
            "vars": null
          },
          "sensitive_attributes": []
        }
      ]
    },
    {
      "module": "module.sonarqube-server",
      "mode": "managed",
      "type": "aws_instance",
      "name": "sonarqube-server",
      "provider": "provider[\"registry.terraform.io/hashicorp/aws\"]",
      "instances": [
        {
          "schema_version": 1,
          "attributes": {
            "ami": "ami-092efbcc9a2d2be8a",
            "arn": "arn:aws:ec2:us-west-1:481792101255:instance/i-05c44e3725c69353f",
            "associate_public_ip_address": true,
            "availability_zone": "us-west-1a",
            "capacity_reservation_specification": [
              {
                "capacity_reservation_preference": "open",
                "capacity_reservation_target": []
              }
            ],
            "cpu_core_count": 2,
            "cpu_options": [
              {
                "amd_sev_snp": "",
                "core_count": 2,
                "threads_per_core": 1
              }
            ],
            "cpu_threads_per_core": 1,
            "credit_specification": [
              {
                "cpu_credits": "standard"
              }
            ],
            "disable_api_stop": false,
            "disable_api_termination": false,
            "ebs_block_device": [],
            "ebs_optimized": false,
            "enclave_options": [
              {
                "enabled": false
              }
            ],
            "ephemeral_block_device": [],
            "get_password_data": false,
            "hibernation": false,
            "host_id": "",
            "host_resource_group_arn": null,
            "iam_instance_profile": "",
            "id": "i-05c44e3725c69353f",
            "instance_initiated_shutdown_behavior": "stop",
            "instance_state": "running",
            "instance_type": "t2.medium",
            "ipv6_address_count": 0,
            "ipv6_addresses": [],
            "key_name": "stage-keypair",
            "launch_template": [],
            "maintenance_options": [
              {
                "auto_recovery": "default"
              }
            ],
            "metadata_options": [
              {
                "http_endpoint": "enabled",
                "http_put_response_hop_limit": 1,
                "http_tokens": "optional",
                "instance_metadata_tags": "disabled"
              }
            ],
            "monitoring": false,
            "network_interface": [],
            "outpost_arn": "",
            "password_data": "",
            "placement_group": "",
            "placement_partition_number": 0,
            "primary_network_interface_id": "eni-004492f6a2b0c9e36",
            "private_dns": "ip-192-100-0-167.us-west-1.compute.internal",
            "private_dns_name_options": [
              {
                "enable_resource_name_dns_a_record": false,
                "enable_resource_name_dns_aaaa_record": false,
                "hostname_type": "ip-name"
              }
            ],
            "private_ip": "192.100.0.167",
            "public_dns": "ec2-54-153-14-239.us-west-1.compute.amazonaws.com",
            "public_ip": "54.153.14.239",
            "root_block_device": [
              {
                "delete_on_termination": true,
                "device_name": "/dev/sda1",
                "encrypted": false,
                "iops": 100,
                "kms_key_id": "",
                "tags": {},
                "throughput": 0,
                "volume_id": "vol-0049dc34503d84330",
                "volume_size": 8,
                "volume_type": "gp2"
              }
            ],
            "secondary_private_ips": [],
            "security_groups": [
              "sg-0093f5466e4f055f9",
              "sg-0bd263099e1a30c0b"
            ],
            "source_dest_check": true,
            "subnet_id": "subnet-0869144b29b3b4868",
            "tags": {
              "Name": "stage-Sonarqube-Server-devOps"
            },
            "tags_all": {
              "Name": "stage-Sonarqube-Server-devOps"
            },
            "tenancy": "default",
            "timeouts": null,
            "user_data": "25fd71084b72998406549ad2942f2bab275c72e3",
            "user_data_base64": null,
            "user_data_replace_on_change": false,
            "volume_tags": null,
            "vpc_security_group_ids": [
              "sg-0093f5466e4f055f9",
              "sg-0bd263099e1a30c0b"
            ]
          },
          "sensitive_attributes": [],
          "private": "eyJlMmJmYjczMC1lY2FhLTExZTYtOGY4OC0zNDM2M2JjN2M0YzAiOnsiY3JlYXRlIjo2MDAwMDAwMDAwMDAsImRlbGV0ZSI6MTIwMDAwMDAwMDAwMCwidXBkYXRlIjo2MDAwMDAwMDAwMDB9LCJzY2hlbWFfdmVyc2lvbiI6IjEifQ==",
          "dependencies": [
            "module.security.aws_security_group.security_group_port_22",
            "module.security.aws_security_group.security_group_port_9000",
            "module.sonarqube-server.data.aws_ami.ubuntu-linux-1404",
            "module.sonarqube-server.data.template_file.user_data",
            "module.vpc.aws_subnet.public_subnet_az",
            "module.vpc.aws_vpc.vpc",
            "module.vpc.data.aws_availability_zones.available_zones"
          ]
        }
      ]
    },
    {
      "module": "module.vpc",
      "mode": "data",
      "type": "aws_availability_zones",
      "name": "available_zones",
      "provider": "provider[\"registry.terraform.io/hashicorp/aws\"]",
      "instances": [
        {
          "schema_version": 0,
          "attributes": {
            "all_availability_zones": null,
            "exclude_names": null,
            "exclude_zone_ids": null,
            "filter": null,
            "group_names": [
              "us-west-1"
            ],
            "id": "us-west-1",
            "names": [
              "us-west-1a",
              "us-west-1b"
            ],
            "state": null,
            "timeouts": null,
            "zone_ids": [
              "usw1-az3",
              "usw1-az1"
            ]
          },
          "sensitive_attributes": []
        }
      ]
    },
    {
      "module": "module.vpc",
      "mode": "managed",
      "type": "aws_internet_gateway",
      "name": "internet_gateway",
      "provider": "provider[\"registry.terraform.io/hashicorp/aws\"]",
      "instances": [
        {
          "schema_version": 0,
          "attributes": {
            "arn": "arn:aws:ec2:us-west-1:481792101255:internet-gateway/igw-0b5e1e2bd90e71ec5",
            "id": "igw-0b5e1e2bd90e71ec5",
            "owner_id": "481792101255",
            "tags": {
              "Name": "stage-devOps-igw"
            },
            "tags_all": {
              "Name": "stage-devOps-igw"
            },
            "timeouts": null,
            "vpc_id": "vpc-0e402e2aa2d5beb19"
          },
          "sensitive_attributes": [],
          "private": "eyJlMmJmYjczMC1lY2FhLTExZTYtOGY4OC0zNDM2M2JjN2M0YzAiOnsiY3JlYXRlIjoxMjAwMDAwMDAwMDAwLCJkZWxldGUiOjEyMDAwMDAwMDAwMDAsInVwZGF0ZSI6MTIwMDAwMDAwMDAwMH19",
          "dependencies": [
            "module.vpc.aws_vpc.vpc"
          ]
        }
      ]
    },
    {
      "module": "module.vpc",
      "mode": "managed",
      "type": "aws_route_table",
      "name": "public_route_table",
      "provider": "provider[\"registry.terraform.io/hashicorp/aws\"]",
      "instances": [
        {
          "schema_version": 0,
          "attributes": {
            "arn": "arn:aws:ec2:us-west-1:481792101255:route-table/rtb-0383c617bd9a59e72",
            "id": "rtb-0383c617bd9a59e72",
            "owner_id": "481792101255",
            "propagating_vgws": [],
            "route": [
              {
                "carrier_gateway_id": "",
                "cidr_block": "0.0.0.0/0",
                "core_network_arn": "",
                "destination_prefix_list_id": "",
                "egress_only_gateway_id": "",
                "gateway_id": "igw-0b5e1e2bd90e71ec5",
                "instance_id": "",
                "ipv6_cidr_block": "",
                "local_gateway_id": "",
                "nat_gateway_id": "",
                "network_interface_id": "",
                "transit_gateway_id": "",
                "vpc_endpoint_id": "",
                "vpc_peering_connection_id": ""
              }
            ],
            "tags": {
              "Name": "stage-devOps-Public Route Table"
            },
            "tags_all": {
              "Name": "stage-devOps-Public Route Table"
            },
            "timeouts": null,
            "vpc_id": "vpc-0e402e2aa2d5beb19"
          },
          "sensitive_attributes": [],
          "private": "eyJlMmJmYjczMC1lY2FhLTExZTYtOGY4OC0zNDM2M2JjN2M0YzAiOnsiY3JlYXRlIjozMDAwMDAwMDAwMDAsImRlbGV0ZSI6MzAwMDAwMDAwMDAwLCJ1cGRhdGUiOjEyMDAwMDAwMDAwMH19",
          "dependencies": [
            "module.vpc.aws_internet_gateway.internet_gateway",
            "module.vpc.aws_vpc.vpc"
          ]
        }
      ]
    },
    {
      "module": "module.vpc",
      "mode": "managed",
      "type": "aws_route_table_association",
      "name": "public_subnet_az_route_table_association",
      "provider": "provider[\"registry.terraform.io/hashicorp/aws\"]",
      "instances": [
        {
          "schema_version": 0,
          "attributes": {
            "gateway_id": "",
            "id": "rtbassoc-014e5310f85d89c7d",
            "route_table_id": "rtb-0383c617bd9a59e72",
            "subnet_id": "subnet-0869144b29b3b4868",
            "timeouts": null
          },
          "sensitive_attributes": [],
          "private": "eyJlMmJmYjczMC1lY2FhLTExZTYtOGY4OC0zNDM2M2JjN2M0YzAiOnsiY3JlYXRlIjozMDAwMDAwMDAwMDAsImRlbGV0ZSI6MzAwMDAwMDAwMDAwLCJ1cGRhdGUiOjEyMDAwMDAwMDAwMH19",
          "dependencies": [
            "module.vpc.aws_internet_gateway.internet_gateway",
            "module.vpc.aws_route_table.public_route_table",
            "module.vpc.aws_subnet.public_subnet_az",
            "module.vpc.aws_vpc.vpc",
            "module.vpc.data.aws_availability_zones.available_zones"
          ]
        }
      ]
    },
    {
      "module": "module.vpc",
      "mode": "managed",
      "type": "aws_subnet",
      "name": "public_subnet_az",
      "provider": "provider[\"registry.terraform.io/hashicorp/aws\"]",
      "instances": [
        {
          "schema_version": 1,
          "attributes": {
            "arn": "arn:aws:ec2:us-west-1:481792101255:subnet/subnet-0869144b29b3b4868",
            "assign_ipv6_address_on_creation": false,
            "availability_zone": "us-west-1a",
            "availability_zone_id": "usw1-az3",
            "cidr_block": "192.100.0.0/24",
            "customer_owned_ipv4_pool": "",
            "enable_dns64": false,
            "enable_lni_at_device_index": 0,
            "enable_resource_name_dns_a_record_on_launch": false,
            "enable_resource_name_dns_aaaa_record_on_launch": false,
            "id": "subnet-0869144b29b3b4868",
            "ipv6_cidr_block": "",
            "ipv6_cidr_block_association_id": "",
            "ipv6_native": false,
            "map_customer_owned_ip_on_launch": false,
            "map_public_ip_on_launch": true,
            "outpost_arn": "",
            "owner_id": "481792101255",
            "private_dns_hostname_type_on_launch": "ip-name",
            "tags": {
              "Name": "stage-devOps-Public Subnet"
            },
            "tags_all": {
              "Name": "stage-devOps-Public Subnet"
            },
            "timeouts": null,
            "vpc_id": "vpc-0e402e2aa2d5beb19"
          },
          "sensitive_attributes": [],
          "private": "eyJlMmJmYjczMC1lY2FhLTExZTYtOGY4OC0zNDM2M2JjN2M0YzAiOnsiY3JlYXRlIjo2MDAwMDAwMDAwMDAsImRlbGV0ZSI6MTIwMDAwMDAwMDAwMH0sInNjaGVtYV92ZXJzaW9uIjoiMSJ9",
          "dependencies": [
            "module.vpc.aws_vpc.vpc",
            "module.vpc.data.aws_availability_zones.available_zones"
          ]
        }
      ]
    },
    {
      "module": "module.vpc",
      "mode": "managed",
      "type": "aws_vpc",
      "name": "vpc",
      "provider": "provider[\"registry.terraform.io/hashicorp/aws\"]",
      "instances": [
        {
          "schema_version": 1,
          "attributes": {
            "arn": "arn:aws:ec2:us-west-1:481792101255:vpc/vpc-0e402e2aa2d5beb19",
            "assign_generated_ipv6_cidr_block": false,
            "cidr_block": "192.100.0.0/16",
            "default_network_acl_id": "acl-071ea22cbea481d5b",
            "default_route_table_id": "rtb-0d4535aa63fbeb76f",
            "default_security_group_id": "sg-033cb96ea0f7c5edc",
            "dhcp_options_id": "dopt-06ccac8c097008f72",
            "enable_classiclink": false,
            "enable_classiclink_dns_support": false,
            "enable_dns_hostnames": true,
            "enable_dns_support": true,
            "enable_network_address_usage_metrics": false,
            "id": "vpc-0e402e2aa2d5beb19",
            "instance_tenancy": "default",
            "ipv4_ipam_pool_id": null,
            "ipv4_netmask_length": null,
            "ipv6_association_id": "",
            "ipv6_cidr_block": "",
            "ipv6_cidr_block_network_border_group": "",
            "ipv6_ipam_pool_id": "",
            "ipv6_netmask_length": 0,
            "main_route_table_id": "rtb-0d4535aa63fbeb76f",
            "owner_id": "481792101255",
            "tags": {
              "Name": "stage-devOps-vpc"
            },
            "tags_all": {
              "Name": "stage-devOps-vpc"
            }
          },
          "sensitive_attributes": [],
          "private": "eyJzY2hlbWFfdmVyc2lvbiI6IjEifQ=="
        }
      ]
    }
  ],
  "check_results": null
}
