{
  "version": 4,
  "terraform_version": "1.4.5",
  "serial": 142,
  "lineage": "5c270dd2-d033-c3bf-1d9e-aaf1d336c4c9",
  "outputs": {
    "jenkins-server-public-ip": {
      "value": "52.53.168.18",
      "type": "string"
    },
    "k8-server-public-ip": {
      "value": "54.215.196.145",
      "type": "string"
    },
    "sonarqube-server-public-ip": {
      "value": "18.144.10.3",
      "type": "string"
    }
  },
  "resources": [
    {
      "module": "module.jenkins-server",
      "mode": "data",
      "type": "aws_ami",
      "name": "ubuntu-linux-1404",
      "provider": "provider[\"registry.terraform.io/hashicorp/aws\"]",
      "instances": [
        {
          "schema_version": 0,
          "attributes": {
            "architecture": "x86_64",
            "arn": "arn:aws:ec2:us-west-1::image/ami-092efbcc9a2d2be8a",
            "block_device_mappings": [
              {
                "device_name": "/dev/sda1",
                "ebs": {
                  "delete_on_termination": "true",
                  "encrypted": "false",
                  "iops": "0",
                  "snapshot_id": "snap-04369e8f05218cc71",
                  "throughput": "0",
                  "volume_size": "8",
                  "volume_type": "gp2"
                },
                "no_device": "",
                "virtual_name": ""
              },
              {
                "device_name": "/dev/sdb",
                "ebs": {},
                "no_device": "",
                "virtual_name": "ephemeral0"
              },
              {
                "device_name": "/dev/sdc",
                "ebs": {},
                "no_device": "",
                "virtual_name": "ephemeral1"
              }
            ],
            "boot_mode": "legacy-bios",
            "creation_date": "2023-09-19T04:17:20.000Z",
            "deprecation_time": "2025-09-19T04:17:20.000Z",
            "description": "Canonical, Ubuntu, 20.04 LTS, amd64 focal image build on 2023-09-18",
            "ena_support": true,
            "executable_users": null,
            "filter": [
              {
                "name": "name",
                "values": [
                  "ubuntu/images/hvm-ssd/ubuntu-focal-20.04-amd64-server-*"
                ]
              },
              {
                "name": "virtualization-type",
                "values": [
                  "hvm"
                ]
              }
            ],
            "hypervisor": "xen",
            "id": "ami-092efbcc9a2d2be8a",
            "image_id": "ami-092efbcc9a2d2be8a",
            "image_location": "amazon/ubuntu/images/hvm-ssd/ubuntu-focal-20.04-amd64-server-20230918",
            "image_owner_alias": "amazon",
            "image_type": "machine",
            "imds_support": "",
            "include_deprecated": false,
            "kernel_id": "",
            "most_recent": true,
            "name": "ubuntu/images/hvm-ssd/ubuntu-focal-20.04-amd64-server-20230918",
            "name_regex": null,
            "owner_id": "099720109477",
            "owners": [
              "099720109477"
            ],
            "platform": "",
            "platform_details": "Linux/UNIX",
            "product_codes": [],
            "public": true,
            "ramdisk_id": "",
            "root_device_name": "/dev/sda1",
            "root_device_type": "ebs",
            "root_snapshot_id": "snap-04369e8f05218cc71",
            "sriov_net_support": "simple",
            "state": "available",
            "state_reason": {
              "code": "UNSET",
              "message": "UNSET"
            },
            "tags": {},
            "timeouts": null,
            "tpm_support": "",
            "usage_operation": "RunInstances",
            "virtualization_type": "hvm"
          },
          "sensitive_attributes": []
        }
      ]
    },
    {
      "module": "module.jenkins-server",
      "mode": "data",
      "type": "aws_availability_zones",
      "name": "available_zones",
      "provider": "provider[\"registry.terraform.io/hashicorp/aws\"]",
      "instances": [
        {
          "schema_version": 0,
          "attributes": {
            "all_availability_zones": null,
            "exclude_names": null,
            "exclude_zone_ids": null,
            "filter": null,
            "group_names": [
              "us-west-1"
            ],
            "id": "us-west-1",
            "names": [
              "us-west-1a",
              "us-west-1b"
            ],
            "state": null,
            "timeouts": null,
            "zone_ids": [
              "usw1-az3",
              "usw1-az1"
            ]
          },
          "sensitive_attributes": []
        }
      ]
    },
    {
      "module": "module.jenkins-server",
      "mode": "data",
      "type": "template_file",
      "name": "user_data",
      "provider": "provider[\"registry.terraform.io/hashicorp/template\"]",
      "instances": [
        {
          "schema_version": 0,
          "attributes": {
            "filename": null,
            "id": "78daf0ee0dbd5fdc900116286ba6cd687e053834329bfcd1eebdd9a0326eaa26",
            "rendered": "#!/bin/bash\n#################################\n# Author: Santosh\n# Date: 5th-July-2023\n# version 1\n# This code install jenkins in the ubuntu instances\n##################################\n\nsudo apt update -y\nsudo apt install openjdk-17-jre -y\ncurl -fsSL https://pkg.jenkins.io/debian-stable/jenkins.io-2023.key | sudo tee \\\n  /usr/share/keyrings/jenkins-keyring.asc \u003e /dev/null\necho deb [signed-by=/usr/share/keyrings/jenkins-keyring.asc] \\\n  https://pkg.jenkins.io/debian-stable binary/ | sudo tee \\\n  /etc/apt/sources.list.d/jenkins.list \u003e /dev/null\nsudo apt-get update\nsudo apt-get install jenkins -y\nsudo systemctl enable jenkins\nsudo systemctl start jenkins\n\nsudo apt-add-repository ppa:ansible/ansible\nsudo apt update\nsudo apt-get install ansible -y\n\n\ncd /opt/\nsudo wget https://dlcdn.apache.org/maven/maven-3/3.9.4/binaries/apache-maven-3.9.4-bin.zip\nsudo apt-get install unzip -y\nsudo unzip apache-maven-3.9.4-bin.zip\nsudo rm -rf apache-maven-3.9.4-bin.zip\n\nexport M2_HOME=/opt/apache-maven-3.9.4\nexport PATH=$PATH:$M2_HOME/bin\nsleep 5\nsource ~/.bashrc",
            "template": "#!/bin/bash\n#################################\n# Author: Santosh\n# Date: 5th-July-2023\n# version 1\n# This code install jenkins in the ubuntu instances\n##################################\n\nsudo apt update -y\nsudo apt install openjdk-17-jre -y\ncurl -fsSL https://pkg.jenkins.io/debian-stable/jenkins.io-2023.key | sudo tee \\\n  /usr/share/keyrings/jenkins-keyring.asc \u003e /dev/null\necho deb [signed-by=/usr/share/keyrings/jenkins-keyring.asc] \\\n  https://pkg.jenkins.io/debian-stable binary/ | sudo tee \\\n  /etc/apt/sources.list.d/jenkins.list \u003e /dev/null\nsudo apt-get update\nsudo apt-get install jenkins -y\nsudo systemctl enable jenkins\nsudo systemctl start jenkins\n\nsudo apt-add-repository ppa:ansible/ansible\nsudo apt update\nsudo apt-get install ansible -y\n\n\ncd /opt/\nsudo wget https://dlcdn.apache.org/maven/maven-3/3.9.4/binaries/apache-maven-3.9.4-bin.zip\nsudo apt-get install unzip -y\nsudo unzip apache-maven-3.9.4-bin.zip\nsudo rm -rf apache-maven-3.9.4-bin.zip\n\nexport M2_HOME=/opt/apache-maven-3.9.4\nexport PATH=$PATH:$M2_HOME/bin\nsleep 5\nsource ~/.bashrc",
            "vars": null
          },
          "sensitive_attributes": []
        }
      ]
    },
    {
      "module": "module.jenkins-server",
      "mode": "managed",
      "type": "aws_instance",
      "name": "jenkins-server",
      "provider": "provider[\"registry.terraform.io/hashicorp/aws\"]",
      "instances": [
        {
          "schema_version": 1,
          "attributes": {
            "ami": "ami-092efbcc9a2d2be8a",
            "arn": "arn:aws:ec2:us-west-1:481792101255:instance/i-092d8e3e9c1fb9bd6",
            "associate_public_ip_address": true,
            "availability_zone": "us-west-1a",
            "capacity_reservation_specification": [
              {
                "capacity_reservation_preference": "open",
                "capacity_reservation_target": []
              }
            ],
            "cpu_core_count": 2,
            "cpu_options": [
              {
                "amd_sev_snp": "",
                "core_count": 2,
                "threads_per_core": 1
              }
            ],
            "cpu_threads_per_core": 1,
            "credit_specification": [
              {
                "cpu_credits": "standard"
              }
            ],
            "disable_api_stop": false,
            "disable_api_termination": false,
            "ebs_block_device": [],
            "ebs_optimized": false,
            "enclave_options": [
              {
                "enabled": false
              }
            ],
            "ephemeral_block_device": [],
            "get_password_data": false,
            "hibernation": false,
            "host_id": "",
            "host_resource_group_arn": null,
            "iam_instance_profile": "",
            "id": "i-092d8e3e9c1fb9bd6",
            "instance_initiated_shutdown_behavior": "stop",
            "instance_state": "running",
            "instance_type": "t2.medium",
            "ipv6_address_count": 0,
            "ipv6_addresses": [],
            "key_name": "stage-keypair",
            "launch_template": [],
            "maintenance_options": [
              {
                "auto_recovery": "default"
              }
            ],
            "metadata_options": [
              {
                "http_endpoint": "enabled",
                "http_put_response_hop_limit": 1,
                "http_tokens": "optional",
                "instance_metadata_tags": "disabled"
              }
            ],
            "monitoring": false,
            "network_interface": [],
            "outpost_arn": "",
            "password_data": "",
            "placement_group": "",
            "placement_partition_number": 0,
            "primary_network_interface_id": "eni-04d07c3a78ec0623d",
            "private_dns": "ip-192-100-0-91.us-west-1.compute.internal",
            "private_dns_name_options": [
              {
                "enable_resource_name_dns_a_record": false,
                "enable_resource_name_dns_aaaa_record": false,
                "hostname_type": "ip-name"
              }
            ],
            "private_ip": "192.100.0.91",
            "public_dns": "ec2-52-53-168-18.us-west-1.compute.amazonaws.com",
            "public_ip": "52.53.168.18",
            "root_block_device": [
              {
                "delete_on_termination": true,
                "device_name": "/dev/sda1",
                "encrypted": false,
                "iops": 100,
                "kms_key_id": "",
                "tags": {},
                "throughput": 0,
                "volume_id": "vol-0ce0fc366bb1dae80",
                "volume_size": 8,
                "volume_type": "gp2"
              }
            ],
            "secondary_private_ips": [],
            "security_groups": [
              "sg-00b77847ee3062a57",
              "sg-047fc0ace249ad75c"
            ],
            "source_dest_check": true,
            "subnet_id": "subnet-011178499e2ed39af",
            "tags": {
              "Name": "stage-Jenkins-Server-devOps"
            },
            "tags_all": {
              "Name": "stage-Jenkins-Server-devOps"
            },
            "tenancy": "default",
            "timeouts": null,
            "user_data": "cbb79f434e2976b022aca78a1651fff847dbc7b6",
            "user_data_base64": null,
            "user_data_replace_on_change": false,
            "volume_tags": null,
            "vpc_security_group_ids": [
              "sg-00b77847ee3062a57",
              "sg-047fc0ace249ad75c"
            ]
          },
          "sensitive_attributes": [],
          "private": "eyJlMmJmYjczMC1lY2FhLTExZTYtOGY4OC0zNDM2M2JjN2M0YzAiOnsiY3JlYXRlIjo2MDAwMDAwMDAwMDAsImRlbGV0ZSI6MTIwMDAwMDAwMDAwMCwidXBkYXRlIjo2MDAwMDAwMDAwMDB9LCJzY2hlbWFfdmVyc2lvbiI6IjEifQ==",
          "dependencies": [
            "module.jenkins-server.data.aws_ami.ubuntu-linux-1404",
            "module.jenkins-server.data.template_file.user_data",
            "module.security.aws_security_group.security_group_port_22",
            "module.security.aws_security_group.security_group_port_8080",
            "module.vpc.aws_subnet.public_subnet_az",
            "module.vpc.aws_vpc.vpc",
            "module.vpc.data.aws_availability_zones.available_zones"
          ]
        }
      ]
    },
    {
      "module": "module.k8-server",
      "mode": "data",
      "type": "aws_ami",
      "name": "ubuntu-linux-1404",
      "provider": "provider[\"registry.terraform.io/hashicorp/aws\"]",
      "instances": [
        {
          "schema_version": 0,
          "attributes": {
            "architecture": "x86_64",
            "arn": "arn:aws:ec2:us-west-1::image/ami-092efbcc9a2d2be8a",
            "block_device_mappings": [
              {
                "device_name": "/dev/sda1",
                "ebs": {
                  "delete_on_termination": "true",
                  "encrypted": "false",
                  "iops": "0",
                  "snapshot_id": "snap-04369e8f05218cc71",
                  "throughput": "0",
                  "volume_size": "8",
                  "volume_type": "gp2"
                },
                "no_device": "",
                "virtual_name": ""
              },
              {
                "device_name": "/dev/sdb",
                "ebs": {},
                "no_device": "",
                "virtual_name": "ephemeral0"
              },
              {
                "device_name": "/dev/sdc",
                "ebs": {},
                "no_device": "",
                "virtual_name": "ephemeral1"
              }
            ],
            "boot_mode": "legacy-bios",
            "creation_date": "2023-09-19T04:17:20.000Z",
            "deprecation_time": "2025-09-19T04:17:20.000Z",
            "description": "Canonical, Ubuntu, 20.04 LTS, amd64 focal image build on 2023-09-18",
            "ena_support": true,
            "executable_users": null,
            "filter": [
              {
                "name": "name",
                "values": [
                  "ubuntu/images/hvm-ssd/ubuntu-focal-20.04-amd64-server-*"
                ]
              },
              {
                "name": "virtualization-type",
                "values": [
                  "hvm"
                ]
              }
            ],
            "hypervisor": "xen",
            "id": "ami-092efbcc9a2d2be8a",
            "image_id": "ami-092efbcc9a2d2be8a",
            "image_location": "amazon/ubuntu/images/hvm-ssd/ubuntu-focal-20.04-amd64-server-20230918",
            "image_owner_alias": "amazon",
            "image_type": "machine",
            "imds_support": "",
            "include_deprecated": false,
            "kernel_id": "",
            "most_recent": true,
            "name": "ubuntu/images/hvm-ssd/ubuntu-focal-20.04-amd64-server-20230918",
            "name_regex": null,
            "owner_id": "099720109477",
            "owners": [
              "099720109477"
            ],
            "platform": "",
            "platform_details": "Linux/UNIX",
            "product_codes": [],
            "public": true,
            "ramdisk_id": "",
            "root_device_name": "/dev/sda1",
            "root_device_type": "ebs",
            "root_snapshot_id": "snap-04369e8f05218cc71",
            "sriov_net_support": "simple",
            "state": "available",
            "state_reason": {
              "code": "UNSET",
              "message": "UNSET"
            },
            "tags": {},
            "timeouts": null,
            "tpm_support": "",
            "usage_operation": "RunInstances",
            "virtualization_type": "hvm"
          },
          "sensitive_attributes": []
        }
      ]
    },
    {
      "module": "module.k8-server",
      "mode": "data",
      "type": "aws_availability_zones",
      "name": "available_zones",
      "provider": "provider[\"registry.terraform.io/hashicorp/aws\"]",
      "instances": [
        {
          "schema_version": 0,
          "attributes": {
            "all_availability_zones": null,
            "exclude_names": null,
            "exclude_zone_ids": null,
            "filter": null,
            "group_names": [
              "us-west-1"
            ],
            "id": "us-west-1",
            "names": [
              "us-west-1a",
              "us-west-1b"
            ],
            "state": null,
            "timeouts": null,
            "zone_ids": [
              "usw1-az3",
              "usw1-az1"
            ]
          },
          "sensitive_attributes": []
        }
      ]
    },
    {
      "module": "module.k8-server",
      "mode": "data",
      "type": "template_file",
      "name": "user_data",
      "provider": "provider[\"registry.terraform.io/hashicorp/template\"]",
      "instances": [
        {
          "schema_version": 0,
          "attributes": {
            "filename": null,
            "id": "7f4d4c31da835f6cba45a2da2f62a400e63487a3429dd9669c879f5b7efe2874",
            "rendered": "#!/bin/bash\n#################################\n# Author: Santosh\n# Date: 5th-July-2023\n# version 1\n# This code install docker in the ubuntu instances\n##################################\n\n# Update the apt package index and install packages to allow apt to use a repository over HTTPS:\nsudo apt-get update -y\nsudo apt-get install ca-certificates curl gnupg -y\n#Add Docker’s official GPG key:\nsudo install -m 0755 -d /etc/apt/keyrings\ncurl -fsSL https://download.docker.com/linux/ubuntu/gpg | sudo gpg --dearmor -o /etc/apt/keyrings/docker.gpg\nsudo chmod a+r /etc/apt/keyrings/docker.gpg \n\n#Use the following command to set up the repository:\necho \\\n  \"deb [arch=\"$(dpkg --print-architecture)\" signed-by=/etc/apt/keyrings/docker.gpg] https://download.docker.com/linux/ubuntu \\\n  \"$(. /etc/os-release \u0026\u0026 echo \"$VERSION_CODENAME\")\" stable\" | \\\n  sudo tee /etc/apt/sources.list.d/docker.list \u003e /dev/null\n\n  sudo apt-get update -y\n  sudo apt-get install docker-ce docker-ce-cli containerd.io docker-buildx-plugin docker-compose-plugin -y\n  sudo service docker start\n\n",
            "template": "#!/bin/bash\n#################################\n# Author: Santosh\n# Date: 5th-July-2023\n# version 1\n# This code install docker in the ubuntu instances\n##################################\n\n# Update the apt package index and install packages to allow apt to use a repository over HTTPS:\nsudo apt-get update -y\nsudo apt-get install ca-certificates curl gnupg -y\n#Add Docker’s official GPG key:\nsudo install -m 0755 -d /etc/apt/keyrings\ncurl -fsSL https://download.docker.com/linux/ubuntu/gpg | sudo gpg --dearmor -o /etc/apt/keyrings/docker.gpg\nsudo chmod a+r /etc/apt/keyrings/docker.gpg \n\n#Use the following command to set up the repository:\necho \\\n  \"deb [arch=\"$(dpkg --print-architecture)\" signed-by=/etc/apt/keyrings/docker.gpg] https://download.docker.com/linux/ubuntu \\\n  \"$(. /etc/os-release \u0026\u0026 echo \"$VERSION_CODENAME\")\" stable\" | \\\n  sudo tee /etc/apt/sources.list.d/docker.list \u003e /dev/null\n\n  sudo apt-get update -y\n  sudo apt-get install docker-ce docker-ce-cli containerd.io docker-buildx-plugin docker-compose-plugin -y\n  sudo service docker start\n\n",
            "vars": null
          },
          "sensitive_attributes": []
        }
      ]
    },
    {
      "module": "module.k8-server",
      "mode": "managed",
      "type": "aws_instance",
      "name": "k8-server",
      "provider": "provider[\"registry.terraform.io/hashicorp/aws\"]",
      "instances": [
        {
          "schema_version": 1,
          "attributes": {
            "ami": "ami-092efbcc9a2d2be8a",
            "arn": "arn:aws:ec2:us-west-1:481792101255:instance/i-0b1152b776b19cc09",
            "associate_public_ip_address": true,
            "availability_zone": "us-west-1a",
            "capacity_reservation_specification": [
              {
                "capacity_reservation_preference": "open",
                "capacity_reservation_target": []
              }
            ],
            "cpu_core_count": 2,
            "cpu_options": [
              {
                "amd_sev_snp": "",
                "core_count": 2,
                "threads_per_core": 1
              }
            ],
            "cpu_threads_per_core": 1,
            "credit_specification": [
              {
                "cpu_credits": "standard"
              }
            ],
            "disable_api_stop": false,
            "disable_api_termination": false,
            "ebs_block_device": [],
            "ebs_optimized": false,
            "enclave_options": [
              {
                "enabled": false
              }
            ],
            "ephemeral_block_device": [],
            "get_password_data": false,
            "hibernation": false,
            "host_id": "",
            "host_resource_group_arn": null,
            "iam_instance_profile": "",
            "id": "i-0b1152b776b19cc09",
            "instance_initiated_shutdown_behavior": "stop",
            "instance_state": "running",
            "instance_type": "t2.medium",
            "ipv6_address_count": 0,
            "ipv6_addresses": [],
            "key_name": "stage-keypair",
            "launch_template": [],
            "maintenance_options": [
              {
                "auto_recovery": "default"
              }
            ],
            "metadata_options": [
              {
                "http_endpoint": "enabled",
                "http_put_response_hop_limit": 1,
                "http_tokens": "optional",
                "instance_metadata_tags": "disabled"
              }
            ],
            "monitoring": false,
            "network_interface": [],
            "outpost_arn": "",
            "password_data": "",
            "placement_group": "",
            "placement_partition_number": 0,
            "primary_network_interface_id": "eni-05f5863368ea05330",
            "private_dns": "ip-192-100-0-62.us-west-1.compute.internal",
            "private_dns_name_options": [
              {
                "enable_resource_name_dns_a_record": false,
                "enable_resource_name_dns_aaaa_record": false,
                "hostname_type": "ip-name"
              }
            ],
            "private_ip": "192.100.0.62",
            "public_dns": "ec2-54-215-196-145.us-west-1.compute.amazonaws.com",
            "public_ip": "54.215.196.145",
            "root_block_device": [
              {
                "delete_on_termination": true,
                "device_name": "/dev/sda1",
                "encrypted": false,
                "iops": 100,
                "kms_key_id": "",
                "tags": {},
                "throughput": 0,
                "volume_id": "vol-09492308bb7484a20",
                "volume_size": 8,
                "volume_type": "gp2"
              }
            ],
            "secondary_private_ips": [],
            "security_groups": [
              "sg-00b77847ee3062a57",
              "sg-03ba4f475ae9034b9"
            ],
            "source_dest_check": true,
            "subnet_id": "subnet-011178499e2ed39af",
            "tags": {
              "Name": "stage-k8-Server-devOps"
            },
            "tags_all": {
              "Name": "stage-k8-Server-devOps"
            },
            "tenancy": "default",
            "timeouts": null,
            "user_data": "6980a9424822ff1afff0a1cfffc845a5c7f363de",
            "user_data_base64": null,
            "user_data_replace_on_change": false,
            "volume_tags": null,
            "vpc_security_group_ids": [
              "sg-00b77847ee3062a57",
              "sg-03ba4f475ae9034b9"
            ]
          },
          "sensitive_attributes": [],
          "private": "eyJlMmJmYjczMC1lY2FhLTExZTYtOGY4OC0zNDM2M2JjN2M0YzAiOnsiY3JlYXRlIjo2MDAwMDAwMDAwMDAsImRlbGV0ZSI6MTIwMDAwMDAwMDAwMCwidXBkYXRlIjo2MDAwMDAwMDAwMDB9LCJzY2hlbWFfdmVyc2lvbiI6IjEifQ==",
          "dependencies": [
            "module.k8-server.data.aws_ami.ubuntu-linux-1404",
            "module.k8-server.data.template_file.user_data",
            "module.security.aws_security_group.security_group_port_22",
            "module.security.aws_security_group.security_group_port_30000",
            "module.vpc.aws_subnet.public_subnet_az",
            "module.vpc.aws_vpc.vpc",
            "module.vpc.data.aws_availability_zones.available_zones"
          ]
        }
      ]
    },
    {
      "module": "module.keypair",
      "mode": "managed",
      "type": "aws_key_pair",
      "name": "keypair",
      "provider": "provider[\"registry.terraform.io/hashicorp/aws\"]",
      "instances": [
        {
          "schema_version": 1,
          "attributes": {
            "arn": "arn:aws:ec2:us-west-1:481792101255:key-pair/stage-keypair",
            "fingerprint": "4e:fe:23:51:87:4c:31:18:95:c7:04:17:52:6b:e7:42",
            "id": "stage-keypair",
            "key_name": "stage-keypair",
            "key_name_prefix": "",
            "key_pair_id": "key-091e1dd3121276638",
            "key_type": "rsa",
            "public_key": "ssh-rsa AAAAB3NzaC1yc2EAAAADAQABAAACAQDLyFO+51UNOPXVZtaQL19EkpC3kFalwOi7YWZIOzollQastRT5paw5LJMp66EBn5aa2QAm5sFRVKpKSM93chusxOUU31GETfzuR8Ng3R5acUvLjxue65x2Y+NKTxsSWSkhoDhvULQJGvYmSIaj54ZqUpknJnSkt64pPlY2Q8G5BfQJm3KqKddFdUcx0SNAIqdPJ0FoMKW8YsZuFGWZY3o7NfXT7saemMTtnGeWdwJcNneJhoPqDntLzQ1CyuWHwxQZYN6qNyp52se+qWOXxTmbN3iFPZtQfaqH/LHfVqmJEj/eEZEPqv/kKCI3ejEEzYxHqVgUPtsBtnBWwc1xvxvDtU7aBUjrRboxrESrERF3DehfkNLRB5sYE2Ckooq0kMvBOBWACu0S6SmzbnxhEi9Lm7rGR3Mh9wPWjJL7wnTfs6hRZMTWd1exWXc4IGsN8GHool+ID0rXLlDy1aZBD80zw8XJxqw5f8e5PIOh9g8+XDr4GhSCsQLFm4H6w04OIEYS+FKA44Zwwj2YoszSs1EdekyT8b2vnyPas433Yp0FSjzHNkZ3JXDOOOYPKZ/DEOfV+GJmO98NushNX2NsKmeYYjWVKIdNjWKfDRFGpdUywcWwJefBhYykrVBbiC3Et0sN+/AQuEFZpH1rACwWmKfoUKOJLlc3zQuh/Rozy7ol3w==",
            "tags": null,
            "tags_all": {}
          },
          "sensitive_attributes": [],
          "private": "eyJzY2hlbWFfdmVyc2lvbiI6IjEifQ==",
          "dependencies": [
            "module.keypair.tls_private_key.private_key"
          ]
        }
      ]
    },
    {
      "module": "module.keypair",
      "mode": "managed",
      "type": "local_file",
      "name": "save-key",
      "provider": "provider[\"registry.terraform.io/hashicorp/local\"]",
      "instances": [
        {
          "schema_version": 0,
          "attributes": {
            "content": "-----BEGIN RSA PRIVATE KEY-----\nMIIJKQIBAAKCAgEAy8hTvudVDTj11WbWkC9fRJKQt5BWpcDou2FmSDs6JZUGrLUU\n+aWsOSyTKeuhAZ+WmtkAJubBUVSqSkjPd3IbrMTlFN9RhE387kfDYN0eWnFLy48b\nnuucdmPjSk8bElkpIaA4b1C0CRr2JkiGo+eGalKZJyZ0pLeuKT5WNkPBuQX0CZty\nqinXRXVHMdEjQCKnTydBaDClvGLGbhRlmWN6OzX10+7GnpjE7ZxnlncCXDZ3iYaD\n6g57S80NQsrlh8MUGWDeqjcqedrHvqljl8U5mzd4hT2bUH2qh/yx31apiRI/3hGR\nD6r/5CgiN3oxBM2MR6lYFD7bAbZwVsHNcb8bw7VO2gVI60W6MaxEqxERdw3oX5DS\n0QebGBNgpKKKtJDLwTgVgArtEukps258YRIvS5u6xkdzIfcD1oyS+8J037OoUWTE\n1ndXsVl3OCBrDfBh6KJfiA9K1y5Q8tWmQQ/NM8PFycasOX/HuTyDofYPPlw6+BoU\ngrECxZuB+sNODiBGEvhSgOOGcMI9mKLM0rNRHXpMk/G9r58j2rON92KdBUo8xzZG\ndyVwzjjmDymfwxDn1fhiZjvfDbrITV9jbCpnmGI1lSiHTY1inw0RRqXVMsHFsCXn\nwYWMpK1QW4gtxLdLDfvwELhBWaR9awAsFpin6FCjiS5XN80Lof0aM8u6Jd8CAwEA\nAQKCAgBugLj44lS6kNKt39Al66pLcvbKs5ho1YzeX1ipfoRvcLpn2OIA5hfYARXk\nO4PZb4KpgVaVwbe+tJyLH6Rw7w2WyEY45Ug86FVpmLyXwA//l0Q0o+ukZ7s2b8AG\nwZK6hmLJeypfInIeJeKoq9dm9dtruFKYakACOiBU+Rqi3mckP9gvhX3OTFYRsiDj\nILduxdvYDj9nkkmtOBrGAoV9gfX8OayOOgK2ab0P5Co/61T6UAbOKoVJ3IR7fDve\npkuFLQGvKVpVDwkXfs2l1BDPcgFk69WM2vVn1l0s1JhXtZTFYYIEl54D0wRj4md7\nkeUW56dUDL5YbCUybo3IXdtb/Pe+VmlT3pRZxHxztXKCwtxkqhMuvy3ZJ/3Gtohm\nn87M2ouQVu4jit59oOABtIL9PN5Wi1V4O8g9q7Fi5TRz+nFRB8xfLPj8giLO4ic3\n6Gu1lB+i8fe/W1hzLHnvPhetFY5FfjRwXZ88VVaUV1yt3YXnRWifihBw7tLTp6uH\nQMBTfQkX5d5oFPpAzlRPaqUj3Jk4HZxKPSSFmFjoeY43+anq9ZWl+jJzjSH33d2a\n0A9YVgveutuLJXymEDd0GBJ++8dkJE6y8KxjFI8ieUO4Fg9NRs0HtHb4eKfqBxEd\nOWbAGA5rXejH4VQO3wa2wrI2yOAJ5Mh8dnaePioDQ/XDvbHRQQKCAQEA8fTMLazT\nllHsf0GaUZfFgy2FhsH0PweSECAWPzn6tq96XhXAFFPnTZ3AfP18jweG0/fVkM2j\nScKzErfSHvhJtOhecvg+mNKNfjptiWQno8pLjQsVxxZeuygitNiO4X1ksBTlLN3w\nS2wCl++8VsYuEzxdwlx1UsOnE27HT22WC74TBm5n6BFNbtGM65wPMXLkFu9Vid3k\n5vvg4w3MKpriBtGyG9ijL/qw446+tN86WAZqvk0xfg70qHoSV+DazMIl5qLweW2Y\ng7CsybBItJRVILxUIYJcW9IYef+GqaH0ehLRZnvZQpef3KHgEIrgFLCOJU6LdxMI\nabmIuiHr9mbUjwKCAQEA15xPc/CSxgZfWrICborTtlOw3HaLoR90Z60XT8iPQT97\nO3Wu3oJnTQQhA3iDF6q7yuqij21IP0b/f0cirGyVWmmDgp5K4kkGt+G1izOTeVFM\nl/f1Jf1NSzq1asq0jJi3Os6J6FeDl6jwGU+rodKd9IpyKACzOmdEuKIDFgDMAZia\nvg1REtaAuRXDbZ+uL8hvexqvGi+ASTQOt0Egbb9mRkCKmCgkf2JXQEvMUQHEQbtz\nVTWfOz4g2FlohBk3JX/CPh7UdmYcINw1mWNQ8YCxrBWo0zvwbMMhHqXRJgjQLPqq\nMNVolkupBHT3MgK9CpDiH48Dkp8LsieSr1jeN/lhsQKCAQA+5xOF9F51wAqp8tY5\nzClPNzB1nkrvb/prMsxV1670e55mg2USY9XIefCnDgep75z/0ni1UqDW9kUz4pI/\n9vDClX6oiR1NAcBDRtFfXKhpjpghrPYWchxir8aGGZ7bxIu+s0/5YCGumf/6nBrs\nvE0SNylw9DSUNcVj6fLrFWRi3SF5FI7y6DynSNdIEaRpiKL/y20DkKqH2ofWv6mK\nkgWdHDsfvix+tr/yCRRPVZGHfPOXUd5CFYVJn6LRMeXwQbE0yruV9gYmhnIFZU0h\nlUakYhHFPGziejZe0S2jQDWc3vONnzkWdPDcnUDxTAmBl3z8+fSMGmifg9ql+Vet\nEYLFAoIBAQCYBs03ENBM9L1Tc+SnERhKnSQ9rxCxIT6ww6mGRgJMnXhE6qvMlOJF\nub2VdunoTChx4ZOR0hp5E5SfqAbY0Q9WWsOx2+8tMxSbn3ikmE9J4XtCREIE8WAI\nxXKZxCgeYqf/vRYcT2ioDSSOlFCOn7VkciIf9q5pZdtc3E+UuicekP27OCSMRdcp\nqiDMMSVe59NDWANTUV8BPsWJjVBSUfzJWEThGJzzfOHMoiWEkNxTBNtDn7WQzjPW\nmORLEISD2luZ9Z8VhNYcjWj1qMOwJXAhyHvrxX23ErdNptmcGea/cFeEa1V9dAfO\n7rJF/wxQYOwwGGUKgz559dFF9kFp8lthAoIBAQDn5OS/Ztz3zlxMQ1G3iWqip5Ns\nROyXebw34Mk/0fZkypSy/GJfIixIL0Bcc5XRlVFUKcaYuiZHJJfvAawexbJDsEWo\nHoFHevJATGPj9A2NroC9jQN/0dMWxP9hGHC5fokht+lrTWwagF3ZJJhrKtRPLcs3\na4nhvS8qbY/VNUbpYL2s5Xa4GeBSK/eShsP0o7NnshN5N+WN2GuJN5dV20YGbwgl\nbI4sRMJl+zRqekgNLvpYetBQ3h4xlK4SOpp7wFkdYWYde3WIKxek9OlxEE5/HV17\nNzMjovhS0+HLI6gRNggaEUBvY2an6FJTcWTio8k+XPcWYM7SHBOUhJTBUhqi\n-----END RSA PRIVATE KEY-----\n",
            "content_base64": null,
            "content_base64sha256": "/KJCWqq4wsVKALNXpZMdLTlQ1+TU7CLl03ioCYHGjfE=",
            "content_base64sha512": "cUihCpm+XECQtfo1RhUjne9xhzhaPND3BNs4VHI9TWarpDONiHaYy0P/eaR6DDA/gyK5wIa/PF2Yr6FzscZaCg==",
            "content_md5": "bdfd05c57f44f15be0b9cc53632fad88",
            "content_sha1": "e53d9fe26c73fb062afc0db235103eefe90f64f7",
            "content_sha256": "fca2425aaab8c2c54a00b357a5931d2d3950d7e4d4ec22e5d378a80981c68df1",
            "content_sha512": "7148a10a99be5c4090b5fa354615239def7187385a3cd0f704db3854723d4d66aba4338d887698cb43ff79a47a0c303f8322b9c086bf3c5d98afa173b1c65a0a",
            "directory_permission": "0777",
            "file_permission": "0400",
            "filename": "../modules/keypair/stage-keypair.pem",
            "id": "e53d9fe26c73fb062afc0db235103eefe90f64f7",
            "sensitive_content": null,
            "source": null
          },
          "sensitive_attributes": [
            [
              {
                "type": "get_attr",
                "value": "content"
              }
            ]
          ],
          "dependencies": [
            "module.keypair.tls_private_key.private_key"
          ]
        }
      ]
    },
    {
      "module": "module.keypair",
      "mode": "managed",
      "type": "tls_private_key",
      "name": "private_key",
      "provider": "provider[\"registry.terraform.io/hashicorp/tls\"]",
      "instances": [
        {
          "schema_version": 1,
          "attributes": {
            "algorithm": "RSA",
            "ecdsa_curve": "P224",
            "id": "b72a4b2229b1d06f7d368abba769e3723037ba84",
            "private_key_openssh": "-----BEGIN OPENSSH PRIVATE KEY-----\nb3BlbnNzaC1rZXktdjEAAAAABG5vbmUAAAAEbm9uZQAAAAAAAAABAAACFwAAAAdz\nc2gtcnNhAAAAAwEAAQAAAgEAy8hTvudVDTj11WbWkC9fRJKQt5BWpcDou2FmSDs6\nJZUGrLUU+aWsOSyTKeuhAZ+WmtkAJubBUVSqSkjPd3IbrMTlFN9RhE387kfDYN0e\nWnFLy48bnuucdmPjSk8bElkpIaA4b1C0CRr2JkiGo+eGalKZJyZ0pLeuKT5WNkPB\nuQX0CZtyqinXRXVHMdEjQCKnTydBaDClvGLGbhRlmWN6OzX10+7GnpjE7ZxnlncC\nXDZ3iYaD6g57S80NQsrlh8MUGWDeqjcqedrHvqljl8U5mzd4hT2bUH2qh/yx31ap\niRI/3hGRD6r/5CgiN3oxBM2MR6lYFD7bAbZwVsHNcb8bw7VO2gVI60W6MaxEqxER\ndw3oX5DS0QebGBNgpKKKtJDLwTgVgArtEukps258YRIvS5u6xkdzIfcD1oyS+8J0\n37OoUWTE1ndXsVl3OCBrDfBh6KJfiA9K1y5Q8tWmQQ/NM8PFycasOX/HuTyDofYP\nPlw6+BoUgrECxZuB+sNODiBGEvhSgOOGcMI9mKLM0rNRHXpMk/G9r58j2rON92Kd\nBUo8xzZGdyVwzjjmDymfwxDn1fhiZjvfDbrITV9jbCpnmGI1lSiHTY1inw0RRqXV\nMsHFsCXnwYWMpK1QW4gtxLdLDfvwELhBWaR9awAsFpin6FCjiS5XN80Lof0aM8u6\nJd8AAAc4oWGqrqFhqq4AAAAHc3NoLXJzYQAAAgEAy8hTvudVDTj11WbWkC9fRJKQ\nt5BWpcDou2FmSDs6JZUGrLUU+aWsOSyTKeuhAZ+WmtkAJubBUVSqSkjPd3IbrMTl\nFN9RhE387kfDYN0eWnFLy48bnuucdmPjSk8bElkpIaA4b1C0CRr2JkiGo+eGalKZ\nJyZ0pLeuKT5WNkPBuQX0CZtyqinXRXVHMdEjQCKnTydBaDClvGLGbhRlmWN6OzX1\n0+7GnpjE7ZxnlncCXDZ3iYaD6g57S80NQsrlh8MUGWDeqjcqedrHvqljl8U5mzd4\nhT2bUH2qh/yx31apiRI/3hGRD6r/5CgiN3oxBM2MR6lYFD7bAbZwVsHNcb8bw7VO\n2gVI60W6MaxEqxERdw3oX5DS0QebGBNgpKKKtJDLwTgVgArtEukps258YRIvS5u6\nxkdzIfcD1oyS+8J037OoUWTE1ndXsVl3OCBrDfBh6KJfiA9K1y5Q8tWmQQ/NM8PF\nycasOX/HuTyDofYPPlw6+BoUgrECxZuB+sNODiBGEvhSgOOGcMI9mKLM0rNRHXpM\nk/G9r58j2rON92KdBUo8xzZGdyVwzjjmDymfwxDn1fhiZjvfDbrITV9jbCpnmGI1\nlSiHTY1inw0RRqXVMsHFsCXnwYWMpK1QW4gtxLdLDfvwELhBWaR9awAsFpin6FCj\niS5XN80Lof0aM8u6Jd8AAAADAQABAAACAG6AuPjiVLqQ0q3f0CXrqkty9sqzmGjV\njN5fWKl+hG9wumfY4gDmF9gBFeQ7g9lvgqmBVpXBt760nIsfpHDvDZbIRjjlSDzo\nVWmYvJfAD/+XRDSj66RnuzZvwAbBkrqGYsl7Kl8ich4l4qir12b122u4UphqQAI6\nIFT5GqLeZyQ/2C+Ffc5MVhGyIOMgt27F29gOP2eSSa04GsYChX2B9fw5rI46ArZp\nvQ/kKj/rVPpQBs4qhUnchHt8O96mS4UtAa8pWlUPCRd+zaXUEM9yAWTr1Yza9WfW\nXSzUmFe1lMVhggSXngPTBGPiZ3uR5Rbnp1QMvlhsJTJujchd21v8975WaVPelFnE\nfHO1coLC3GSqEy6/Ldkn/ca2iGafzszai5BW7iOK3n2g4AG0gv083laLVXg7yD2r\nsWLlNHP6cVEHzF8s+PyCIs7iJzfoa7WUH6Lx979bWHMsee8+F60VjkV+NHBdnzxV\nVpRXXK3dhedFaJ+KEHDu0tOnq4dAwFN9CRfl3mgU+kDOVE9qpSPcmTgdnEo9JIWY\nWOh5jjf5qer1laX6MnONIffd3ZrQD1hWC96624slfKYQN3QYEn77x2QkTrLwrGMU\njyJ5Q7gWD01GzQe0dvh4p+oHER05ZsAYDmtd6MfhVA7fBrbCsjbI4AnkyHx2dp4+\nKgND9cO9sdFBAAABAQDn5OS/Ztz3zlxMQ1G3iWqip5NsROyXebw34Mk/0fZkypSy\n/GJfIixIL0Bcc5XRlVFUKcaYuiZHJJfvAawexbJDsEWoHoFHevJATGPj9A2NroC9\njQN/0dMWxP9hGHC5fokht+lrTWwagF3ZJJhrKtRPLcs3a4nhvS8qbY/VNUbpYL2s\n5Xa4GeBSK/eShsP0o7NnshN5N+WN2GuJN5dV20YGbwglbI4sRMJl+zRqekgNLvpY\netBQ3h4xlK4SOpp7wFkdYWYde3WIKxek9OlxEE5/HV17NzMjovhS0+HLI6gRNgga\nEUBvY2an6FJTcWTio8k+XPcWYM7SHBOUhJTBUhqiAAABAQDx9MwtrNOWUex/QZpR\nl8WDLYWGwfQ/B5IQIBY/Ofq2r3peFcAUU+dNncB8/XyPB4bT99WQzaNJwrMSt9Ie\n+Em06F5y+D6Y0o1+Om2JZCejykuNCxXHFl67KCK02I7hfWSwFOUs3fBLbAKX77xW\nxi4TPF3CXHVSw6cTbsdPbZYLvhMGbmfoEU1u0YzrnA8xcuQW71WJ3eTm++DjDcwq\nmuIG0bIb2KMv+rDjjr603zpYBmq+TTF+DvSoehJX4NrMwiXmovB5bZiDsKzJsEi0\nlFUgvFQhglxb0hh5/4apofR6EtFme9lCl5/coeAQiuAUsI4lTot3EwhpuYi6Iev2\nZtSPAAABAQDXnE9z8JLGBl9asgJuitO2U7DcdouhH3RnrRdPyI9BP3s7da7egmdN\nBCEDeIMXqrvK6qKPbUg/Rv9/RyKsbJVaaYOCnkriSQa34bWLM5N5UUyX9/Ul/U1L\nOrVqyrSMmLc6zonoV4OXqPAZT6uh0p30inIoALM6Z0S4ogMWAMwBmJq+DVES1oC5\nFcNtn64vyG97Gq8aL4BJNA63QSBtv2ZGQIqYKCR/YldAS8xRAcRBu3NVNZ87PiDY\nWWiEGTclf8I+HtR2Zhwg3DWZY1DxgLGsFajTO/BswyEepdEmCNAs+qow1WiWS6kE\ndPcyAr0KkOIfjwOSnwuyJ5KvWN43+WGxAAAAAAEC\n-----END OPENSSH PRIVATE KEY-----\n",
            "private_key_pem": "-----BEGIN RSA PRIVATE KEY-----\nMIIJKQIBAAKCAgEAy8hTvudVDTj11WbWkC9fRJKQt5BWpcDou2FmSDs6JZUGrLUU\n+aWsOSyTKeuhAZ+WmtkAJubBUVSqSkjPd3IbrMTlFN9RhE387kfDYN0eWnFLy48b\nnuucdmPjSk8bElkpIaA4b1C0CRr2JkiGo+eGalKZJyZ0pLeuKT5WNkPBuQX0CZty\nqinXRXVHMdEjQCKnTydBaDClvGLGbhRlmWN6OzX10+7GnpjE7ZxnlncCXDZ3iYaD\n6g57S80NQsrlh8MUGWDeqjcqedrHvqljl8U5mzd4hT2bUH2qh/yx31apiRI/3hGR\nD6r/5CgiN3oxBM2MR6lYFD7bAbZwVsHNcb8bw7VO2gVI60W6MaxEqxERdw3oX5DS\n0QebGBNgpKKKtJDLwTgVgArtEukps258YRIvS5u6xkdzIfcD1oyS+8J037OoUWTE\n1ndXsVl3OCBrDfBh6KJfiA9K1y5Q8tWmQQ/NM8PFycasOX/HuTyDofYPPlw6+BoU\ngrECxZuB+sNODiBGEvhSgOOGcMI9mKLM0rNRHXpMk/G9r58j2rON92KdBUo8xzZG\ndyVwzjjmDymfwxDn1fhiZjvfDbrITV9jbCpnmGI1lSiHTY1inw0RRqXVMsHFsCXn\nwYWMpK1QW4gtxLdLDfvwELhBWaR9awAsFpin6FCjiS5XN80Lof0aM8u6Jd8CAwEA\nAQKCAgBugLj44lS6kNKt39Al66pLcvbKs5ho1YzeX1ipfoRvcLpn2OIA5hfYARXk\nO4PZb4KpgVaVwbe+tJyLH6Rw7w2WyEY45Ug86FVpmLyXwA//l0Q0o+ukZ7s2b8AG\nwZK6hmLJeypfInIeJeKoq9dm9dtruFKYakACOiBU+Rqi3mckP9gvhX3OTFYRsiDj\nILduxdvYDj9nkkmtOBrGAoV9gfX8OayOOgK2ab0P5Co/61T6UAbOKoVJ3IR7fDve\npkuFLQGvKVpVDwkXfs2l1BDPcgFk69WM2vVn1l0s1JhXtZTFYYIEl54D0wRj4md7\nkeUW56dUDL5YbCUybo3IXdtb/Pe+VmlT3pRZxHxztXKCwtxkqhMuvy3ZJ/3Gtohm\nn87M2ouQVu4jit59oOABtIL9PN5Wi1V4O8g9q7Fi5TRz+nFRB8xfLPj8giLO4ic3\n6Gu1lB+i8fe/W1hzLHnvPhetFY5FfjRwXZ88VVaUV1yt3YXnRWifihBw7tLTp6uH\nQMBTfQkX5d5oFPpAzlRPaqUj3Jk4HZxKPSSFmFjoeY43+anq9ZWl+jJzjSH33d2a\n0A9YVgveutuLJXymEDd0GBJ++8dkJE6y8KxjFI8ieUO4Fg9NRs0HtHb4eKfqBxEd\nOWbAGA5rXejH4VQO3wa2wrI2yOAJ5Mh8dnaePioDQ/XDvbHRQQKCAQEA8fTMLazT\nllHsf0GaUZfFgy2FhsH0PweSECAWPzn6tq96XhXAFFPnTZ3AfP18jweG0/fVkM2j\nScKzErfSHvhJtOhecvg+mNKNfjptiWQno8pLjQsVxxZeuygitNiO4X1ksBTlLN3w\nS2wCl++8VsYuEzxdwlx1UsOnE27HT22WC74TBm5n6BFNbtGM65wPMXLkFu9Vid3k\n5vvg4w3MKpriBtGyG9ijL/qw446+tN86WAZqvk0xfg70qHoSV+DazMIl5qLweW2Y\ng7CsybBItJRVILxUIYJcW9IYef+GqaH0ehLRZnvZQpef3KHgEIrgFLCOJU6LdxMI\nabmIuiHr9mbUjwKCAQEA15xPc/CSxgZfWrICborTtlOw3HaLoR90Z60XT8iPQT97\nO3Wu3oJnTQQhA3iDF6q7yuqij21IP0b/f0cirGyVWmmDgp5K4kkGt+G1izOTeVFM\nl/f1Jf1NSzq1asq0jJi3Os6J6FeDl6jwGU+rodKd9IpyKACzOmdEuKIDFgDMAZia\nvg1REtaAuRXDbZ+uL8hvexqvGi+ASTQOt0Egbb9mRkCKmCgkf2JXQEvMUQHEQbtz\nVTWfOz4g2FlohBk3JX/CPh7UdmYcINw1mWNQ8YCxrBWo0zvwbMMhHqXRJgjQLPqq\nMNVolkupBHT3MgK9CpDiH48Dkp8LsieSr1jeN/lhsQKCAQA+5xOF9F51wAqp8tY5\nzClPNzB1nkrvb/prMsxV1670e55mg2USY9XIefCnDgep75z/0ni1UqDW9kUz4pI/\n9vDClX6oiR1NAcBDRtFfXKhpjpghrPYWchxir8aGGZ7bxIu+s0/5YCGumf/6nBrs\nvE0SNylw9DSUNcVj6fLrFWRi3SF5FI7y6DynSNdIEaRpiKL/y20DkKqH2ofWv6mK\nkgWdHDsfvix+tr/yCRRPVZGHfPOXUd5CFYVJn6LRMeXwQbE0yruV9gYmhnIFZU0h\nlUakYhHFPGziejZe0S2jQDWc3vONnzkWdPDcnUDxTAmBl3z8+fSMGmifg9ql+Vet\nEYLFAoIBAQCYBs03ENBM9L1Tc+SnERhKnSQ9rxCxIT6ww6mGRgJMnXhE6qvMlOJF\nub2VdunoTChx4ZOR0hp5E5SfqAbY0Q9WWsOx2+8tMxSbn3ikmE9J4XtCREIE8WAI\nxXKZxCgeYqf/vRYcT2ioDSSOlFCOn7VkciIf9q5pZdtc3E+UuicekP27OCSMRdcp\nqiDMMSVe59NDWANTUV8BPsWJjVBSUfzJWEThGJzzfOHMoiWEkNxTBNtDn7WQzjPW\nmORLEISD2luZ9Z8VhNYcjWj1qMOwJXAhyHvrxX23ErdNptmcGea/cFeEa1V9dAfO\n7rJF/wxQYOwwGGUKgz559dFF9kFp8lthAoIBAQDn5OS/Ztz3zlxMQ1G3iWqip5Ns\nROyXebw34Mk/0fZkypSy/GJfIixIL0Bcc5XRlVFUKcaYuiZHJJfvAawexbJDsEWo\nHoFHevJATGPj9A2NroC9jQN/0dMWxP9hGHC5fokht+lrTWwagF3ZJJhrKtRPLcs3\na4nhvS8qbY/VNUbpYL2s5Xa4GeBSK/eShsP0o7NnshN5N+WN2GuJN5dV20YGbwgl\nbI4sRMJl+zRqekgNLvpYetBQ3h4xlK4SOpp7wFkdYWYde3WIKxek9OlxEE5/HV17\nNzMjovhS0+HLI6gRNggaEUBvY2an6FJTcWTio8k+XPcWYM7SHBOUhJTBUhqi\n-----END RSA PRIVATE KEY-----\n",
            "private_key_pem_pkcs8": "-----BEGIN PRIVATE KEY-----\nMIIJQwIBADANBgkqhkiG9w0BAQEFAASCCS0wggkpAgEAAoICAQDLyFO+51UNOPXV\nZtaQL19EkpC3kFalwOi7YWZIOzollQastRT5paw5LJMp66EBn5aa2QAm5sFRVKpK\nSM93chusxOUU31GETfzuR8Ng3R5acUvLjxue65x2Y+NKTxsSWSkhoDhvULQJGvYm\nSIaj54ZqUpknJnSkt64pPlY2Q8G5BfQJm3KqKddFdUcx0SNAIqdPJ0FoMKW8YsZu\nFGWZY3o7NfXT7saemMTtnGeWdwJcNneJhoPqDntLzQ1CyuWHwxQZYN6qNyp52se+\nqWOXxTmbN3iFPZtQfaqH/LHfVqmJEj/eEZEPqv/kKCI3ejEEzYxHqVgUPtsBtnBW\nwc1xvxvDtU7aBUjrRboxrESrERF3DehfkNLRB5sYE2Ckooq0kMvBOBWACu0S6Smz\nbnxhEi9Lm7rGR3Mh9wPWjJL7wnTfs6hRZMTWd1exWXc4IGsN8GHool+ID0rXLlDy\n1aZBD80zw8XJxqw5f8e5PIOh9g8+XDr4GhSCsQLFm4H6w04OIEYS+FKA44Zwwj2Y\noszSs1EdekyT8b2vnyPas433Yp0FSjzHNkZ3JXDOOOYPKZ/DEOfV+GJmO98NushN\nX2NsKmeYYjWVKIdNjWKfDRFGpdUywcWwJefBhYykrVBbiC3Et0sN+/AQuEFZpH1r\nACwWmKfoUKOJLlc3zQuh/Rozy7ol3wIDAQABAoICAG6AuPjiVLqQ0q3f0CXrqkty\n9sqzmGjVjN5fWKl+hG9wumfY4gDmF9gBFeQ7g9lvgqmBVpXBt760nIsfpHDvDZbI\nRjjlSDzoVWmYvJfAD/+XRDSj66RnuzZvwAbBkrqGYsl7Kl8ich4l4qir12b122u4\nUphqQAI6IFT5GqLeZyQ/2C+Ffc5MVhGyIOMgt27F29gOP2eSSa04GsYChX2B9fw5\nrI46ArZpvQ/kKj/rVPpQBs4qhUnchHt8O96mS4UtAa8pWlUPCRd+zaXUEM9yAWTr\n1Yza9WfWXSzUmFe1lMVhggSXngPTBGPiZ3uR5Rbnp1QMvlhsJTJujchd21v8975W\naVPelFnEfHO1coLC3GSqEy6/Ldkn/ca2iGafzszai5BW7iOK3n2g4AG0gv083laL\nVXg7yD2rsWLlNHP6cVEHzF8s+PyCIs7iJzfoa7WUH6Lx979bWHMsee8+F60VjkV+\nNHBdnzxVVpRXXK3dhedFaJ+KEHDu0tOnq4dAwFN9CRfl3mgU+kDOVE9qpSPcmTgd\nnEo9JIWYWOh5jjf5qer1laX6MnONIffd3ZrQD1hWC96624slfKYQN3QYEn77x2Qk\nTrLwrGMUjyJ5Q7gWD01GzQe0dvh4p+oHER05ZsAYDmtd6MfhVA7fBrbCsjbI4Ank\nyHx2dp4+KgND9cO9sdFBAoIBAQDx9MwtrNOWUex/QZpRl8WDLYWGwfQ/B5IQIBY/\nOfq2r3peFcAUU+dNncB8/XyPB4bT99WQzaNJwrMSt9Ie+Em06F5y+D6Y0o1+Om2J\nZCejykuNCxXHFl67KCK02I7hfWSwFOUs3fBLbAKX77xWxi4TPF3CXHVSw6cTbsdP\nbZYLvhMGbmfoEU1u0YzrnA8xcuQW71WJ3eTm++DjDcwqmuIG0bIb2KMv+rDjjr60\n3zpYBmq+TTF+DvSoehJX4NrMwiXmovB5bZiDsKzJsEi0lFUgvFQhglxb0hh5/4ap\nofR6EtFme9lCl5/coeAQiuAUsI4lTot3EwhpuYi6Iev2ZtSPAoIBAQDXnE9z8JLG\nBl9asgJuitO2U7DcdouhH3RnrRdPyI9BP3s7da7egmdNBCEDeIMXqrvK6qKPbUg/\nRv9/RyKsbJVaaYOCnkriSQa34bWLM5N5UUyX9/Ul/U1LOrVqyrSMmLc6zonoV4OX\nqPAZT6uh0p30inIoALM6Z0S4ogMWAMwBmJq+DVES1oC5FcNtn64vyG97Gq8aL4BJ\nNA63QSBtv2ZGQIqYKCR/YldAS8xRAcRBu3NVNZ87PiDYWWiEGTclf8I+HtR2Zhwg\n3DWZY1DxgLGsFajTO/BswyEepdEmCNAs+qow1WiWS6kEdPcyAr0KkOIfjwOSnwuy\nJ5KvWN43+WGxAoIBAD7nE4X0XnXACqny1jnMKU83MHWeSu9v+msyzFXXrvR7nmaD\nZRJj1ch58KcOB6nvnP/SeLVSoNb2RTPikj/28MKVfqiJHU0BwENG0V9cqGmOmCGs\n9hZyHGKvxoYZntvEi76zT/lgIa6Z//qcGuy8TRI3KXD0NJQ1xWPp8usVZGLdIXkU\njvLoPKdI10gRpGmIov/LbQOQqofah9a/qYqSBZ0cOx++LH62v/IJFE9VkYd885dR\n3kIVhUmfotEx5fBBsTTKu5X2BiaGcgVlTSGVRqRiEcU8bOJ6Nl7RLaNANZze842f\nORZ08NydQPFMCYGXfPz59IwaaJ+D2qX5V60RgsUCggEBAJgGzTcQ0Ez0vVNz5KcR\nGEqdJD2vELEhPrDDqYZGAkydeETqq8yU4kW5vZV26ehMKHHhk5HSGnkTlJ+oBtjR\nD1Zaw7Hb7y0zFJufeKSYT0nhe0JEQgTxYAjFcpnEKB5ip/+9FhxPaKgNJI6UUI6f\ntWRyIh/2rmll21zcT5S6Jx6Q/bs4JIxF1ymqIMwxJV7n00NYA1NRXwE+xYmNUFJR\n/MlYROEYnPN84cyiJYSQ3FME20OftZDOM9aY5EsQhIPaW5n1nxWE1hyNaPWow7Al\ncCHIe+vFfbcSt02m2ZwZ5r9wV4RrVX10B87uskX/DFBg7DAYZQqDPnn10UX2QWny\nW2ECggEBAOfk5L9m3PfOXExDUbeJaqKnk2xE7Jd5vDfgyT/R9mTKlLL8Yl8iLEgv\nQFxzldGVUVQpxpi6Jkckl+8BrB7FskOwRagegUd68kBMY+P0DY2ugL2NA3/R0xbE\n/2EYcLl+iSG36WtNbBqAXdkkmGsq1E8tyzdrieG9Lyptj9U1RulgvazldrgZ4FIr\n95KGw/Sjs2eyE3k35Y3Ya4k3l1XbRgZvCCVsjixEwmX7NGp6SA0u+lh60FDeHjGU\nrhI6mnvAWR1hZh17dYgrF6T06XEQTn8dXXs3MyOi+FLT4csjqBE2CBoRQG9jZqfo\nUlNxZOKjyT5c9xZgztIcE5SElMFSGqI=\n-----END PRIVATE KEY-----\n",
            "public_key_fingerprint_md5": "a3:86:b4:ff:ba:3a:d4:22:4b:88:4b:18:30:43:8f:b2",
            "public_key_fingerprint_sha256": "SHA256:tW05ihPPzIheBpQkPdB7XttL1PWv50I2w5v+nPkm0Dg",
            "public_key_openssh": "ssh-rsa AAAAB3NzaC1yc2EAAAADAQABAAACAQDLyFO+51UNOPXVZtaQL19EkpC3kFalwOi7YWZIOzollQastRT5paw5LJMp66EBn5aa2QAm5sFRVKpKSM93chusxOUU31GETfzuR8Ng3R5acUvLjxue65x2Y+NKTxsSWSkhoDhvULQJGvYmSIaj54ZqUpknJnSkt64pPlY2Q8G5BfQJm3KqKddFdUcx0SNAIqdPJ0FoMKW8YsZuFGWZY3o7NfXT7saemMTtnGeWdwJcNneJhoPqDntLzQ1CyuWHwxQZYN6qNyp52se+qWOXxTmbN3iFPZtQfaqH/LHfVqmJEj/eEZEPqv/kKCI3ejEEzYxHqVgUPtsBtnBWwc1xvxvDtU7aBUjrRboxrESrERF3DehfkNLRB5sYE2Ckooq0kMvBOBWACu0S6SmzbnxhEi9Lm7rGR3Mh9wPWjJL7wnTfs6hRZMTWd1exWXc4IGsN8GHool+ID0rXLlDy1aZBD80zw8XJxqw5f8e5PIOh9g8+XDr4GhSCsQLFm4H6w04OIEYS+FKA44Zwwj2YoszSs1EdekyT8b2vnyPas433Yp0FSjzHNkZ3JXDOOOYPKZ/DEOfV+GJmO98NushNX2NsKmeYYjWVKIdNjWKfDRFGpdUywcWwJefBhYykrVBbiC3Et0sN+/AQuEFZpH1rACwWmKfoUKOJLlc3zQuh/Rozy7ol3w==\n",
            "public_key_pem": "-----BEGIN PUBLIC KEY-----\nMIICIjANBgkqhkiG9w0BAQEFAAOCAg8AMIICCgKCAgEAy8hTvudVDTj11WbWkC9f\nRJKQt5BWpcDou2FmSDs6JZUGrLUU+aWsOSyTKeuhAZ+WmtkAJubBUVSqSkjPd3Ib\nrMTlFN9RhE387kfDYN0eWnFLy48bnuucdmPjSk8bElkpIaA4b1C0CRr2JkiGo+eG\nalKZJyZ0pLeuKT5WNkPBuQX0CZtyqinXRXVHMdEjQCKnTydBaDClvGLGbhRlmWN6\nOzX10+7GnpjE7ZxnlncCXDZ3iYaD6g57S80NQsrlh8MUGWDeqjcqedrHvqljl8U5\nmzd4hT2bUH2qh/yx31apiRI/3hGRD6r/5CgiN3oxBM2MR6lYFD7bAbZwVsHNcb8b\nw7VO2gVI60W6MaxEqxERdw3oX5DS0QebGBNgpKKKtJDLwTgVgArtEukps258YRIv\nS5u6xkdzIfcD1oyS+8J037OoUWTE1ndXsVl3OCBrDfBh6KJfiA9K1y5Q8tWmQQ/N\nM8PFycasOX/HuTyDofYPPlw6+BoUgrECxZuB+sNODiBGEvhSgOOGcMI9mKLM0rNR\nHXpMk/G9r58j2rON92KdBUo8xzZGdyVwzjjmDymfwxDn1fhiZjvfDbrITV9jbCpn\nmGI1lSiHTY1inw0RRqXVMsHFsCXnwYWMpK1QW4gtxLdLDfvwELhBWaR9awAsFpin\n6FCjiS5XN80Lof0aM8u6Jd8CAwEAAQ==\n-----END PUBLIC KEY-----\n",
            "rsa_bits": 4096
          },
          "sensitive_attributes": []
        }
      ]
    },
    {
      "module": "module.security",
      "mode": "managed",
      "type": "aws_security_group",
      "name": "security_group_port_22",
      "provider": "provider[\"registry.terraform.io/hashicorp/aws\"]",
      "instances": [
        {
          "schema_version": 1,
          "attributes": {
            "arn": "arn:aws:ec2:us-west-1:481792101255:security-group/sg-00b77847ee3062a57",
            "description": "enable ssh access",
            "egress": [
              {
                "cidr_blocks": [
                  "0.0.0.0/0"
                ],
                "description": "outbound access",
                "from_port": 0,
                "ipv6_cidr_blocks": [],
                "prefix_list_ids": [],
                "protocol": "-1",
                "security_groups": [],
                "self": false,
                "to_port": 0
              }
            ],
            "id": "sg-00b77847ee3062a57",
            "ingress": [
              {
                "cidr_blocks": [
                  "0.0.0.0/0"
                ],
                "description": "ssh access",
                "from_port": 22,
                "ipv6_cidr_blocks": [],
                "prefix_list_ids": [],
                "protocol": "tcp",
                "security_groups": [],
                "self": false,
                "to_port": 22
              }
            ],
            "name": "server security group",
            "name_prefix": "",
            "owner_id": "481792101255",
            "revoke_rules_on_delete": false,
            "tags": {
              "Name": "stage-devOps-security_group_port_22"
            },
            "tags_all": {
              "Name": "stage-devOps-security_group_port_22"
            },
            "timeouts": null,
            "vpc_id": "vpc-0dfbccdbe4fe9a410"
          },
          "sensitive_attributes": [],
          "private": "eyJlMmJmYjczMC1lY2FhLTExZTYtOGY4OC0zNDM2M2JjN2M0YzAiOnsiY3JlYXRlIjo2MDAwMDAwMDAwMDAsImRlbGV0ZSI6OTAwMDAwMDAwMDAwfSwic2NoZW1hX3ZlcnNpb24iOiIxIn0=",
          "dependencies": [
            "module.vpc.aws_vpc.vpc"
          ]
        }
      ]
    },
    {
      "module": "module.security",
      "mode": "managed",
      "type": "aws_security_group",
      "name": "security_group_port_30000",
      "provider": "provider[\"registry.terraform.io/hashicorp/aws\"]",
      "instances": [
        {
          "schema_version": 1,
          "attributes": {
            "arn": "arn:aws:ec2:us-west-1:481792101255:security-group/sg-03ba4f475ae9034b9",
            "description": "enable port access 30000",
            "egress": [
              {
                "cidr_blocks": [
                  "0.0.0.0/0"
                ],
                "description": "outbound access",
                "from_port": 0,
                "ipv6_cidr_blocks": [],
                "prefix_list_ids": [],
                "protocol": "-1",
                "security_groups": [],
                "self": false,
                "to_port": 0
              }
            ],
            "id": "sg-03ba4f475ae9034b9",
            "ingress": [
              {
                "cidr_blocks": [
                  "0.0.0.0/0"
                ],
                "description": "port 30000 access",
                "from_port": 30000,
                "ipv6_cidr_blocks": [],
                "prefix_list_ids": [],
                "protocol": "tcp",
                "security_groups": [],
                "self": false,
                "to_port": 30000
              }
            ],
            "name": "K8 server security group",
            "name_prefix": "",
            "owner_id": "481792101255",
            "revoke_rules_on_delete": false,
            "tags": {
              "Name": "stage-devOps-security_group_port_30000"
            },
            "tags_all": {
              "Name": "stage-devOps-security_group_port_30000"
            },
            "timeouts": null,
            "vpc_id": "vpc-0dfbccdbe4fe9a410"
          },
          "sensitive_attributes": [],
          "private": "eyJlMmJmYjczMC1lY2FhLTExZTYtOGY4OC0zNDM2M2JjN2M0YzAiOnsiY3JlYXRlIjo2MDAwMDAwMDAwMDAsImRlbGV0ZSI6OTAwMDAwMDAwMDAwfSwic2NoZW1hX3ZlcnNpb24iOiIxIn0=",
          "dependencies": [
            "module.vpc.aws_vpc.vpc"
          ]
        }
      ]
    },
    {
      "module": "module.security",
      "mode": "managed",
      "type": "aws_security_group",
      "name": "security_group_port_8080",
      "provider": "provider[\"registry.terraform.io/hashicorp/aws\"]",
      "instances": [
        {
          "schema_version": 1,
          "attributes": {
            "arn": "arn:aws:ec2:us-west-1:481792101255:security-group/sg-047fc0ace249ad75c",
            "description": "enable port access 8080",
            "egress": [
              {
                "cidr_blocks": [
                  "0.0.0.0/0"
                ],
                "description": "outbound access",
                "from_port": 0,
                "ipv6_cidr_blocks": [],
                "prefix_list_ids": [],
                "protocol": "-1",
                "security_groups": [],
                "self": false,
                "to_port": 0
              }
            ],
            "id": "sg-047fc0ace249ad75c",
            "ingress": [
              {
                "cidr_blocks": [
                  "0.0.0.0/0"
                ],
                "description": "port 8080 access",
                "from_port": 8080,
                "ipv6_cidr_blocks": [],
                "prefix_list_ids": [],
                "protocol": "tcp",
                "security_groups": [],
                "self": false,
                "to_port": 8080
              }
            ],
            "name": "Jenkins server security group with port 8080",
            "name_prefix": "",
            "owner_id": "481792101255",
            "revoke_rules_on_delete": false,
            "tags": {
              "Name": "stage-devOps-security_group_port_8080"
            },
            "tags_all": {
              "Name": "stage-devOps-security_group_port_8080"
            },
            "timeouts": null,
            "vpc_id": "vpc-0dfbccdbe4fe9a410"
          },
          "sensitive_attributes": [],
          "private": "eyJlMmJmYjczMC1lY2FhLTExZTYtOGY4OC0zNDM2M2JjN2M0YzAiOnsiY3JlYXRlIjo2MDAwMDAwMDAwMDAsImRlbGV0ZSI6OTAwMDAwMDAwMDAwfSwic2NoZW1hX3ZlcnNpb24iOiIxIn0=",
          "dependencies": [
            "module.vpc.aws_vpc.vpc"
          ]
        }
      ]
    },
    {
      "module": "module.security",
      "mode": "managed",
      "type": "aws_security_group",
      "name": "security_group_port_9000",
      "provider": "provider[\"registry.terraform.io/hashicorp/aws\"]",
      "instances": [
        {
          "schema_version": 1,
          "attributes": {
            "arn": "arn:aws:ec2:us-west-1:481792101255:security-group/sg-0804f81714c6dac7f",
            "description": "enable PORT 9000",
            "egress": [
              {
                "cidr_blocks": [
                  "0.0.0.0/0"
                ],
                "description": "outbound access",
                "from_port": 0,
                "ipv6_cidr_blocks": [],
                "prefix_list_ids": [],
                "protocol": "-1",
                "security_groups": [],
                "self": false,
                "to_port": 0
              }
            ],
            "id": "sg-0804f81714c6dac7f",
            "ingress": [
              {
                "cidr_blocks": [
                  "0.0.0.0/0"
                ],
                "description": "port 9000 access",
                "from_port": 9000,
                "ipv6_cidr_blocks": [],
                "prefix_list_ids": [],
                "protocol": "tcp",
                "security_groups": [],
                "self": false,
                "to_port": 9000
              }
            ],
            "name": "sonarqube server security group",
            "name_prefix": "",
            "owner_id": "481792101255",
            "revoke_rules_on_delete": false,
            "tags": {
              "Name": "stage-devOps-security_group_port_9000"
            },
            "tags_all": {
              "Name": "stage-devOps-security_group_port_9000"
            },
            "timeouts": null,
            "vpc_id": "vpc-0dfbccdbe4fe9a410"
          },
          "sensitive_attributes": [],
          "private": "eyJlMmJmYjczMC1lY2FhLTExZTYtOGY4OC0zNDM2M2JjN2M0YzAiOnsiY3JlYXRlIjo2MDAwMDAwMDAwMDAsImRlbGV0ZSI6OTAwMDAwMDAwMDAwfSwic2NoZW1hX3ZlcnNpb24iOiIxIn0=",
          "dependencies": [
            "module.vpc.aws_vpc.vpc"
          ]
        }
      ]
    },
    {
      "module": "module.sonarqube-server",
      "mode": "data",
      "type": "aws_ami",
      "name": "ubuntu-linux-1404",
      "provider": "provider[\"registry.terraform.io/hashicorp/aws\"]",
      "instances": [
        {
          "schema_version": 0,
          "attributes": {
            "architecture": "x86_64",
            "arn": "arn:aws:ec2:us-west-1::image/ami-092efbcc9a2d2be8a",
            "block_device_mappings": [
              {
                "device_name": "/dev/sda1",
                "ebs": {
                  "delete_on_termination": "true",
                  "encrypted": "false",
                  "iops": "0",
                  "snapshot_id": "snap-04369e8f05218cc71",
                  "throughput": "0",
                  "volume_size": "8",
                  "volume_type": "gp2"
                },
                "no_device": "",
                "virtual_name": ""
              },
              {
                "device_name": "/dev/sdb",
                "ebs": {},
                "no_device": "",
                "virtual_name": "ephemeral0"
              },
              {
                "device_name": "/dev/sdc",
                "ebs": {},
                "no_device": "",
                "virtual_name": "ephemeral1"
              }
            ],
            "boot_mode": "legacy-bios",
            "creation_date": "2023-09-19T04:17:20.000Z",
            "deprecation_time": "2025-09-19T04:17:20.000Z",
            "description": "Canonical, Ubuntu, 20.04 LTS, amd64 focal image build on 2023-09-18",
            "ena_support": true,
            "executable_users": null,
            "filter": [
              {
                "name": "name",
                "values": [
                  "ubuntu/images/hvm-ssd/ubuntu-focal-20.04-amd64-server-*"
                ]
              },
              {
                "name": "virtualization-type",
                "values": [
                  "hvm"
                ]
              }
            ],
            "hypervisor": "xen",
            "id": "ami-092efbcc9a2d2be8a",
            "image_id": "ami-092efbcc9a2d2be8a",
            "image_location": "amazon/ubuntu/images/hvm-ssd/ubuntu-focal-20.04-amd64-server-20230918",
            "image_owner_alias": "amazon",
            "image_type": "machine",
            "imds_support": "",
            "include_deprecated": false,
            "kernel_id": "",
            "most_recent": true,
            "name": "ubuntu/images/hvm-ssd/ubuntu-focal-20.04-amd64-server-20230918",
            "name_regex": null,
            "owner_id": "099720109477",
            "owners": [
              "099720109477"
            ],
            "platform": "",
            "platform_details": "Linux/UNIX",
            "product_codes": [],
            "public": true,
            "ramdisk_id": "",
            "root_device_name": "/dev/sda1",
            "root_device_type": "ebs",
            "root_snapshot_id": "snap-04369e8f05218cc71",
            "sriov_net_support": "simple",
            "state": "available",
            "state_reason": {
              "code": "UNSET",
              "message": "UNSET"
            },
            "tags": {},
            "timeouts": null,
            "tpm_support": "",
            "usage_operation": "RunInstances",
            "virtualization_type": "hvm"
          },
          "sensitive_attributes": []
        }
      ]
    },
    {
      "module": "module.sonarqube-server",
      "mode": "data",
      "type": "aws_availability_zones",
      "name": "available_zones",
      "provider": "provider[\"registry.terraform.io/hashicorp/aws\"]",
      "instances": [
        {
          "schema_version": 0,
          "attributes": {
            "all_availability_zones": null,
            "exclude_names": null,
            "exclude_zone_ids": null,
            "filter": null,
            "group_names": [
              "us-west-1"
            ],
            "id": "us-west-1",
            "names": [
              "us-west-1a",
              "us-west-1b"
            ],
            "state": null,
            "timeouts": null,
            "zone_ids": [
              "usw1-az3",
              "usw1-az1"
            ]
          },
          "sensitive_attributes": []
        }
      ]
    },
    {
      "module": "module.sonarqube-server",
      "mode": "data",
      "type": "template_file",
      "name": "user_data",
      "provider": "provider[\"registry.terraform.io/hashicorp/template\"]",
      "instances": [
        {
          "schema_version": 0,
          "attributes": {
            "filename": null,
            "id": "14515ba16b18541e762b8a936a07a02d74c5037746729cfbc4826e6271aa432f",
            "rendered": "#!/bin/bash\n# Increase the vm.max_map_count for kernel and ulimit for the current session at runtime.\nsudo bash -c 'cat \u003c\u003cEOT\u003e /etc/sysctl.conf\nvm.max_map_count=524288\nfs.file-max=131072\nulimit -n 65536\nulimit -u 4096\nEOT'\nsudo sysctl -w vm.max_map_count=524288\nsysctl -w fs.file-max=131072\n\n#Increase these permanently\nsudo bash -c 'cat \u003c\u003cEOT\u003e /etc/security/limits.conf\nsonarqube   -   nofile   65536\nsonarqube   -   nproc    4096\nEOT'\n\n# Need JDK 17 or higher to run SonarQube 9.9\nsudo apt-get update -y\nsudo apt-get install openjdk-17-jdk -y\nsudo update-alternatives --config java\njava -version\n\n#Download the binaries for SonarQube \nsudo mkdir -p /sonarqube/\ncd /sonarqube/\nsudo curl -O https://binaries.sonarsource.com/Distribution/sonarqube/sonarqube-9.9.0.65466.zip\nsudo apt-get install zip -y\nsudo unzip -o sonarqube-9.9.0.65466.zip -d /opt/\nsudo mv /opt/sonarqube-9.9.0.65466/ /opt/sonarqube\nsudo rm -rf /opt/sonarqube/conf/sonar.properties\nsudo touch /opt/sonarqube/conf/sonar.properties\n\n\n# Create the group\nsudo groupadd sonar\nsudo useradd -c \"SonarQube - User\" -d /opt/sonarqube/ -g sonar sonar\nsudo chown  -R sonar:sonar /opt/sonarqube/ \n\n\n# Create a systemd service file for SonarQube to run at system startup\nsudo touch /etc/systemd/system/sonarqube.service\nsudo bash -c 'cat \u003c\u003cEOT\u003e /etc/systemd/system/sonarqube.service\n[Unit]\nDescription=SonarQube service\nAfter=syslog.target network.target\n\n[Service]\nType=forking\n\nExecStart=/opt/sonarqube/bin/linux-x86-64/sonar.sh start\nExecStop=/opt/sonarqube/bin/linux-x86-64/sonar.sh stop\n\nUser=sonar\nGroup=sonar\nRestart=always\n\nLimitNOFILE=65536\nLimitNPROC=4096\n\n\n[Install]\nWantedBy=multi-user.target\nEOT'\n\n# automatically system startup enable\nsudo systemctl daemon-reload\nsudo systemctl enable sonarqube.service\n\n# Automatically system startup enable\nsudo systemctl restart sonarqube.service",
            "template": "#!/bin/bash\n# Increase the vm.max_map_count for kernel and ulimit for the current session at runtime.\nsudo bash -c 'cat \u003c\u003cEOT\u003e /etc/sysctl.conf\nvm.max_map_count=524288\nfs.file-max=131072\nulimit -n 65536\nulimit -u 4096\nEOT'\nsudo sysctl -w vm.max_map_count=524288\nsysctl -w fs.file-max=131072\n\n#Increase these permanently\nsudo bash -c 'cat \u003c\u003cEOT\u003e /etc/security/limits.conf\nsonarqube   -   nofile   65536\nsonarqube   -   nproc    4096\nEOT'\n\n# Need JDK 17 or higher to run SonarQube 9.9\nsudo apt-get update -y\nsudo apt-get install openjdk-17-jdk -y\nsudo update-alternatives --config java\njava -version\n\n#Download the binaries for SonarQube \nsudo mkdir -p /sonarqube/\ncd /sonarqube/\nsudo curl -O https://binaries.sonarsource.com/Distribution/sonarqube/sonarqube-9.9.0.65466.zip\nsudo apt-get install zip -y\nsudo unzip -o sonarqube-9.9.0.65466.zip -d /opt/\nsudo mv /opt/sonarqube-9.9.0.65466/ /opt/sonarqube\nsudo rm -rf /opt/sonarqube/conf/sonar.properties\nsudo touch /opt/sonarqube/conf/sonar.properties\n\n\n# Create the group\nsudo groupadd sonar\nsudo useradd -c \"SonarQube - User\" -d /opt/sonarqube/ -g sonar sonar\nsudo chown  -R sonar:sonar /opt/sonarqube/ \n\n\n# Create a systemd service file for SonarQube to run at system startup\nsudo touch /etc/systemd/system/sonarqube.service\nsudo bash -c 'cat \u003c\u003cEOT\u003e /etc/systemd/system/sonarqube.service\n[Unit]\nDescription=SonarQube service\nAfter=syslog.target network.target\n\n[Service]\nType=forking\n\nExecStart=/opt/sonarqube/bin/linux-x86-64/sonar.sh start\nExecStop=/opt/sonarqube/bin/linux-x86-64/sonar.sh stop\n\nUser=sonar\nGroup=sonar\nRestart=always\n\nLimitNOFILE=65536\nLimitNPROC=4096\n\n\n[Install]\nWantedBy=multi-user.target\nEOT'\n\n# automatically system startup enable\nsudo systemctl daemon-reload\nsudo systemctl enable sonarqube.service\n\n# Automatically system startup enable\nsudo systemctl restart sonarqube.service",
            "vars": null
          },
          "sensitive_attributes": []
        }
      ]
    },
    {
      "module": "module.sonarqube-server",
      "mode": "managed",
      "type": "aws_instance",
      "name": "sonarqube-server",
      "provider": "provider[\"registry.terraform.io/hashicorp/aws\"]",
      "instances": [
        {
          "schema_version": 1,
          "attributes": {
            "ami": "ami-092efbcc9a2d2be8a",
            "arn": "arn:aws:ec2:us-west-1:481792101255:instance/i-0ff1d9868d0af8d35",
            "associate_public_ip_address": true,
            "availability_zone": "us-west-1a",
            "capacity_reservation_specification": [
              {
                "capacity_reservation_preference": "open",
                "capacity_reservation_target": []
              }
            ],
            "cpu_core_count": 2,
            "cpu_options": [
              {
                "amd_sev_snp": "",
                "core_count": 2,
                "threads_per_core": 1
              }
            ],
            "cpu_threads_per_core": 1,
            "credit_specification": [
              {
                "cpu_credits": "standard"
              }
            ],
            "disable_api_stop": false,
            "disable_api_termination": false,
            "ebs_block_device": [],
            "ebs_optimized": false,
            "enclave_options": [
              {
                "enabled": false
              }
            ],
            "ephemeral_block_device": [],
            "get_password_data": false,
            "hibernation": false,
            "host_id": "",
            "host_resource_group_arn": null,
            "iam_instance_profile": "",
            "id": "i-0ff1d9868d0af8d35",
            "instance_initiated_shutdown_behavior": "stop",
            "instance_state": "running",
            "instance_type": "t2.medium",
            "ipv6_address_count": 0,
            "ipv6_addresses": [],
            "key_name": "stage-keypair",
            "launch_template": [],
            "maintenance_options": [
              {
                "auto_recovery": "default"
              }
            ],
            "metadata_options": [
              {
                "http_endpoint": "enabled",
                "http_put_response_hop_limit": 1,
                "http_tokens": "optional",
                "instance_metadata_tags": "disabled"
              }
            ],
            "monitoring": false,
            "network_interface": [],
            "outpost_arn": "",
            "password_data": "",
            "placement_group": "",
            "placement_partition_number": 0,
            "primary_network_interface_id": "eni-0b26dbbf8e2ca9a2c",
            "private_dns": "ip-192-100-0-75.us-west-1.compute.internal",
            "private_dns_name_options": [
              {
                "enable_resource_name_dns_a_record": false,
                "enable_resource_name_dns_aaaa_record": false,
                "hostname_type": "ip-name"
              }
            ],
            "private_ip": "192.100.0.75",
            "public_dns": "ec2-18-144-10-3.us-west-1.compute.amazonaws.com",
            "public_ip": "18.144.10.3",
            "root_block_device": [
              {
                "delete_on_termination": true,
                "device_name": "/dev/sda1",
                "encrypted": false,
                "iops": 100,
                "kms_key_id": "",
                "tags": {},
                "throughput": 0,
                "volume_id": "vol-02eea959a10f96a74",
                "volume_size": 8,
                "volume_type": "gp2"
              }
            ],
            "secondary_private_ips": [],
            "security_groups": [
              "sg-00b77847ee3062a57",
              "sg-0804f81714c6dac7f"
            ],
            "source_dest_check": true,
            "subnet_id": "subnet-011178499e2ed39af",
            "tags": {
              "Name": "stage-Sonarqube-Server-devOps"
            },
            "tags_all": {
              "Name": "stage-Sonarqube-Server-devOps"
            },
            "tenancy": "default",
            "timeouts": null,
            "user_data": "25fd71084b72998406549ad2942f2bab275c72e3",
            "user_data_base64": null,
            "user_data_replace_on_change": false,
            "volume_tags": null,
            "vpc_security_group_ids": [
              "sg-00b77847ee3062a57",
              "sg-0804f81714c6dac7f"
            ]
          },
          "sensitive_attributes": [],
          "private": "eyJlMmJmYjczMC1lY2FhLTExZTYtOGY4OC0zNDM2M2JjN2M0YzAiOnsiY3JlYXRlIjo2MDAwMDAwMDAwMDAsImRlbGV0ZSI6MTIwMDAwMDAwMDAwMCwidXBkYXRlIjo2MDAwMDAwMDAwMDB9LCJzY2hlbWFfdmVyc2lvbiI6IjEifQ==",
          "dependencies": [
            "module.security.aws_security_group.security_group_port_22",
            "module.security.aws_security_group.security_group_port_9000",
            "module.sonarqube-server.data.aws_ami.ubuntu-linux-1404",
            "module.sonarqube-server.data.template_file.user_data",
            "module.vpc.aws_subnet.public_subnet_az",
            "module.vpc.aws_vpc.vpc",
            "module.vpc.data.aws_availability_zones.available_zones"
          ]
        }
      ]
    },
    {
      "module": "module.vpc",
      "mode": "data",
      "type": "aws_availability_zones",
      "name": "available_zones",
      "provider": "provider[\"registry.terraform.io/hashicorp/aws\"]",
      "instances": [
        {
          "schema_version": 0,
          "attributes": {
            "all_availability_zones": null,
            "exclude_names": null,
            "exclude_zone_ids": null,
            "filter": null,
            "group_names": [
              "us-west-1"
            ],
            "id": "us-west-1",
            "names": [
              "us-west-1a",
              "us-west-1b"
            ],
            "state": null,
            "timeouts": null,
            "zone_ids": [
              "usw1-az3",
              "usw1-az1"
            ]
          },
          "sensitive_attributes": []
        }
      ]
    },
    {
      "module": "module.vpc",
      "mode": "managed",
      "type": "aws_internet_gateway",
      "name": "internet_gateway",
      "provider": "provider[\"registry.terraform.io/hashicorp/aws\"]",
      "instances": [
        {
          "schema_version": 0,
          "attributes": {
            "arn": "arn:aws:ec2:us-west-1:481792101255:internet-gateway/igw-064b2523b609178ee",
            "id": "igw-064b2523b609178ee",
            "owner_id": "481792101255",
            "tags": {
              "Name": "stage-devOps-igw"
            },
            "tags_all": {
              "Name": "stage-devOps-igw"
            },
            "timeouts": null,
            "vpc_id": "vpc-0dfbccdbe4fe9a410"
          },
          "sensitive_attributes": [],
          "private": "eyJlMmJmYjczMC1lY2FhLTExZTYtOGY4OC0zNDM2M2JjN2M0YzAiOnsiY3JlYXRlIjoxMjAwMDAwMDAwMDAwLCJkZWxldGUiOjEyMDAwMDAwMDAwMDAsInVwZGF0ZSI6MTIwMDAwMDAwMDAwMH19",
          "dependencies": [
            "module.vpc.aws_vpc.vpc"
          ]
        }
      ]
    },
    {
      "module": "module.vpc",
      "mode": "managed",
      "type": "aws_route_table",
      "name": "public_route_table",
      "provider": "provider[\"registry.terraform.io/hashicorp/aws\"]",
      "instances": [
        {
          "schema_version": 0,
          "attributes": {
            "arn": "arn:aws:ec2:us-west-1:481792101255:route-table/rtb-0b3ad730e950b40b0",
            "id": "rtb-0b3ad730e950b40b0",
            "owner_id": "481792101255",
            "propagating_vgws": [],
            "route": [
              {
                "carrier_gateway_id": "",
                "cidr_block": "0.0.0.0/0",
                "core_network_arn": "",
                "destination_prefix_list_id": "",
                "egress_only_gateway_id": "",
                "gateway_id": "igw-064b2523b609178ee",
                "instance_id": "",
                "ipv6_cidr_block": "",
                "local_gateway_id": "",
                "nat_gateway_id": "",
                "network_interface_id": "",
                "transit_gateway_id": "",
                "vpc_endpoint_id": "",
                "vpc_peering_connection_id": ""
              }
            ],
            "tags": {
              "Name": "stage-devOps-Public Route Table"
            },
            "tags_all": {
              "Name": "stage-devOps-Public Route Table"
            },
            "timeouts": null,
            "vpc_id": "vpc-0dfbccdbe4fe9a410"
          },
          "sensitive_attributes": [],
          "private": "eyJlMmJmYjczMC1lY2FhLTExZTYtOGY4OC0zNDM2M2JjN2M0YzAiOnsiY3JlYXRlIjozMDAwMDAwMDAwMDAsImRlbGV0ZSI6MzAwMDAwMDAwMDAwLCJ1cGRhdGUiOjEyMDAwMDAwMDAwMH19",
          "dependencies": [
            "module.vpc.aws_internet_gateway.internet_gateway",
            "module.vpc.aws_vpc.vpc"
          ]
        }
      ]
    },
    {
      "module": "module.vpc",
      "mode": "managed",
      "type": "aws_route_table_association",
      "name": "public_subnet_az_route_table_association",
      "provider": "provider[\"registry.terraform.io/hashicorp/aws\"]",
      "instances": [
        {
          "schema_version": 0,
          "attributes": {
            "gateway_id": "",
            "id": "rtbassoc-085293dc53483f789",
            "route_table_id": "rtb-0b3ad730e950b40b0",
            "subnet_id": "subnet-011178499e2ed39af",
            "timeouts": null
          },
          "sensitive_attributes": [],
          "private": "eyJlMmJmYjczMC1lY2FhLTExZTYtOGY4OC0zNDM2M2JjN2M0YzAiOnsiY3JlYXRlIjozMDAwMDAwMDAwMDAsImRlbGV0ZSI6MzAwMDAwMDAwMDAwLCJ1cGRhdGUiOjEyMDAwMDAwMDAwMH19",
          "dependencies": [
            "module.vpc.aws_internet_gateway.internet_gateway",
            "module.vpc.aws_route_table.public_route_table",
            "module.vpc.aws_subnet.public_subnet_az",
            "module.vpc.aws_vpc.vpc",
            "module.vpc.data.aws_availability_zones.available_zones"
          ]
        }
      ]
    },
    {
      "module": "module.vpc",
      "mode": "managed",
      "type": "aws_subnet",
      "name": "public_subnet_az",
      "provider": "provider[\"registry.terraform.io/hashicorp/aws\"]",
      "instances": [
        {
          "schema_version": 1,
          "attributes": {
            "arn": "arn:aws:ec2:us-west-1:481792101255:subnet/subnet-011178499e2ed39af",
            "assign_ipv6_address_on_creation": false,
            "availability_zone": "us-west-1a",
            "availability_zone_id": "usw1-az3",
            "cidr_block": "192.100.0.0/24",
            "customer_owned_ipv4_pool": "",
            "enable_dns64": false,
            "enable_lni_at_device_index": 0,
            "enable_resource_name_dns_a_record_on_launch": false,
            "enable_resource_name_dns_aaaa_record_on_launch": false,
            "id": "subnet-011178499e2ed39af",
            "ipv6_cidr_block": "",
            "ipv6_cidr_block_association_id": "",
            "ipv6_native": false,
            "map_customer_owned_ip_on_launch": false,
            "map_public_ip_on_launch": true,
            "outpost_arn": "",
            "owner_id": "481792101255",
            "private_dns_hostname_type_on_launch": "ip-name",
            "tags": {
              "Name": "stage-devOps-Public Subnet"
            },
            "tags_all": {
              "Name": "stage-devOps-Public Subnet"
            },
            "timeouts": null,
            "vpc_id": "vpc-0dfbccdbe4fe9a410"
          },
          "sensitive_attributes": [],
          "private": "eyJlMmJmYjczMC1lY2FhLTExZTYtOGY4OC0zNDM2M2JjN2M0YzAiOnsiY3JlYXRlIjo2MDAwMDAwMDAwMDAsImRlbGV0ZSI6MTIwMDAwMDAwMDAwMH0sInNjaGVtYV92ZXJzaW9uIjoiMSJ9",
          "dependencies": [
            "module.vpc.aws_vpc.vpc",
            "module.vpc.data.aws_availability_zones.available_zones"
          ]
        }
      ]
    },
    {
      "module": "module.vpc",
      "mode": "managed",
      "type": "aws_vpc",
      "name": "vpc",
      "provider": "provider[\"registry.terraform.io/hashicorp/aws\"]",
      "instances": [
        {
          "schema_version": 1,
          "attributes": {
            "arn": "arn:aws:ec2:us-west-1:481792101255:vpc/vpc-0dfbccdbe4fe9a410",
            "assign_generated_ipv6_cidr_block": false,
            "cidr_block": "192.100.0.0/16",
            "default_network_acl_id": "acl-046d1410a4bb4f7a7",
            "default_route_table_id": "rtb-0f58ea6188cf654ff",
            "default_security_group_id": "sg-0dd88a007187b7580",
            "dhcp_options_id": "dopt-045813b9a63ad0cfe",
            "enable_classiclink": false,
            "enable_classiclink_dns_support": false,
            "enable_dns_hostnames": true,
            "enable_dns_support": true,
            "enable_network_address_usage_metrics": false,
            "id": "vpc-0dfbccdbe4fe9a410",
            "instance_tenancy": "default",
            "ipv4_ipam_pool_id": null,
            "ipv4_netmask_length": null,
            "ipv6_association_id": "",
            "ipv6_cidr_block": "",
            "ipv6_cidr_block_network_border_group": "",
            "ipv6_ipam_pool_id": "",
            "ipv6_netmask_length": 0,
            "main_route_table_id": "rtb-0f58ea6188cf654ff",
            "owner_id": "481792101255",
            "tags": {
              "Name": "stage-devOps-vpc"
            },
            "tags_all": {
              "Name": "stage-devOps-vpc"
            }
          },
          "sensitive_attributes": [],
          "private": "eyJzY2hlbWFfdmVyc2lvbiI6IjEifQ=="
        }
      ]
    }
  ],
  "check_results": null
}
